++ date
+ echo 'Script started: Thu Jan 25 18:14:52 UTC 2024'
Script started: Thu Jan 25 18:14:52 UTC 2024
+ check_terraform
+ check_util terraform
+ command -v terraform
+ create_terraform_files
+ mkdir -p task2
+ cat
+ retrieve_module
++ curl -s https://raw.githubusercontent.com/terraform-aws-modules/terraform-aws-vpc/master/README.md
+ content='# AWS VPC Terraform module

Terraform module which creates VPC resources on AWS.

[![SWUbanner](https://raw.githubusercontent.com/vshymanskyy/StandWithUkraine/main/banner2-direct.svg)](https://github.com/vshymanskyy/StandWithUkraine/blob/main/docs/README.md)

## Usage

```hcl
module "vpc" {
  source = "terraform-aws-modules/vpc/aws"

  name = "my-vpc"
  cidr = "10.0.0.0/16"

  azs             = ["us-east-1a", "us-east-1b", "us-east-1c"]
  private_subnets = ["10.0.1.0/24", "10.0.2.0/24", "10.0.3.0/24"]
  public_subnets  = ["10.0.101.0/24", "10.0.102.0/24", "10.0.103.0/24"]

  enable_nat_gateway = true
  enable_vpn_gateway = true

  tags = {
    Terraform = "true"
    Environment = "dev"
  }
}
```

## External NAT Gateway IPs

By default this module will provision new Elastic IPs for the VPC'\''s NAT Gateways.
This means that when creating a new VPC, new IPs are allocated, and when that VPC is destroyed those IPs are released.
Sometimes it is handy to keep the same IPs even after the VPC is destroyed and re-created.
To that end, it is possible to assign existing IPs to the NAT Gateways.
This prevents the destruction of the VPC from releasing those IPs, while making it possible that a re-created VPC uses the same IPs.

To achieve this, allocate the IPs outside the VPC module declaration.

```hcl
resource "aws_eip" "nat" {
  count = 3

  vpc = true
}
```

Then, pass the allocated IPs as a parameter to this module.

```hcl
module "vpc" {
  source = "terraform-aws-modules/vpc/aws"

  # The rest of arguments are omitted for brevity

  enable_nat_gateway  = true
  single_nat_gateway  = false
  reuse_nat_ips       = true                    # <= Skip creation of EIPs for the NAT Gateways
  external_nat_ip_ids = "${aws_eip.nat.*.id}"   # <= IPs specified here as input to the module
}
```

Note that in the example we allocate 3 IPs because we will be provisioning 3 NAT Gateways (due to `single_nat_gateway = false` and having 3 subnets).
If, on the other hand, `single_nat_gateway = true`, then `aws_eip.nat` would only need to allocate 1 IP.
Passing the IPs into the module is done by setting two variables `reuse_nat_ips = true` and `external_nat_ip_ids = "${aws_eip.nat.*.id}"`.

## NAT Gateway Scenarios

This module supports three scenarios for creating NAT gateways. Each will be explained in further detail in the corresponding sections.

- One NAT Gateway per subnet (default behavior)
  - `enable_nat_gateway = true`
  - `single_nat_gateway = false`
  - `one_nat_gateway_per_az = false`
- Single NAT Gateway
  - `enable_nat_gateway = true`
  - `single_nat_gateway = true`
  - `one_nat_gateway_per_az = false`
- One NAT Gateway per availability zone
  - `enable_nat_gateway = true`
  - `single_nat_gateway = false`
  - `one_nat_gateway_per_az = true`

If both `single_nat_gateway` and `one_nat_gateway_per_az` are set to `true`, then `single_nat_gateway` takes precedence.

### One NAT Gateway per subnet (default)

By default, the module will determine the number of NAT Gateways to create based on the `max()` of the private subnet lists (`database_subnets`, `elasticache_subnets`, `private_subnets`, and `redshift_subnets`). The module **does not** take into account the number of `intra_subnets`, since the latter are designed to have no Internet access via NAT Gateway. For example, if your configuration looks like the following:

```hcl
database_subnets    = ["10.0.21.0/24", "10.0.22.0/24"]
elasticache_subnets = ["10.0.31.0/24", "10.0.32.0/24"]
private_subnets     = ["10.0.1.0/24", "10.0.2.0/24", "10.0.3.0/24", "10.0.4.0/24", "10.0.5.0/24"]
redshift_subnets    = ["10.0.41.0/24", "10.0.42.0/24"]
intra_subnets       = ["10.0.51.0/24", "10.0.52.0/24", "10.0.53.0/24"]
```

Then `5` NAT Gateways will be created since `5` private subnet CIDR blocks were specified.

### Single NAT Gateway

If `single_nat_gateway = true`, then all private subnets will route their Internet traffic through this single NAT gateway. The NAT gateway will be placed in the first public subnet in your `public_subnets` block.

### One NAT Gateway per availability zone

If `one_nat_gateway_per_az = true` and `single_nat_gateway = false`, then the module will place one NAT gateway in each availability zone you specify in `var.azs`. There are some requirements around using this feature flag:

- The variable `var.azs` **must** be specified.
- The number of public subnet CIDR blocks specified in `public_subnets` **must** be greater than or equal to the number of availability zones specified in `var.azs`. This is to ensure that each NAT Gateway has a dedicated public subnet to deploy to.

## "private" versus "intra" subnets

By default, if NAT Gateways are enabled, private subnets will be configured with routes for Internet traffic that point at the NAT Gateways configured by use of the above options.

If you need private subnets that should have no Internet routing (in the sense of [RFC1918 Category 1 subnets](https://tools.ietf.org/html/rfc1918)), `intra_subnets` should be specified. An example use case is configuration of AWS Lambda functions within a VPC, where AWS Lambda functions only need to pass traffic to internal resources or VPC endpoints for AWS services.

Since AWS Lambda functions allocate Elastic Network Interfaces in proportion to the traffic received ([read more](https://docs.aws.amazon.com/lambda/latest/dg/vpc.html)), it can be useful to allocate a large private subnet for such allocations, while keeping the traffic they generate entirely internal to the VPC.

You can add additional tags with `intra_subnet_tags` as with other subnet types.

## VPC Flow Log

VPC Flow Log allows to capture IP traffic for a specific network interface (ENI), subnet, or entire VPC. This module supports enabling or disabling VPC Flow Logs for entire VPC. If you need to have VPC Flow Logs for subnet or ENI, you have to manage it outside of this module with [aws_flow_log resource](https://www.terraform.io/docs/providers/aws/r/flow_log.html).

### VPC Flow Log Examples

By default `file_format` is `plain-text`. You can also specify `parquet` to have logs written in Apache Parquet format.

```
flow_log_file_format = "parquet"
```

### Permissions Boundary

If your organization requires a permissions boundary to be attached to the VPC Flow Log role, make sure that you specify an ARN of the permissions boundary policy as `vpc_flow_log_permissions_boundary` argument. Read more about required [IAM policy for publishing flow logs](https://docs.aws.amazon.com/vpc/latest/userguide/flow-logs-cwl.html#flow-logs-iam).

## Conditional creation

Prior to Terraform 0.13, you were unable to specify `count` in a module block. If you wish to toggle the creation of the module'\''s resources in an older (pre 0.13) version of Terraform, you can use the `create_vpc` argument.

```hcl
# This VPC will not be created
module "vpc" {
  source = "terraform-aws-modules/vpc/aws"

  create_vpc = false
  # ... omitted
}
```

## Public access to RDS instances

Sometimes it is handy to have public access to RDS instances (it is not recommended for production) by specifying these arguments:

```hcl
  create_database_subnet_group           = true
  create_database_subnet_route_table     = true
  create_database_internet_gateway_route = true

  enable_dns_hostnames = true
  enable_dns_support   = true
```

## Network Access Control Lists (ACL or NACL)

This module can manage network ACL and rules. Once VPC is created, AWS creates the default network ACL, which can be controlled using this module (`manage_default_network_acl = true`).

Also, each type of subnet may have its own network ACL with custom rules per subnet. Eg, set `public_dedicated_network_acl = true` to use dedicated network ACL for the public subnets; set values of `public_inbound_acl_rules` and `public_outbound_acl_rules` to specify all the NACL rules you need to have on public subnets (see `variables.tf` for default values and structures).

By default, all subnets are associated with the default network ACL.

## Public access to Redshift cluster

Sometimes it is handy to have public access to Redshift clusters (for example if you need to access it by Kinesis - VPC endpoint for Kinesis is not yet supported by Redshift) by specifying these arguments:

```hcl
  enable_public_redshift = true  # <= By default Redshift subnets will be associated with the private route table
```

## Transit Gateway (TGW) integration

It is possible to integrate this VPC module with [terraform-aws-transit-gateway module](https://github.com/terraform-aws-modules/terraform-aws-transit-gateway) which handles the creation of TGW resources and VPC attachments. See [complete example there](https://github.com/terraform-aws-modules/terraform-aws-transit-gateway/tree/master/examples/complete).

## VPC CIDR from AWS IP Address Manager (IPAM)

It is possible to have your VPC CIDR assigned from an [AWS IPAM Pool](https://registry.terraform.io/providers/hashicorp/aws/latest/docs/resources/vpc_ipam_pool). However, In order to build subnets within this module Terraform must know subnet CIDRs to properly plan the amount of resources to build. Since CIDR is derived by IPAM by calling CreateVpc this is not possible within a module unless cidr is known ahead of time. You can get around this by "previewing" the CIDR and then using that as the subnet values.

_Note: Due to race conditions with `terraform plan`, it is not possible to use `ipv4_netmask_length` or a pools `allocation_default_netmask_length` within this module. You must explicitly set the CIDRs for a pool to use._

```hcl
# Find the pool RAM shared to your account
# Info on RAM sharing pools: https://docs.aws.amazon.com/vpc/latest/ipam/share-pool-ipam.html
data "aws_vpc_ipam_pool" "ipv4_example" {
  filter {
    name   = "description"
    values = ["*mypool*"]
  }

  filter {
    name   = "address-family"
    values = ["ipv4"]
  }
}

# Preview next CIDR from pool
data "aws_vpc_ipam_preview_next_cidr" "previewed_cidr" {
  ipam_pool_id   = data.aws_vpc_ipam_pool.ipv4_example.id
  netmask_length = 24
}

data "aws_region" "current" {}

# Calculate subnet cidrs from previewed IPAM CIDR
locals {
  partition       = cidrsubnets(data.aws_vpc_ipam_preview_next_cidr.previewed_cidr.cidr, 2, 2)
  private_subnets = cidrsubnets(local.partition[0], 2, 2)
  public_subnets  = cidrsubnets(local.partition[1], 2, 2)
  azs             = formatlist("${data.aws_region.current.name}%s", ["a", "b"])
}

module "vpc_cidr_from_ipam" {
  source            = "terraform-aws-modules/vpc/aws"
  name              = "vpc-cidr-from-ipam"
  ipv4_ipam_pool_id = data.aws_vpc_ipam_pool.ipv4_example.id
  azs               = local.azs
  cidr              = data.aws_vpc_ipam_preview_next_cidr.previewed_cidr.cidr
  private_subnets   = local.private_subnets
  public_subnets    = local.public_subnets
}
```

## Examples

- [Complete VPC](https://github.com/terraform-aws-modules/terraform-aws-vpc/tree/master/examples/complete) with VPC Endpoints.
- [VPC using IPAM](https://github.com/terraform-aws-modules/terraform-aws-vpc/tree/master/examples/ipam)
- [Dualstack IPv4/IPv6 VPC](https://github.com/terraform-aws-modules/terraform-aws-vpc/tree/master/examples/ipv6-dualstack)
- [IPv6 only subnets/VPC](https://github.com/terraform-aws-modules/terraform-aws-vpc/tree/master/examples/ipv6-only)
- [Manage Default VPC](https://github.com/terraform-aws-modules/terraform-aws-vpc/tree/master/examples/manage-default-vpc)
- [Network ACL](https://github.com/terraform-aws-modules/terraform-aws-vpc/tree/master/examples/network-acls)
- [VPC with Outpost](https://github.com/terraform-aws-modules/terraform-aws-vpc/tree/master/examples/outpost)
- [VPC with secondary CIDR blocks](https://github.com/terraform-aws-modules/terraform-aws-vpc/tree/master/examples/secondary-cidr-blocks)
- [VPC with unique route tables](https://github.com/terraform-aws-modules/terraform-aws-vpc/tree/master/examples/separate-route-tables)
- [Simple VPC](https://github.com/terraform-aws-modules/terraform-aws-vpc/tree/master/examples/simple)
- [VPC Flow Logs](https://github.com/terraform-aws-modules/terraform-aws-vpc/tree/master/examples/vpc-flow-logs)
- [Few tests and edge case examples](https://github.com/terraform-aws-modules/terraform-aws-vpc/tree/master/examples/issues)

## Contributing

Report issues/questions/feature requests on in the [issues](https://github.com/terraform-aws-modules/terraform-aws-vpc/issues/new) section.

Full contributing [guidelines are covered here](.github/contributing.md).

<!-- BEGINNING OF PRE-COMMIT-TERRAFORM DOCS HOOK -->
## Requirements

| Name | Version |
|------|---------|
| <a name="requirement_terraform"></a> [terraform](#requirement\_terraform) | >= 1.0 |
| <a name="requirement_aws"></a> [aws](#requirement\_aws) | >= 5.20 |

## Providers

| Name | Version |
|------|---------|
| <a name="provider_aws"></a> [aws](#provider\_aws) | >= 5.20 |

## Modules

No modules.

## Resources

| Name | Type |
|------|------|
| [aws_cloudwatch_log_group.flow_log](https://registry.terraform.io/providers/hashicorp/aws/latest/docs/resources/cloudwatch_log_group) | resource |
| [aws_customer_gateway.this](https://registry.terraform.io/providers/hashicorp/aws/latest/docs/resources/customer_gateway) | resource |
| [aws_db_subnet_group.database](https://registry.terraform.io/providers/hashicorp/aws/latest/docs/resources/db_subnet_group) | resource |
| [aws_default_network_acl.this](https://registry.terraform.io/providers/hashicorp/aws/latest/docs/resources/default_network_acl) | resource |
| [aws_default_route_table.default](https://registry.terraform.io/providers/hashicorp/aws/latest/docs/resources/default_route_table) | resource |
| [aws_default_security_group.this](https://registry.terraform.io/providers/hashicorp/aws/latest/docs/resources/default_security_group) | resource |
| [aws_default_vpc.this](https://registry.terraform.io/providers/hashicorp/aws/latest/docs/resources/default_vpc) | resource |
| [aws_egress_only_internet_gateway.this](https://registry.terraform.io/providers/hashicorp/aws/latest/docs/resources/egress_only_internet_gateway) | resource |
| [aws_eip.nat](https://registry.terraform.io/providers/hashicorp/aws/latest/docs/resources/eip) | resource |
| [aws_elasticache_subnet_group.elasticache](https://registry.terraform.io/providers/hashicorp/aws/latest/docs/resources/elasticache_subnet_group) | resource |
| [aws_flow_log.this](https://registry.terraform.io/providers/hashicorp/aws/latest/docs/resources/flow_log) | resource |
| [aws_iam_policy.vpc_flow_log_cloudwatch](https://registry.terraform.io/providers/hashicorp/aws/latest/docs/resources/iam_policy) | resource |
| [aws_iam_role.vpc_flow_log_cloudwatch](https://registry.terraform.io/providers/hashicorp/aws/latest/docs/resources/iam_role) | resource |
| [aws_iam_role_policy_attachment.vpc_flow_log_cloudwatch](https://registry.terraform.io/providers/hashicorp/aws/latest/docs/resources/iam_role_policy_attachment) | resource |
| [aws_internet_gateway.this](https://registry.terraform.io/providers/hashicorp/aws/latest/docs/resources/internet_gateway) | resource |
| [aws_nat_gateway.this](https://registry.terraform.io/providers/hashicorp/aws/latest/docs/resources/nat_gateway) | resource |
| [aws_network_acl.database](https://registry.terraform.io/providers/hashicorp/aws/latest/docs/resources/network_acl) | resource |
| [aws_network_acl.elasticache](https://registry.terraform.io/providers/hashicorp/aws/latest/docs/resources/network_acl) | resource |
| [aws_network_acl.intra](https://registry.terraform.io/providers/hashicorp/aws/latest/docs/resources/network_acl) | resource |
| [aws_network_acl.outpost](https://registry.terraform.io/providers/hashicorp/aws/latest/docs/resources/network_acl) | resource |
| [aws_network_acl.private](https://registry.terraform.io/providers/hashicorp/aws/latest/docs/resources/network_acl) | resource |
| [aws_network_acl.public](https://registry.terraform.io/providers/hashicorp/aws/latest/docs/resources/network_acl) | resource |
| [aws_network_acl.redshift](https://registry.terraform.io/providers/hashicorp/aws/latest/docs/resources/network_acl) | resource |
| [aws_network_acl_rule.database_inbound](https://registry.terraform.io/providers/hashicorp/aws/latest/docs/resources/network_acl_rule) | resource |
| [aws_network_acl_rule.database_outbound](https://registry.terraform.io/providers/hashicorp/aws/latest/docs/resources/network_acl_rule) | resource |
| [aws_network_acl_rule.elasticache_inbound](https://registry.terraform.io/providers/hashicorp/aws/latest/docs/resources/network_acl_rule) | resource |
| [aws_network_acl_rule.elasticache_outbound](https://registry.terraform.io/providers/hashicorp/aws/latest/docs/resources/network_acl_rule) | resource |
| [aws_network_acl_rule.intra_inbound](https://registry.terraform.io/providers/hashicorp/aws/latest/docs/resources/network_acl_rule) | resource |
| [aws_network_acl_rule.intra_outbound](https://registry.terraform.io/providers/hashicorp/aws/latest/docs/resources/network_acl_rule) | resource |
| [aws_network_acl_rule.outpost_inbound](https://registry.terraform.io/providers/hashicorp/aws/latest/docs/resources/network_acl_rule) | resource |
| [aws_network_acl_rule.outpost_outbound](https://registry.terraform.io/providers/hashicorp/aws/latest/docs/resources/network_acl_rule) | resource |
| [aws_network_acl_rule.private_inbound](https://registry.terraform.io/providers/hashicorp/aws/latest/docs/resources/network_acl_rule) | resource |
| [aws_network_acl_rule.private_outbound](https://registry.terraform.io/providers/hashicorp/aws/latest/docs/resources/network_acl_rule) | resource |
| [aws_network_acl_rule.public_inbound](https://registry.terraform.io/providers/hashicorp/aws/latest/docs/resources/network_acl_rule) | resource |
| [aws_network_acl_rule.public_outbound](https://registry.terraform.io/providers/hashicorp/aws/latest/docs/resources/network_acl_rule) | resource |
| [aws_network_acl_rule.redshift_inbound](https://registry.terraform.io/providers/hashicorp/aws/latest/docs/resources/network_acl_rule) | resource |
| [aws_network_acl_rule.redshift_outbound](https://registry.terraform.io/providers/hashicorp/aws/latest/docs/resources/network_acl_rule) | resource |
| [aws_redshift_subnet_group.redshift](https://registry.terraform.io/providers/hashicorp/aws/latest/docs/resources/redshift_subnet_group) | resource |
| [aws_route.database_dns64_nat_gateway](https://registry.terraform.io/providers/hashicorp/aws/latest/docs/resources/route) | resource |
| [aws_route.database_internet_gateway](https://registry.terraform.io/providers/hashicorp/aws/latest/docs/resources/route) | resource |
| [aws_route.database_ipv6_egress](https://registry.terraform.io/providers/hashicorp/aws/latest/docs/resources/route) | resource |
| [aws_route.database_nat_gateway](https://registry.terraform.io/providers/hashicorp/aws/latest/docs/resources/route) | resource |
| [aws_route.private_dns64_nat_gateway](https://registry.terraform.io/providers/hashicorp/aws/latest/docs/resources/route) | resource |
| [aws_route.private_ipv6_egress](https://registry.terraform.io/providers/hashicorp/aws/latest/docs/resources/route) | resource |
| [aws_route.private_nat_gateway](https://registry.terraform.io/providers/hashicorp/aws/latest/docs/resources/route) | resource |
| [aws_route.public_internet_gateway](https://registry.terraform.io/providers/hashicorp/aws/latest/docs/resources/route) | resource |
| [aws_route.public_internet_gateway_ipv6](https://registry.terraform.io/providers/hashicorp/aws/latest/docs/resources/route) | resource |
| [aws_route_table.database](https://registry.terraform.io/providers/hashicorp/aws/latest/docs/resources/route_table) | resource |
| [aws_route_table.elasticache](https://registry.terraform.io/providers/hashicorp/aws/latest/docs/resources/route_table) | resource |
| [aws_route_table.intra](https://registry.terraform.io/providers/hashicorp/aws/latest/docs/resources/route_table) | resource |
| [aws_route_table.private](https://registry.terraform.io/providers/hashicorp/aws/latest/docs/resources/route_table) | resource |
| [aws_route_table.public](https://registry.terraform.io/providers/hashicorp/aws/latest/docs/resources/route_table) | resource |
| [aws_route_table.redshift](https://registry.terraform.io/providers/hashicorp/aws/latest/docs/resources/route_table) | resource |
| [aws_route_table_association.database](https://registry.terraform.io/providers/hashicorp/aws/latest/docs/resources/route_table_association) | resource |
| [aws_route_table_association.elasticache](https://registry.terraform.io/providers/hashicorp/aws/latest/docs/resources/route_table_association) | resource |
| [aws_route_table_association.intra](https://registry.terraform.io/providers/hashicorp/aws/latest/docs/resources/route_table_association) | resource |
| [aws_route_table_association.outpost](https://registry.terraform.io/providers/hashicorp/aws/latest/docs/resources/route_table_association) | resource |
| [aws_route_table_association.private](https://registry.terraform.io/providers/hashicorp/aws/latest/docs/resources/route_table_association) | resource |
| [aws_route_table_association.public](https://registry.terraform.io/providers/hashicorp/aws/latest/docs/resources/route_table_association) | resource |
| [aws_route_table_association.redshift](https://registry.terraform.io/providers/hashicorp/aws/latest/docs/resources/route_table_association) | resource |
| [aws_route_table_association.redshift_public](https://registry.terraform.io/providers/hashicorp/aws/latest/docs/resources/route_table_association) | resource |
| [aws_subnet.database](https://registry.terraform.io/providers/hashicorp/aws/latest/docs/resources/subnet) | resource |
| [aws_subnet.elasticache](https://registry.terraform.io/providers/hashicorp/aws/latest/docs/resources/subnet) | resource |
| [aws_subnet.intra](https://registry.terraform.io/providers/hashicorp/aws/latest/docs/resources/subnet) | resource |
| [aws_subnet.outpost](https://registry.terraform.io/providers/hashicorp/aws/latest/docs/resources/subnet) | resource |
| [aws_subnet.private](https://registry.terraform.io/providers/hashicorp/aws/latest/docs/resources/subnet) | resource |
| [aws_subnet.public](https://registry.terraform.io/providers/hashicorp/aws/latest/docs/resources/subnet) | resource |
| [aws_subnet.redshift](https://registry.terraform.io/providers/hashicorp/aws/latest/docs/resources/subnet) | resource |
| [aws_vpc.this](https://registry.terraform.io/providers/hashicorp/aws/latest/docs/resources/vpc) | resource |
| [aws_vpc_dhcp_options.this](https://registry.terraform.io/providers/hashicorp/aws/latest/docs/resources/vpc_dhcp_options) | resource |
| [aws_vpc_dhcp_options_association.this](https://registry.terraform.io/providers/hashicorp/aws/latest/docs/resources/vpc_dhcp_options_association) | resource |
| [aws_vpc_ipv4_cidr_block_association.this](https://registry.terraform.io/providers/hashicorp/aws/latest/docs/resources/vpc_ipv4_cidr_block_association) | resource |
| [aws_vpn_gateway.this](https://registry.terraform.io/providers/hashicorp/aws/latest/docs/resources/vpn_gateway) | resource |
| [aws_vpn_gateway_attachment.this](https://registry.terraform.io/providers/hashicorp/aws/latest/docs/resources/vpn_gateway_attachment) | resource |
| [aws_vpn_gateway_route_propagation.intra](https://registry.terraform.io/providers/hashicorp/aws/latest/docs/resources/vpn_gateway_route_propagation) | resource |
| [aws_vpn_gateway_route_propagation.private](https://registry.terraform.io/providers/hashicorp/aws/latest/docs/resources/vpn_gateway_route_propagation) | resource |
| [aws_vpn_gateway_route_propagation.public](https://registry.terraform.io/providers/hashicorp/aws/latest/docs/resources/vpn_gateway_route_propagation) | resource |
| [aws_iam_policy_document.flow_log_cloudwatch_assume_role](https://registry.terraform.io/providers/hashicorp/aws/latest/docs/data-sources/iam_policy_document) | data source |
| [aws_iam_policy_document.vpc_flow_log_cloudwatch](https://registry.terraform.io/providers/hashicorp/aws/latest/docs/data-sources/iam_policy_document) | data source |

## Inputs

| Name | Description | Type | Default | Required |
|------|-------------|------|---------|:--------:|
| <a name="input_amazon_side_asn"></a> [amazon\_side\_asn](#input\_amazon\_side\_asn) | The Autonomous System Number (ASN) for the Amazon side of the gateway. By default the virtual private gateway is created with the current default Amazon ASN | `string` | `"64512"` | no |
| <a name="input_azs"></a> [azs](#input\_azs) | A list of availability zones names or ids in the region | `list(string)` | `[]` | no |
| <a name="input_cidr"></a> [cidr](#input\_cidr) | (Optional) The IPv4 CIDR block for the VPC. CIDR can be explicitly set or it can be derived from IPAM using `ipv4_netmask_length` & `ipv4_ipam_pool_id` | `string` | `"10.0.0.0/16"` | no |
| <a name="input_create_database_internet_gateway_route"></a> [create\_database\_internet\_gateway\_route](#input\_create\_database\_internet\_gateway\_route) | Controls if an internet gateway route for public database access should be created | `bool` | `false` | no |
| <a name="input_create_database_nat_gateway_route"></a> [create\_database\_nat\_gateway\_route](#input\_create\_database\_nat\_gateway\_route) | Controls if a nat gateway route should be created to give internet access to the database subnets | `bool` | `false` | no |
| <a name="input_create_database_subnet_group"></a> [create\_database\_subnet\_group](#input\_create\_database\_subnet\_group) | Controls if database subnet group should be created (n.b. database\_subnets must also be set) | `bool` | `true` | no |
| <a name="input_create_database_subnet_route_table"></a> [create\_database\_subnet\_route\_table](#input\_create\_database\_subnet\_route\_table) | Controls if separate route table for database should be created | `bool` | `false` | no |
| <a name="input_create_egress_only_igw"></a> [create\_egress\_only\_igw](#input\_create\_egress\_only\_igw) | Controls if an Egress Only Internet Gateway is created and its related routes | `bool` | `true` | no |
| <a name="input_create_elasticache_subnet_group"></a> [create\_elasticache\_subnet\_group](#input\_create\_elasticache\_subnet\_group) | Controls if elasticache subnet group should be created | `bool` | `true` | no |
| <a name="input_create_elasticache_subnet_route_table"></a> [create\_elasticache\_subnet\_route\_table](#input\_create\_elasticache\_subnet\_route\_table) | Controls if separate route table for elasticache should be created | `bool` | `false` | no |
| <a name="input_create_flow_log_cloudwatch_iam_role"></a> [create\_flow\_log\_cloudwatch\_iam\_role](#input\_create\_flow\_log\_cloudwatch\_iam\_role) | Whether to create IAM role for VPC Flow Logs | `bool` | `false` | no |
| <a name="input_create_flow_log_cloudwatch_log_group"></a> [create\_flow\_log\_cloudwatch\_log\_group](#input\_create\_flow\_log\_cloudwatch\_log\_group) | Whether to create CloudWatch log group for VPC Flow Logs | `bool` | `false` | no |
| <a name="input_create_igw"></a> [create\_igw](#input\_create\_igw) | Controls if an Internet Gateway is created for public subnets and the related routes that connect them | `bool` | `true` | no |
| <a name="input_create_redshift_subnet_group"></a> [create\_redshift\_subnet\_group](#input\_create\_redshift\_subnet\_group) | Controls if redshift subnet group should be created | `bool` | `true` | no |
| <a name="input_create_redshift_subnet_route_table"></a> [create\_redshift\_subnet\_route\_table](#input\_create\_redshift\_subnet\_route\_table) | Controls if separate route table for redshift should be created | `bool` | `false` | no |
| <a name="input_create_vpc"></a> [create\_vpc](#input\_create\_vpc) | Controls if VPC should be created (it affects almost all resources) | `bool` | `true` | no |
| <a name="input_customer_gateway_tags"></a> [customer\_gateway\_tags](#input\_customer\_gateway\_tags) | Additional tags for the Customer Gateway | `map(string)` | `{}` | no |
| <a name="input_customer_gateways"></a> [customer\_gateways](#input\_customer\_gateways) | Maps of Customer Gateway'\''s attributes (BGP ASN and Gateway'\''s Internet-routable external IP address) | `map(map(any))` | `{}` | no |
| <a name="input_customer_owned_ipv4_pool"></a> [customer\_owned\_ipv4\_pool](#input\_customer\_owned\_ipv4\_pool) | The customer owned IPv4 address pool. Typically used with the `map_customer_owned_ip_on_launch` argument. The `outpost_arn` argument must be specified when configured | `string` | `null` | no |
| <a name="input_database_acl_tags"></a> [database\_acl\_tags](#input\_database\_acl\_tags) | Additional tags for the database subnets network ACL | `map(string)` | `{}` | no |
| <a name="input_database_dedicated_network_acl"></a> [database\_dedicated\_network\_acl](#input\_database\_dedicated\_network\_acl) | Whether to use dedicated network ACL (not default) and custom rules for database subnets | `bool` | `false` | no |
| <a name="input_database_inbound_acl_rules"></a> [database\_inbound\_acl\_rules](#input\_database\_inbound\_acl\_rules) | Database subnets inbound network ACL rules | `list(map(string))` | <pre>[<br>  {<br>    "cidr_block": "0.0.0.0/0",<br>    "from_port": 0,<br>    "protocol": "-1",<br>    "rule_action": "allow",<br>    "rule_number": 100,<br>    "to_port": 0<br>  }<br>]</pre> | no |
| <a name="input_database_outbound_acl_rules"></a> [database\_outbound\_acl\_rules](#input\_database\_outbound\_acl\_rules) | Database subnets outbound network ACL rules | `list(map(string))` | <pre>[<br>  {<br>    "cidr_block": "0.0.0.0/0",<br>    "from_port": 0,<br>    "protocol": "-1",<br>    "rule_action": "allow",<br>    "rule_number": 100,<br>    "to_port": 0<br>  }<br>]</pre> | no |
| <a name="input_database_route_table_tags"></a> [database\_route\_table\_tags](#input\_database\_route\_table\_tags) | Additional tags for the database route tables | `map(string)` | `{}` | no |
| <a name="input_database_subnet_assign_ipv6_address_on_creation"></a> [database\_subnet\_assign\_ipv6\_address\_on\_creation](#input\_database\_subnet\_assign\_ipv6\_address\_on\_creation) | Specify true to indicate that network interfaces created in the specified subnet should be assigned an IPv6 address. Default is `false` | `bool` | `false` | no |
| <a name="input_database_subnet_enable_dns64"></a> [database\_subnet\_enable\_dns64](#input\_database\_subnet\_enable\_dns64) | Indicates whether DNS queries made to the Amazon-provided DNS Resolver in this subnet should return synthetic IPv6 addresses for IPv4-only destinations. Default: `true` | `bool` | `true` | no |
| <a name="input_database_subnet_enable_resource_name_dns_a_record_on_launch"></a> [database\_subnet\_enable\_resource\_name\_dns\_a\_record\_on\_launch](#input\_database\_subnet\_enable\_resource\_name\_dns\_a\_record\_on\_launch) | Indicates whether to respond to DNS queries for instance hostnames with DNS A records. Default: `false` | `bool` | `false` | no |
| <a name="input_database_subnet_enable_resource_name_dns_aaaa_record_on_launch"></a> [database\_subnet\_enable\_resource\_name\_dns\_aaaa\_record\_on\_launch](#input\_database\_subnet\_enable\_resource\_name\_dns\_aaaa\_record\_on\_launch) | Indicates whether to respond to DNS queries for instance hostnames with DNS AAAA records. Default: `true` | `bool` | `true` | no |
| <a name="input_database_subnet_group_name"></a> [database\_subnet\_group\_name](#input\_database\_subnet\_group\_name) | Name of database subnet group | `string` | `null` | no |
| <a name="input_database_subnet_group_tags"></a> [database\_subnet\_group\_tags](#input\_database\_subnet\_group\_tags) | Additional tags for the database subnet group | `map(string)` | `{}` | no |
| <a name="input_database_subnet_ipv6_native"></a> [database\_subnet\_ipv6\_native](#input\_database\_subnet\_ipv6\_native) | Indicates whether to create an IPv6-only subnet. Default: `false` | `bool` | `false` | no |
| <a name="input_database_subnet_ipv6_prefixes"></a> [database\_subnet\_ipv6\_prefixes](#input\_database\_subnet\_ipv6\_prefixes) | Assigns IPv6 database subnet id based on the Amazon provided /56 prefix base 10 integer (0-256). Must be of equal length to the corresponding IPv4 subnet list | `list(string)` | `[]` | no |
| <a name="input_database_subnet_names"></a> [database\_subnet\_names](#input\_database\_subnet\_names) | Explicit values to use in the Name tag on database subnets. If empty, Name tags are generated | `list(string)` | `[]` | no |
| <a name="input_database_subnet_private_dns_hostname_type_on_launch"></a> [database\_subnet\_private\_dns\_hostname\_type\_on\_launch](#input\_database\_subnet\_private\_dns\_hostname\_type\_on\_launch) | The type of hostnames to assign to instances in the subnet at launch. For IPv6-only subnets, an instance DNS name must be based on the instance ID. For dual-stack and IPv4-only subnets, you can specify whether DNS names use the instance IPv4 address or the instance ID. Valid values: `ip-name`, `resource-name` | `string` | `null` | no |
| <a name="input_database_subnet_suffix"></a> [database\_subnet\_suffix](#input\_database\_subnet\_suffix) | Suffix to append to database subnets name | `string` | `"db"` | no |
| <a name="input_database_subnet_tags"></a> [database\_subnet\_tags](#input\_database\_subnet\_tags) | Additional tags for the database subnets | `map(string)` | `{}` | no |
| <a name="input_database_subnets"></a> [database\_subnets](#input\_database\_subnets) | A list of database subnets inside the VPC | `list(string)` | `[]` | no |
| <a name="input_default_network_acl_egress"></a> [default\_network\_acl\_egress](#input\_default\_network\_acl\_egress) | List of maps of egress rules to set on the Default Network ACL | `list(map(string))` | <pre>[<br>  {<br>    "action": "allow",<br>    "cidr_block": "0.0.0.0/0",<br>    "from_port": 0,<br>    "protocol": "-1",<br>    "rule_no": 100,<br>    "to_port": 0<br>  },<br>  {<br>    "action": "allow",<br>    "from_port": 0,<br>    "ipv6_cidr_block": "::/0",<br>    "protocol": "-1",<br>    "rule_no": 101,<br>    "to_port": 0<br>  }<br>]</pre> | no |
| <a name="input_default_network_acl_ingress"></a> [default\_network\_acl\_ingress](#input\_default\_network\_acl\_ingress) | List of maps of ingress rules to set on the Default Network ACL | `list(map(string))` | <pre>[<br>  {<br>    "action": "allow",<br>    "cidr_block": "0.0.0.0/0",<br>    "from_port": 0,<br>    "protocol": "-1",<br>    "rule_no": 100,<br>    "to_port": 0<br>  },<br>  {<br>    "action": "allow",<br>    "from_port": 0,<br>    "ipv6_cidr_block": "::/0",<br>    "protocol": "-1",<br>    "rule_no": 101,<br>    "to_port": 0<br>  }<br>]</pre> | no |
| <a name="input_default_network_acl_name"></a> [default\_network\_acl\_name](#input\_default\_network\_acl\_name) | Name to be used on the Default Network ACL | `string` | `null` | no |
| <a name="input_default_network_acl_tags"></a> [default\_network\_acl\_tags](#input\_default\_network\_acl\_tags) | Additional tags for the Default Network ACL | `map(string)` | `{}` | no |
| <a name="input_default_route_table_name"></a> [default\_route\_table\_name](#input\_default\_route\_table\_name) | Name to be used on the default route table | `string` | `null` | no |
| <a name="input_default_route_table_propagating_vgws"></a> [default\_route\_table\_propagating\_vgws](#input\_default\_route\_table\_propagating\_vgws) | List of virtual gateways for propagation | `list(string)` | `[]` | no |
| <a name="input_default_route_table_routes"></a> [default\_route\_table\_routes](#input\_default\_route\_table\_routes) | Configuration block of routes. See https://registry.terraform.io/providers/hashicorp/aws/latest/docs/resources/default_route_table#route | `list(map(string))` | `[]` | no |
| <a name="input_default_route_table_tags"></a> [default\_route\_table\_tags](#input\_default\_route\_table\_tags) | Additional tags for the default route table | `map(string)` | `{}` | no |
| <a name="input_default_security_group_egress"></a> [default\_security\_group\_egress](#input\_default\_security\_group\_egress) | List of maps of egress rules to set on the default security group | `list(map(string))` | `[]` | no |
| <a name="input_default_security_group_ingress"></a> [default\_security\_group\_ingress](#input\_default\_security\_group\_ingress) | List of maps of ingress rules to set on the default security group | `list(map(string))` | `[]` | no |
| <a name="input_default_security_group_name"></a> [default\_security\_group\_name](#input\_default\_security\_group\_name) | Name to be used on the default security group | `string` | `null` | no |
| <a name="input_default_security_group_tags"></a> [default\_security\_group\_tags](#input\_default\_security\_group\_tags) | Additional tags for the default security group | `map(string)` | `{}` | no |
| <a name="input_default_vpc_enable_dns_hostnames"></a> [default\_vpc\_enable\_dns\_hostnames](#input\_default\_vpc\_enable\_dns\_hostnames) | Should be true to enable DNS hostnames in the Default VPC | `bool` | `true` | no |
| <a name="input_default_vpc_enable_dns_support"></a> [default\_vpc\_enable\_dns\_support](#input\_default\_vpc\_enable\_dns\_support) | Should be true to enable DNS support in the Default VPC | `bool` | `true` | no |
| <a name="input_default_vpc_name"></a> [default\_vpc\_name](#input\_default\_vpc\_name) | Name to be used on the Default VPC | `string` | `null` | no |
| <a name="input_default_vpc_tags"></a> [default\_vpc\_tags](#input\_default\_vpc\_tags) | Additional tags for the Default VPC | `map(string)` | `{}` | no |
| <a name="input_dhcp_options_domain_name"></a> [dhcp\_options\_domain\_name](#input\_dhcp\_options\_domain\_name) | Specifies DNS name for DHCP options set (requires enable\_dhcp\_options set to true) | `string` | `""` | no |
| <a name="input_dhcp_options_domain_name_servers"></a> [dhcp\_options\_domain\_name\_servers](#input\_dhcp\_options\_domain\_name\_servers) | Specify a list of DNS server addresses for DHCP options set, default to AWS provided (requires enable\_dhcp\_options set to true) | `list(string)` | <pre>[<br>  "AmazonProvidedDNS"<br>]</pre> | no |
| <a name="input_dhcp_options_netbios_name_servers"></a> [dhcp\_options\_netbios\_name\_servers](#input\_dhcp\_options\_netbios\_name\_servers) | Specify a list of netbios servers for DHCP options set (requires enable\_dhcp\_options set to true) | `list(string)` | `[]` | no |
| <a name="input_dhcp_options_netbios_node_type"></a> [dhcp\_options\_netbios\_node\_type](#input\_dhcp\_options\_netbios\_node\_type) | Specify netbios node\_type for DHCP options set (requires enable\_dhcp\_options set to true) | `string` | `""` | no |
| <a name="input_dhcp_options_ntp_servers"></a> [dhcp\_options\_ntp\_servers](#input\_dhcp\_options\_ntp\_servers) | Specify a list of NTP servers for DHCP options set (requires enable\_dhcp\_options set to true) | `list(string)` | `[]` | no |
| <a name="input_dhcp_options_tags"></a> [dhcp\_options\_tags](#input\_dhcp\_options\_tags) | Additional tags for the DHCP option set (requires enable\_dhcp\_options set to true) | `map(string)` | `{}` | no |
| <a name="input_elasticache_acl_tags"></a> [elasticache\_acl\_tags](#input\_elasticache\_acl\_tags) | Additional tags for the elasticache subnets network ACL | `map(string)` | `{}` | no |
| <a name="input_elasticache_dedicated_network_acl"></a> [elasticache\_dedicated\_network\_acl](#input\_elasticache\_dedicated\_network\_acl) | Whether to use dedicated network ACL (not default) and custom rules for elasticache subnets | `bool` | `false` | no |
| <a name="input_elasticache_inbound_acl_rules"></a> [elasticache\_inbound\_acl\_rules](#input\_elasticache\_inbound\_acl\_rules) | Elasticache subnets inbound network ACL rules | `list(map(string))` | <pre>[<br>  {<br>    "cidr_block": "0.0.0.0/0",<br>    "from_port": 0,<br>    "protocol": "-1",<br>    "rule_action": "allow",<br>    "rule_number": 100,<br>    "to_port": 0<br>  }<br>]</pre> | no |
| <a name="input_elasticache_outbound_acl_rules"></a> [elasticache\_outbound\_acl\_rules](#input\_elasticache\_outbound\_acl\_rules) | Elasticache subnets outbound network ACL rules | `list(map(string))` | <pre>[<br>  {<br>    "cidr_block": "0.0.0.0/0",<br>    "from_port": 0,<br>    "protocol": "-1",<br>    "rule_action": "allow",<br>    "rule_number": 100,<br>    "to_port": 0<br>  }<br>]</pre> | no |
| <a name="input_elasticache_route_table_tags"></a> [elasticache\_route\_table\_tags](#input\_elasticache\_route\_table\_tags) | Additional tags for the elasticache route tables | `map(string)` | `{}` | no |
| <a name="input_elasticache_subnet_assign_ipv6_address_on_creation"></a> [elasticache\_subnet\_assign\_ipv6\_address\_on\_creation](#input\_elasticache\_subnet\_assign\_ipv6\_address\_on\_creation) | Specify true to indicate that network interfaces created in the specified subnet should be assigned an IPv6 address. Default is `false` | `bool` | `false` | no |
| <a name="input_elasticache_subnet_enable_dns64"></a> [elasticache\_subnet\_enable\_dns64](#input\_elasticache\_subnet\_enable\_dns64) | Indicates whether DNS queries made to the Amazon-provided DNS Resolver in this subnet should return synthetic IPv6 addresses for IPv4-only destinations. Default: `true` | `bool` | `true` | no |
| <a name="input_elasticache_subnet_enable_resource_name_dns_a_record_on_launch"></a> [elasticache\_subnet\_enable\_resource\_name\_dns\_a\_record\_on\_launch](#input\_elasticache\_subnet\_enable\_resource\_name\_dns\_a\_record\_on\_launch) | Indicates whether to respond to DNS queries for instance hostnames with DNS A records. Default: `false` | `bool` | `false` | no |
| <a name="input_elasticache_subnet_enable_resource_name_dns_aaaa_record_on_launch"></a> [elasticache\_subnet\_enable\_resource\_name\_dns\_aaaa\_record\_on\_launch](#input\_elasticache\_subnet\_enable\_resource\_name\_dns\_aaaa\_record\_on\_launch) | Indicates whether to respond to DNS queries for instance hostnames with DNS AAAA records. Default: `true` | `bool` | `true` | no |
| <a name="input_elasticache_subnet_group_name"></a> [elasticache\_subnet\_group\_name](#input\_elasticache\_subnet\_group\_name) | Name of elasticache subnet group | `string` | `null` | no |
| <a name="input_elasticache_subnet_group_tags"></a> [elasticache\_subnet\_group\_tags](#input\_elasticache\_subnet\_group\_tags) | Additional tags for the elasticache subnet group | `map(string)` | `{}` | no |
| <a name="input_elasticache_subnet_ipv6_native"></a> [elasticache\_subnet\_ipv6\_native](#input\_elasticache\_subnet\_ipv6\_native) | Indicates whether to create an IPv6-only subnet. Default: `false` | `bool` | `false` | no |
| <a name="input_elasticache_subnet_ipv6_prefixes"></a> [elasticache\_subnet\_ipv6\_prefixes](#input\_elasticache\_subnet\_ipv6\_prefixes) | Assigns IPv6 elasticache subnet id based on the Amazon provided /56 prefix base 10 integer (0-256). Must be of equal length to the corresponding IPv4 subnet list | `list(string)` | `[]` | no |
| <a name="input_elasticache_subnet_names"></a> [elasticache\_subnet\_names](#input\_elasticache\_subnet\_names) | Explicit values to use in the Name tag on elasticache subnets. If empty, Name tags are generated | `list(string)` | `[]` | no |
| <a name="input_elasticache_subnet_private_dns_hostname_type_on_launch"></a> [elasticache\_subnet\_private\_dns\_hostname\_type\_on\_launch](#input\_elasticache\_subnet\_private\_dns\_hostname\_type\_on\_launch) | The type of hostnames to assign to instances in the subnet at launch. For IPv6-only subnets, an instance DNS name must be based on the instance ID. For dual-stack and IPv4-only subnets, you can specify whether DNS names use the instance IPv4 address or the instance ID. Valid values: `ip-name`, `resource-name` | `string` | `null` | no |
| <a name="input_elasticache_subnet_suffix"></a> [elasticache\_subnet\_suffix](#input\_elasticache\_subnet\_suffix) | Suffix to append to elasticache subnets name | `string` | `"elasticache"` | no |
| <a name="input_elasticache_subnet_tags"></a> [elasticache\_subnet\_tags](#input\_elasticache\_subnet\_tags) | Additional tags for the elasticache subnets | `map(string)` | `{}` | no |
| <a name="input_elasticache_subnets"></a> [elasticache\_subnets](#input\_elasticache\_subnets) | A list of elasticache subnets inside the VPC | `list(string)` | `[]` | no |
| <a name="input_enable_dhcp_options"></a> [enable\_dhcp\_options](#input\_enable\_dhcp\_options) | Should be true if you want to specify a DHCP options set with a custom domain name, DNS servers, NTP servers, netbios servers, and/or netbios server type | `bool` | `false` | no |
| <a name="input_enable_dns_hostnames"></a> [enable\_dns\_hostnames](#input\_enable\_dns\_hostnames) | Should be true to enable DNS hostnames in the VPC | `bool` | `true` | no |
| <a name="input_enable_dns_support"></a> [enable\_dns\_support](#input\_enable\_dns\_support) | Should be true to enable DNS support in the VPC | `bool` | `true` | no |
| <a name="input_enable_flow_log"></a> [enable\_flow\_log](#input\_enable\_flow\_log) | Whether or not to enable VPC Flow Logs | `bool` | `false` | no |
| <a name="input_enable_ipv6"></a> [enable\_ipv6](#input\_enable\_ipv6) | Requests an Amazon-provided IPv6 CIDR block with a /56 prefix length for the VPC. You cannot specify the range of IP addresses, or the size of the CIDR block | `bool` | `false` | no |
| <a name="input_enable_nat_gateway"></a> [enable\_nat\_gateway](#input\_enable\_nat\_gateway) | Should be true if you want to provision NAT Gateways for each of your private networks | `bool` | `false` | no |
| <a name="input_enable_network_address_usage_metrics"></a> [enable\_network\_address\_usage\_metrics](#input\_enable\_network\_address\_usage\_metrics) | Determines whether network address usage metrics are enabled for the VPC | `bool` | `null` | no |
| <a name="input_enable_public_redshift"></a> [enable\_public\_redshift](#input\_enable\_public\_redshift) | Controls if redshift should have public routing table | `bool` | `false` | no |
| <a name="input_enable_vpn_gateway"></a> [enable\_vpn\_gateway](#input\_enable\_vpn\_gateway) | Should be true if you want to create a new VPN Gateway resource and attach it to the VPC | `bool` | `false` | no |
| <a name="input_external_nat_ip_ids"></a> [external\_nat\_ip\_ids](#input\_external\_nat\_ip\_ids) | List of EIP IDs to be assigned to the NAT Gateways (used in combination with reuse\_nat\_ips) | `list(string)` | `[]` | no |
| <a name="input_external_nat_ips"></a> [external\_nat\_ips](#input\_external\_nat\_ips) | List of EIPs to be used for `nat_public_ips` output (used in combination with reuse\_nat\_ips and external\_nat\_ip\_ids) | `list(string)` | `[]` | no |
| <a name="input_flow_log_cloudwatch_iam_role_arn"></a> [flow\_log\_cloudwatch\_iam\_role\_arn](#input\_flow\_log\_cloudwatch\_iam\_role\_arn) | The ARN for the IAM role that'\''s used to post flow logs to a CloudWatch Logs log group. When flow\_log\_destination\_arn is set to ARN of Cloudwatch Logs, this argument needs to be provided | `string` | `""` | no |
| <a name="input_flow_log_cloudwatch_log_group_kms_key_id"></a> [flow\_log\_cloudwatch\_log\_group\_kms\_key\_id](#input\_flow\_log\_cloudwatch\_log\_group\_kms\_key\_id) | The ARN of the KMS Key to use when encrypting log data for VPC flow logs | `string` | `null` | no |
| <a name="input_flow_log_cloudwatch_log_group_name_prefix"></a> [flow\_log\_cloudwatch\_log\_group\_name\_prefix](#input\_flow\_log\_cloudwatch\_log\_group\_name\_prefix) | Specifies the name prefix of CloudWatch Log Group for VPC flow logs | `string` | `"/aws/vpc-flow-log/"` | no |
| <a name="input_flow_log_cloudwatch_log_group_name_suffix"></a> [flow\_log\_cloudwatch\_log\_group\_name\_suffix](#input\_flow\_log\_cloudwatch\_log\_group\_name\_suffix) | Specifies the name suffix of CloudWatch Log Group for VPC flow logs | `string` | `""` | no |
| <a name="input_flow_log_cloudwatch_log_group_retention_in_days"></a> [flow\_log\_cloudwatch\_log\_group\_retention\_in\_days](#input\_flow\_log\_cloudwatch\_log\_group\_retention\_in\_days) | Specifies the number of days you want to retain log events in the specified log group for VPC flow logs | `number` | `null` | no |
| <a name="input_flow_log_cloudwatch_log_group_skip_destroy"></a> [flow\_log\_cloudwatch\_log\_group\_skip\_destroy](#input\_flow\_log\_cloudwatch\_log\_group\_skip\_destroy) | Set to true if you do not wish the log group (and any logs it may contain) to be deleted at destroy time, and instead just remove the log group from the Terraform state | `bool` | `false` | no |
| <a name="input_flow_log_deliver_cross_account_role"></a> [flow\_log\_deliver\_cross\_account\_role](#input\_flow\_log\_deliver\_cross\_account\_role) | (Optional) ARN of the IAM role that allows Amazon EC2 to publish flow logs across accounts. | `string` | `null` | no |
| <a name="input_flow_log_destination_arn"></a> [flow\_log\_destination\_arn](#input\_flow\_log\_destination\_arn) | The ARN of the CloudWatch log group or S3 bucket where VPC Flow Logs will be pushed. If this ARN is a S3 bucket the appropriate permissions need to be set on that bucket'\''s policy. When create\_flow\_log\_cloudwatch\_log\_group is set to false this argument must be provided | `string` | `""` | no |
| <a name="input_flow_log_destination_type"></a> [flow\_log\_destination\_type](#input\_flow\_log\_destination\_type) | Type of flow log destination. Can be s3, kinesis-data-firehose or cloud-watch-logs | `string` | `"cloud-watch-logs"` | no |
| <a name="input_flow_log_file_format"></a> [flow\_log\_file\_format](#input\_flow\_log\_file\_format) | (Optional) The format for the flow log. Valid values: `plain-text`, `parquet` | `string` | `null` | no |
| <a name="input_flow_log_hive_compatible_partitions"></a> [flow\_log\_hive\_compatible\_partitions](#input\_flow\_log\_hive\_compatible\_partitions) | (Optional) Indicates whether to use Hive-compatible prefixes for flow logs stored in Amazon S3 | `bool` | `false` | no |
| <a name="input_flow_log_log_format"></a> [flow\_log\_log\_format](#input\_flow\_log\_log\_format) | The fields to include in the flow log record, in the order in which they should appear | `string` | `null` | no |
| <a name="input_flow_log_max_aggregation_interval"></a> [flow\_log\_max\_aggregation\_interval](#input\_flow\_log\_max\_aggregation\_interval) | The maximum interval of time during which a flow of packets is captured and aggregated into a flow log record. Valid Values: `60` seconds or `600` seconds | `number` | `600` | no |
| <a name="input_flow_log_per_hour_partition"></a> [flow\_log\_per\_hour\_partition](#input\_flow\_log\_per\_hour\_partition) | (Optional) Indicates whether to partition the flow log per hour. This reduces the cost and response time for queries | `bool` | `false` | no |
| <a name="input_flow_log_traffic_type"></a> [flow\_log\_traffic\_type](#input\_flow\_log\_traffic\_type) | The type of traffic to capture. Valid values: ACCEPT, REJECT, ALL | `string` | `"ALL"` | no |
| <a name="input_igw_tags"></a> [igw\_tags](#input\_igw\_tags) | Additional tags for the internet gateway | `map(string)` | `{}` | no |
| <a name="input_instance_tenancy"></a> [instance\_tenancy](#input\_instance\_tenancy) | A tenancy option for instances launched into the VPC | `string` | `"default"` | no |
| <a name="input_intra_acl_tags"></a> [intra\_acl\_tags](#input\_intra\_acl\_tags) | Additional tags for the intra subnets network ACL | `map(string)` | `{}` | no |
| <a name="input_intra_dedicated_network_acl"></a> [intra\_dedicated\_network\_acl](#input\_intra\_dedicated\_network\_acl) | Whether to use dedicated network ACL (not default) and custom rules for intra subnets | `bool` | `false` | no |
| <a name="input_intra_inbound_acl_rules"></a> [intra\_inbound\_acl\_rules](#input\_intra\_inbound\_acl\_rules) | Intra subnets inbound network ACLs | `list(map(string))` | <pre>[<br>  {<br>    "cidr_block": "0.0.0.0/0",<br>    "from_port": 0,<br>    "protocol": "-1",<br>    "rule_action": "allow",<br>    "rule_number": 100,<br>    "to_port": 0<br>  }<br>]</pre> | no |
| <a name="input_intra_outbound_acl_rules"></a> [intra\_outbound\_acl\_rules](#input\_intra\_outbound\_acl\_rules) | Intra subnets outbound network ACLs | `list(map(string))` | <pre>[<br>  {<br>    "cidr_block": "0.0.0.0/0",<br>    "from_port": 0,<br>    "protocol": "-1",<br>    "rule_action": "allow",<br>    "rule_number": 100,<br>    "to_port": 0<br>  }<br>]</pre> | no |
| <a name="input_intra_route_table_tags"></a> [intra\_route\_table\_tags](#input\_intra\_route\_table\_tags) | Additional tags for the intra route tables | `map(string)` | `{}` | no |
| <a name="input_intra_subnet_assign_ipv6_address_on_creation"></a> [intra\_subnet\_assign\_ipv6\_address\_on\_creation](#input\_intra\_subnet\_assign\_ipv6\_address\_on\_creation) | Specify true to indicate that network interfaces created in the specified subnet should be assigned an IPv6 address. Default is `false` | `bool` | `false` | no |
| <a name="input_intra_subnet_enable_dns64"></a> [intra\_subnet\_enable\_dns64](#input\_intra\_subnet\_enable\_dns64) | Indicates whether DNS queries made to the Amazon-provided DNS Resolver in this subnet should return synthetic IPv6 addresses for IPv4-only destinations. Default: `true` | `bool` | `true` | no |
| <a name="input_intra_subnet_enable_resource_name_dns_a_record_on_launch"></a> [intra\_subnet\_enable\_resource\_name\_dns\_a\_record\_on\_launch](#input\_intra\_subnet\_enable\_resource\_name\_dns\_a\_record\_on\_launch) | Indicates whether to respond to DNS queries for instance hostnames with DNS A records. Default: `false` | `bool` | `false` | no |
| <a name="input_intra_subnet_enable_resource_name_dns_aaaa_record_on_launch"></a> [intra\_subnet\_enable\_resource\_name\_dns\_aaaa\_record\_on\_launch](#input\_intra\_subnet\_enable\_resource\_name\_dns\_aaaa\_record\_on\_launch) | Indicates whether to respond to DNS queries for instance hostnames with DNS AAAA records. Default: `true` | `bool` | `true` | no |
| <a name="input_intra_subnet_ipv6_native"></a> [intra\_subnet\_ipv6\_native](#input\_intra\_subnet\_ipv6\_native) | Indicates whether to create an IPv6-only subnet. Default: `false` | `bool` | `false` | no |
| <a name="input_intra_subnet_ipv6_prefixes"></a> [intra\_subnet\_ipv6\_prefixes](#input\_intra\_subnet\_ipv6\_prefixes) | Assigns IPv6 intra subnet id based on the Amazon provided /56 prefix base 10 integer (0-256). Must be of equal length to the corresponding IPv4 subnet list | `list(string)` | `[]` | no |
| <a name="input_intra_subnet_names"></a> [intra\_subnet\_names](#input\_intra\_subnet\_names) | Explicit values to use in the Name tag on intra subnets. If empty, Name tags are generated | `list(string)` | `[]` | no |
| <a name="input_intra_subnet_private_dns_hostname_type_on_launch"></a> [intra\_subnet\_private\_dns\_hostname\_type\_on\_launch](#input\_intra\_subnet\_private\_dns\_hostname\_type\_on\_launch) | The type of hostnames to assign to instances in the subnet at launch. For IPv6-only subnets, an instance DNS name must be based on the instance ID. For dual-stack and IPv4-only subnets, you can specify whether DNS names use the instance IPv4 address or the instance ID. Valid values: `ip-name`, `resource-name` | `string` | `null` | no |
| <a name="input_intra_subnet_suffix"></a> [intra\_subnet\_suffix](#input\_intra\_subnet\_suffix) | Suffix to append to intra subnets name | `string` | `"intra"` | no |
| <a name="input_intra_subnet_tags"></a> [intra\_subnet\_tags](#input\_intra\_subnet\_tags) | Additional tags for the intra subnets | `map(string)` | `{}` | no |
| <a name="input_intra_subnets"></a> [intra\_subnets](#input\_intra\_subnets) | A list of intra subnets inside the VPC | `list(string)` | `[]` | no |
| <a name="input_ipv4_ipam_pool_id"></a> [ipv4\_ipam\_pool\_id](#input\_ipv4\_ipam\_pool\_id) | (Optional) The ID of an IPv4 IPAM pool you want to use for allocating this VPC'\''s CIDR | `string` | `null` | no |
| <a name="input_ipv4_netmask_length"></a> [ipv4\_netmask\_length](#input\_ipv4\_netmask\_length) | (Optional) The netmask length of the IPv4 CIDR you want to allocate to this VPC. Requires specifying a ipv4\_ipam\_pool\_id | `number` | `null` | no |
| <a name="input_ipv6_cidr"></a> [ipv6\_cidr](#input\_ipv6\_cidr) | (Optional) IPv6 CIDR block to request from an IPAM Pool. Can be set explicitly or derived from IPAM using `ipv6_netmask_length` | `string` | `null` | no |
| <a name="input_ipv6_cidr_block_network_border_group"></a> [ipv6\_cidr\_block\_network\_border\_group](#input\_ipv6\_cidr\_block\_network\_border\_group) | By default when an IPv6 CIDR is assigned to a VPC a default ipv6\_cidr\_block\_network\_border\_group will be set to the region of the VPC. This can be changed to restrict advertisement of public addresses to specific Network Border Groups such as LocalZones | `string` | `null` | no |
| <a name="input_ipv6_ipam_pool_id"></a> [ipv6\_ipam\_pool\_id](#input\_ipv6\_ipam\_pool\_id) | (Optional) IPAM Pool ID for a IPv6 pool. Conflicts with `assign_generated_ipv6_cidr_block` | `string` | `null` | no |
| <a name="input_ipv6_netmask_length"></a> [ipv6\_netmask\_length](#input\_ipv6\_netmask\_length) | (Optional) Netmask length to request from IPAM Pool. Conflicts with `ipv6_cidr_block`. This can be omitted if IPAM pool as a `allocation_default_netmask_length` set. Valid values: `56` | `number` | `null` | no |
| <a name="input_manage_default_network_acl"></a> [manage\_default\_network\_acl](#input\_manage\_default\_network\_acl) | Should be true to adopt and manage Default Network ACL | `bool` | `true` | no |
| <a name="input_manage_default_route_table"></a> [manage\_default\_route\_table](#input\_manage\_default\_route\_table) | Should be true to manage default route table | `bool` | `true` | no |
| <a name="input_manage_default_security_group"></a> [manage\_default\_security\_group](#input\_manage\_default\_security\_group) | Should be true to adopt and manage default security group | `bool` | `true` | no |
| <a name="input_manage_default_vpc"></a> [manage\_default\_vpc](#input\_manage\_default\_vpc) | Should be true to adopt and manage Default VPC | `bool` | `false` | no |
| <a name="input_map_customer_owned_ip_on_launch"></a> [map\_customer\_owned\_ip\_on\_launch](#input\_map\_customer\_owned\_ip\_on\_launch) | Specify true to indicate that network interfaces created in the subnet should be assigned a customer owned IP address. The `customer_owned_ipv4_pool` and `outpost_arn` arguments must be specified when set to `true`. Default is `false` | `bool` | `false` | no |
| <a name="input_map_public_ip_on_launch"></a> [map\_public\_ip\_on\_launch](#input\_map\_public\_ip\_on\_launch) | Specify true to indicate that instances launched into the subnet should be assigned a public IP address. Default is `false` | `bool` | `false` | no |
| <a name="input_name"></a> [name](#input\_name) | Name to be used on all the resources as identifier | `string` | `""` | no |
| <a name="input_nat_eip_tags"></a> [nat\_eip\_tags](#input\_nat\_eip\_tags) | Additional tags for the NAT EIP | `map(string)` | `{}` | no |
| <a name="input_nat_gateway_destination_cidr_block"></a> [nat\_gateway\_destination\_cidr\_block](#input\_nat\_gateway\_destination\_cidr\_block) | Used to pass a custom destination route for private NAT Gateway. If not specified, the default 0.0.0.0/0 is used as a destination route | `string` | `"0.0.0.0/0"` | no |
| <a name="input_nat_gateway_tags"></a> [nat\_gateway\_tags](#input\_nat\_gateway\_tags) | Additional tags for the NAT gateways | `map(string)` | `{}` | no |
| <a name="input_one_nat_gateway_per_az"></a> [one\_nat\_gateway\_per\_az](#input\_one\_nat\_gateway\_per\_az) | Should be true if you want only one NAT Gateway per availability zone. Requires `var.azs` to be set, and the number of `public_subnets` created to be greater than or equal to the number of availability zones specified in `var.azs` | `bool` | `false` | no |
| <a name="input_outpost_acl_tags"></a> [outpost\_acl\_tags](#input\_outpost\_acl\_tags) | Additional tags for the outpost subnets network ACL | `map(string)` | `{}` | no |
| <a name="input_outpost_arn"></a> [outpost\_arn](#input\_outpost\_arn) | ARN of Outpost you want to create a subnet in | `string` | `null` | no |
| <a name="input_outpost_az"></a> [outpost\_az](#input\_outpost\_az) | AZ where Outpost is anchored | `string` | `null` | no |
| <a name="input_outpost_dedicated_network_acl"></a> [outpost\_dedicated\_network\_acl](#input\_outpost\_dedicated\_network\_acl) | Whether to use dedicated network ACL (not default) and custom rules for outpost subnets | `bool` | `false` | no |
| <a name="input_outpost_inbound_acl_rules"></a> [outpost\_inbound\_acl\_rules](#input\_outpost\_inbound\_acl\_rules) | Outpost subnets inbound network ACLs | `list(map(string))` | <pre>[<br>  {<br>    "cidr_block": "0.0.0.0/0",<br>    "from_port": 0,<br>    "protocol": "-1",<br>    "rule_action": "allow",<br>    "rule_number": 100,<br>    "to_port": 0<br>  }<br>]</pre> | no |
| <a name="input_outpost_outbound_acl_rules"></a> [outpost\_outbound\_acl\_rules](#input\_outpost\_outbound\_acl\_rules) | Outpost subnets outbound network ACLs | `list(map(string))` | <pre>[<br>  {<br>    "cidr_block": "0.0.0.0/0",<br>    "from_port": 0,<br>    "protocol": "-1",<br>    "rule_action": "allow",<br>    "rule_number": 100,<br>    "to_port": 0<br>  }<br>]</pre> | no |
| <a name="input_outpost_subnet_assign_ipv6_address_on_creation"></a> [outpost\_subnet\_assign\_ipv6\_address\_on\_creation](#input\_outpost\_subnet\_assign\_ipv6\_address\_on\_creation) | Specify true to indicate that network interfaces created in the specified subnet should be assigned an IPv6 address. Default is `false` | `bool` | `false` | no |
| <a name="input_outpost_subnet_enable_dns64"></a> [outpost\_subnet\_enable\_dns64](#input\_outpost\_subnet\_enable\_dns64) | Indicates whether DNS queries made to the Amazon-provided DNS Resolver in this subnet should return synthetic IPv6 addresses for IPv4-only destinations. Default: `true` | `bool` | `true` | no |
| <a name="input_outpost_subnet_enable_resource_name_dns_a_record_on_launch"></a> [outpost\_subnet\_enable\_resource\_name\_dns\_a\_record\_on\_launch](#input\_outpost\_subnet\_enable\_resource\_name\_dns\_a\_record\_on\_launch) | Indicates whether to respond to DNS queries for instance hostnames with DNS A records. Default: `false` | `bool` | `false` | no |
| <a name="input_outpost_subnet_enable_resource_name_dns_aaaa_record_on_launch"></a> [outpost\_subnet\_enable\_resource\_name\_dns\_aaaa\_record\_on\_launch](#input\_outpost\_subnet\_enable\_resource\_name\_dns\_aaaa\_record\_on\_launch) | Indicates whether to respond to DNS queries for instance hostnames with DNS AAAA records. Default: `true` | `bool` | `true` | no |
| <a name="input_outpost_subnet_ipv6_native"></a> [outpost\_subnet\_ipv6\_native](#input\_outpost\_subnet\_ipv6\_native) | Indicates whether to create an IPv6-only subnet. Default: `false` | `bool` | `false` | no |
| <a name="input_outpost_subnet_ipv6_prefixes"></a> [outpost\_subnet\_ipv6\_prefixes](#input\_outpost\_subnet\_ipv6\_prefixes) | Assigns IPv6 outpost subnet id based on the Amazon provided /56 prefix base 10 integer (0-256). Must be of equal length to the corresponding IPv4 subnet list | `list(string)` | `[]` | no |
| <a name="input_outpost_subnet_names"></a> [outpost\_subnet\_names](#input\_outpost\_subnet\_names) | Explicit values to use in the Name tag on outpost subnets. If empty, Name tags are generated | `list(string)` | `[]` | no |
| <a name="input_outpost_subnet_private_dns_hostname_type_on_launch"></a> [outpost\_subnet\_private\_dns\_hostname\_type\_on\_launch](#input\_outpost\_subnet\_private\_dns\_hostname\_type\_on\_launch) | The type of hostnames to assign to instances in the subnet at launch. For IPv6-only subnets, an instance DNS name must be based on the instance ID. For dual-stack and IPv4-only subnets, you can specify whether DNS names use the instance IPv4 address or the instance ID. Valid values: `ip-name`, `resource-name` | `string` | `null` | no |
| <a name="input_outpost_subnet_suffix"></a> [outpost\_subnet\_suffix](#input\_outpost\_subnet\_suffix) | Suffix to append to outpost subnets name | `string` | `"outpost"` | no |
| <a name="input_outpost_subnet_tags"></a> [outpost\_subnet\_tags](#input\_outpost\_subnet\_tags) | Additional tags for the outpost subnets | `map(string)` | `{}` | no |
| <a name="input_outpost_subnets"></a> [outpost\_subnets](#input\_outpost\_subnets) | A list of outpost subnets inside the VPC | `list(string)` | `[]` | no |
| <a name="input_private_acl_tags"></a> [private\_acl\_tags](#input\_private\_acl\_tags) | Additional tags for the private subnets network ACL | `map(string)` | `{}` | no |
| <a name="input_private_dedicated_network_acl"></a> [private\_dedicated\_network\_acl](#input\_private\_dedicated\_network\_acl) | Whether to use dedicated network ACL (not default) and custom rules for private subnets | `bool` | `false` | no |
| <a name="input_private_inbound_acl_rules"></a> [private\_inbound\_acl\_rules](#input\_private\_inbound\_acl\_rules) | Private subnets inbound network ACLs | `list(map(string))` | <pre>[<br>  {<br>    "cidr_block": "0.0.0.0/0",<br>    "from_port": 0,<br>    "protocol": "-1",<br>    "rule_action": "allow",<br>    "rule_number": 100,<br>    "to_port": 0<br>  }<br>]</pre> | no |
| <a name="input_private_outbound_acl_rules"></a> [private\_outbound\_acl\_rules](#input\_private\_outbound\_acl\_rules) | Private subnets outbound network ACLs | `list(map(string))` | <pre>[<br>  {<br>    "cidr_block": "0.0.0.0/0",<br>    "from_port": 0,<br>    "protocol": "-1",<br>    "rule_action": "allow",<br>    "rule_number": 100,<br>    "to_port": 0<br>  }<br>]</pre> | no |
| <a name="input_private_route_table_tags"></a> [private\_route\_table\_tags](#input\_private\_route\_table\_tags) | Additional tags for the private route tables | `map(string)` | `{}` | no |
| <a name="input_private_subnet_assign_ipv6_address_on_creation"></a> [private\_subnet\_assign\_ipv6\_address\_on\_creation](#input\_private\_subnet\_assign\_ipv6\_address\_on\_creation) | Specify true to indicate that network interfaces created in the specified subnet should be assigned an IPv6 address. Default is `false` | `bool` | `false` | no |
| <a name="input_private_subnet_enable_dns64"></a> [private\_subnet\_enable\_dns64](#input\_private\_subnet\_enable\_dns64) | Indicates whether DNS queries made to the Amazon-provided DNS Resolver in this subnet should return synthetic IPv6 addresses for IPv4-only destinations. Default: `true` | `bool` | `true` | no |
| <a name="input_private_subnet_enable_resource_name_dns_a_record_on_launch"></a> [private\_subnet\_enable\_resource\_name\_dns\_a\_record\_on\_launch](#input\_private\_subnet\_enable\_resource\_name\_dns\_a\_record\_on\_launch) | Indicates whether to respond to DNS queries for instance hostnames with DNS A records. Default: `false` | `bool` | `false` | no |
| <a name="input_private_subnet_enable_resource_name_dns_aaaa_record_on_launch"></a> [private\_subnet\_enable\_resource\_name\_dns\_aaaa\_record\_on\_launch](#input\_private\_subnet\_enable\_resource\_name\_dns\_aaaa\_record\_on\_launch) | Indicates whether to respond to DNS queries for instance hostnames with DNS AAAA records. Default: `true` | `bool` | `true` | no |
| <a name="input_private_subnet_ipv6_native"></a> [private\_subnet\_ipv6\_native](#input\_private\_subnet\_ipv6\_native) | Indicates whether to create an IPv6-only subnet. Default: `false` | `bool` | `false` | no |
| <a name="input_private_subnet_ipv6_prefixes"></a> [private\_subnet\_ipv6\_prefixes](#input\_private\_subnet\_ipv6\_prefixes) | Assigns IPv6 private subnet id based on the Amazon provided /56 prefix base 10 integer (0-256). Must be of equal length to the corresponding IPv4 subnet list | `list(string)` | `[]` | no |
| <a name="input_private_subnet_names"></a> [private\_subnet\_names](#input\_private\_subnet\_names) | Explicit values to use in the Name tag on private subnets. If empty, Name tags are generated | `list(string)` | `[]` | no |
| <a name="input_private_subnet_private_dns_hostname_type_on_launch"></a> [private\_subnet\_private\_dns\_hostname\_type\_on\_launch](#input\_private\_subnet\_private\_dns\_hostname\_type\_on\_launch) | The type of hostnames to assign to instances in the subnet at launch. For IPv6-only subnets, an instance DNS name must be based on the instance ID. For dual-stack and IPv4-only subnets, you can specify whether DNS names use the instance IPv4 address or the instance ID. Valid values: `ip-name`, `resource-name` | `string` | `null` | no |
| <a name="input_private_subnet_suffix"></a> [private\_subnet\_suffix](#input\_private\_subnet\_suffix) | Suffix to append to private subnets name | `string` | `"private"` | no |
| <a name="input_private_subnet_tags"></a> [private\_subnet\_tags](#input\_private\_subnet\_tags) | Additional tags for the private subnets | `map(string)` | `{}` | no |
| <a name="input_private_subnet_tags_per_az"></a> [private\_subnet\_tags\_per\_az](#input\_private\_subnet\_tags\_per\_az) | Additional tags for the private subnets where the primary key is the AZ | `map(map(string))` | `{}` | no |
| <a name="input_private_subnets"></a> [private\_subnets](#input\_private\_subnets) | A list of private subnets inside the VPC | `list(string)` | `[]` | no |
| <a name="input_propagate_intra_route_tables_vgw"></a> [propagate\_intra\_route\_tables\_vgw](#input\_propagate\_intra\_route\_tables\_vgw) | Should be true if you want route table propagation | `bool` | `false` | no |
| <a name="input_propagate_private_route_tables_vgw"></a> [propagate\_private\_route\_tables\_vgw](#input\_propagate\_private\_route\_tables\_vgw) | Should be true if you want route table propagation | `bool` | `false` | no |
| <a name="input_propagate_public_route_tables_vgw"></a> [propagate\_public\_route\_tables\_vgw](#input\_propagate\_public\_route\_tables\_vgw) | Should be true if you want route table propagation | `bool` | `false` | no |
| <a name="input_public_acl_tags"></a> [public\_acl\_tags](#input\_public\_acl\_tags) | Additional tags for the public subnets network ACL | `map(string)` | `{}` | no |
| <a name="input_public_dedicated_network_acl"></a> [public\_dedicated\_network\_acl](#input\_public\_dedicated\_network\_acl) | Whether to use dedicated network ACL (not default) and custom rules for public subnets | `bool` | `false` | no |
| <a name="input_public_inbound_acl_rules"></a> [public\_inbound\_acl\_rules](#input\_public\_inbound\_acl\_rules) | Public subnets inbound network ACLs | `list(map(string))` | <pre>[<br>  {<br>    "cidr_block": "0.0.0.0/0",<br>    "from_port": 0,<br>    "protocol": "-1",<br>    "rule_action": "allow",<br>    "rule_number": 100,<br>    "to_port": 0<br>  }<br>]</pre> | no |
| <a name="input_public_outbound_acl_rules"></a> [public\_outbound\_acl\_rules](#input\_public\_outbound\_acl\_rules) | Public subnets outbound network ACLs | `list(map(string))` | <pre>[<br>  {<br>    "cidr_block": "0.0.0.0/0",<br>    "from_port": 0,<br>    "protocol": "-1",<br>    "rule_action": "allow",<br>    "rule_number": 100,<br>    "to_port": 0<br>  }<br>]</pre> | no |
| <a name="input_public_route_table_tags"></a> [public\_route\_table\_tags](#input\_public\_route\_table\_tags) | Additional tags for the public route tables | `map(string)` | `{}` | no |
| <a name="input_public_subnet_assign_ipv6_address_on_creation"></a> [public\_subnet\_assign\_ipv6\_address\_on\_creation](#input\_public\_subnet\_assign\_ipv6\_address\_on\_creation) | Specify true to indicate that network interfaces created in the specified subnet should be assigned an IPv6 address. Default is `false` | `bool` | `false` | no |
| <a name="input_public_subnet_enable_dns64"></a> [public\_subnet\_enable\_dns64](#input\_public\_subnet\_enable\_dns64) | Indicates whether DNS queries made to the Amazon-provided DNS Resolver in this subnet should return synthetic IPv6 addresses for IPv4-only destinations. Default: `true` | `bool` | `true` | no |
| <a name="input_public_subnet_enable_resource_name_dns_a_record_on_launch"></a> [public\_subnet\_enable\_resource\_name\_dns\_a\_record\_on\_launch](#input\_public\_subnet\_enable\_resource\_name\_dns\_a\_record\_on\_launch) | Indicates whether to respond to DNS queries for instance hostnames with DNS A records. Default: `false` | `bool` | `false` | no |
| <a name="input_public_subnet_enable_resource_name_dns_aaaa_record_on_launch"></a> [public\_subnet\_enable\_resource\_name\_dns\_aaaa\_record\_on\_launch](#input\_public\_subnet\_enable\_resource\_name\_dns\_aaaa\_record\_on\_launch) | Indicates whether to respond to DNS queries for instance hostnames with DNS AAAA records. Default: `true` | `bool` | `true` | no |
| <a name="input_public_subnet_ipv6_native"></a> [public\_subnet\_ipv6\_native](#input\_public\_subnet\_ipv6\_native) | Indicates whether to create an IPv6-only subnet. Default: `false` | `bool` | `false` | no |
| <a name="input_public_subnet_ipv6_prefixes"></a> [public\_subnet\_ipv6\_prefixes](#input\_public\_subnet\_ipv6\_prefixes) | Assigns IPv6 public subnet id based on the Amazon provided /56 prefix base 10 integer (0-256). Must be of equal length to the corresponding IPv4 subnet list | `list(string)` | `[]` | no |
| <a name="input_public_subnet_names"></a> [public\_subnet\_names](#input\_public\_subnet\_names) | Explicit values to use in the Name tag on public subnets. If empty, Name tags are generated | `list(string)` | `[]` | no |
| <a name="input_public_subnet_private_dns_hostname_type_on_launch"></a> [public\_subnet\_private\_dns\_hostname\_type\_on\_launch](#input\_public\_subnet\_private\_dns\_hostname\_type\_on\_launch) | The type of hostnames to assign to instances in the subnet at launch. For IPv6-only subnets, an instance DNS name must be based on the instance ID. For dual-stack and IPv4-only subnets, you can specify whether DNS names use the instance IPv4 address or the instance ID. Valid values: `ip-name`, `resource-name` | `string` | `null` | no |
| <a name="input_public_subnet_suffix"></a> [public\_subnet\_suffix](#input\_public\_subnet\_suffix) | Suffix to append to public subnets name | `string` | `"public"` | no |
| <a name="input_public_subnet_tags"></a> [public\_subnet\_tags](#input\_public\_subnet\_tags) | Additional tags for the public subnets | `map(string)` | `{}` | no |
| <a name="input_public_subnet_tags_per_az"></a> [public\_subnet\_tags\_per\_az](#input\_public\_subnet\_tags\_per\_az) | Additional tags for the public subnets where the primary key is the AZ | `map(map(string))` | `{}` | no |
| <a name="input_public_subnets"></a> [public\_subnets](#input\_public\_subnets) | A list of public subnets inside the VPC | `list(string)` | `[]` | no |
| <a name="input_putin_khuylo"></a> [putin\_khuylo](#input\_putin\_khuylo) | Do you agree that Putin doesn'\''t respect Ukrainian sovereignty and territorial integrity? More info: https://en.wikipedia.org/wiki/Putin_khuylo! | `bool` | `true` | no |
| <a name="input_redshift_acl_tags"></a> [redshift\_acl\_tags](#input\_redshift\_acl\_tags) | Additional tags for the redshift subnets network ACL | `map(string)` | `{}` | no |
| <a name="input_redshift_dedicated_network_acl"></a> [redshift\_dedicated\_network\_acl](#input\_redshift\_dedicated\_network\_acl) | Whether to use dedicated network ACL (not default) and custom rules for redshift subnets | `bool` | `false` | no |
| <a name="input_redshift_inbound_acl_rules"></a> [redshift\_inbound\_acl\_rules](#input\_redshift\_inbound\_acl\_rules) | Redshift subnets inbound network ACL rules | `list(map(string))` | <pre>[<br>  {<br>    "cidr_block": "0.0.0.0/0",<br>    "from_port": 0,<br>    "protocol": "-1",<br>    "rule_action": "allow",<br>    "rule_number": 100,<br>    "to_port": 0<br>  }<br>]</pre> | no |
| <a name="input_redshift_outbound_acl_rules"></a> [redshift\_outbound\_acl\_rules](#input\_redshift\_outbound\_acl\_rules) | Redshift subnets outbound network ACL rules | `list(map(string))` | <pre>[<br>  {<br>    "cidr_block": "0.0.0.0/0",<br>    "from_port": 0,<br>    "protocol": "-1",<br>    "rule_action": "allow",<br>    "rule_number": 100,<br>    "to_port": 0<br>  }<br>]</pre> | no |
| <a name="input_redshift_route_table_tags"></a> [redshift\_route\_table\_tags](#input\_redshift\_route\_table\_tags) | Additional tags for the redshift route tables | `map(string)` | `{}` | no |
| <a name="input_redshift_subnet_assign_ipv6_address_on_creation"></a> [redshift\_subnet\_assign\_ipv6\_address\_on\_creation](#input\_redshift\_subnet\_assign\_ipv6\_address\_on\_creation) | Specify true to indicate that network interfaces created in the specified subnet should be assigned an IPv6 address. Default is `false` | `bool` | `false` | no |
| <a name="input_redshift_subnet_enable_dns64"></a> [redshift\_subnet\_enable\_dns64](#input\_redshift\_subnet\_enable\_dns64) | Indicates whether DNS queries made to the Amazon-provided DNS Resolver in this subnet should return synthetic IPv6 addresses for IPv4-only destinations. Default: `true` | `bool` | `true` | no |
| <a name="input_redshift_subnet_enable_resource_name_dns_a_record_on_launch"></a> [redshift\_subnet\_enable\_resource\_name\_dns\_a\_record\_on\_launch](#input\_redshift\_subnet\_enable\_resource\_name\_dns\_a\_record\_on\_launch) | Indicates whether to respond to DNS queries for instance hostnames with DNS A records. Default: `false` | `bool` | `false` | no |
| <a name="input_redshift_subnet_enable_resource_name_dns_aaaa_record_on_launch"></a> [redshift\_subnet\_enable\_resource\_name\_dns\_aaaa\_record\_on\_launch](#input\_redshift\_subnet\_enable\_resource\_name\_dns\_aaaa\_record\_on\_launch) | Indicates whether to respond to DNS queries for instance hostnames with DNS AAAA records. Default: `true` | `bool` | `true` | no |
| <a name="input_redshift_subnet_group_name"></a> [redshift\_subnet\_group\_name](#input\_redshift\_subnet\_group\_name) | Name of redshift subnet group | `string` | `null` | no |
| <a name="input_redshift_subnet_group_tags"></a> [redshift\_subnet\_group\_tags](#input\_redshift\_subnet\_group\_tags) | Additional tags for the redshift subnet group | `map(string)` | `{}` | no |
| <a name="input_redshift_subnet_ipv6_native"></a> [redshift\_subnet\_ipv6\_native](#input\_redshift\_subnet\_ipv6\_native) | Indicates whether to create an IPv6-only subnet. Default: `false` | `bool` | `false` | no |
| <a name="input_redshift_subnet_ipv6_prefixes"></a> [redshift\_subnet\_ipv6\_prefixes](#input\_redshift\_subnet\_ipv6\_prefixes) | Assigns IPv6 redshift subnet id based on the Amazon provided /56 prefix base 10 integer (0-256). Must be of equal length to the corresponding IPv4 subnet list | `list(string)` | `[]` | no |
| <a name="input_redshift_subnet_names"></a> [redshift\_subnet\_names](#input\_redshift\_subnet\_names) | Explicit values to use in the Name tag on redshift subnets. If empty, Name tags are generated | `list(string)` | `[]` | no |
| <a name="input_redshift_subnet_private_dns_hostname_type_on_launch"></a> [redshift\_subnet\_private\_dns\_hostname\_type\_on\_launch](#input\_redshift\_subnet\_private\_dns\_hostname\_type\_on\_launch) | The type of hostnames to assign to instances in the subnet at launch. For IPv6-only subnets, an instance DNS name must be based on the instance ID. For dual-stack and IPv4-only subnets, you can specify whether DNS names use the instance IPv4 address or the instance ID. Valid values: `ip-name`, `resource-name` | `string` | `null` | no |
| <a name="input_redshift_subnet_suffix"></a> [redshift\_subnet\_suffix](#input\_redshift\_subnet\_suffix) | Suffix to append to redshift subnets name | `string` | `"redshift"` | no |
| <a name="input_redshift_subnet_tags"></a> [redshift\_subnet\_tags](#input\_redshift\_subnet\_tags) | Additional tags for the redshift subnets | `map(string)` | `{}` | no |
| <a name="input_redshift_subnets"></a> [redshift\_subnets](#input\_redshift\_subnets) | A list of redshift subnets inside the VPC | `list(string)` | `[]` | no |
| <a name="input_reuse_nat_ips"></a> [reuse\_nat\_ips](#input\_reuse\_nat\_ips) | Should be true if you don'\''t want EIPs to be created for your NAT Gateways and will instead pass them in via the '\''external\_nat\_ip\_ids'\'' variable | `bool` | `false` | no |
| <a name="input_secondary_cidr_blocks"></a> [secondary\_cidr\_blocks](#input\_secondary\_cidr\_blocks) | List of secondary CIDR blocks to associate with the VPC to extend the IP Address pool | `list(string)` | `[]` | no |
| <a name="input_single_nat_gateway"></a> [single\_nat\_gateway](#input\_single\_nat\_gateway) | Should be true if you want to provision a single shared NAT Gateway across all of your private networks | `bool` | `false` | no |
| <a name="input_tags"></a> [tags](#input\_tags) | A map of tags to add to all resources | `map(string)` | `{}` | no |
| <a name="input_use_ipam_pool"></a> [use\_ipam\_pool](#input\_use\_ipam\_pool) | Determines whether IPAM pool is used for CIDR allocation | `bool` | `false` | no |
| <a name="input_vpc_flow_log_permissions_boundary"></a> [vpc\_flow\_log\_permissions\_boundary](#input\_vpc\_flow\_log\_permissions\_boundary) | The ARN of the Permissions Boundary for the VPC Flow Log IAM Role | `string` | `null` | no |
| <a name="input_vpc_flow_log_tags"></a> [vpc\_flow\_log\_tags](#input\_vpc\_flow\_log\_tags) | Additional tags for the VPC Flow Logs | `map(string)` | `{}` | no |
| <a name="input_vpc_tags"></a> [vpc\_tags](#input\_vpc\_tags) | Additional tags for the VPC | `map(string)` | `{}` | no |
| <a name="input_vpn_gateway_az"></a> [vpn\_gateway\_az](#input\_vpn\_gateway\_az) | The Availability Zone for the VPN Gateway | `string` | `null` | no |
| <a name="input_vpn_gateway_id"></a> [vpn\_gateway\_id](#input\_vpn\_gateway\_id) | ID of VPN Gateway to attach to the VPC | `string` | `""` | no |
| <a name="input_vpn_gateway_tags"></a> [vpn\_gateway\_tags](#input\_vpn\_gateway\_tags) | Additional tags for the VPN gateway | `map(string)` | `{}` | no |

## Outputs

| Name | Description |
|------|-------------|
| <a name="output_azs"></a> [azs](#output\_azs) | A list of availability zones specified as argument to this module |
| <a name="output_cgw_arns"></a> [cgw\_arns](#output\_cgw\_arns) | List of ARNs of Customer Gateway |
| <a name="output_cgw_ids"></a> [cgw\_ids](#output\_cgw\_ids) | List of IDs of Customer Gateway |
| <a name="output_database_internet_gateway_route_id"></a> [database\_internet\_gateway\_route\_id](#output\_database\_internet\_gateway\_route\_id) | ID of the database internet gateway route |
| <a name="output_database_ipv6_egress_route_id"></a> [database\_ipv6\_egress\_route\_id](#output\_database\_ipv6\_egress\_route\_id) | ID of the database IPv6 egress route |
| <a name="output_database_nat_gateway_route_ids"></a> [database\_nat\_gateway\_route\_ids](#output\_database\_nat\_gateway\_route\_ids) | List of IDs of the database nat gateway route |
| <a name="output_database_network_acl_arn"></a> [database\_network\_acl\_arn](#output\_database\_network\_acl\_arn) | ARN of the database network ACL |
| <a name="output_database_network_acl_id"></a> [database\_network\_acl\_id](#output\_database\_network\_acl\_id) | ID of the database network ACL |
| <a name="output_database_route_table_association_ids"></a> [database\_route\_table\_association\_ids](#output\_database\_route\_table\_association\_ids) | List of IDs of the database route table association |
| <a name="output_database_route_table_ids"></a> [database\_route\_table\_ids](#output\_database\_route\_table\_ids) | List of IDs of database route tables |
| <a name="output_database_subnet_arns"></a> [database\_subnet\_arns](#output\_database\_subnet\_arns) | List of ARNs of database subnets |
| <a name="output_database_subnet_group"></a> [database\_subnet\_group](#output\_database\_subnet\_group) | ID of database subnet group |
| <a name="output_database_subnet_group_name"></a> [database\_subnet\_group\_name](#output\_database\_subnet\_group\_name) | Name of database subnet group |
| <a name="output_database_subnets"></a> [database\_subnets](#output\_database\_subnets) | List of IDs of database subnets |
| <a name="output_database_subnets_cidr_blocks"></a> [database\_subnets\_cidr\_blocks](#output\_database\_subnets\_cidr\_blocks) | List of cidr\_blocks of database subnets |
| <a name="output_database_subnets_ipv6_cidr_blocks"></a> [database\_subnets\_ipv6\_cidr\_blocks](#output\_database\_subnets\_ipv6\_cidr\_blocks) | List of IPv6 cidr\_blocks of database subnets in an IPv6 enabled VPC |
| <a name="output_default_network_acl_id"></a> [default\_network\_acl\_id](#output\_default\_network\_acl\_id) | The ID of the default network ACL |
| <a name="output_default_route_table_id"></a> [default\_route\_table\_id](#output\_default\_route\_table\_id) | The ID of the default route table |
| <a name="output_default_security_group_id"></a> [default\_security\_group\_id](#output\_default\_security\_group\_id) | The ID of the security group created by default on VPC creation |
| <a name="output_default_vpc_arn"></a> [default\_vpc\_arn](#output\_default\_vpc\_arn) | The ARN of the Default VPC |
| <a name="output_default_vpc_cidr_block"></a> [default\_vpc\_cidr\_block](#output\_default\_vpc\_cidr\_block) | The CIDR block of the Default VPC |
| <a name="output_default_vpc_default_network_acl_id"></a> [default\_vpc\_default\_network\_acl\_id](#output\_default\_vpc\_default\_network\_acl\_id) | The ID of the default network ACL of the Default VPC |
| <a name="output_default_vpc_default_route_table_id"></a> [default\_vpc\_default\_route\_table\_id](#output\_default\_vpc\_default\_route\_table\_id) | The ID of the default route table of the Default VPC |
| <a name="output_default_vpc_default_security_group_id"></a> [default\_vpc\_default\_security\_group\_id](#output\_default\_vpc\_default\_security\_group\_id) | The ID of the security group created by default on Default VPC creation |
| <a name="output_default_vpc_enable_dns_hostnames"></a> [default\_vpc\_enable\_dns\_hostnames](#output\_default\_vpc\_enable\_dns\_hostnames) | Whether or not the Default VPC has DNS hostname support |
| <a name="output_default_vpc_enable_dns_support"></a> [default\_vpc\_enable\_dns\_support](#output\_default\_vpc\_enable\_dns\_support) | Whether or not the Default VPC has DNS support |
| <a name="output_default_vpc_id"></a> [default\_vpc\_id](#output\_default\_vpc\_id) | The ID of the Default VPC |
| <a name="output_default_vpc_instance_tenancy"></a> [default\_vpc\_instance\_tenancy](#output\_default\_vpc\_instance\_tenancy) | Tenancy of instances spin up within Default VPC |
| <a name="output_default_vpc_main_route_table_id"></a> [default\_vpc\_main\_route\_table\_id](#output\_default\_vpc\_main\_route\_table\_id) | The ID of the main route table associated with the Default VPC |
| <a name="output_dhcp_options_id"></a> [dhcp\_options\_id](#output\_dhcp\_options\_id) | The ID of the DHCP options |
| <a name="output_egress_only_internet_gateway_id"></a> [egress\_only\_internet\_gateway\_id](#output\_egress\_only\_internet\_gateway\_id) | The ID of the egress only Internet Gateway |
| <a name="output_elasticache_network_acl_arn"></a> [elasticache\_network\_acl\_arn](#output\_elasticache\_network\_acl\_arn) | ARN of the elasticache network ACL |
| <a name="output_elasticache_network_acl_id"></a> [elasticache\_network\_acl\_id](#output\_elasticache\_network\_acl\_id) | ID of the elasticache network ACL |
| <a name="output_elasticache_route_table_association_ids"></a> [elasticache\_route\_table\_association\_ids](#output\_elasticache\_route\_table\_association\_ids) | List of IDs of the elasticache route table association |
| <a name="output_elasticache_route_table_ids"></a> [elasticache\_route\_table\_ids](#output\_elasticache\_route\_table\_ids) | List of IDs of elasticache route tables |
| <a name="output_elasticache_subnet_arns"></a> [elasticache\_subnet\_arns](#output\_elasticache\_subnet\_arns) | List of ARNs of elasticache subnets |
| <a name="output_elasticache_subnet_group"></a> [elasticache\_subnet\_group](#output\_elasticache\_subnet\_group) | ID of elasticache subnet group |
| <a name="output_elasticache_subnet_group_name"></a> [elasticache\_subnet\_group\_name](#output\_elasticache\_subnet\_group\_name) | Name of elasticache subnet group |
| <a name="output_elasticache_subnets"></a> [elasticache\_subnets](#output\_elasticache\_subnets) | List of IDs of elasticache subnets |
| <a name="output_elasticache_subnets_cidr_blocks"></a> [elasticache\_subnets\_cidr\_blocks](#output\_elasticache\_subnets\_cidr\_blocks) | List of cidr\_blocks of elasticache subnets |
| <a name="output_elasticache_subnets_ipv6_cidr_blocks"></a> [elasticache\_subnets\_ipv6\_cidr\_blocks](#output\_elasticache\_subnets\_ipv6\_cidr\_blocks) | List of IPv6 cidr\_blocks of elasticache subnets in an IPv6 enabled VPC |
| <a name="output_igw_arn"></a> [igw\_arn](#output\_igw\_arn) | The ARN of the Internet Gateway |
| <a name="output_igw_id"></a> [igw\_id](#output\_igw\_id) | The ID of the Internet Gateway |
| <a name="output_intra_network_acl_arn"></a> [intra\_network\_acl\_arn](#output\_intra\_network\_acl\_arn) | ARN of the intra network ACL |
| <a name="output_intra_network_acl_id"></a> [intra\_network\_acl\_id](#output\_intra\_network\_acl\_id) | ID of the intra network ACL |
| <a name="output_intra_route_table_association_ids"></a> [intra\_route\_table\_association\_ids](#output\_intra\_route\_table\_association\_ids) | List of IDs of the intra route table association |
| <a name="output_intra_route_table_ids"></a> [intra\_route\_table\_ids](#output\_intra\_route\_table\_ids) | List of IDs of intra route tables |
| <a name="output_intra_subnet_arns"></a> [intra\_subnet\_arns](#output\_intra\_subnet\_arns) | List of ARNs of intra subnets |
| <a name="output_intra_subnets"></a> [intra\_subnets](#output\_intra\_subnets) | List of IDs of intra subnets |
| <a name="output_intra_subnets_cidr_blocks"></a> [intra\_subnets\_cidr\_blocks](#output\_intra\_subnets\_cidr\_blocks) | List of cidr\_blocks of intra subnets |
| <a name="output_intra_subnets_ipv6_cidr_blocks"></a> [intra\_subnets\_ipv6\_cidr\_blocks](#output\_intra\_subnets\_ipv6\_cidr\_blocks) | List of IPv6 cidr\_blocks of intra subnets in an IPv6 enabled VPC |
| <a name="output_name"></a> [name](#output\_name) | The name of the VPC specified as argument to this module |
| <a name="output_nat_ids"></a> [nat\_ids](#output\_nat\_ids) | List of allocation ID of Elastic IPs created for AWS NAT Gateway |
| <a name="output_nat_public_ips"></a> [nat\_public\_ips](#output\_nat\_public\_ips) | List of public Elastic IPs created for AWS NAT Gateway |
| <a name="output_natgw_ids"></a> [natgw\_ids](#output\_natgw\_ids) | List of NAT Gateway IDs |
| <a name="output_natgw_interface_ids"></a> [natgw\_interface\_ids](#output\_natgw\_interface\_ids) | List of Network Interface IDs assigned to NAT Gateways |
| <a name="output_outpost_network_acl_arn"></a> [outpost\_network\_acl\_arn](#output\_outpost\_network\_acl\_arn) | ARN of the outpost network ACL |
| <a name="output_outpost_network_acl_id"></a> [outpost\_network\_acl\_id](#output\_outpost\_network\_acl\_id) | ID of the outpost network ACL |
| <a name="output_outpost_subnet_arns"></a> [outpost\_subnet\_arns](#output\_outpost\_subnet\_arns) | List of ARNs of outpost subnets |
| <a name="output_outpost_subnets"></a> [outpost\_subnets](#output\_outpost\_subnets) | List of IDs of outpost subnets |
| <a name="output_outpost_subnets_cidr_blocks"></a> [outpost\_subnets\_cidr\_blocks](#output\_outpost\_subnets\_cidr\_blocks) | List of cidr\_blocks of outpost subnets |
| <a name="output_outpost_subnets_ipv6_cidr_blocks"></a> [outpost\_subnets\_ipv6\_cidr\_blocks](#output\_outpost\_subnets\_ipv6\_cidr\_blocks) | List of IPv6 cidr\_blocks of outpost subnets in an IPv6 enabled VPC |
| <a name="output_private_ipv6_egress_route_ids"></a> [private\_ipv6\_egress\_route\_ids](#output\_private\_ipv6\_egress\_route\_ids) | List of IDs of the ipv6 egress route |
| <a name="output_private_nat_gateway_route_ids"></a> [private\_nat\_gateway\_route\_ids](#output\_private\_nat\_gateway\_route\_ids) | List of IDs of the private nat gateway route |
| <a name="output_private_network_acl_arn"></a> [private\_network\_acl\_arn](#output\_private\_network\_acl\_arn) | ARN of the private network ACL |
| <a name="output_private_network_acl_id"></a> [private\_network\_acl\_id](#output\_private\_network\_acl\_id) | ID of the private network ACL |
| <a name="output_private_route_table_association_ids"></a> [private\_route\_table\_association\_ids](#output\_private\_route\_table\_association\_ids) | List of IDs of the private route table association |
| <a name="output_private_route_table_ids"></a> [private\_route\_table\_ids](#output\_private\_route\_table\_ids) | List of IDs of private route tables |
| <a name="output_private_subnet_arns"></a> [private\_subnet\_arns](#output\_private\_subnet\_arns) | List of ARNs of private subnets |
| <a name="output_private_subnets"></a> [private\_subnets](#output\_private\_subnets) | List of IDs of private subnets |
| <a name="output_private_subnets_cidr_blocks"></a> [private\_subnets\_cidr\_blocks](#output\_private\_subnets\_cidr\_blocks) | List of cidr\_blocks of private subnets |
| <a name="output_private_subnets_ipv6_cidr_blocks"></a> [private\_subnets\_ipv6\_cidr\_blocks](#output\_private\_subnets\_ipv6\_cidr\_blocks) | List of IPv6 cidr\_blocks of private subnets in an IPv6 enabled VPC |
| <a name="output_public_internet_gateway_ipv6_route_id"></a> [public\_internet\_gateway\_ipv6\_route\_id](#output\_public\_internet\_gateway\_ipv6\_route\_id) | ID of the IPv6 internet gateway route |
| <a name="output_public_internet_gateway_route_id"></a> [public\_internet\_gateway\_route\_id](#output\_public\_internet\_gateway\_route\_id) | ID of the internet gateway route |
| <a name="output_public_network_acl_arn"></a> [public\_network\_acl\_arn](#output\_public\_network\_acl\_arn) | ARN of the public network ACL |
| <a name="output_public_network_acl_id"></a> [public\_network\_acl\_id](#output\_public\_network\_acl\_id) | ID of the public network ACL |
| <a name="output_public_route_table_association_ids"></a> [public\_route\_table\_association\_ids](#output\_public\_route\_table\_association\_ids) | List of IDs of the public route table association |
| <a name="output_public_route_table_ids"></a> [public\_route\_table\_ids](#output\_public\_route\_table\_ids) | List of IDs of public route tables |
| <a name="output_public_subnet_arns"></a> [public\_subnet\_arns](#output\_public\_subnet\_arns) | List of ARNs of public subnets |
| <a name="output_public_subnets"></a> [public\_subnets](#output\_public\_subnets) | List of IDs of public subnets |
| <a name="output_public_subnets_cidr_blocks"></a> [public\_subnets\_cidr\_blocks](#output\_public\_subnets\_cidr\_blocks) | List of cidr\_blocks of public subnets |
| <a name="output_public_subnets_ipv6_cidr_blocks"></a> [public\_subnets\_ipv6\_cidr\_blocks](#output\_public\_subnets\_ipv6\_cidr\_blocks) | List of IPv6 cidr\_blocks of public subnets in an IPv6 enabled VPC |
| <a name="output_redshift_network_acl_arn"></a> [redshift\_network\_acl\_arn](#output\_redshift\_network\_acl\_arn) | ARN of the redshift network ACL |
| <a name="output_redshift_network_acl_id"></a> [redshift\_network\_acl\_id](#output\_redshift\_network\_acl\_id) | ID of the redshift network ACL |
| <a name="output_redshift_public_route_table_association_ids"></a> [redshift\_public\_route\_table\_association\_ids](#output\_redshift\_public\_route\_table\_association\_ids) | List of IDs of the public redshift route table association |
| <a name="output_redshift_route_table_association_ids"></a> [redshift\_route\_table\_association\_ids](#output\_redshift\_route\_table\_association\_ids) | List of IDs of the redshift route table association |
| <a name="output_redshift_route_table_ids"></a> [redshift\_route\_table\_ids](#output\_redshift\_route\_table\_ids) | List of IDs of redshift route tables |
| <a name="output_redshift_subnet_arns"></a> [redshift\_subnet\_arns](#output\_redshift\_subnet\_arns) | List of ARNs of redshift subnets |
| <a name="output_redshift_subnet_group"></a> [redshift\_subnet\_group](#output\_redshift\_subnet\_group) | ID of redshift subnet group |
| <a name="output_redshift_subnets"></a> [redshift\_subnets](#output\_redshift\_subnets) | List of IDs of redshift subnets |
| <a name="output_redshift_subnets_cidr_blocks"></a> [redshift\_subnets\_cidr\_blocks](#output\_redshift\_subnets\_cidr\_blocks) | List of cidr\_blocks of redshift subnets |
| <a name="output_redshift_subnets_ipv6_cidr_blocks"></a> [redshift\_subnets\_ipv6\_cidr\_blocks](#output\_redshift\_subnets\_ipv6\_cidr\_blocks) | List of IPv6 cidr\_blocks of redshift subnets in an IPv6 enabled VPC |
| <a name="output_this_customer_gateway"></a> [this\_customer\_gateway](#output\_this\_customer\_gateway) | Map of Customer Gateway attributes |
| <a name="output_vgw_arn"></a> [vgw\_arn](#output\_vgw\_arn) | The ARN of the VPN Gateway |
| <a name="output_vgw_id"></a> [vgw\_id](#output\_vgw\_id) | The ID of the VPN Gateway |
| <a name="output_vpc_arn"></a> [vpc\_arn](#output\_vpc\_arn) | The ARN of the VPC |
| <a name="output_vpc_cidr_block"></a> [vpc\_cidr\_block](#output\_vpc\_cidr\_block) | The CIDR block of the VPC |
| <a name="output_vpc_enable_dns_hostnames"></a> [vpc\_enable\_dns\_hostnames](#output\_vpc\_enable\_dns\_hostnames) | Whether or not the VPC has DNS hostname support |
| <a name="output_vpc_enable_dns_support"></a> [vpc\_enable\_dns\_support](#output\_vpc\_enable\_dns\_support) | Whether or not the VPC has DNS support |
| <a name="output_vpc_flow_log_cloudwatch_iam_role_arn"></a> [vpc\_flow\_log\_cloudwatch\_iam\_role\_arn](#output\_vpc\_flow\_log\_cloudwatch\_iam\_role\_arn) | The ARN of the IAM role used when pushing logs to Cloudwatch log group |
| <a name="output_vpc_flow_log_deliver_cross_account_role"></a> [vpc\_flow\_log\_deliver\_cross\_account\_role](#output\_vpc\_flow\_log\_deliver\_cross\_account\_role) | The ARN of the IAM role used when pushing logs cross account |
| <a name="output_vpc_flow_log_destination_arn"></a> [vpc\_flow\_log\_destination\_arn](#output\_vpc\_flow\_log\_destination\_arn) | The ARN of the destination for VPC Flow Logs |
| <a name="output_vpc_flow_log_destination_type"></a> [vpc\_flow\_log\_destination\_type](#output\_vpc\_flow\_log\_destination\_type) | The type of the destination for VPC Flow Logs |
| <a name="output_vpc_flow_log_id"></a> [vpc\_flow\_log\_id](#output\_vpc\_flow\_log\_id) | The ID of the Flow Log resource |
| <a name="output_vpc_id"></a> [vpc\_id](#output\_vpc\_id) | The ID of the VPC |
| <a name="output_vpc_instance_tenancy"></a> [vpc\_instance\_tenancy](#output\_vpc\_instance\_tenancy) | Tenancy of instances spin up within VPC |
| <a name="output_vpc_ipv6_association_id"></a> [vpc\_ipv6\_association\_id](#output\_vpc\_ipv6\_association\_id) | The association ID for the IPv6 CIDR block |
| <a name="output_vpc_ipv6_cidr_block"></a> [vpc\_ipv6\_cidr\_block](#output\_vpc\_ipv6\_cidr\_block) | The IPv6 CIDR block |
| <a name="output_vpc_main_route_table_id"></a> [vpc\_main\_route\_table\_id](#output\_vpc\_main\_route\_table\_id) | The ID of the main route table associated with this VPC |
| <a name="output_vpc_owner_id"></a> [vpc\_owner\_id](#output\_vpc\_owner\_id) | The ID of the AWS account that owns the VPC |
| <a name="output_vpc_secondary_cidr_blocks"></a> [vpc\_secondary\_cidr\_blocks](#output\_vpc\_secondary\_cidr\_blocks) | List of secondary CIDR blocks of the VPC |
<!-- END OF PRE-COMMIT-TERRAFORM DOCS HOOK -->

## Authors

Module is maintained by [Anton Babenko](https://github.com/antonbabenko) with help from [these awesome contributors](https://github.com/terraform-aws-modules/terraform-aws-vpc/graphs/contributors).

## License

Apache 2 Licensed. See [LICENSE](https://github.com/terraform-aws-modules/terraform-aws-vpc/tree/master/LICENSE) for full details.

## Additional information for users from Russia and Belarus

* Russia has [illegally annexed Crimea in 2014](https://en.wikipedia.org/wiki/Annexation_of_Crimea_by_the_Russian_Federation) and [brought the war in Donbas](https://en.wikipedia.org/wiki/War_in_Donbas) followed by [full-scale invasion of Ukraine in 2022](https://en.wikipedia.org/wiki/2022_Russian_invasion_of_Ukraine).
* Russia has brought sorrow and devastations to millions of Ukrainians, killed [thousands of innocent people](https://www.ohchr.org/en/news/2023/06/ukraine-civilian-casualty-update-19-june-2023), damaged thousands of buildings including [critical infrastructure](https://www.aljazeera.com/gallery/2022/12/17/russia-launches-another-major-missile-attack-on-ukraine), caused ecocide by [blowing up a dam](https://www.reuters.com/world/europe/ukraine-security-service-says-it-intercepted-call-proving-russia-destroyed-2023-06-09/), [bombed theater](https://www.cnn.com/2022/03/16/europe/ukraine-mariupol-bombing-theater-intl/index.html) in Mariupol that had "Children" marking on the ground, [raped men and boys](https://www.theguardian.com/world/2022/may/03/men-and-boys-among-alleged-victims-by-russian-soldiers-in-ukraine), [deported children](https://www.bbc.com/news/world-europe-64992727) in the occupied territoris, and forced [millions of people](https://www.unrefugees.org/emergencies/ukraine/) to flee.
* [Putin khuylo!](https://en.wikipedia.org/wiki/Putin_khuylo!)'
++ sed 's/"us-east-1a"/"us-east-1a"/g; s/"us-east-1b"/"us-east-1b"/g; s/"us-east-1c"/"us-east-1c"/g'
++ awk '/module "vpc" {/,/}/ {print} /}/ {exit}'
++ echo '# AWS VPC Terraform module

Terraform module which creates VPC resources on AWS.

[![SWUbanner](https://raw.githubusercontent.com/vshymanskyy/StandWithUkraine/main/banner2-direct.svg)](https://github.com/vshymanskyy/StandWithUkraine/blob/main/docs/README.md)

## Usage

```hcl
module "vpc" {
  source = "terraform-aws-modules/vpc/aws"

  name = "my-vpc"
  cidr = "10.0.0.0/16"

  azs             = ["us-east-1a", "us-east-1b", "us-east-1c"]
  private_subnets = ["10.0.1.0/24", "10.0.2.0/24", "10.0.3.0/24"]
  public_subnets  = ["10.0.101.0/24", "10.0.102.0/24", "10.0.103.0/24"]

  enable_nat_gateway = true
  enable_vpn_gateway = true

  tags = {
    Terraform = "true"
    Environment = "dev"
  }
}
```

## External NAT Gateway IPs

By default this module will provision new Elastic IPs for the VPC'\''s NAT Gateways.
This means that when creating a new VPC, new IPs are allocated, and when that VPC is destroyed those IPs are released.
Sometimes it is handy to keep the same IPs even after the VPC is destroyed and re-created.
To that end, it is possible to assign existing IPs to the NAT Gateways.
This prevents the destruction of the VPC from releasing those IPs, while making it possible that a re-created VPC uses the same IPs.

To achieve this, allocate the IPs outside the VPC module declaration.

```hcl
resource "aws_eip" "nat" {
  count = 3

  vpc = true
}
```

Then, pass the allocated IPs as a parameter to this module.

```hcl
module "vpc" {
  source = "terraform-aws-modules/vpc/aws"

  # The rest of arguments are omitted for brevity

  enable_nat_gateway  = true
  single_nat_gateway  = false
  reuse_nat_ips       = true                    # <= Skip creation of EIPs for the NAT Gateways
  external_nat_ip_ids = "${aws_eip.nat.*.id}"   # <= IPs specified here as input to the module
}
```

Note that in the example we allocate 3 IPs because we will be provisioning 3 NAT Gateways (due to `single_nat_gateway = false` and having 3 subnets).
If, on the other hand, `single_nat_gateway = true`, then `aws_eip.nat` would only need to allocate 1 IP.
Passing the IPs into the module is done by setting two variables `reuse_nat_ips = true` and `external_nat_ip_ids = "${aws_eip.nat.*.id}"`.

## NAT Gateway Scenarios

This module supports three scenarios for creating NAT gateways. Each will be explained in further detail in the corresponding sections.

- One NAT Gateway per subnet (default behavior)
  - `enable_nat_gateway = true`
  - `single_nat_gateway = false`
  - `one_nat_gateway_per_az = false`
- Single NAT Gateway
  - `enable_nat_gateway = true`
  - `single_nat_gateway = true`
  - `one_nat_gateway_per_az = false`
- One NAT Gateway per availability zone
  - `enable_nat_gateway = true`
  - `single_nat_gateway = false`
  - `one_nat_gateway_per_az = true`

If both `single_nat_gateway` and `one_nat_gateway_per_az` are set to `true`, then `single_nat_gateway` takes precedence.

### One NAT Gateway per subnet (default)

By default, the module will determine the number of NAT Gateways to create based on the `max()` of the private subnet lists (`database_subnets`, `elasticache_subnets`, `private_subnets`, and `redshift_subnets`). The module **does not** take into account the number of `intra_subnets`, since the latter are designed to have no Internet access via NAT Gateway. For example, if your configuration looks like the following:

```hcl
database_subnets    = ["10.0.21.0/24", "10.0.22.0/24"]
elasticache_subnets = ["10.0.31.0/24", "10.0.32.0/24"]
private_subnets     = ["10.0.1.0/24", "10.0.2.0/24", "10.0.3.0/24", "10.0.4.0/24", "10.0.5.0/24"]
redshift_subnets    = ["10.0.41.0/24", "10.0.42.0/24"]
intra_subnets       = ["10.0.51.0/24", "10.0.52.0/24", "10.0.53.0/24"]
```

Then `5` NAT Gateways will be created since `5` private subnet CIDR blocks were specified.

### Single NAT Gateway

If `single_nat_gateway = true`, then all private subnets will route their Internet traffic through this single NAT gateway. The NAT gateway will be placed in the first public subnet in your `public_subnets` block.

### One NAT Gateway per availability zone

If `one_nat_gateway_per_az = true` and `single_nat_gateway = false`, then the module will place one NAT gateway in each availability zone you specify in `var.azs`. There are some requirements around using this feature flag:

- The variable `var.azs` **must** be specified.
- The number of public subnet CIDR blocks specified in `public_subnets` **must** be greater than or equal to the number of availability zones specified in `var.azs`. This is to ensure that each NAT Gateway has a dedicated public subnet to deploy to.

## "private" versus "intra" subnets

By default, if NAT Gateways are enabled, private subnets will be configured with routes for Internet traffic that point at the NAT Gateways configured by use of the above options.

If you need private subnets that should have no Internet routing (in the sense of [RFC1918 Category 1 subnets](https://tools.ietf.org/html/rfc1918)), `intra_subnets` should be specified. An example use case is configuration of AWS Lambda functions within a VPC, where AWS Lambda functions only need to pass traffic to internal resources or VPC endpoints for AWS services.

Since AWS Lambda functions allocate Elastic Network Interfaces in proportion to the traffic received ([read more](https://docs.aws.amazon.com/lambda/latest/dg/vpc.html)), it can be useful to allocate a large private subnet for such allocations, while keeping the traffic they generate entirely internal to the VPC.

You can add additional tags with `intra_subnet_tags` as with other subnet types.

## VPC Flow Log

VPC Flow Log allows to capture IP traffic for a specific network interface (ENI), subnet, or entire VPC. This module supports enabling or disabling VPC Flow Logs for entire VPC. If you need to have VPC Flow Logs for subnet or ENI, you have to manage it outside of this module with [aws_flow_log resource](https://www.terraform.io/docs/providers/aws/r/flow_log.html).

### VPC Flow Log Examples

By default `file_format` is `plain-text`. You can also specify `parquet` to have logs written in Apache Parquet format.

```
flow_log_file_format = "parquet"
```

### Permissions Boundary

If your organization requires a permissions boundary to be attached to the VPC Flow Log role, make sure that you specify an ARN of the permissions boundary policy as `vpc_flow_log_permissions_boundary` argument. Read more about required [IAM policy for publishing flow logs](https://docs.aws.amazon.com/vpc/latest/userguide/flow-logs-cwl.html#flow-logs-iam).

## Conditional creation

Prior to Terraform 0.13, you were unable to specify `count` in a module block. If you wish to toggle the creation of the module'\''s resources in an older (pre 0.13) version of Terraform, you can use the `create_vpc` argument.

```hcl
# This VPC will not be created
module "vpc" {
  source = "terraform-aws-modules/vpc/aws"

  create_vpc = false
  # ... omitted
}
```

## Public access to RDS instances

Sometimes it is handy to have public access to RDS instances (it is not recommended for production) by specifying these arguments:

```hcl
  create_database_subnet_group           = true
  create_database_subnet_route_table     = true
  create_database_internet_gateway_route = true

  enable_dns_hostnames = true
  enable_dns_support   = true
```

## Network Access Control Lists (ACL or NACL)

This module can manage network ACL and rules. Once VPC is created, AWS creates the default network ACL, which can be controlled using this module (`manage_default_network_acl = true`).

Also, each type of subnet may have its own network ACL with custom rules per subnet. Eg, set `public_dedicated_network_acl = true` to use dedicated network ACL for the public subnets; set values of `public_inbound_acl_rules` and `public_outbound_acl_rules` to specify all the NACL rules you need to have on public subnets (see `variables.tf` for default values and structures).

By default, all subnets are associated with the default network ACL.

## Public access to Redshift cluster

Sometimes it is handy to have public access to Redshift clusters (for example if you need to access it by Kinesis - VPC endpoint for Kinesis is not yet supported by Redshift) by specifying these arguments:

```hcl
  enable_public_redshift = true  # <= By default Redshift subnets will be associated with the private route table
```

## Transit Gateway (TGW) integration

It is possible to integrate this VPC module with [terraform-aws-transit-gateway module](https://github.com/terraform-aws-modules/terraform-aws-transit-gateway) which handles the creation of TGW resources and VPC attachments. See [complete example there](https://github.com/terraform-aws-modules/terraform-aws-transit-gateway/tree/master/examples/complete).

## VPC CIDR from AWS IP Address Manager (IPAM)

It is possible to have your VPC CIDR assigned from an [AWS IPAM Pool](https://registry.terraform.io/providers/hashicorp/aws/latest/docs/resources/vpc_ipam_pool). However, In order to build subnets within this module Terraform must know subnet CIDRs to properly plan the amount of resources to build. Since CIDR is derived by IPAM by calling CreateVpc this is not possible within a module unless cidr is known ahead of time. You can get around this by "previewing" the CIDR and then using that as the subnet values.

_Note: Due to race conditions with `terraform plan`, it is not possible to use `ipv4_netmask_length` or a pools `allocation_default_netmask_length` within this module. You must explicitly set the CIDRs for a pool to use._

```hcl
# Find the pool RAM shared to your account
# Info on RAM sharing pools: https://docs.aws.amazon.com/vpc/latest/ipam/share-pool-ipam.html
data "aws_vpc_ipam_pool" "ipv4_example" {
  filter {
    name   = "description"
    values = ["*mypool*"]
  }

  filter {
    name   = "address-family"
    values = ["ipv4"]
  }
}

# Preview next CIDR from pool
data "aws_vpc_ipam_preview_next_cidr" "previewed_cidr" {
  ipam_pool_id   = data.aws_vpc_ipam_pool.ipv4_example.id
  netmask_length = 24
}

data "aws_region" "current" {}

# Calculate subnet cidrs from previewed IPAM CIDR
locals {
  partition       = cidrsubnets(data.aws_vpc_ipam_preview_next_cidr.previewed_cidr.cidr, 2, 2)
  private_subnets = cidrsubnets(local.partition[0], 2, 2)
  public_subnets  = cidrsubnets(local.partition[1], 2, 2)
  azs             = formatlist("${data.aws_region.current.name}%s", ["a", "b"])
}

module "vpc_cidr_from_ipam" {
  source            = "terraform-aws-modules/vpc/aws"
  name              = "vpc-cidr-from-ipam"
  ipv4_ipam_pool_id = data.aws_vpc_ipam_pool.ipv4_example.id
  azs               = local.azs
  cidr              = data.aws_vpc_ipam_preview_next_cidr.previewed_cidr.cidr
  private_subnets   = local.private_subnets
  public_subnets    = local.public_subnets
}
```

## Examples

- [Complete VPC](https://github.com/terraform-aws-modules/terraform-aws-vpc/tree/master/examples/complete) with VPC Endpoints.
- [VPC using IPAM](https://github.com/terraform-aws-modules/terraform-aws-vpc/tree/master/examples/ipam)
- [Dualstack IPv4/IPv6 VPC](https://github.com/terraform-aws-modules/terraform-aws-vpc/tree/master/examples/ipv6-dualstack)
- [IPv6 only subnets/VPC](https://github.com/terraform-aws-modules/terraform-aws-vpc/tree/master/examples/ipv6-only)
- [Manage Default VPC](https://github.com/terraform-aws-modules/terraform-aws-vpc/tree/master/examples/manage-default-vpc)
- [Network ACL](https://github.com/terraform-aws-modules/terraform-aws-vpc/tree/master/examples/network-acls)
- [VPC with Outpost](https://github.com/terraform-aws-modules/terraform-aws-vpc/tree/master/examples/outpost)
- [VPC with secondary CIDR blocks](https://github.com/terraform-aws-modules/terraform-aws-vpc/tree/master/examples/secondary-cidr-blocks)
- [VPC with unique route tables](https://github.com/terraform-aws-modules/terraform-aws-vpc/tree/master/examples/separate-route-tables)
- [Simple VPC](https://github.com/terraform-aws-modules/terraform-aws-vpc/tree/master/examples/simple)
- [VPC Flow Logs](https://github.com/terraform-aws-modules/terraform-aws-vpc/tree/master/examples/vpc-flow-logs)
- [Few tests and edge case examples](https://github.com/terraform-aws-modules/terraform-aws-vpc/tree/master/examples/issues)

## Contributing

Report issues/questions/feature requests on in the [issues](https://github.com/terraform-aws-modules/terraform-aws-vpc/issues/new) section.

Full contributing [guidelines are covered here](.github/contributing.md).

<!-- BEGINNING OF PRE-COMMIT-TERRAFORM DOCS HOOK -->
## Requirements

| Name | Version |
|------|---------|
| <a name="requirement_terraform"></a> [terraform](#requirement\_terraform) | >= 1.0 |
| <a name="requirement_aws"></a> [aws](#requirement\_aws) | >= 5.20 |

## Providers

| Name | Version |
|------|---------|
| <a name="provider_aws"></a> [aws](#provider\_aws) | >= 5.20 |

## Modules

No modules.

## Resources

| Name | Type |
|------|------|
| [aws_cloudwatch_log_group.flow_log](https://registry.terraform.io/providers/hashicorp/aws/latest/docs/resources/cloudwatch_log_group) | resource |
| [aws_customer_gateway.this](https://registry.terraform.io/providers/hashicorp/aws/latest/docs/resources/customer_gateway) | resource |
| [aws_db_subnet_group.database](https://registry.terraform.io/providers/hashicorp/aws/latest/docs/resources/db_subnet_group) | resource |
| [aws_default_network_acl.this](https://registry.terraform.io/providers/hashicorp/aws/latest/docs/resources/default_network_acl) | resource |
| [aws_default_route_table.default](https://registry.terraform.io/providers/hashicorp/aws/latest/docs/resources/default_route_table) | resource |
| [aws_default_security_group.this](https://registry.terraform.io/providers/hashicorp/aws/latest/docs/resources/default_security_group) | resource |
| [aws_default_vpc.this](https://registry.terraform.io/providers/hashicorp/aws/latest/docs/resources/default_vpc) | resource |
| [aws_egress_only_internet_gateway.this](https://registry.terraform.io/providers/hashicorp/aws/latest/docs/resources/egress_only_internet_gateway) | resource |
| [aws_eip.nat](https://registry.terraform.io/providers/hashicorp/aws/latest/docs/resources/eip) | resource |
| [aws_elasticache_subnet_group.elasticache](https://registry.terraform.io/providers/hashicorp/aws/latest/docs/resources/elasticache_subnet_group) | resource |
| [aws_flow_log.this](https://registry.terraform.io/providers/hashicorp/aws/latest/docs/resources/flow_log) | resource |
| [aws_iam_policy.vpc_flow_log_cloudwatch](https://registry.terraform.io/providers/hashicorp/aws/latest/docs/resources/iam_policy) | resource |
| [aws_iam_role.vpc_flow_log_cloudwatch](https://registry.terraform.io/providers/hashicorp/aws/latest/docs/resources/iam_role) | resource |
| [aws_iam_role_policy_attachment.vpc_flow_log_cloudwatch](https://registry.terraform.io/providers/hashicorp/aws/latest/docs/resources/iam_role_policy_attachment) | resource |
| [aws_internet_gateway.this](https://registry.terraform.io/providers/hashicorp/aws/latest/docs/resources/internet_gateway) | resource |
| [aws_nat_gateway.this](https://registry.terraform.io/providers/hashicorp/aws/latest/docs/resources/nat_gateway) | resource |
| [aws_network_acl.database](https://registry.terraform.io/providers/hashicorp/aws/latest/docs/resources/network_acl) | resource |
| [aws_network_acl.elasticache](https://registry.terraform.io/providers/hashicorp/aws/latest/docs/resources/network_acl) | resource |
| [aws_network_acl.intra](https://registry.terraform.io/providers/hashicorp/aws/latest/docs/resources/network_acl) | resource |
| [aws_network_acl.outpost](https://registry.terraform.io/providers/hashicorp/aws/latest/docs/resources/network_acl) | resource |
| [aws_network_acl.private](https://registry.terraform.io/providers/hashicorp/aws/latest/docs/resources/network_acl) | resource |
| [aws_network_acl.public](https://registry.terraform.io/providers/hashicorp/aws/latest/docs/resources/network_acl) | resource |
| [aws_network_acl.redshift](https://registry.terraform.io/providers/hashicorp/aws/latest/docs/resources/network_acl) | resource |
| [aws_network_acl_rule.database_inbound](https://registry.terraform.io/providers/hashicorp/aws/latest/docs/resources/network_acl_rule) | resource |
| [aws_network_acl_rule.database_outbound](https://registry.terraform.io/providers/hashicorp/aws/latest/docs/resources/network_acl_rule) | resource |
| [aws_network_acl_rule.elasticache_inbound](https://registry.terraform.io/providers/hashicorp/aws/latest/docs/resources/network_acl_rule) | resource |
| [aws_network_acl_rule.elasticache_outbound](https://registry.terraform.io/providers/hashicorp/aws/latest/docs/resources/network_acl_rule) | resource |
| [aws_network_acl_rule.intra_inbound](https://registry.terraform.io/providers/hashicorp/aws/latest/docs/resources/network_acl_rule) | resource |
| [aws_network_acl_rule.intra_outbound](https://registry.terraform.io/providers/hashicorp/aws/latest/docs/resources/network_acl_rule) | resource |
| [aws_network_acl_rule.outpost_inbound](https://registry.terraform.io/providers/hashicorp/aws/latest/docs/resources/network_acl_rule) | resource |
| [aws_network_acl_rule.outpost_outbound](https://registry.terraform.io/providers/hashicorp/aws/latest/docs/resources/network_acl_rule) | resource |
| [aws_network_acl_rule.private_inbound](https://registry.terraform.io/providers/hashicorp/aws/latest/docs/resources/network_acl_rule) | resource |
| [aws_network_acl_rule.private_outbound](https://registry.terraform.io/providers/hashicorp/aws/latest/docs/resources/network_acl_rule) | resource |
| [aws_network_acl_rule.public_inbound](https://registry.terraform.io/providers/hashicorp/aws/latest/docs/resources/network_acl_rule) | resource |
| [aws_network_acl_rule.public_outbound](https://registry.terraform.io/providers/hashicorp/aws/latest/docs/resources/network_acl_rule) | resource |
| [aws_network_acl_rule.redshift_inbound](https://registry.terraform.io/providers/hashicorp/aws/latest/docs/resources/network_acl_rule) | resource |
| [aws_network_acl_rule.redshift_outbound](https://registry.terraform.io/providers/hashicorp/aws/latest/docs/resources/network_acl_rule) | resource |
| [aws_redshift_subnet_group.redshift](https://registry.terraform.io/providers/hashicorp/aws/latest/docs/resources/redshift_subnet_group) | resource |
| [aws_route.database_dns64_nat_gateway](https://registry.terraform.io/providers/hashicorp/aws/latest/docs/resources/route) | resource |
| [aws_route.database_internet_gateway](https://registry.terraform.io/providers/hashicorp/aws/latest/docs/resources/route) | resource |
| [aws_route.database_ipv6_egress](https://registry.terraform.io/providers/hashicorp/aws/latest/docs/resources/route) | resource |
| [aws_route.database_nat_gateway](https://registry.terraform.io/providers/hashicorp/aws/latest/docs/resources/route) | resource |
| [aws_route.private_dns64_nat_gateway](https://registry.terraform.io/providers/hashicorp/aws/latest/docs/resources/route) | resource |
| [aws_route.private_ipv6_egress](https://registry.terraform.io/providers/hashicorp/aws/latest/docs/resources/route) | resource |
| [aws_route.private_nat_gateway](https://registry.terraform.io/providers/hashicorp/aws/latest/docs/resources/route) | resource |
| [aws_route.public_internet_gateway](https://registry.terraform.io/providers/hashicorp/aws/latest/docs/resources/route) | resource |
| [aws_route.public_internet_gateway_ipv6](https://registry.terraform.io/providers/hashicorp/aws/latest/docs/resources/route) | resource |
| [aws_route_table.database](https://registry.terraform.io/providers/hashicorp/aws/latest/docs/resources/route_table) | resource |
| [aws_route_table.elasticache](https://registry.terraform.io/providers/hashicorp/aws/latest/docs/resources/route_table) | resource |
| [aws_route_table.intra](https://registry.terraform.io/providers/hashicorp/aws/latest/docs/resources/route_table) | resource |
| [aws_route_table.private](https://registry.terraform.io/providers/hashicorp/aws/latest/docs/resources/route_table) | resource |
| [aws_route_table.public](https://registry.terraform.io/providers/hashicorp/aws/latest/docs/resources/route_table) | resource |
| [aws_route_table.redshift](https://registry.terraform.io/providers/hashicorp/aws/latest/docs/resources/route_table) | resource |
| [aws_route_table_association.database](https://registry.terraform.io/providers/hashicorp/aws/latest/docs/resources/route_table_association) | resource |
| [aws_route_table_association.elasticache](https://registry.terraform.io/providers/hashicorp/aws/latest/docs/resources/route_table_association) | resource |
| [aws_route_table_association.intra](https://registry.terraform.io/providers/hashicorp/aws/latest/docs/resources/route_table_association) | resource |
| [aws_route_table_association.outpost](https://registry.terraform.io/providers/hashicorp/aws/latest/docs/resources/route_table_association) | resource |
| [aws_route_table_association.private](https://registry.terraform.io/providers/hashicorp/aws/latest/docs/resources/route_table_association) | resource |
| [aws_route_table_association.public](https://registry.terraform.io/providers/hashicorp/aws/latest/docs/resources/route_table_association) | resource |
| [aws_route_table_association.redshift](https://registry.terraform.io/providers/hashicorp/aws/latest/docs/resources/route_table_association) | resource |
| [aws_route_table_association.redshift_public](https://registry.terraform.io/providers/hashicorp/aws/latest/docs/resources/route_table_association) | resource |
| [aws_subnet.database](https://registry.terraform.io/providers/hashicorp/aws/latest/docs/resources/subnet) | resource |
| [aws_subnet.elasticache](https://registry.terraform.io/providers/hashicorp/aws/latest/docs/resources/subnet) | resource |
| [aws_subnet.intra](https://registry.terraform.io/providers/hashicorp/aws/latest/docs/resources/subnet) | resource |
| [aws_subnet.outpost](https://registry.terraform.io/providers/hashicorp/aws/latest/docs/resources/subnet) | resource |
| [aws_subnet.private](https://registry.terraform.io/providers/hashicorp/aws/latest/docs/resources/subnet) | resource |
| [aws_subnet.public](https://registry.terraform.io/providers/hashicorp/aws/latest/docs/resources/subnet) | resource |
| [aws_subnet.redshift](https://registry.terraform.io/providers/hashicorp/aws/latest/docs/resources/subnet) | resource |
| [aws_vpc.this](https://registry.terraform.io/providers/hashicorp/aws/latest/docs/resources/vpc) | resource |
| [aws_vpc_dhcp_options.this](https://registry.terraform.io/providers/hashicorp/aws/latest/docs/resources/vpc_dhcp_options) | resource |
| [aws_vpc_dhcp_options_association.this](https://registry.terraform.io/providers/hashicorp/aws/latest/docs/resources/vpc_dhcp_options_association) | resource |
| [aws_vpc_ipv4_cidr_block_association.this](https://registry.terraform.io/providers/hashicorp/aws/latest/docs/resources/vpc_ipv4_cidr_block_association) | resource |
| [aws_vpn_gateway.this](https://registry.terraform.io/providers/hashicorp/aws/latest/docs/resources/vpn_gateway) | resource |
| [aws_vpn_gateway_attachment.this](https://registry.terraform.io/providers/hashicorp/aws/latest/docs/resources/vpn_gateway_attachment) | resource |
| [aws_vpn_gateway_route_propagation.intra](https://registry.terraform.io/providers/hashicorp/aws/latest/docs/resources/vpn_gateway_route_propagation) | resource |
| [aws_vpn_gateway_route_propagation.private](https://registry.terraform.io/providers/hashicorp/aws/latest/docs/resources/vpn_gateway_route_propagation) | resource |
| [aws_vpn_gateway_route_propagation.public](https://registry.terraform.io/providers/hashicorp/aws/latest/docs/resources/vpn_gateway_route_propagation) | resource |
| [aws_iam_policy_document.flow_log_cloudwatch_assume_role](https://registry.terraform.io/providers/hashicorp/aws/latest/docs/data-sources/iam_policy_document) | data source |
| [aws_iam_policy_document.vpc_flow_log_cloudwatch](https://registry.terraform.io/providers/hashicorp/aws/latest/docs/data-sources/iam_policy_document) | data source |

## Inputs

| Name | Description | Type | Default | Required |
|------|-------------|------|---------|:--------:|
| <a name="input_amazon_side_asn"></a> [amazon\_side\_asn](#input\_amazon\_side\_asn) | The Autonomous System Number (ASN) for the Amazon side of the gateway. By default the virtual private gateway is created with the current default Amazon ASN | `string` | `"64512"` | no |
| <a name="input_azs"></a> [azs](#input\_azs) | A list of availability zones names or ids in the region | `list(string)` | `[]` | no |
| <a name="input_cidr"></a> [cidr](#input\_cidr) | (Optional) The IPv4 CIDR block for the VPC. CIDR can be explicitly set or it can be derived from IPAM using `ipv4_netmask_length` & `ipv4_ipam_pool_id` | `string` | `"10.0.0.0/16"` | no |
| <a name="input_create_database_internet_gateway_route"></a> [create\_database\_internet\_gateway\_route](#input\_create\_database\_internet\_gateway\_route) | Controls if an internet gateway route for public database access should be created | `bool` | `false` | no |
| <a name="input_create_database_nat_gateway_route"></a> [create\_database\_nat\_gateway\_route](#input\_create\_database\_nat\_gateway\_route) | Controls if a nat gateway route should be created to give internet access to the database subnets | `bool` | `false` | no |
| <a name="input_create_database_subnet_group"></a> [create\_database\_subnet\_group](#input\_create\_database\_subnet\_group) | Controls if database subnet group should be created (n.b. database\_subnets must also be set) | `bool` | `true` | no |
| <a name="input_create_database_subnet_route_table"></a> [create\_database\_subnet\_route\_table](#input\_create\_database\_subnet\_route\_table) | Controls if separate route table for database should be created | `bool` | `false` | no |
| <a name="input_create_egress_only_igw"></a> [create\_egress\_only\_igw](#input\_create\_egress\_only\_igw) | Controls if an Egress Only Internet Gateway is created and its related routes | `bool` | `true` | no |
| <a name="input_create_elasticache_subnet_group"></a> [create\_elasticache\_subnet\_group](#input\_create\_elasticache\_subnet\_group) | Controls if elasticache subnet group should be created | `bool` | `true` | no |
| <a name="input_create_elasticache_subnet_route_table"></a> [create\_elasticache\_subnet\_route\_table](#input\_create\_elasticache\_subnet\_route\_table) | Controls if separate route table for elasticache should be created | `bool` | `false` | no |
| <a name="input_create_flow_log_cloudwatch_iam_role"></a> [create\_flow\_log\_cloudwatch\_iam\_role](#input\_create\_flow\_log\_cloudwatch\_iam\_role) | Whether to create IAM role for VPC Flow Logs | `bool` | `false` | no |
| <a name="input_create_flow_log_cloudwatch_log_group"></a> [create\_flow\_log\_cloudwatch\_log\_group](#input\_create\_flow\_log\_cloudwatch\_log\_group) | Whether to create CloudWatch log group for VPC Flow Logs | `bool` | `false` | no |
| <a name="input_create_igw"></a> [create\_igw](#input\_create\_igw) | Controls if an Internet Gateway is created for public subnets and the related routes that connect them | `bool` | `true` | no |
| <a name="input_create_redshift_subnet_group"></a> [create\_redshift\_subnet\_group](#input\_create\_redshift\_subnet\_group) | Controls if redshift subnet group should be created | `bool` | `true` | no |
| <a name="input_create_redshift_subnet_route_table"></a> [create\_redshift\_subnet\_route\_table](#input\_create\_redshift\_subnet\_route\_table) | Controls if separate route table for redshift should be created | `bool` | `false` | no |
| <a name="input_create_vpc"></a> [create\_vpc](#input\_create\_vpc) | Controls if VPC should be created (it affects almost all resources) | `bool` | `true` | no |
| <a name="input_customer_gateway_tags"></a> [customer\_gateway\_tags](#input\_customer\_gateway\_tags) | Additional tags for the Customer Gateway | `map(string)` | `{}` | no |
| <a name="input_customer_gateways"></a> [customer\_gateways](#input\_customer\_gateways) | Maps of Customer Gateway'\''s attributes (BGP ASN and Gateway'\''s Internet-routable external IP address) | `map(map(any))` | `{}` | no |
| <a name="input_customer_owned_ipv4_pool"></a> [customer\_owned\_ipv4\_pool](#input\_customer\_owned\_ipv4\_pool) | The customer owned IPv4 address pool. Typically used with the `map_customer_owned_ip_on_launch` argument. The `outpost_arn` argument must be specified when configured | `string` | `null` | no |
| <a name="input_database_acl_tags"></a> [database\_acl\_tags](#input\_database\_acl\_tags) | Additional tags for the database subnets network ACL | `map(string)` | `{}` | no |
| <a name="input_database_dedicated_network_acl"></a> [database\_dedicated\_network\_acl](#input\_database\_dedicated\_network\_acl) | Whether to use dedicated network ACL (not default) and custom rules for database subnets | `bool` | `false` | no |
| <a name="input_database_inbound_acl_rules"></a> [database\_inbound\_acl\_rules](#input\_database\_inbound\_acl\_rules) | Database subnets inbound network ACL rules | `list(map(string))` | <pre>[<br>  {<br>    "cidr_block": "0.0.0.0/0",<br>    "from_port": 0,<br>    "protocol": "-1",<br>    "rule_action": "allow",<br>    "rule_number": 100,<br>    "to_port": 0<br>  }<br>]</pre> | no |
| <a name="input_database_outbound_acl_rules"></a> [database\_outbound\_acl\_rules](#input\_database\_outbound\_acl\_rules) | Database subnets outbound network ACL rules | `list(map(string))` | <pre>[<br>  {<br>    "cidr_block": "0.0.0.0/0",<br>    "from_port": 0,<br>    "protocol": "-1",<br>    "rule_action": "allow",<br>    "rule_number": 100,<br>    "to_port": 0<br>  }<br>]</pre> | no |
| <a name="input_database_route_table_tags"></a> [database\_route\_table\_tags](#input\_database\_route\_table\_tags) | Additional tags for the database route tables | `map(string)` | `{}` | no |
| <a name="input_database_subnet_assign_ipv6_address_on_creation"></a> [database\_subnet\_assign\_ipv6\_address\_on\_creation](#input\_database\_subnet\_assign\_ipv6\_address\_on\_creation) | Specify true to indicate that network interfaces created in the specified subnet should be assigned an IPv6 address. Default is `false` | `bool` | `false` | no |
| <a name="input_database_subnet_enable_dns64"></a> [database\_subnet\_enable\_dns64](#input\_database\_subnet\_enable\_dns64) | Indicates whether DNS queries made to the Amazon-provided DNS Resolver in this subnet should return synthetic IPv6 addresses for IPv4-only destinations. Default: `true` | `bool` | `true` | no |
| <a name="input_database_subnet_enable_resource_name_dns_a_record_on_launch"></a> [database\_subnet\_enable\_resource\_name\_dns\_a\_record\_on\_launch](#input\_database\_subnet\_enable\_resource\_name\_dns\_a\_record\_on\_launch) | Indicates whether to respond to DNS queries for instance hostnames with DNS A records. Default: `false` | `bool` | `false` | no |
| <a name="input_database_subnet_enable_resource_name_dns_aaaa_record_on_launch"></a> [database\_subnet\_enable\_resource\_name\_dns\_aaaa\_record\_on\_launch](#input\_database\_subnet\_enable\_resource\_name\_dns\_aaaa\_record\_on\_launch) | Indicates whether to respond to DNS queries for instance hostnames with DNS AAAA records. Default: `true` | `bool` | `true` | no |
| <a name="input_database_subnet_group_name"></a> [database\_subnet\_group\_name](#input\_database\_subnet\_group\_name) | Name of database subnet group | `string` | `null` | no |
| <a name="input_database_subnet_group_tags"></a> [database\_subnet\_group\_tags](#input\_database\_subnet\_group\_tags) | Additional tags for the database subnet group | `map(string)` | `{}` | no |
| <a name="input_database_subnet_ipv6_native"></a> [database\_subnet\_ipv6\_native](#input\_database\_subnet\_ipv6\_native) | Indicates whether to create an IPv6-only subnet. Default: `false` | `bool` | `false` | no |
| <a name="input_database_subnet_ipv6_prefixes"></a> [database\_subnet\_ipv6\_prefixes](#input\_database\_subnet\_ipv6\_prefixes) | Assigns IPv6 database subnet id based on the Amazon provided /56 prefix base 10 integer (0-256). Must be of equal length to the corresponding IPv4 subnet list | `list(string)` | `[]` | no |
| <a name="input_database_subnet_names"></a> [database\_subnet\_names](#input\_database\_subnet\_names) | Explicit values to use in the Name tag on database subnets. If empty, Name tags are generated | `list(string)` | `[]` | no |
| <a name="input_database_subnet_private_dns_hostname_type_on_launch"></a> [database\_subnet\_private\_dns\_hostname\_type\_on\_launch](#input\_database\_subnet\_private\_dns\_hostname\_type\_on\_launch) | The type of hostnames to assign to instances in the subnet at launch. For IPv6-only subnets, an instance DNS name must be based on the instance ID. For dual-stack and IPv4-only subnets, you can specify whether DNS names use the instance IPv4 address or the instance ID. Valid values: `ip-name`, `resource-name` | `string` | `null` | no |
| <a name="input_database_subnet_suffix"></a> [database\_subnet\_suffix](#input\_database\_subnet\_suffix) | Suffix to append to database subnets name | `string` | `"db"` | no |
| <a name="input_database_subnet_tags"></a> [database\_subnet\_tags](#input\_database\_subnet\_tags) | Additional tags for the database subnets | `map(string)` | `{}` | no |
| <a name="input_database_subnets"></a> [database\_subnets](#input\_database\_subnets) | A list of database subnets inside the VPC | `list(string)` | `[]` | no |
| <a name="input_default_network_acl_egress"></a> [default\_network\_acl\_egress](#input\_default\_network\_acl\_egress) | List of maps of egress rules to set on the Default Network ACL | `list(map(string))` | <pre>[<br>  {<br>    "action": "allow",<br>    "cidr_block": "0.0.0.0/0",<br>    "from_port": 0,<br>    "protocol": "-1",<br>    "rule_no": 100,<br>    "to_port": 0<br>  },<br>  {<br>    "action": "allow",<br>    "from_port": 0,<br>    "ipv6_cidr_block": "::/0",<br>    "protocol": "-1",<br>    "rule_no": 101,<br>    "to_port": 0<br>  }<br>]</pre> | no |
| <a name="input_default_network_acl_ingress"></a> [default\_network\_acl\_ingress](#input\_default\_network\_acl\_ingress) | List of maps of ingress rules to set on the Default Network ACL | `list(map(string))` | <pre>[<br>  {<br>    "action": "allow",<br>    "cidr_block": "0.0.0.0/0",<br>    "from_port": 0,<br>    "protocol": "-1",<br>    "rule_no": 100,<br>    "to_port": 0<br>  },<br>  {<br>    "action": "allow",<br>    "from_port": 0,<br>    "ipv6_cidr_block": "::/0",<br>    "protocol": "-1",<br>    "rule_no": 101,<br>    "to_port": 0<br>  }<br>]</pre> | no |
| <a name="input_default_network_acl_name"></a> [default\_network\_acl\_name](#input\_default\_network\_acl\_name) | Name to be used on the Default Network ACL | `string` | `null` | no |
| <a name="input_default_network_acl_tags"></a> [default\_network\_acl\_tags](#input\_default\_network\_acl\_tags) | Additional tags for the Default Network ACL | `map(string)` | `{}` | no |
| <a name="input_default_route_table_name"></a> [default\_route\_table\_name](#input\_default\_route\_table\_name) | Name to be used on the default route table | `string` | `null` | no |
| <a name="input_default_route_table_propagating_vgws"></a> [default\_route\_table\_propagating\_vgws](#input\_default\_route\_table\_propagating\_vgws) | List of virtual gateways for propagation | `list(string)` | `[]` | no |
| <a name="input_default_route_table_routes"></a> [default\_route\_table\_routes](#input\_default\_route\_table\_routes) | Configuration block of routes. See https://registry.terraform.io/providers/hashicorp/aws/latest/docs/resources/default_route_table#route | `list(map(string))` | `[]` | no |
| <a name="input_default_route_table_tags"></a> [default\_route\_table\_tags](#input\_default\_route\_table\_tags) | Additional tags for the default route table | `map(string)` | `{}` | no |
| <a name="input_default_security_group_egress"></a> [default\_security\_group\_egress](#input\_default\_security\_group\_egress) | List of maps of egress rules to set on the default security group | `list(map(string))` | `[]` | no |
| <a name="input_default_security_group_ingress"></a> [default\_security\_group\_ingress](#input\_default\_security\_group\_ingress) | List of maps of ingress rules to set on the default security group | `list(map(string))` | `[]` | no |
| <a name="input_default_security_group_name"></a> [default\_security\_group\_name](#input\_default\_security\_group\_name) | Name to be used on the default security group | `string` | `null` | no |
| <a name="input_default_security_group_tags"></a> [default\_security\_group\_tags](#input\_default\_security\_group\_tags) | Additional tags for the default security group | `map(string)` | `{}` | no |
| <a name="input_default_vpc_enable_dns_hostnames"></a> [default\_vpc\_enable\_dns\_hostnames](#input\_default\_vpc\_enable\_dns\_hostnames) | Should be true to enable DNS hostnames in the Default VPC | `bool` | `true` | no |
| <a name="input_default_vpc_enable_dns_support"></a> [default\_vpc\_enable\_dns\_support](#input\_default\_vpc\_enable\_dns\_support) | Should be true to enable DNS support in the Default VPC | `bool` | `true` | no |
| <a name="input_default_vpc_name"></a> [default\_vpc\_name](#input\_default\_vpc\_name) | Name to be used on the Default VPC | `string` | `null` | no |
| <a name="input_default_vpc_tags"></a> [default\_vpc\_tags](#input\_default\_vpc\_tags) | Additional tags for the Default VPC | `map(string)` | `{}` | no |
| <a name="input_dhcp_options_domain_name"></a> [dhcp\_options\_domain\_name](#input\_dhcp\_options\_domain\_name) | Specifies DNS name for DHCP options set (requires enable\_dhcp\_options set to true) | `string` | `""` | no |
| <a name="input_dhcp_options_domain_name_servers"></a> [dhcp\_options\_domain\_name\_servers](#input\_dhcp\_options\_domain\_name\_servers) | Specify a list of DNS server addresses for DHCP options set, default to AWS provided (requires enable\_dhcp\_options set to true) | `list(string)` | <pre>[<br>  "AmazonProvidedDNS"<br>]</pre> | no |
| <a name="input_dhcp_options_netbios_name_servers"></a> [dhcp\_options\_netbios\_name\_servers](#input\_dhcp\_options\_netbios\_name\_servers) | Specify a list of netbios servers for DHCP options set (requires enable\_dhcp\_options set to true) | `list(string)` | `[]` | no |
| <a name="input_dhcp_options_netbios_node_type"></a> [dhcp\_options\_netbios\_node\_type](#input\_dhcp\_options\_netbios\_node\_type) | Specify netbios node\_type for DHCP options set (requires enable\_dhcp\_options set to true) | `string` | `""` | no |
| <a name="input_dhcp_options_ntp_servers"></a> [dhcp\_options\_ntp\_servers](#input\_dhcp\_options\_ntp\_servers) | Specify a list of NTP servers for DHCP options set (requires enable\_dhcp\_options set to true) | `list(string)` | `[]` | no |
| <a name="input_dhcp_options_tags"></a> [dhcp\_options\_tags](#input\_dhcp\_options\_tags) | Additional tags for the DHCP option set (requires enable\_dhcp\_options set to true) | `map(string)` | `{}` | no |
| <a name="input_elasticache_acl_tags"></a> [elasticache\_acl\_tags](#input\_elasticache\_acl\_tags) | Additional tags for the elasticache subnets network ACL | `map(string)` | `{}` | no |
| <a name="input_elasticache_dedicated_network_acl"></a> [elasticache\_dedicated\_network\_acl](#input\_elasticache\_dedicated\_network\_acl) | Whether to use dedicated network ACL (not default) and custom rules for elasticache subnets | `bool` | `false` | no |
| <a name="input_elasticache_inbound_acl_rules"></a> [elasticache\_inbound\_acl\_rules](#input\_elasticache\_inbound\_acl\_rules) | Elasticache subnets inbound network ACL rules | `list(map(string))` | <pre>[<br>  {<br>    "cidr_block": "0.0.0.0/0",<br>    "from_port": 0,<br>    "protocol": "-1",<br>    "rule_action": "allow",<br>    "rule_number": 100,<br>    "to_port": 0<br>  }<br>]</pre> | no |
| <a name="input_elasticache_outbound_acl_rules"></a> [elasticache\_outbound\_acl\_rules](#input\_elasticache\_outbound\_acl\_rules) | Elasticache subnets outbound network ACL rules | `list(map(string))` | <pre>[<br>  {<br>    "cidr_block": "0.0.0.0/0",<br>    "from_port": 0,<br>    "protocol": "-1",<br>    "rule_action": "allow",<br>    "rule_number": 100,<br>    "to_port": 0<br>  }<br>]</pre> | no |
| <a name="input_elasticache_route_table_tags"></a> [elasticache\_route\_table\_tags](#input\_elasticache\_route\_table\_tags) | Additional tags for the elasticache route tables | `map(string)` | `{}` | no |
| <a name="input_elasticache_subnet_assign_ipv6_address_on_creation"></a> [elasticache\_subnet\_assign\_ipv6\_address\_on\_creation](#input\_elasticache\_subnet\_assign\_ipv6\_address\_on\_creation) | Specify true to indicate that network interfaces created in the specified subnet should be assigned an IPv6 address. Default is `false` | `bool` | `false` | no |
| <a name="input_elasticache_subnet_enable_dns64"></a> [elasticache\_subnet\_enable\_dns64](#input\_elasticache\_subnet\_enable\_dns64) | Indicates whether DNS queries made to the Amazon-provided DNS Resolver in this subnet should return synthetic IPv6 addresses for IPv4-only destinations. Default: `true` | `bool` | `true` | no |
| <a name="input_elasticache_subnet_enable_resource_name_dns_a_record_on_launch"></a> [elasticache\_subnet\_enable\_resource\_name\_dns\_a\_record\_on\_launch](#input\_elasticache\_subnet\_enable\_resource\_name\_dns\_a\_record\_on\_launch) | Indicates whether to respond to DNS queries for instance hostnames with DNS A records. Default: `false` | `bool` | `false` | no |
| <a name="input_elasticache_subnet_enable_resource_name_dns_aaaa_record_on_launch"></a> [elasticache\_subnet\_enable\_resource\_name\_dns\_aaaa\_record\_on\_launch](#input\_elasticache\_subnet\_enable\_resource\_name\_dns\_aaaa\_record\_on\_launch) | Indicates whether to respond to DNS queries for instance hostnames with DNS AAAA records. Default: `true` | `bool` | `true` | no |
| <a name="input_elasticache_subnet_group_name"></a> [elasticache\_subnet\_group\_name](#input\_elasticache\_subnet\_group\_name) | Name of elasticache subnet group | `string` | `null` | no |
| <a name="input_elasticache_subnet_group_tags"></a> [elasticache\_subnet\_group\_tags](#input\_elasticache\_subnet\_group\_tags) | Additional tags for the elasticache subnet group | `map(string)` | `{}` | no |
| <a name="input_elasticache_subnet_ipv6_native"></a> [elasticache\_subnet\_ipv6\_native](#input\_elasticache\_subnet\_ipv6\_native) | Indicates whether to create an IPv6-only subnet. Default: `false` | `bool` | `false` | no |
| <a name="input_elasticache_subnet_ipv6_prefixes"></a> [elasticache\_subnet\_ipv6\_prefixes](#input\_elasticache\_subnet\_ipv6\_prefixes) | Assigns IPv6 elasticache subnet id based on the Amazon provided /56 prefix base 10 integer (0-256). Must be of equal length to the corresponding IPv4 subnet list | `list(string)` | `[]` | no |
| <a name="input_elasticache_subnet_names"></a> [elasticache\_subnet\_names](#input\_elasticache\_subnet\_names) | Explicit values to use in the Name tag on elasticache subnets. If empty, Name tags are generated | `list(string)` | `[]` | no |
| <a name="input_elasticache_subnet_private_dns_hostname_type_on_launch"></a> [elasticache\_subnet\_private\_dns\_hostname\_type\_on\_launch](#input\_elasticache\_subnet\_private\_dns\_hostname\_type\_on\_launch) | The type of hostnames to assign to instances in the subnet at launch. For IPv6-only subnets, an instance DNS name must be based on the instance ID. For dual-stack and IPv4-only subnets, you can specify whether DNS names use the instance IPv4 address or the instance ID. Valid values: `ip-name`, `resource-name` | `string` | `null` | no |
| <a name="input_elasticache_subnet_suffix"></a> [elasticache\_subnet\_suffix](#input\_elasticache\_subnet\_suffix) | Suffix to append to elasticache subnets name | `string` | `"elasticache"` | no |
| <a name="input_elasticache_subnet_tags"></a> [elasticache\_subnet\_tags](#input\_elasticache\_subnet\_tags) | Additional tags for the elasticache subnets | `map(string)` | `{}` | no |
| <a name="input_elasticache_subnets"></a> [elasticache\_subnets](#input\_elasticache\_subnets) | A list of elasticache subnets inside the VPC | `list(string)` | `[]` | no |
| <a name="input_enable_dhcp_options"></a> [enable\_dhcp\_options](#input\_enable\_dhcp\_options) | Should be true if you want to specify a DHCP options set with a custom domain name, DNS servers, NTP servers, netbios servers, and/or netbios server type | `bool` | `false` | no |
| <a name="input_enable_dns_hostnames"></a> [enable\_dns\_hostnames](#input\_enable\_dns\_hostnames) | Should be true to enable DNS hostnames in the VPC | `bool` | `true` | no |
| <a name="input_enable_dns_support"></a> [enable\_dns\_support](#input\_enable\_dns\_support) | Should be true to enable DNS support in the VPC | `bool` | `true` | no |
| <a name="input_enable_flow_log"></a> [enable\_flow\_log](#input\_enable\_flow\_log) | Whether or not to enable VPC Flow Logs | `bool` | `false` | no |
| <a name="input_enable_ipv6"></a> [enable\_ipv6](#input\_enable\_ipv6) | Requests an Amazon-provided IPv6 CIDR block with a /56 prefix length for the VPC. You cannot specify the range of IP addresses, or the size of the CIDR block | `bool` | `false` | no |
| <a name="input_enable_nat_gateway"></a> [enable\_nat\_gateway](#input\_enable\_nat\_gateway) | Should be true if you want to provision NAT Gateways for each of your private networks | `bool` | `false` | no |
| <a name="input_enable_network_address_usage_metrics"></a> [enable\_network\_address\_usage\_metrics](#input\_enable\_network\_address\_usage\_metrics) | Determines whether network address usage metrics are enabled for the VPC | `bool` | `null` | no |
| <a name="input_enable_public_redshift"></a> [enable\_public\_redshift](#input\_enable\_public\_redshift) | Controls if redshift should have public routing table | `bool` | `false` | no |
| <a name="input_enable_vpn_gateway"></a> [enable\_vpn\_gateway](#input\_enable\_vpn\_gateway) | Should be true if you want to create a new VPN Gateway resource and attach it to the VPC | `bool` | `false` | no |
| <a name="input_external_nat_ip_ids"></a> [external\_nat\_ip\_ids](#input\_external\_nat\_ip\_ids) | List of EIP IDs to be assigned to the NAT Gateways (used in combination with reuse\_nat\_ips) | `list(string)` | `[]` | no |
| <a name="input_external_nat_ips"></a> [external\_nat\_ips](#input\_external\_nat\_ips) | List of EIPs to be used for `nat_public_ips` output (used in combination with reuse\_nat\_ips and external\_nat\_ip\_ids) | `list(string)` | `[]` | no |
| <a name="input_flow_log_cloudwatch_iam_role_arn"></a> [flow\_log\_cloudwatch\_iam\_role\_arn](#input\_flow\_log\_cloudwatch\_iam\_role\_arn) | The ARN for the IAM role that'\''s used to post flow logs to a CloudWatch Logs log group. When flow\_log\_destination\_arn is set to ARN of Cloudwatch Logs, this argument needs to be provided | `string` | `""` | no |
| <a name="input_flow_log_cloudwatch_log_group_kms_key_id"></a> [flow\_log\_cloudwatch\_log\_group\_kms\_key\_id](#input\_flow\_log\_cloudwatch\_log\_group\_kms\_key\_id) | The ARN of the KMS Key to use when encrypting log data for VPC flow logs | `string` | `null` | no |
| <a name="input_flow_log_cloudwatch_log_group_name_prefix"></a> [flow\_log\_cloudwatch\_log\_group\_name\_prefix](#input\_flow\_log\_cloudwatch\_log\_group\_name\_prefix) | Specifies the name prefix of CloudWatch Log Group for VPC flow logs | `string` | `"/aws/vpc-flow-log/"` | no |
| <a name="input_flow_log_cloudwatch_log_group_name_suffix"></a> [flow\_log\_cloudwatch\_log\_group\_name\_suffix](#input\_flow\_log\_cloudwatch\_log\_group\_name\_suffix) | Specifies the name suffix of CloudWatch Log Group for VPC flow logs | `string` | `""` | no |
| <a name="input_flow_log_cloudwatch_log_group_retention_in_days"></a> [flow\_log\_cloudwatch\_log\_group\_retention\_in\_days](#input\_flow\_log\_cloudwatch\_log\_group\_retention\_in\_days) | Specifies the number of days you want to retain log events in the specified log group for VPC flow logs | `number` | `null` | no |
| <a name="input_flow_log_cloudwatch_log_group_skip_destroy"></a> [flow\_log\_cloudwatch\_log\_group\_skip\_destroy](#input\_flow\_log\_cloudwatch\_log\_group\_skip\_destroy) | Set to true if you do not wish the log group (and any logs it may contain) to be deleted at destroy time, and instead just remove the log group from the Terraform state | `bool` | `false` | no |
| <a name="input_flow_log_deliver_cross_account_role"></a> [flow\_log\_deliver\_cross\_account\_role](#input\_flow\_log\_deliver\_cross\_account\_role) | (Optional) ARN of the IAM role that allows Amazon EC2 to publish flow logs across accounts. | `string` | `null` | no |
| <a name="input_flow_log_destination_arn"></a> [flow\_log\_destination\_arn](#input\_flow\_log\_destination\_arn) | The ARN of the CloudWatch log group or S3 bucket where VPC Flow Logs will be pushed. If this ARN is a S3 bucket the appropriate permissions need to be set on that bucket'\''s policy. When create\_flow\_log\_cloudwatch\_log\_group is set to false this argument must be provided | `string` | `""` | no |
| <a name="input_flow_log_destination_type"></a> [flow\_log\_destination\_type](#input\_flow\_log\_destination\_type) | Type of flow log destination. Can be s3, kinesis-data-firehose or cloud-watch-logs | `string` | `"cloud-watch-logs"` | no |
| <a name="input_flow_log_file_format"></a> [flow\_log\_file\_format](#input\_flow\_log\_file\_format) | (Optional) The format for the flow log. Valid values: `plain-text`, `parquet` | `string` | `null` | no |
| <a name="input_flow_log_hive_compatible_partitions"></a> [flow\_log\_hive\_compatible\_partitions](#input\_flow\_log\_hive\_compatible\_partitions) | (Optional) Indicates whether to use Hive-compatible prefixes for flow logs stored in Amazon S3 | `bool` | `false` | no |
| <a name="input_flow_log_log_format"></a> [flow\_log\_log\_format](#input\_flow\_log\_log\_format) | The fields to include in the flow log record, in the order in which they should appear | `string` | `null` | no |
| <a name="input_flow_log_max_aggregation_interval"></a> [flow\_log\_max\_aggregation\_interval](#input\_flow\_log\_max\_aggregation\_interval) | The maximum interval of time during which a flow of packets is captured and aggregated into a flow log record. Valid Values: `60` seconds or `600` seconds | `number` | `600` | no |
| <a name="input_flow_log_per_hour_partition"></a> [flow\_log\_per\_hour\_partition](#input\_flow\_log\_per\_hour\_partition) | (Optional) Indicates whether to partition the flow log per hour. This reduces the cost and response time for queries | `bool` | `false` | no |
| <a name="input_flow_log_traffic_type"></a> [flow\_log\_traffic\_type](#input\_flow\_log\_traffic\_type) | The type of traffic to capture. Valid values: ACCEPT, REJECT, ALL | `string` | `"ALL"` | no |
| <a name="input_igw_tags"></a> [igw\_tags](#input\_igw\_tags) | Additional tags for the internet gateway | `map(string)` | `{}` | no |
| <a name="input_instance_tenancy"></a> [instance\_tenancy](#input\_instance\_tenancy) | A tenancy option for instances launched into the VPC | `string` | `"default"` | no |
| <a name="input_intra_acl_tags"></a> [intra\_acl\_tags](#input\_intra\_acl\_tags) | Additional tags for the intra subnets network ACL | `map(string)` | `{}` | no |
| <a name="input_intra_dedicated_network_acl"></a> [intra\_dedicated\_network\_acl](#input\_intra\_dedicated\_network\_acl) | Whether to use dedicated network ACL (not default) and custom rules for intra subnets | `bool` | `false` | no |
| <a name="input_intra_inbound_acl_rules"></a> [intra\_inbound\_acl\_rules](#input\_intra\_inbound\_acl\_rules) | Intra subnets inbound network ACLs | `list(map(string))` | <pre>[<br>  {<br>    "cidr_block": "0.0.0.0/0",<br>    "from_port": 0,<br>    "protocol": "-1",<br>    "rule_action": "allow",<br>    "rule_number": 100,<br>    "to_port": 0<br>  }<br>]</pre> | no |
| <a name="input_intra_outbound_acl_rules"></a> [intra\_outbound\_acl\_rules](#input\_intra\_outbound\_acl\_rules) | Intra subnets outbound network ACLs | `list(map(string))` | <pre>[<br>  {<br>    "cidr_block": "0.0.0.0/0",<br>    "from_port": 0,<br>    "protocol": "-1",<br>    "rule_action": "allow",<br>    "rule_number": 100,<br>    "to_port": 0<br>  }<br>]</pre> | no |
| <a name="input_intra_route_table_tags"></a> [intra\_route\_table\_tags](#input\_intra\_route\_table\_tags) | Additional tags for the intra route tables | `map(string)` | `{}` | no |
| <a name="input_intra_subnet_assign_ipv6_address_on_creation"></a> [intra\_subnet\_assign\_ipv6\_address\_on\_creation](#input\_intra\_subnet\_assign\_ipv6\_address\_on\_creation) | Specify true to indicate that network interfaces created in the specified subnet should be assigned an IPv6 address. Default is `false` | `bool` | `false` | no |
| <a name="input_intra_subnet_enable_dns64"></a> [intra\_subnet\_enable\_dns64](#input\_intra\_subnet\_enable\_dns64) | Indicates whether DNS queries made to the Amazon-provided DNS Resolver in this subnet should return synthetic IPv6 addresses for IPv4-only destinations. Default: `true` | `bool` | `true` | no |
| <a name="input_intra_subnet_enable_resource_name_dns_a_record_on_launch"></a> [intra\_subnet\_enable\_resource\_name\_dns\_a\_record\_on\_launch](#input\_intra\_subnet\_enable\_resource\_name\_dns\_a\_record\_on\_launch) | Indicates whether to respond to DNS queries for instance hostnames with DNS A records. Default: `false` | `bool` | `false` | no |
| <a name="input_intra_subnet_enable_resource_name_dns_aaaa_record_on_launch"></a> [intra\_subnet\_enable\_resource\_name\_dns\_aaaa\_record\_on\_launch](#input\_intra\_subnet\_enable\_resource\_name\_dns\_aaaa\_record\_on\_launch) | Indicates whether to respond to DNS queries for instance hostnames with DNS AAAA records. Default: `true` | `bool` | `true` | no |
| <a name="input_intra_subnet_ipv6_native"></a> [intra\_subnet\_ipv6\_native](#input\_intra\_subnet\_ipv6\_native) | Indicates whether to create an IPv6-only subnet. Default: `false` | `bool` | `false` | no |
| <a name="input_intra_subnet_ipv6_prefixes"></a> [intra\_subnet\_ipv6\_prefixes](#input\_intra\_subnet\_ipv6\_prefixes) | Assigns IPv6 intra subnet id based on the Amazon provided /56 prefix base 10 integer (0-256). Must be of equal length to the corresponding IPv4 subnet list | `list(string)` | `[]` | no |
| <a name="input_intra_subnet_names"></a> [intra\_subnet\_names](#input\_intra\_subnet\_names) | Explicit values to use in the Name tag on intra subnets. If empty, Name tags are generated | `list(string)` | `[]` | no |
| <a name="input_intra_subnet_private_dns_hostname_type_on_launch"></a> [intra\_subnet\_private\_dns\_hostname\_type\_on\_launch](#input\_intra\_subnet\_private\_dns\_hostname\_type\_on\_launch) | The type of hostnames to assign to instances in the subnet at launch. For IPv6-only subnets, an instance DNS name must be based on the instance ID. For dual-stack and IPv4-only subnets, you can specify whether DNS names use the instance IPv4 address or the instance ID. Valid values: `ip-name`, `resource-name` | `string` | `null` | no |
| <a name="input_intra_subnet_suffix"></a> [intra\_subnet\_suffix](#input\_intra\_subnet\_suffix) | Suffix to append to intra subnets name | `string` | `"intra"` | no |
| <a name="input_intra_subnet_tags"></a> [intra\_subnet\_tags](#input\_intra\_subnet\_tags) | Additional tags for the intra subnets | `map(string)` | `{}` | no |
| <a name="input_intra_subnets"></a> [intra\_subnets](#input\_intra\_subnets) | A list of intra subnets inside the VPC | `list(string)` | `[]` | no |
| <a name="input_ipv4_ipam_pool_id"></a> [ipv4\_ipam\_pool\_id](#input\_ipv4\_ipam\_pool\_id) | (Optional) The ID of an IPv4 IPAM pool you want to use for allocating this VPC'\''s CIDR | `string` | `null` | no |
| <a name="input_ipv4_netmask_length"></a> [ipv4\_netmask\_length](#input\_ipv4\_netmask\_length) | (Optional) The netmask length of the IPv4 CIDR you want to allocate to this VPC. Requires specifying a ipv4\_ipam\_pool\_id | `number` | `null` | no |
| <a name="input_ipv6_cidr"></a> [ipv6\_cidr](#input\_ipv6\_cidr) | (Optional) IPv6 CIDR block to request from an IPAM Pool. Can be set explicitly or derived from IPAM using `ipv6_netmask_length` | `string` | `null` | no |
| <a name="input_ipv6_cidr_block_network_border_group"></a> [ipv6\_cidr\_block\_network\_border\_group](#input\_ipv6\_cidr\_block\_network\_border\_group) | By default when an IPv6 CIDR is assigned to a VPC a default ipv6\_cidr\_block\_network\_border\_group will be set to the region of the VPC. This can be changed to restrict advertisement of public addresses to specific Network Border Groups such as LocalZones | `string` | `null` | no |
| <a name="input_ipv6_ipam_pool_id"></a> [ipv6\_ipam\_pool\_id](#input\_ipv6\_ipam\_pool\_id) | (Optional) IPAM Pool ID for a IPv6 pool. Conflicts with `assign_generated_ipv6_cidr_block` | `string` | `null` | no |
| <a name="input_ipv6_netmask_length"></a> [ipv6\_netmask\_length](#input\_ipv6\_netmask\_length) | (Optional) Netmask length to request from IPAM Pool. Conflicts with `ipv6_cidr_block`. This can be omitted if IPAM pool as a `allocation_default_netmask_length` set. Valid values: `56` | `number` | `null` | no |
| <a name="input_manage_default_network_acl"></a> [manage\_default\_network\_acl](#input\_manage\_default\_network\_acl) | Should be true to adopt and manage Default Network ACL | `bool` | `true` | no |
| <a name="input_manage_default_route_table"></a> [manage\_default\_route\_table](#input\_manage\_default\_route\_table) | Should be true to manage default route table | `bool` | `true` | no |
| <a name="input_manage_default_security_group"></a> [manage\_default\_security\_group](#input\_manage\_default\_security\_group) | Should be true to adopt and manage default security group | `bool` | `true` | no |
| <a name="input_manage_default_vpc"></a> [manage\_default\_vpc](#input\_manage\_default\_vpc) | Should be true to adopt and manage Default VPC | `bool` | `false` | no |
| <a name="input_map_customer_owned_ip_on_launch"></a> [map\_customer\_owned\_ip\_on\_launch](#input\_map\_customer\_owned\_ip\_on\_launch) | Specify true to indicate that network interfaces created in the subnet should be assigned a customer owned IP address. The `customer_owned_ipv4_pool` and `outpost_arn` arguments must be specified when set to `true`. Default is `false` | `bool` | `false` | no |
| <a name="input_map_public_ip_on_launch"></a> [map\_public\_ip\_on\_launch](#input\_map\_public\_ip\_on\_launch) | Specify true to indicate that instances launched into the subnet should be assigned a public IP address. Default is `false` | `bool` | `false` | no |
| <a name="input_name"></a> [name](#input\_name) | Name to be used on all the resources as identifier | `string` | `""` | no |
| <a name="input_nat_eip_tags"></a> [nat\_eip\_tags](#input\_nat\_eip\_tags) | Additional tags for the NAT EIP | `map(string)` | `{}` | no |
| <a name="input_nat_gateway_destination_cidr_block"></a> [nat\_gateway\_destination\_cidr\_block](#input\_nat\_gateway\_destination\_cidr\_block) | Used to pass a custom destination route for private NAT Gateway. If not specified, the default 0.0.0.0/0 is used as a destination route | `string` | `"0.0.0.0/0"` | no |
| <a name="input_nat_gateway_tags"></a> [nat\_gateway\_tags](#input\_nat\_gateway\_tags) | Additional tags for the NAT gateways | `map(string)` | `{}` | no |
| <a name="input_one_nat_gateway_per_az"></a> [one\_nat\_gateway\_per\_az](#input\_one\_nat\_gateway\_per\_az) | Should be true if you want only one NAT Gateway per availability zone. Requires `var.azs` to be set, and the number of `public_subnets` created to be greater than or equal to the number of availability zones specified in `var.azs` | `bool` | `false` | no |
| <a name="input_outpost_acl_tags"></a> [outpost\_acl\_tags](#input\_outpost\_acl\_tags) | Additional tags for the outpost subnets network ACL | `map(string)` | `{}` | no |
| <a name="input_outpost_arn"></a> [outpost\_arn](#input\_outpost\_arn) | ARN of Outpost you want to create a subnet in | `string` | `null` | no |
| <a name="input_outpost_az"></a> [outpost\_az](#input\_outpost\_az) | AZ where Outpost is anchored | `string` | `null` | no |
| <a name="input_outpost_dedicated_network_acl"></a> [outpost\_dedicated\_network\_acl](#input\_outpost\_dedicated\_network\_acl) | Whether to use dedicated network ACL (not default) and custom rules for outpost subnets | `bool` | `false` | no |
| <a name="input_outpost_inbound_acl_rules"></a> [outpost\_inbound\_acl\_rules](#input\_outpost\_inbound\_acl\_rules) | Outpost subnets inbound network ACLs | `list(map(string))` | <pre>[<br>  {<br>    "cidr_block": "0.0.0.0/0",<br>    "from_port": 0,<br>    "protocol": "-1",<br>    "rule_action": "allow",<br>    "rule_number": 100,<br>    "to_port": 0<br>  }<br>]</pre> | no |
| <a name="input_outpost_outbound_acl_rules"></a> [outpost\_outbound\_acl\_rules](#input\_outpost\_outbound\_acl\_rules) | Outpost subnets outbound network ACLs | `list(map(string))` | <pre>[<br>  {<br>    "cidr_block": "0.0.0.0/0",<br>    "from_port": 0,<br>    "protocol": "-1",<br>    "rule_action": "allow",<br>    "rule_number": 100,<br>    "to_port": 0<br>  }<br>]</pre> | no |
| <a name="input_outpost_subnet_assign_ipv6_address_on_creation"></a> [outpost\_subnet\_assign\_ipv6\_address\_on\_creation](#input\_outpost\_subnet\_assign\_ipv6\_address\_on\_creation) | Specify true to indicate that network interfaces created in the specified subnet should be assigned an IPv6 address. Default is `false` | `bool` | `false` | no |
| <a name="input_outpost_subnet_enable_dns64"></a> [outpost\_subnet\_enable\_dns64](#input\_outpost\_subnet\_enable\_dns64) | Indicates whether DNS queries made to the Amazon-provided DNS Resolver in this subnet should return synthetic IPv6 addresses for IPv4-only destinations. Default: `true` | `bool` | `true` | no |
| <a name="input_outpost_subnet_enable_resource_name_dns_a_record_on_launch"></a> [outpost\_subnet\_enable\_resource\_name\_dns\_a\_record\_on\_launch](#input\_outpost\_subnet\_enable\_resource\_name\_dns\_a\_record\_on\_launch) | Indicates whether to respond to DNS queries for instance hostnames with DNS A records. Default: `false` | `bool` | `false` | no |
| <a name="input_outpost_subnet_enable_resource_name_dns_aaaa_record_on_launch"></a> [outpost\_subnet\_enable\_resource\_name\_dns\_aaaa\_record\_on\_launch](#input\_outpost\_subnet\_enable\_resource\_name\_dns\_aaaa\_record\_on\_launch) | Indicates whether to respond to DNS queries for instance hostnames with DNS AAAA records. Default: `true` | `bool` | `true` | no |
| <a name="input_outpost_subnet_ipv6_native"></a> [outpost\_subnet\_ipv6\_native](#input\_outpost\_subnet\_ipv6\_native) | Indicates whether to create an IPv6-only subnet. Default: `false` | `bool` | `false` | no |
| <a name="input_outpost_subnet_ipv6_prefixes"></a> [outpost\_subnet\_ipv6\_prefixes](#input\_outpost\_subnet\_ipv6\_prefixes) | Assigns IPv6 outpost subnet id based on the Amazon provided /56 prefix base 10 integer (0-256). Must be of equal length to the corresponding IPv4 subnet list | `list(string)` | `[]` | no |
| <a name="input_outpost_subnet_names"></a> [outpost\_subnet\_names](#input\_outpost\_subnet\_names) | Explicit values to use in the Name tag on outpost subnets. If empty, Name tags are generated | `list(string)` | `[]` | no |
| <a name="input_outpost_subnet_private_dns_hostname_type_on_launch"></a> [outpost\_subnet\_private\_dns\_hostname\_type\_on\_launch](#input\_outpost\_subnet\_private\_dns\_hostname\_type\_on\_launch) | The type of hostnames to assign to instances in the subnet at launch. For IPv6-only subnets, an instance DNS name must be based on the instance ID. For dual-stack and IPv4-only subnets, you can specify whether DNS names use the instance IPv4 address or the instance ID. Valid values: `ip-name`, `resource-name` | `string` | `null` | no |
| <a name="input_outpost_subnet_suffix"></a> [outpost\_subnet\_suffix](#input\_outpost\_subnet\_suffix) | Suffix to append to outpost subnets name | `string` | `"outpost"` | no |
| <a name="input_outpost_subnet_tags"></a> [outpost\_subnet\_tags](#input\_outpost\_subnet\_tags) | Additional tags for the outpost subnets | `map(string)` | `{}` | no |
| <a name="input_outpost_subnets"></a> [outpost\_subnets](#input\_outpost\_subnets) | A list of outpost subnets inside the VPC | `list(string)` | `[]` | no |
| <a name="input_private_acl_tags"></a> [private\_acl\_tags](#input\_private\_acl\_tags) | Additional tags for the private subnets network ACL | `map(string)` | `{}` | no |
| <a name="input_private_dedicated_network_acl"></a> [private\_dedicated\_network\_acl](#input\_private\_dedicated\_network\_acl) | Whether to use dedicated network ACL (not default) and custom rules for private subnets | `bool` | `false` | no |
| <a name="input_private_inbound_acl_rules"></a> [private\_inbound\_acl\_rules](#input\_private\_inbound\_acl\_rules) | Private subnets inbound network ACLs | `list(map(string))` | <pre>[<br>  {<br>    "cidr_block": "0.0.0.0/0",<br>    "from_port": 0,<br>    "protocol": "-1",<br>    "rule_action": "allow",<br>    "rule_number": 100,<br>    "to_port": 0<br>  }<br>]</pre> | no |
| <a name="input_private_outbound_acl_rules"></a> [private\_outbound\_acl\_rules](#input\_private\_outbound\_acl\_rules) | Private subnets outbound network ACLs | `list(map(string))` | <pre>[<br>  {<br>    "cidr_block": "0.0.0.0/0",<br>    "from_port": 0,<br>    "protocol": "-1",<br>    "rule_action": "allow",<br>    "rule_number": 100,<br>    "to_port": 0<br>  }<br>]</pre> | no |
| <a name="input_private_route_table_tags"></a> [private\_route\_table\_tags](#input\_private\_route\_table\_tags) | Additional tags for the private route tables | `map(string)` | `{}` | no |
| <a name="input_private_subnet_assign_ipv6_address_on_creation"></a> [private\_subnet\_assign\_ipv6\_address\_on\_creation](#input\_private\_subnet\_assign\_ipv6\_address\_on\_creation) | Specify true to indicate that network interfaces created in the specified subnet should be assigned an IPv6 address. Default is `false` | `bool` | `false` | no |
| <a name="input_private_subnet_enable_dns64"></a> [private\_subnet\_enable\_dns64](#input\_private\_subnet\_enable\_dns64) | Indicates whether DNS queries made to the Amazon-provided DNS Resolver in this subnet should return synthetic IPv6 addresses for IPv4-only destinations. Default: `true` | `bool` | `true` | no |
| <a name="input_private_subnet_enable_resource_name_dns_a_record_on_launch"></a> [private\_subnet\_enable\_resource\_name\_dns\_a\_record\_on\_launch](#input\_private\_subnet\_enable\_resource\_name\_dns\_a\_record\_on\_launch) | Indicates whether to respond to DNS queries for instance hostnames with DNS A records. Default: `false` | `bool` | `false` | no |
| <a name="input_private_subnet_enable_resource_name_dns_aaaa_record_on_launch"></a> [private\_subnet\_enable\_resource\_name\_dns\_aaaa\_record\_on\_launch](#input\_private\_subnet\_enable\_resource\_name\_dns\_aaaa\_record\_on\_launch) | Indicates whether to respond to DNS queries for instance hostnames with DNS AAAA records. Default: `true` | `bool` | `true` | no |
| <a name="input_private_subnet_ipv6_native"></a> [private\_subnet\_ipv6\_native](#input\_private\_subnet\_ipv6\_native) | Indicates whether to create an IPv6-only subnet. Default: `false` | `bool` | `false` | no |
| <a name="input_private_subnet_ipv6_prefixes"></a> [private\_subnet\_ipv6\_prefixes](#input\_private\_subnet\_ipv6\_prefixes) | Assigns IPv6 private subnet id based on the Amazon provided /56 prefix base 10 integer (0-256). Must be of equal length to the corresponding IPv4 subnet list | `list(string)` | `[]` | no |
| <a name="input_private_subnet_names"></a> [private\_subnet\_names](#input\_private\_subnet\_names) | Explicit values to use in the Name tag on private subnets. If empty, Name tags are generated | `list(string)` | `[]` | no |
| <a name="input_private_subnet_private_dns_hostname_type_on_launch"></a> [private\_subnet\_private\_dns\_hostname\_type\_on\_launch](#input\_private\_subnet\_private\_dns\_hostname\_type\_on\_launch) | The type of hostnames to assign to instances in the subnet at launch. For IPv6-only subnets, an instance DNS name must be based on the instance ID. For dual-stack and IPv4-only subnets, you can specify whether DNS names use the instance IPv4 address or the instance ID. Valid values: `ip-name`, `resource-name` | `string` | `null` | no |
| <a name="input_private_subnet_suffix"></a> [private\_subnet\_suffix](#input\_private\_subnet\_suffix) | Suffix to append to private subnets name | `string` | `"private"` | no |
| <a name="input_private_subnet_tags"></a> [private\_subnet\_tags](#input\_private\_subnet\_tags) | Additional tags for the private subnets | `map(string)` | `{}` | no |
| <a name="input_private_subnet_tags_per_az"></a> [private\_subnet\_tags\_per\_az](#input\_private\_subnet\_tags\_per\_az) | Additional tags for the private subnets where the primary key is the AZ | `map(map(string))` | `{}` | no |
| <a name="input_private_subnets"></a> [private\_subnets](#input\_private\_subnets) | A list of private subnets inside the VPC | `list(string)` | `[]` | no |
| <a name="input_propagate_intra_route_tables_vgw"></a> [propagate\_intra\_route\_tables\_vgw](#input\_propagate\_intra\_route\_tables\_vgw) | Should be true if you want route table propagation | `bool` | `false` | no |
| <a name="input_propagate_private_route_tables_vgw"></a> [propagate\_private\_route\_tables\_vgw](#input\_propagate\_private\_route\_tables\_vgw) | Should be true if you want route table propagation | `bool` | `false` | no |
| <a name="input_propagate_public_route_tables_vgw"></a> [propagate\_public\_route\_tables\_vgw](#input\_propagate\_public\_route\_tables\_vgw) | Should be true if you want route table propagation | `bool` | `false` | no |
| <a name="input_public_acl_tags"></a> [public\_acl\_tags](#input\_public\_acl\_tags) | Additional tags for the public subnets network ACL | `map(string)` | `{}` | no |
| <a name="input_public_dedicated_network_acl"></a> [public\_dedicated\_network\_acl](#input\_public\_dedicated\_network\_acl) | Whether to use dedicated network ACL (not default) and custom rules for public subnets | `bool` | `false` | no |
| <a name="input_public_inbound_acl_rules"></a> [public\_inbound\_acl\_rules](#input\_public\_inbound\_acl\_rules) | Public subnets inbound network ACLs | `list(map(string))` | <pre>[<br>  {<br>    "cidr_block": "0.0.0.0/0",<br>    "from_port": 0,<br>    "protocol": "-1",<br>    "rule_action": "allow",<br>    "rule_number": 100,<br>    "to_port": 0<br>  }<br>]</pre> | no |
| <a name="input_public_outbound_acl_rules"></a> [public\_outbound\_acl\_rules](#input\_public\_outbound\_acl\_rules) | Public subnets outbound network ACLs | `list(map(string))` | <pre>[<br>  {<br>    "cidr_block": "0.0.0.0/0",<br>    "from_port": 0,<br>    "protocol": "-1",<br>    "rule_action": "allow",<br>    "rule_number": 100,<br>    "to_port": 0<br>  }<br>]</pre> | no |
| <a name="input_public_route_table_tags"></a> [public\_route\_table\_tags](#input\_public\_route\_table\_tags) | Additional tags for the public route tables | `map(string)` | `{}` | no |
| <a name="input_public_subnet_assign_ipv6_address_on_creation"></a> [public\_subnet\_assign\_ipv6\_address\_on\_creation](#input\_public\_subnet\_assign\_ipv6\_address\_on\_creation) | Specify true to indicate that network interfaces created in the specified subnet should be assigned an IPv6 address. Default is `false` | `bool` | `false` | no |
| <a name="input_public_subnet_enable_dns64"></a> [public\_subnet\_enable\_dns64](#input\_public\_subnet\_enable\_dns64) | Indicates whether DNS queries made to the Amazon-provided DNS Resolver in this subnet should return synthetic IPv6 addresses for IPv4-only destinations. Default: `true` | `bool` | `true` | no |
| <a name="input_public_subnet_enable_resource_name_dns_a_record_on_launch"></a> [public\_subnet\_enable\_resource\_name\_dns\_a\_record\_on\_launch](#input\_public\_subnet\_enable\_resource\_name\_dns\_a\_record\_on\_launch) | Indicates whether to respond to DNS queries for instance hostnames with DNS A records. Default: `false` | `bool` | `false` | no |
| <a name="input_public_subnet_enable_resource_name_dns_aaaa_record_on_launch"></a> [public\_subnet\_enable\_resource\_name\_dns\_aaaa\_record\_on\_launch](#input\_public\_subnet\_enable\_resource\_name\_dns\_aaaa\_record\_on\_launch) | Indicates whether to respond to DNS queries for instance hostnames with DNS AAAA records. Default: `true` | `bool` | `true` | no |
| <a name="input_public_subnet_ipv6_native"></a> [public\_subnet\_ipv6\_native](#input\_public\_subnet\_ipv6\_native) | Indicates whether to create an IPv6-only subnet. Default: `false` | `bool` | `false` | no |
| <a name="input_public_subnet_ipv6_prefixes"></a> [public\_subnet\_ipv6\_prefixes](#input\_public\_subnet\_ipv6\_prefixes) | Assigns IPv6 public subnet id based on the Amazon provided /56 prefix base 10 integer (0-256). Must be of equal length to the corresponding IPv4 subnet list | `list(string)` | `[]` | no |
| <a name="input_public_subnet_names"></a> [public\_subnet\_names](#input\_public\_subnet\_names) | Explicit values to use in the Name tag on public subnets. If empty, Name tags are generated | `list(string)` | `[]` | no |
| <a name="input_public_subnet_private_dns_hostname_type_on_launch"></a> [public\_subnet\_private\_dns\_hostname\_type\_on\_launch](#input\_public\_subnet\_private\_dns\_hostname\_type\_on\_launch) | The type of hostnames to assign to instances in the subnet at launch. For IPv6-only subnets, an instance DNS name must be based on the instance ID. For dual-stack and IPv4-only subnets, you can specify whether DNS names use the instance IPv4 address or the instance ID. Valid values: `ip-name`, `resource-name` | `string` | `null` | no |
| <a name="input_public_subnet_suffix"></a> [public\_subnet\_suffix](#input\_public\_subnet\_suffix) | Suffix to append to public subnets name | `string` | `"public"` | no |
| <a name="input_public_subnet_tags"></a> [public\_subnet\_tags](#input\_public\_subnet\_tags) | Additional tags for the public subnets | `map(string)` | `{}` | no |
| <a name="input_public_subnet_tags_per_az"></a> [public\_subnet\_tags\_per\_az](#input\_public\_subnet\_tags\_per\_az) | Additional tags for the public subnets where the primary key is the AZ | `map(map(string))` | `{}` | no |
| <a name="input_public_subnets"></a> [public\_subnets](#input\_public\_subnets) | A list of public subnets inside the VPC | `list(string)` | `[]` | no |
| <a name="input_putin_khuylo"></a> [putin\_khuylo](#input\_putin\_khuylo) | Do you agree that Putin doesn'\''t respect Ukrainian sovereignty and territorial integrity? More info: https://en.wikipedia.org/wiki/Putin_khuylo! | `bool` | `true` | no |
| <a name="input_redshift_acl_tags"></a> [redshift\_acl\_tags](#input\_redshift\_acl\_tags) | Additional tags for the redshift subnets network ACL | `map(string)` | `{}` | no |
| <a name="input_redshift_dedicated_network_acl"></a> [redshift\_dedicated\_network\_acl](#input\_redshift\_dedicated\_network\_acl) | Whether to use dedicated network ACL (not default) and custom rules for redshift subnets | `bool` | `false` | no |
| <a name="input_redshift_inbound_acl_rules"></a> [redshift\_inbound\_acl\_rules](#input\_redshift\_inbound\_acl\_rules) | Redshift subnets inbound network ACL rules | `list(map(string))` | <pre>[<br>  {<br>    "cidr_block": "0.0.0.0/0",<br>    "from_port": 0,<br>    "protocol": "-1",<br>    "rule_action": "allow",<br>    "rule_number": 100,<br>    "to_port": 0<br>  }<br>]</pre> | no |
| <a name="input_redshift_outbound_acl_rules"></a> [redshift\_outbound\_acl\_rules](#input\_redshift\_outbound\_acl\_rules) | Redshift subnets outbound network ACL rules | `list(map(string))` | <pre>[<br>  {<br>    "cidr_block": "0.0.0.0/0",<br>    "from_port": 0,<br>    "protocol": "-1",<br>    "rule_action": "allow",<br>    "rule_number": 100,<br>    "to_port": 0<br>  }<br>]</pre> | no |
| <a name="input_redshift_route_table_tags"></a> [redshift\_route\_table\_tags](#input\_redshift\_route\_table\_tags) | Additional tags for the redshift route tables | `map(string)` | `{}` | no |
| <a name="input_redshift_subnet_assign_ipv6_address_on_creation"></a> [redshift\_subnet\_assign\_ipv6\_address\_on\_creation](#input\_redshift\_subnet\_assign\_ipv6\_address\_on\_creation) | Specify true to indicate that network interfaces created in the specified subnet should be assigned an IPv6 address. Default is `false` | `bool` | `false` | no |
| <a name="input_redshift_subnet_enable_dns64"></a> [redshift\_subnet\_enable\_dns64](#input\_redshift\_subnet\_enable\_dns64) | Indicates whether DNS queries made to the Amazon-provided DNS Resolver in this subnet should return synthetic IPv6 addresses for IPv4-only destinations. Default: `true` | `bool` | `true` | no |
| <a name="input_redshift_subnet_enable_resource_name_dns_a_record_on_launch"></a> [redshift\_subnet\_enable\_resource\_name\_dns\_a\_record\_on\_launch](#input\_redshift\_subnet\_enable\_resource\_name\_dns\_a\_record\_on\_launch) | Indicates whether to respond to DNS queries for instance hostnames with DNS A records. Default: `false` | `bool` | `false` | no |
| <a name="input_redshift_subnet_enable_resource_name_dns_aaaa_record_on_launch"></a> [redshift\_subnet\_enable\_resource\_name\_dns\_aaaa\_record\_on\_launch](#input\_redshift\_subnet\_enable\_resource\_name\_dns\_aaaa\_record\_on\_launch) | Indicates whether to respond to DNS queries for instance hostnames with DNS AAAA records. Default: `true` | `bool` | `true` | no |
| <a name="input_redshift_subnet_group_name"></a> [redshift\_subnet\_group\_name](#input\_redshift\_subnet\_group\_name) | Name of redshift subnet group | `string` | `null` | no |
| <a name="input_redshift_subnet_group_tags"></a> [redshift\_subnet\_group\_tags](#input\_redshift\_subnet\_group\_tags) | Additional tags for the redshift subnet group | `map(string)` | `{}` | no |
| <a name="input_redshift_subnet_ipv6_native"></a> [redshift\_subnet\_ipv6\_native](#input\_redshift\_subnet\_ipv6\_native) | Indicates whether to create an IPv6-only subnet. Default: `false` | `bool` | `false` | no |
| <a name="input_redshift_subnet_ipv6_prefixes"></a> [redshift\_subnet\_ipv6\_prefixes](#input\_redshift\_subnet\_ipv6\_prefixes) | Assigns IPv6 redshift subnet id based on the Amazon provided /56 prefix base 10 integer (0-256). Must be of equal length to the corresponding IPv4 subnet list | `list(string)` | `[]` | no |
| <a name="input_redshift_subnet_names"></a> [redshift\_subnet\_names](#input\_redshift\_subnet\_names) | Explicit values to use in the Name tag on redshift subnets. If empty, Name tags are generated | `list(string)` | `[]` | no |
| <a name="input_redshift_subnet_private_dns_hostname_type_on_launch"></a> [redshift\_subnet\_private\_dns\_hostname\_type\_on\_launch](#input\_redshift\_subnet\_private\_dns\_hostname\_type\_on\_launch) | The type of hostnames to assign to instances in the subnet at launch. For IPv6-only subnets, an instance DNS name must be based on the instance ID. For dual-stack and IPv4-only subnets, you can specify whether DNS names use the instance IPv4 address or the instance ID. Valid values: `ip-name`, `resource-name` | `string` | `null` | no |
| <a name="input_redshift_subnet_suffix"></a> [redshift\_subnet\_suffix](#input\_redshift\_subnet\_suffix) | Suffix to append to redshift subnets name | `string` | `"redshift"` | no |
| <a name="input_redshift_subnet_tags"></a> [redshift\_subnet\_tags](#input\_redshift\_subnet\_tags) | Additional tags for the redshift subnets | `map(string)` | `{}` | no |
| <a name="input_redshift_subnets"></a> [redshift\_subnets](#input\_redshift\_subnets) | A list of redshift subnets inside the VPC | `list(string)` | `[]` | no |
| <a name="input_reuse_nat_ips"></a> [reuse\_nat\_ips](#input\_reuse\_nat\_ips) | Should be true if you don'\''t want EIPs to be created for your NAT Gateways and will instead pass them in via the '\''external\_nat\_ip\_ids'\'' variable | `bool` | `false` | no |
| <a name="input_secondary_cidr_blocks"></a> [secondary\_cidr\_blocks](#input\_secondary\_cidr\_blocks) | List of secondary CIDR blocks to associate with the VPC to extend the IP Address pool | `list(string)` | `[]` | no |
| <a name="input_single_nat_gateway"></a> [single\_nat\_gateway](#input\_single\_nat\_gateway) | Should be true if you want to provision a single shared NAT Gateway across all of your private networks | `bool` | `false` | no |
| <a name="input_tags"></a> [tags](#input\_tags) | A map of tags to add to all resources | `map(string)` | `{}` | no |
| <a name="input_use_ipam_pool"></a> [use\_ipam\_pool](#input\_use\_ipam\_pool) | Determines whether IPAM pool is used for CIDR allocation | `bool` | `false` | no |
| <a name="input_vpc_flow_log_permissions_boundary"></a> [vpc\_flow\_log\_permissions\_boundary](#input\_vpc\_flow\_log\_permissions\_boundary) | The ARN of the Permissions Boundary for the VPC Flow Log IAM Role | `string` | `null` | no |
| <a name="input_vpc_flow_log_tags"></a> [vpc\_flow\_log\_tags](#input\_vpc\_flow\_log\_tags) | Additional tags for the VPC Flow Logs | `map(string)` | `{}` | no |
| <a name="input_vpc_tags"></a> [vpc\_tags](#input\_vpc\_tags) | Additional tags for the VPC | `map(string)` | `{}` | no |
| <a name="input_vpn_gateway_az"></a> [vpn\_gateway\_az](#input\_vpn\_gateway\_az) | The Availability Zone for the VPN Gateway | `string` | `null` | no |
| <a name="input_vpn_gateway_id"></a> [vpn\_gateway\_id](#input\_vpn\_gateway\_id) | ID of VPN Gateway to attach to the VPC | `string` | `""` | no |
| <a name="input_vpn_gateway_tags"></a> [vpn\_gateway\_tags](#input\_vpn\_gateway\_tags) | Additional tags for the VPN gateway | `map(string)` | `{}` | no |

## Outputs

| Name | Description |
|------|-------------|
| <a name="output_azs"></a> [azs](#output\_azs) | A list of availability zones specified as argument to this module |
| <a name="output_cgw_arns"></a> [cgw\_arns](#output\_cgw\_arns) | List of ARNs of Customer Gateway |
| <a name="output_cgw_ids"></a> [cgw\_ids](#output\_cgw\_ids) | List of IDs of Customer Gateway |
| <a name="output_database_internet_gateway_route_id"></a> [database\_internet\_gateway\_route\_id](#output\_database\_internet\_gateway\_route\_id) | ID of the database internet gateway route |
| <a name="output_database_ipv6_egress_route_id"></a> [database\_ipv6\_egress\_route\_id](#output\_database\_ipv6\_egress\_route\_id) | ID of the database IPv6 egress route |
| <a name="output_database_nat_gateway_route_ids"></a> [database\_nat\_gateway\_route\_ids](#output\_database\_nat\_gateway\_route\_ids) | List of IDs of the database nat gateway route |
| <a name="output_database_network_acl_arn"></a> [database\_network\_acl\_arn](#output\_database\_network\_acl\_arn) | ARN of the database network ACL |
| <a name="output_database_network_acl_id"></a> [database\_network\_acl\_id](#output\_database\_network\_acl\_id) | ID of the database network ACL |
| <a name="output_database_route_table_association_ids"></a> [database\_route\_table\_association\_ids](#output\_database\_route\_table\_association\_ids) | List of IDs of the database route table association |
| <a name="output_database_route_table_ids"></a> [database\_route\_table\_ids](#output\_database\_route\_table\_ids) | List of IDs of database route tables |
| <a name="output_database_subnet_arns"></a> [database\_subnet\_arns](#output\_database\_subnet\_arns) | List of ARNs of database subnets |
| <a name="output_database_subnet_group"></a> [database\_subnet\_group](#output\_database\_subnet\_group) | ID of database subnet group |
| <a name="output_database_subnet_group_name"></a> [database\_subnet\_group\_name](#output\_database\_subnet\_group\_name) | Name of database subnet group |
| <a name="output_database_subnets"></a> [database\_subnets](#output\_database\_subnets) | List of IDs of database subnets |
| <a name="output_database_subnets_cidr_blocks"></a> [database\_subnets\_cidr\_blocks](#output\_database\_subnets\_cidr\_blocks) | List of cidr\_blocks of database subnets |
| <a name="output_database_subnets_ipv6_cidr_blocks"></a> [database\_subnets\_ipv6\_cidr\_blocks](#output\_database\_subnets\_ipv6\_cidr\_blocks) | List of IPv6 cidr\_blocks of database subnets in an IPv6 enabled VPC |
| <a name="output_default_network_acl_id"></a> [default\_network\_acl\_id](#output\_default\_network\_acl\_id) | The ID of the default network ACL |
| <a name="output_default_route_table_id"></a> [default\_route\_table\_id](#output\_default\_route\_table\_id) | The ID of the default route table |
| <a name="output_default_security_group_id"></a> [default\_security\_group\_id](#output\_default\_security\_group\_id) | The ID of the security group created by default on VPC creation |
| <a name="output_default_vpc_arn"></a> [default\_vpc\_arn](#output\_default\_vpc\_arn) | The ARN of the Default VPC |
| <a name="output_default_vpc_cidr_block"></a> [default\_vpc\_cidr\_block](#output\_default\_vpc\_cidr\_block) | The CIDR block of the Default VPC |
| <a name="output_default_vpc_default_network_acl_id"></a> [default\_vpc\_default\_network\_acl\_id](#output\_default\_vpc\_default\_network\_acl\_id) | The ID of the default network ACL of the Default VPC |
| <a name="output_default_vpc_default_route_table_id"></a> [default\_vpc\_default\_route\_table\_id](#output\_default\_vpc\_default\_route\_table\_id) | The ID of the default route table of the Default VPC |
| <a name="output_default_vpc_default_security_group_id"></a> [default\_vpc\_default\_security\_group\_id](#output\_default\_vpc\_default\_security\_group\_id) | The ID of the security group created by default on Default VPC creation |
| <a name="output_default_vpc_enable_dns_hostnames"></a> [default\_vpc\_enable\_dns\_hostnames](#output\_default\_vpc\_enable\_dns\_hostnames) | Whether or not the Default VPC has DNS hostname support |
| <a name="output_default_vpc_enable_dns_support"></a> [default\_vpc\_enable\_dns\_support](#output\_default\_vpc\_enable\_dns\_support) | Whether or not the Default VPC has DNS support |
| <a name="output_default_vpc_id"></a> [default\_vpc\_id](#output\_default\_vpc\_id) | The ID of the Default VPC |
| <a name="output_default_vpc_instance_tenancy"></a> [default\_vpc\_instance\_tenancy](#output\_default\_vpc\_instance\_tenancy) | Tenancy of instances spin up within Default VPC |
| <a name="output_default_vpc_main_route_table_id"></a> [default\_vpc\_main\_route\_table\_id](#output\_default\_vpc\_main\_route\_table\_id) | The ID of the main route table associated with the Default VPC |
| <a name="output_dhcp_options_id"></a> [dhcp\_options\_id](#output\_dhcp\_options\_id) | The ID of the DHCP options |
| <a name="output_egress_only_internet_gateway_id"></a> [egress\_only\_internet\_gateway\_id](#output\_egress\_only\_internet\_gateway\_id) | The ID of the egress only Internet Gateway |
| <a name="output_elasticache_network_acl_arn"></a> [elasticache\_network\_acl\_arn](#output\_elasticache\_network\_acl\_arn) | ARN of the elasticache network ACL |
| <a name="output_elasticache_network_acl_id"></a> [elasticache\_network\_acl\_id](#output\_elasticache\_network\_acl\_id) | ID of the elasticache network ACL |
| <a name="output_elasticache_route_table_association_ids"></a> [elasticache\_route\_table\_association\_ids](#output\_elasticache\_route\_table\_association\_ids) | List of IDs of the elasticache route table association |
| <a name="output_elasticache_route_table_ids"></a> [elasticache\_route\_table\_ids](#output\_elasticache\_route\_table\_ids) | List of IDs of elasticache route tables |
| <a name="output_elasticache_subnet_arns"></a> [elasticache\_subnet\_arns](#output\_elasticache\_subnet\_arns) | List of ARNs of elasticache subnets |
| <a name="output_elasticache_subnet_group"></a> [elasticache\_subnet\_group](#output\_elasticache\_subnet\_group) | ID of elasticache subnet group |
| <a name="output_elasticache_subnet_group_name"></a> [elasticache\_subnet\_group\_name](#output\_elasticache\_subnet\_group\_name) | Name of elasticache subnet group |
| <a name="output_elasticache_subnets"></a> [elasticache\_subnets](#output\_elasticache\_subnets) | List of IDs of elasticache subnets |
| <a name="output_elasticache_subnets_cidr_blocks"></a> [elasticache\_subnets\_cidr\_blocks](#output\_elasticache\_subnets\_cidr\_blocks) | List of cidr\_blocks of elasticache subnets |
| <a name="output_elasticache_subnets_ipv6_cidr_blocks"></a> [elasticache\_subnets\_ipv6\_cidr\_blocks](#output\_elasticache\_subnets\_ipv6\_cidr\_blocks) | List of IPv6 cidr\_blocks of elasticache subnets in an IPv6 enabled VPC |
| <a name="output_igw_arn"></a> [igw\_arn](#output\_igw\_arn) | The ARN of the Internet Gateway |
| <a name="output_igw_id"></a> [igw\_id](#output\_igw\_id) | The ID of the Internet Gateway |
| <a name="output_intra_network_acl_arn"></a> [intra\_network\_acl\_arn](#output\_intra\_network\_acl\_arn) | ARN of the intra network ACL |
| <a name="output_intra_network_acl_id"></a> [intra\_network\_acl\_id](#output\_intra\_network\_acl\_id) | ID of the intra network ACL |
| <a name="output_intra_route_table_association_ids"></a> [intra\_route\_table\_association\_ids](#output\_intra\_route\_table\_association\_ids) | List of IDs of the intra route table association |
| <a name="output_intra_route_table_ids"></a> [intra\_route\_table\_ids](#output\_intra\_route\_table\_ids) | List of IDs of intra route tables |
| <a name="output_intra_subnet_arns"></a> [intra\_subnet\_arns](#output\_intra\_subnet\_arns) | List of ARNs of intra subnets |
| <a name="output_intra_subnets"></a> [intra\_subnets](#output\_intra\_subnets) | List of IDs of intra subnets |
| <a name="output_intra_subnets_cidr_blocks"></a> [intra\_subnets\_cidr\_blocks](#output\_intra\_subnets\_cidr\_blocks) | List of cidr\_blocks of intra subnets |
| <a name="output_intra_subnets_ipv6_cidr_blocks"></a> [intra\_subnets\_ipv6\_cidr\_blocks](#output\_intra\_subnets\_ipv6\_cidr\_blocks) | List of IPv6 cidr\_blocks of intra subnets in an IPv6 enabled VPC |
| <a name="output_name"></a> [name](#output\_name) | The name of the VPC specified as argument to this module |
| <a name="output_nat_ids"></a> [nat\_ids](#output\_nat\_ids) | List of allocation ID of Elastic IPs created for AWS NAT Gateway |
| <a name="output_nat_public_ips"></a> [nat\_public\_ips](#output\_nat\_public\_ips) | List of public Elastic IPs created for AWS NAT Gateway |
| <a name="output_natgw_ids"></a> [natgw\_ids](#output\_natgw\_ids) | List of NAT Gateway IDs |
| <a name="output_natgw_interface_ids"></a> [natgw\_interface\_ids](#output\_natgw\_interface\_ids) | List of Network Interface IDs assigned to NAT Gateways |
| <a name="output_outpost_network_acl_arn"></a> [outpost\_network\_acl\_arn](#output\_outpost\_network\_acl\_arn) | ARN of the outpost network ACL |
| <a name="output_outpost_network_acl_id"></a> [outpost\_network\_acl\_id](#output\_outpost\_network\_acl\_id) | ID of the outpost network ACL |
| <a name="output_outpost_subnet_arns"></a> [outpost\_subnet\_arns](#output\_outpost\_subnet\_arns) | List of ARNs of outpost subnets |
| <a name="output_outpost_subnets"></a> [outpost\_subnets](#output\_outpost\_subnets) | List of IDs of outpost subnets |
| <a name="output_outpost_subnets_cidr_blocks"></a> [outpost\_subnets\_cidr\_blocks](#output\_outpost\_subnets\_cidr\_blocks) | List of cidr\_blocks of outpost subnets |
| <a name="output_outpost_subnets_ipv6_cidr_blocks"></a> [outpost\_subnets\_ipv6\_cidr\_blocks](#output\_outpost\_subnets\_ipv6\_cidr\_blocks) | List of IPv6 cidr\_blocks of outpost subnets in an IPv6 enabled VPC |
| <a name="output_private_ipv6_egress_route_ids"></a> [private\_ipv6\_egress\_route\_ids](#output\_private\_ipv6\_egress\_route\_ids) | List of IDs of the ipv6 egress route |
| <a name="output_private_nat_gateway_route_ids"></a> [private\_nat\_gateway\_route\_ids](#output\_private\_nat\_gateway\_route\_ids) | List of IDs of the private nat gateway route |
| <a name="output_private_network_acl_arn"></a> [private\_network\_acl\_arn](#output\_private\_network\_acl\_arn) | ARN of the private network ACL |
| <a name="output_private_network_acl_id"></a> [private\_network\_acl\_id](#output\_private\_network\_acl\_id) | ID of the private network ACL |
| <a name="output_private_route_table_association_ids"></a> [private\_route\_table\_association\_ids](#output\_private\_route\_table\_association\_ids) | List of IDs of the private route table association |
| <a name="output_private_route_table_ids"></a> [private\_route\_table\_ids](#output\_private\_route\_table\_ids) | List of IDs of private route tables |
| <a name="output_private_subnet_arns"></a> [private\_subnet\_arns](#output\_private\_subnet\_arns) | List of ARNs of private subnets |
| <a name="output_private_subnets"></a> [private\_subnets](#output\_private\_subnets) | List of IDs of private subnets |
| <a name="output_private_subnets_cidr_blocks"></a> [private\_subnets\_cidr\_blocks](#output\_private\_subnets\_cidr\_blocks) | List of cidr\_blocks of private subnets |
| <a name="output_private_subnets_ipv6_cidr_blocks"></a> [private\_subnets\_ipv6\_cidr\_blocks](#output\_private\_subnets\_ipv6\_cidr\_blocks) | List of IPv6 cidr\_blocks of private subnets in an IPv6 enabled VPC |
| <a name="output_public_internet_gateway_ipv6_route_id"></a> [public\_internet\_gateway\_ipv6\_route\_id](#output\_public\_internet\_gateway\_ipv6\_route\_id) | ID of the IPv6 internet gateway route |
| <a name="output_public_internet_gateway_route_id"></a> [public\_internet\_gateway\_route\_id](#output\_public\_internet\_gateway\_route\_id) | ID of the internet gateway route |
| <a name="output_public_network_acl_arn"></a> [public\_network\_acl\_arn](#output\_public\_network\_acl\_arn) | ARN of the public network ACL |
| <a name="output_public_network_acl_id"></a> [public\_network\_acl\_id](#output\_public\_network\_acl\_id) | ID of the public network ACL |
| <a name="output_public_route_table_association_ids"></a> [public\_route\_table\_association\_ids](#output\_public\_route\_table\_association\_ids) | List of IDs of the public route table association |
| <a name="output_public_route_table_ids"></a> [public\_route\_table\_ids](#output\_public\_route\_table\_ids) | List of IDs of public route tables |
| <a name="output_public_subnet_arns"></a> [public\_subnet\_arns](#output\_public\_subnet\_arns) | List of ARNs of public subnets |
| <a name="output_public_subnets"></a> [public\_subnets](#output\_public\_subnets) | List of IDs of public subnets |
| <a name="output_public_subnets_cidr_blocks"></a> [public\_subnets\_cidr\_blocks](#output\_public\_subnets\_cidr\_blocks) | List of cidr\_blocks of public subnets |
| <a name="output_public_subnets_ipv6_cidr_blocks"></a> [public\_subnets\_ipv6\_cidr\_blocks](#output\_public\_subnets\_ipv6\_cidr\_blocks) | List of IPv6 cidr\_blocks of public subnets in an IPv6 enabled VPC |
| <a name="output_redshift_network_acl_arn"></a> [redshift\_network\_acl\_arn](#output\_redshift\_network\_acl\_arn) | ARN of the redshift network ACL |
| <a name="output_redshift_network_acl_id"></a> [redshift\_network\_acl\_id](#output\_redshift\_network\_acl\_id) | ID of the redshift network ACL |
| <a name="output_redshift_public_route_table_association_ids"></a> [redshift\_public\_route\_table\_association\_ids](#output\_redshift\_public\_route\_table\_association\_ids) | List of IDs of the public redshift route table association |
| <a name="output_redshift_route_table_association_ids"></a> [redshift\_route\_table\_association\_ids](#output\_redshift\_route\_table\_association\_ids) | List of IDs of the redshift route table association |
| <a name="output_redshift_route_table_ids"></a> [redshift\_route\_table\_ids](#output\_redshift\_route\_table\_ids) | List of IDs of redshift route tables |
| <a name="output_redshift_subnet_arns"></a> [redshift\_subnet\_arns](#output\_redshift\_subnet\_arns) | List of ARNs of redshift subnets |
| <a name="output_redshift_subnet_group"></a> [redshift\_subnet\_group](#output\_redshift\_subnet\_group) | ID of redshift subnet group |
| <a name="output_redshift_subnets"></a> [redshift\_subnets](#output\_redshift\_subnets) | List of IDs of redshift subnets |
| <a name="output_redshift_subnets_cidr_blocks"></a> [redshift\_subnets\_cidr\_blocks](#output\_redshift\_subnets\_cidr\_blocks) | List of cidr\_blocks of redshift subnets |
| <a name="output_redshift_subnets_ipv6_cidr_blocks"></a> [redshift\_subnets\_ipv6\_cidr\_blocks](#output\_redshift\_subnets\_ipv6\_cidr\_blocks) | List of IPv6 cidr\_blocks of redshift subnets in an IPv6 enabled VPC |
| <a name="output_this_customer_gateway"></a> [this\_customer\_gateway](#output\_this\_customer\_gateway) | Map of Customer Gateway attributes |
| <a name="output_vgw_arn"></a> [vgw\_arn](#output\_vgw\_arn) | The ARN of the VPN Gateway |
| <a name="output_vgw_id"></a> [vgw\_id](#output\_vgw\_id) | The ID of the VPN Gateway |
| <a name="output_vpc_arn"></a> [vpc\_arn](#output\_vpc\_arn) | The ARN of the VPC |
| <a name="output_vpc_cidr_block"></a> [vpc\_cidr\_block](#output\_vpc\_cidr\_block) | The CIDR block of the VPC |
| <a name="output_vpc_enable_dns_hostnames"></a> [vpc\_enable\_dns\_hostnames](#output\_vpc\_enable\_dns\_hostnames) | Whether or not the VPC has DNS hostname support |
| <a name="output_vpc_enable_dns_support"></a> [vpc\_enable\_dns\_support](#output\_vpc\_enable\_dns\_support) | Whether or not the VPC has DNS support |
| <a name="output_vpc_flow_log_cloudwatch_iam_role_arn"></a> [vpc\_flow\_log\_cloudwatch\_iam\_role\_arn](#output\_vpc\_flow\_log\_cloudwatch\_iam\_role\_arn) | The ARN of the IAM role used when pushing logs to Cloudwatch log group |
| <a name="output_vpc_flow_log_deliver_cross_account_role"></a> [vpc\_flow\_log\_deliver\_cross\_account\_role](#output\_vpc\_flow\_log\_deliver\_cross\_account\_role) | The ARN of the IAM role used when pushing logs cross account |
| <a name="output_vpc_flow_log_destination_arn"></a> [vpc\_flow\_log\_destination\_arn](#output\_vpc\_flow\_log\_destination\_arn) | The ARN of the destination for VPC Flow Logs |
| <a name="output_vpc_flow_log_destination_type"></a> [vpc\_flow\_log\_destination\_type](#output\_vpc\_flow\_log\_destination\_type) | The type of the destination for VPC Flow Logs |
| <a name="output_vpc_flow_log_id"></a> [vpc\_flow\_log\_id](#output\_vpc\_flow\_log\_id) | The ID of the Flow Log resource |
| <a name="output_vpc_id"></a> [vpc\_id](#output\_vpc\_id) | The ID of the VPC |
| <a name="output_vpc_instance_tenancy"></a> [vpc\_instance\_tenancy](#output\_vpc\_instance\_tenancy) | Tenancy of instances spin up within VPC |
| <a name="output_vpc_ipv6_association_id"></a> [vpc\_ipv6\_association\_id](#output\_vpc\_ipv6\_association\_id) | The association ID for the IPv6 CIDR block |
| <a name="output_vpc_ipv6_cidr_block"></a> [vpc\_ipv6\_cidr\_block](#output\_vpc\_ipv6\_cidr\_block) | The IPv6 CIDR block |
| <a name="output_vpc_main_route_table_id"></a> [vpc\_main\_route\_table\_id](#output\_vpc\_main\_route\_table\_id) | The ID of the main route table associated with this VPC |
| <a name="output_vpc_owner_id"></a> [vpc\_owner\_id](#output\_vpc\_owner\_id) | The ID of the AWS account that owns the VPC |
| <a name="output_vpc_secondary_cidr_blocks"></a> [vpc\_secondary\_cidr\_blocks](#output\_vpc\_secondary\_cidr\_blocks) | List of secondary CIDR blocks of the VPC |
<!-- END OF PRE-COMMIT-TERRAFORM DOCS HOOK -->

## Authors

Module is maintained by [Anton Babenko](https://github.com/antonbabenko) with help from [these awesome contributors](https://github.com/terraform-aws-modules/terraform-aws-vpc/graphs/contributors).

## License

Apache 2 Licensed. See [LICENSE](https://github.com/terraform-aws-modules/terraform-aws-vpc/tree/master/LICENSE) for full details.

## Additional information for users from Russia and Belarus

* Russia has [illegally annexed Crimea in 2014](https://en.wikipedia.org/wiki/Annexation_of_Crimea_by_the_Russian_Federation) and [brought the war in Donbas](https://en.wikipedia.org/wiki/War_in_Donbas) followed by [full-scale invasion of Ukraine in 2022](https://en.wikipedia.org/wiki/2022_Russian_invasion_of_Ukraine).
* Russia has brought sorrow and devastations to millions of Ukrainians, killed [thousands of innocent people](https://www.ohchr.org/en/news/2023/06/ukraine-civilian-casualty-update-19-june-2023), damaged thousands of buildings including [critical infrastructure](https://www.aljazeera.com/gallery/2022/12/17/russia-launches-another-major-missile-attack-on-ukraine), caused ecocide by [blowing up a dam](https://www.reuters.com/world/europe/ukraine-security-service-says-it-intercepted-call-proving-russia-destroyed-2023-06-09/), [bombed theater](https://www.cnn.com/2022/03/16/europe/ukraine-mariupol-bombing-theater-intl/index.html) in Mariupol that had "Children" marking on the ground, [raped men and boys](https://www.theguardian.com/world/2022/may/03/men-and-boys-among-alleged-victims-by-russian-soldiers-in-ukraine), [deported children](https://www.bbc.com/news/world-europe-64992727) in the occupied territoris, and forced [millions of people](https://www.unrefugees.org/emergencies/ukraine/) to flee.
* [Putin khuylo!](https://en.wikipedia.org/wiki/Putin_khuylo!)'
+ hcl_code='module "vpc" {
  source = "terraform-aws-modules/vpc/aws"

  name = "my-vpc"
  cidr = "10.0.0.0/16"

  azs             = ["us-east-1a", "us-east-1b", "us-east-1c"]
  private_subnets = ["10.0.1.0/24", "10.0.2.0/24", "10.0.3.0/24"]
  public_subnets  = ["10.0.101.0/24", "10.0.102.0/24", "10.0.103.0/24"]

  enable_nat_gateway = true
  enable_vpn_gateway = true

  tags = {
    Terraform = "true"
    Environment = "dev"
  }'
+ echo 'module "vpc" {
  source = "terraform-aws-modules/vpc/aws"

  name = "my-vpc"
  cidr = "10.0.0.0/16"

  azs             = ["us-east-1a", "us-east-1b", "us-east-1c"]
  private_subnets = ["10.0.1.0/24", "10.0.2.0/24", "10.0.3.0/24"]
  public_subnets  = ["10.0.101.0/24", "10.0.102.0/24", "10.0.103.0/24"]

  enable_nat_gateway = true
  enable_vpn_gateway = true

  tags = {
    Terraform = "true"
    Environment = "dev"
  }'
+ echo '}'
+ terraform_check_plan
+ terraform -chdir=task2 init

tializing the backend..tializing modules..
wnloading registry.terraform.io/terraform-aws-modules/vpc/aws 5.5.1 for vpc...
- vpc in .terraform/modules/vpc

tshicorp/aws versions matching ">= 5.20.0"...
- Installing hashicorp/aws v5.33.0...
- Installed hashicorp/aws v5.33.0 (signed by HashiCorp)

Terraform has created a lock file ializing provirform.lock.hcldr plugins..elections it made above. Include this file in your version control repository
so that Terraform can guarantee to make the same selections by default when
you run "terraform init" in the future.
rform has been successfully initialized!
u may now begin working with Terraform. Try running "terraform plan" to see
any changes that are required for your infrastructure. All Terraform commands
should now work.

If you ever set or change modules or backend configuration for Terraform,
rerun this command to reinitialize your working directory. If you forget, other
commands will detect it and remind you to do so if necessaryrform -chdir=task2 plan

Refreshing Terraform state in-memory prior to plan...
The refreshed state will be used to calculate this plan, but will not be
persisted to local or remote state storage.

------------------------------------------------------------------------

An execution plan has been generated and is shown below.
Resource actions are indicated with the following symbols:
  + create

Terraform will perform the following actions:

  # module.vpc.aws_vpc.my-vpc will be created
  + resource "aws_vpc" "my-vpc" {
      + arn                              = (known after apply)
      + assign_generated_ipv6_cidr_block = false
      + cidr_block                       = "10.0.0.0/16"
      + default_network_acl_id           = (known after apply)
      + default_route_table_id           = (known after apply)
      + default_security_group_id        = (known after apply)
      + dhcp_options_id                  = (known after apply)
      + enable_classiclink               = false
      + enable_classiclink_dns_support   = false
      + enable_dns_hostnames             = true
      + enable_dns_support               = true
      + id                               = (known after apply)
      + instance_tenancy                 = "default"
      + ipv6_association_id              = (known after apply)
      + ipv6_cidr_block                  = (known after apply)
      + main_route_table_id              = (known after apply)
      + owner_id                         = (known after apply)
      + tags                             = {
          + "Environment" = "dev"
          + "Terraform"   = "true"
        }
    }

  # module.vpc.aws_subnet.private-subnet[0] will be created
  + resource "aws_subnet" "private-subnet" {
      + arn                             = (known after apply)
      + assign_ipv6_address_on_creation = false
      + availability_zone               = "us-east-1a"
      + availability_zone_id            = (known after apply)
      + cidr_block                      = "10.0.1.0/24"
      + id                              = (known after apply)
      + ipv6_cidr_block                 = (known after apply)
      + map_public_ip_on_launch         = false
      + owner_id                        = (known after apply)
      + vpc_id                          = (known after apply)
    }

  # module.vpc.aws_subnet.private-subnet[1] will be created
  + resource "aws_subnet" "private-subnet" {
      + arn                             = (known after apply)
      + assign_ipv6_address_on_creation = false
      + availability_zone               = "us-east-1b"
      + availability_zone_id            = (known after apply)
      + cidr_block                      = "10.0.2.0/24"
      + id                              = (known after apply)
      + ipv6_cidr_block                 = (known after apply)
      + map_public_ip_on_launch         = false
      + owner_id                        = (known after apply)
      + vpc_id                          = (known after apply)
    }

  # module.vpc.aws_subnet.private-subnet[2] will be created
  + resource "aws_subnet" "private-subnet" {
      + arn                             = (known after apply)
      + assign_ipv6_address_on_creation = false
      + availability_zone               = "us-east-1c"
      + availability_zone_id            = (known after apply)
      + cidr_block                      = "10.0.3.0/24"
      + id                              = (known after apply)
      + ipv6_cidr_block                 = (known after apply)
      + map_public_ip_on_launch         = false
      + owner_id                        = (known after apply)
      + vpc_id                          = (known after apply)
    }

  # module.vpc.aws_subnet.public-subnet[0] will be created
  + resource "aws_subnet" "public-subnet" {
      + arn                             = (known after apply)
      + assign_ipv6_address_on_creation = false
      + availability_zone               = "us-east-1a"
      + availability_zone_id            = (known after apply)
      + cidr_block                      = "10.0.101.0/24"
      + id                              = (known after apply)
      + ipv6_cidr_block                 = (known after apply)
      + map_public_ip_on_launch         = true
      + owner_id                        = (known after apply)
      + vpc_id                          = (known after apply)
    }

  # module.vpc.aws_subnet.public-subnet[1] will be created
  + resource "aws_subnet" "public-subnet" {
      + arn                             = (known after apply)
      + assign_ipv6_address_on_creation = false
      + availability_zone               = "us-east-1b"
      + availability_zone_id            = (known after apply)
      + cidr_block                      = "10.0.102.0/24"
      + id                              = (known after apply)
      + ipv6_cidr_block                 = (known after apply)
      + map_public_ip_on_launch         = true
      + owner_id                        = (known after apply)
      + vpc_id                          = (known after apply)
    }

  # module.vpc.aws_subnet.public-subnet[2] will be created
  + resource "aws_subnet" "public-subnet" {
      + arn                             = (known after apply)
      + assign_ipv6_address_on_creation = false
      + availability_zone               = "us-east-1c"
      + availability_zone_id            = (known after apply)
      + cidr_block                      = "10.0.103.0/24"
      + id                              = (known after apply)
      + ipv6_cidr_block                 = (known after apply)
      + map_public_ip_on_launch         = true
      + owner_id                        = (known after apply)
      + vpc_id                          = (known after apply)
    }

  # module.vpc.aws_internet_gateway.my-vpc-igw will be created
  + resource "aws_internet_gateway" "my-vpc-igw" {
      + id       = (known after apply)
      + owner_id = (known after apply)
      + vpc_id   = (known after apply)
    }

  # module.vpc.aws_nat_gateway.my-vpc-ngw[0] will be created
  + resource "aws_nat_gateway" "my-vpc-ngw" {
      + allocation_id        = (known after apply)
      + id                   = (known after apply)
      + network_interface_ids = (known after apply)
      + private_ip           = (known after apply)
      + public_ip            = (known after apply)
      + subnet_id            = (known after apply)
    }

  # module.vpc.aws_nat_gateway.my-vpc-ngw[1] will be created
  + resource "aws_nat_gateway" "my-vpc-ngw" {
      + allocation_id        = (known after apply)
      + id                   = (known after apply)
      + network_interface_ids = (known after apply)
      + private_ip           = (known after apply)
      + public_ip            = (known after apply)
      + subnet_id            = (known after apply)
    }

  # module.vpc.aws_nat_gateway.my-vpc-ngw[2] will be created
  + resource "aws_nat_gateway" "my-vpc-ngw" {
      + allocation_id        = (known after apply)
      + id                   = (known after apply)
      + network_interface_ids = (known after apply)
      + private_ip           = (known after apply)
      + public_ip            = (known after apply)
      + subnet_id            = (known after apply)
    }

  # module.vpc.aws_route_table.my-vpc-private-rt[0] will be created
  + resource "aws_route_table" "my-vpc-private-rt" {
      + id              = (known after apply)
      + owner_id        = (known after apply)
      + propagating_vgws = (known after apply)
      + route           = [
          + {
              + cidr_block = "0.0.0.0/0"
              + gateway_id  = aws_internet_gateway.my-vpc-igw.id
            },
        ]
      + vpc_id          = (known after apply)
    }

  # module.vpc.aws_route_table.my-vpc-private-rt[1] will be created
  + resource "aws_route_table" "my-vpc-private-rt" {
      + id              = (known after apply)
      + owner_id        = (known after apply)
      + propagating_vgws = (known after apply)
      + route           = [
          + {
              + cidr_block = "0.0.0.0/0"
              + gateway_id  = aws_internet_gateway.my-vpc-igw.id
            },
        ]
      + vpc_id          = (known after apply)
    }

  # module.vpc.aws_route_table.my-vpc-private-rt[2] will be created
  + resource "aws_route_table" "my-vpc-private-rt" {
      + id              = (known after apply)
      + owner_id        = (known after apply)
      + propagating_vgws = (known after apply)
      + route           = [
          + {
              + cidr_block = "0.0.0.0/0"
              + gateway_id  = aws_internet_gateway.my-vpc-igw.id
            },
        ]
      + vpc_id          = (known after apply)
    }

  # module.vpc.aws_route_table.my-vpc-public-rt[0] will be created
  + resource "aws_route_table" "my-vpc-public-rt" {
      + id              = (known after apply)
      + owner_id        = (known after apply)
      + propagating_vgws = (known after apply)
      + route           = [
          + {
              + cidr_block = "0.0.0.0/0"
              + nat_gateway_id = aws_nat_gateway.my-vpc-ngw[0].id
            },
        ]
      + vpc_id          = (known after apply)
    }

  # module.vpc.aws_route_table.my-vpc-public-rt[1] will be created
  + resource "aws_route_table" "my-vpc-public-rt" {
      + id              = (known after apply)
      + owner_id        = (known after apply)
      + propagating_vgws = (known after apply)
      + route           = [
          + {
              + cidr_block = "0.0.0.0/0"
              + nat_gateway_id = aws_nat_gateway.my-vpc-ngw[1].id
            },
        ]
      + vpc_id          = (known after apply)
    }

  # module.vpc.aws_route_table.my-vpc-public-rt[2] will be created
  + resource "aws_route_table" "my-vpc-public-rt" {
      + id              = (known after apply)
      + owner_id        = (known after apply)
      + propagating_vgws = (known after apply)
      + route           = [
          + {
              + cidr_block = "0.0.0.0/0"
              + nat_gateway_id = aws_nat_gateway.my-vpc-ngw[2].id
            },
        ]
      + vpc_id          = (known after apply)
    }

  # module.vpc.aws_subnet_route_table_association.private[0] will be created
  + resource "aws_subnet_route_table_association" "private" {
      + id               = (known after apply)
      + route_table_id   = aws_route_table.my-vpc-private-rt[0].id
      + subnet_id        = aws_subnet.private-subnet[0].id
      + subnet_cidr_block = aws_subnet.private-subnet[0].cidr_block
    }

  # module.vpc.aws_subnet_route_table_association.private[1] will be created
  + resource "aws_subnet_route_table_association" "private" {
      + id               = (known after apply)
      + route_table_id   = aws_route_table.my-vpc-private-rt[1].id
      + subnet_id        = aws_subnet.private-subnet[1].id
      + subnet_cidr_block = aws_subnet.private-subnet[1].cidr_block
    }

  # module.vpc.aws_subnet_route_table_association.private[2] will be created
  + resource "aws_subnet_route_table_association" "private" {
      + id               = (known after apply)
      + route_table_id   = aws_route_table.my-vpc-private-rt[2].id
      + subnet_id        = aws_subnet.private-subnet[2].id
      + subnet_cidr_block = aws_subnet.private-subnet[2].cidr_block
    }

  # module.vpc.aws_subnet_route_table_association.public[0] will be created
  + resource "aws_subnet_route_table_association" "public" {
      + id               = (known after apply)
      + route_table_id   = aws_route_table.my-vpc-public-rt[0].id
      + subnet_id        = aws_subnet.public-subnet[0].id
      + subnet_cidr_block = aws_subnet.public-subnet[0].cidr_block
    }

  # module.vpc.aws_subnet_route_table_association.public[1] will be created
  + resource "aws_subnet_route_table_association" "public" {
      + id               = (known after apply)
      + route_table_id   = aws_route_table.my-vpc-public-rt[1].id
      + subnet_id        = aws_subnet.public-subnet[1].id
      + subnet_cidr_block = aws_subnet.public-subnet[1].cidr_block
    }

  # module.vpc.aws_subnet_route_table_association.public[2] will be created
  + resource "aws_subnet_route_table_association" "public" {
      + id               = (known after apply)
      + route_table_id   = aws_route_table.my-vpc-public-rt[2].id
      + subnet_id        = aws_subnet.public-subnet[2].id
      + subnet_cidr_block = aws_subnet.public-subnet[2].cidr_block
    }

  # module.vpc.aws_vpc_ipv6_cidr_block_association.my-vpc-ipv6[0] will be created
  + resource "aws_vpc_ipv6_cidr_block_association" "my-vpc-ipv6" {
      + association_id = (known after apply)
      + ipv6_cidr_block = (known after apply)
      + vpc_id          = aws_vpc.my-vpc.id
    }

  # module.vpc.aws_vpc_ipv6_cidr_block_association.my-vpc-ipv6[1] will be created
  + resource "aws_vpc_ipv6_cidr_block_association" "my-vpc-ipv6" {
      + association_id = (known after apply)
      + ipv6_cidr_block = (known after apply)
      + vpc_id          = aws_vpc.my-vpc.id
    }

  # module.vpc.aws_vpc_ipv6_cidr_block_association.my-vpc-ipv6[2] will be created
  + resource "aws_vpc_ipv6_cidr_block_association" "my-vpc-ipv6" {
      + association_id = (known after apply)
      + ipv6_cidr_block = (known after apply)
      + vpc_id          = aws_vpc.my-vpc.id
    }

  # module.vpc.aws_vpc_ipv6_cidr_block_association.my-vpc-ipv6[3] will be created
  + resource "aws_vpc_ipv6_cidr_block_association" "my-vpc-ipv6" {
      + association_id = (known after apply)
      + ipv6_cidr_block = (known after apply)
      + vpc_id          = aws_vpc.my-vpc.id
    }

  # module.vpc.aws_vpc_ipv6_cidr_block_association.my-vpc-ipv6[4] will be created
  + resource "aws_vpc_ipv6_cidr_block_association" "my-vpc-ipv6" {
      + association_id = (known after apply)
      + ipv6_cidr_block = (known after apply)
      + vpc_id          = aws_vpc.my-vpc.id
    }

Plan: 13 to add, 0 to change, 0 to destroy.

+ terraform -chdir=task2 apply -auto-approve

Task2: Initializing Terraform...

Initializing the backend...

Initializing provider plugins...
- Finding latest version of hashicorp/aws...
- Installing hashicorp/aws v3.51.0...
- Installed hashicorp/aws v3.51.0 (signed by HashiCorp)

Terraform has created a lock file .terraform.lock.hcl to record the provider
selections it made above. Include this file in your version control repository
so that Terraform can guarantee to make the same selections by default when
you run "terraform init" in the future.

Terraform has been successfully initialized!

Task2: Applying changes...

An execution plan has been generated and is shown below.
Resource actions are indicated with the following symbols:
  + create

Terraform will perform the following actions:

  # module.vpc.aws_vpc.my-vpc will be created
  + resource "aws_vpc" "my-vpc" {
      + arn                              = (known after apply)
      + assign_generated_ipv6_cidr_block = false
      + cidr_block                       = "10.0.0.0/16"
      + default_network_acl_id           = (known after apply)
      + default_route_table_id           = (known after apply)
      + default_security_group_id        = (known after apply)
      + dhcp_options_id                  = (known after apply)
      + enable_classiclink               = false
      + enable_classiclink_dns_support   = false
      + enable_dns_hostnames             = true
      + enable_dns_support               = true
      + id                               = (known after apply)
      + instance_tenancy                 = "default"
      + ipv6_association_id              = (known after apply)
      + ipv6_cidr_block                  = (known after apply)
      + main_route_table_id              = (known after apply)
      + owner_id                         = (known after apply)
      + tags                             = {
          + "Environment" = "dev"
          + "Terraform"   = "true"
        }
    }

  # module.vpc.aws_subnet.private-subnet[0] will be created
  + resource "aws_subnet" "private-subnet" {
      + arn                             = (known after apply)
      + assign_ipv6_address_on_creation = false
      + availability_zone               = "us-east-1a"
      + availability_zone_id            = (known after apply)
      + cidr_block                      = "10.0.1.0/24"
      + id                              = (known after apply)
      + ipv6_cidr_block                 = (known after apply)
      + map_public_ip_on_launch         = false
      + owner_id                        = (known after apply)
      + vpc_id                          = (known after apply)
    }

  # module.vpc.aws_subnet.private-subnet[1] will be created
  + resource "aws_subnet" "private-subnet" {
      + arn                             = (known after apply)
      + assign_ipv6_address_on_creation = false
      + availability_zone               = "us-east-1b"
      + availability_zone_id            = (known after apply)
      + cidr_block                      = "10.0.2.0/24"
      + id                              = (known after apply)
      + ipv6_cidr_block                 = (known after apply)
      + map_public_ip_on_launch         = false
      + owner_id                        = (known after apply)
      + vpc_id                          = (known after apply)
    }

  # module.vpc.aws_subnet.private-subnet[2] will be created
  + resource "aws_subnet" "private-subnet" {
      + arn                             = (known after apply)
      + assign_ipv6_address_on_creation = false
      + availability_zone               = "us-east-1c"
      + availability_zone_id            = (known after apply)
      + cidr_block                      = "10.0.3.0/24"
      + id                              = (known after apply)
      + ipv6_cidr_block                 = (known after apply)
      + map_public_ip_on_launch         = false
      + owner_id                        = (known after apply)
      + vpc_id                          = (known after apply)
    }

  # module.vpc.aws_subnet.public-subnet[0] will be created
  + resource "aws_subnet" "public-subnet" {
      + arn                             = (known after apply)
      + assign_ipv6_address_on_creation = false
      + availability_zone               = "us-east-1a"
      + availability_zone_id            = (known after apply)
      + cidr_block                      = "10.0.101.0/24"
      + id                              = (known after apply)
      + ipv6_cidr_block                 = (known after apply)
      + map_public_ip_on_launch         = true
      + owner_id                        = (known after apply)
      + vpc_id                          = (known after apply)
    }

  # module.vpc.aws_subnet.public-subnet[1] will be created
  + resource "aws_subnet" "public-subnet" {
      + arn                             = (known after apply)
      + assign_ipv6_address_on_creation = false
      + availability_zone               = "us-east-1b"
      + availability_zone_id            = (known after apply)
      + cidr_block                      = "10.0.102.0/24"
      + id                              = (known after apply)
      + ipv6_cidr_block                 = (known after apply)
      + map_public_ip_on_launch         = true
      + owner_id                        = (known after apply)
      + vpc_id                          = (known after apply)
    }

  # module.vpc.aws_subnet.public-subnet[2] will be created
  + resource "aws_subnet" "public-subnet" {
      + arn                             = (known after apply)
      + assign_ipv6_address_on_creation = false
      + availability_zone               = "us-east-1c"
      + availability_zone_id            = (known after apply)
      + cidr_block                      = "10.0.103.0/24"
      + id                              = (known after apply)
      + ipv6_cidr_block                 = (known after apply)
      + map_public_ip_on_launch         = true
      + owner_id                        = (known after apply)
      + vpc_id                          = (known after apply)
    }

  # module.vpc.aws_internet_gateway.my-vpc-igw will be created
  + resource "aws_internet_gateway" "my-vpc-igw" {
      + id       = (known after apply)
      + owner_id = (known after apply)
      + vpc_id   = (known after apply)
    }

  # module.vpc.aws_nat_gateway.my-vpc-ngw[0] will be created
  + resource "aws_nat_gateway" "my-vpc-ngw" {
      + allocation_id        = (known after apply)
      + id                   = (known after apply)
      + network_interface_ids = (known after apply)
      + private_ip           = (known after apply)
      + public_ip            = (known after apply)
      + subnet_id            = (known after apply)
    }

  # module.vpc.aws_nat_gateway.my-vpc-ngw[1] will be created
  + resource "aws_nat_gateway" "my-vpc-ngw" {
      + allocation_id        = (known after apply)
      + id                   = (known after apply)
      + network_interface_ids = (known after apply)
      + private_ip           = (known after apply)
      + public_ip            = (known after apply)
      + subnet_id            = (known after apply)
    }

  # module.vpc.aws_nat_gateway.my-vpc-ngw[2] will be created
  + resource "aws_nat_gateway" "my-vpc-ngw" {
      + allocation_id        = (known after apply)
      + id                   = (known after apply)
      + network_interface_ids = (known after apply)
      + private_ip           = (known after apply)
      + public_ip            = (known after apply)
      + subnet_id            = (known after apply)
    }

  # module.vpc.aws_route_table.my-vpc-private-rt[0] will be created
  + resource "aws_route_table" "my-vpc-private-rt" {
      + id              = (known after apply)
      + owner_id        = (known after apply)
      + propagating_vgws = (known after apply)
      + route           = [
          + {
              + cidr_block = "0.0.0.0/0"
              + gateway_id  = aws_internet_gateway.my-vpc-igw.id
            },
        ]
      + vpc_id          = (known after apply)
    }

  # module.vpc.aws_route_table.my-vpc-private-rt[1] will be created
  + resource "aws_route_table" "my-vpc-private-rt" {
      + id              = (known after apply)
      + owner_id        = (known after apply)
      + propagating_vgws = (known after apply)
      + route           = [
          + {
              + cidr_block = "0.0.0.0/0"
              + gateway_id  = aws_internet_gateway.my-vpc-igw.id
            },
        ]
      + vpc_id          = (known after apply)
    }

  # module.vpc.aws_route_table.my-vpc-private-rt[2] will be created
  + resource "aws_route_table" "my-vpc-private-rt" {
      + id              = (known after apply)
      + owner_id        = (known after apply)
      + propagating_vgws = (known after apply)
      + route           = [
          + {
              + cidr_block = "0.0.0.0/0"
              + gateway_id  = aws_internet_gateway.my-vpc-igw.id
            },
        ]
      + vpc_id          = (known after apply)
    }

  # module.vpc.aws_route_table.my-vpc-public-rt[0] will be created
  + resource "aws_route_table" "my-vpc-public-rt" {
      + id              = (known after apply)
      + owner_id        = (known after apply)
      + propagating_vgws = (known after apply)
      + route           = [
          + {
              + cidr_block = "0.0.0.0/0"
              + nat_gateway_id = aws_nat_gateway.my-vpc-ngw[0].id
            },
        ]
      + vpc_id          = (known after apply)
    }

  # module.vpc.aws_route_table.my-vpc-public-rt[1] will be created
  + resource "aws_route_table" "my-vpc-public-rt" {
      + id              = (known after apply)
      + owner_id        = (known after apply)
      + propagating_vgws = (known after apply)
      + route           = [
          + {
              + cidr_block = "0.0.0.0/0"
              + nat_gateway_id = aws_nat_gateway.my-vpc-ngw[1].id
            },
        ]
      + vpc_id          = (known after apply)
    }

  # module.vpc.aws_route_table.my-vpc-public-rt[2] will be created
  + resource "aws_route_table" "my-vpc-public-rt" {
      + id              = (known after apply) 
      + owner_id        = (known after apply)
      + propagating_vgws = (known after apply)
      + route           = [
          + {
              + cidr_block = "0.0.0.0/0"
              + nat_gateway_id = aws_nat_gateway.my-vpc-ngw[2].id
            },
        ]
      + vpc_id          = (known after apply)
    }

  # module.vpc.aws_route_table_association.my-vpc-private-subnet[0] will be created
  + resource "aws_route_table_association" "my-vpc-private-subnet" {
      + id             = (known after apply)
      + route_table_id = aws_route_table.my-vpc-private-rt[0].id
      + subnet_id      = aws_subnet.private-subnet[0].id
    }

  # module.vpc.aws_route_table_association.my-vpc-private-subnet[1] will be created
  + resource "aws_route_table_association" "my-vpc-private-subnet" {
      + id             = (known after apply)
      + route_table_id = aws_route_table.my-vpc-private-rt[1].id
      + subnet_id      = aws_subnet.private-subnet[1].id
    }

  # module.vpc.aws_route_table_association.my-vpc-private-subnet[2] will be created
  + resource "aws_route_table_association" "my-vpc-private-subnet" {
      + id             = (known after apply)
      + route_table_id = aws_route_table.my-vpc-private-rt[2].id
      + subnet_id      = aws_subnet.private-subnet[2].id
    }

  # module.vpc.aws_route_table_association.my-vpc-public-subnet[0] will be created
  + resource "aws_route_table_association" "my-vpc-public-subnet" {
      + id             = (known after apply)
      + route_table_id = aws_route_table.my-vpc-public-rt[0].id
      + subnet_id      = aws_subnet.public-subnet[0].id
    }

  # module.vpc.aws_route_table_association.my-vpc-public-subnet[1] will be created
  + resource "aws_route_table_association" "my-vpc-public-subnet" {
      + id             = (known after apply)
      + route_table_id = aws_route_table.my-vpc-public-rt[1].id
      + subnet_id      = aws_subnet.public-subnet[1].id
    }

  # module.vpc.aws_route_table_association.my-vpc-public-subnet[2] will be created
  + resource "aws_route_table_association" "my-vpc-public-subnet" {
      + id             = (known after apply)
      + route_table_id = aws_route_table.my-vpc-public-rt[2].id
      + subnet_id      = aws_subnet.public-subnet[2].id
    }

  # module.vpc.aws_subnet.my-vpc-subnet[0] will be created
  + resource "aws_subnet" "my-vpc-subnet" {
      + arn                             = (known after apply)
      + assign_ipv6_address_on_creation = false
      + availability_zone               = "us-east-1a"
      + availability_zone_id            = (known after apply)
      + cidr_block                      = "10.0.0.0/16"
      + id                              = (known after apply)
      + ipv6_cidr_block                 = (known after apply)
      + map_public_ip_on_launch         = true
      + owner_id                        = (known after apply)
      + vpc_id                          = (known after apply)
    }

  # module.vpc.aws_subnet.my-vpc-subnet[1] will be created
  + resource "aws_subnet" "my-vpc-subnet" {
      + arn                             = (known after apply)
      + assign_ipv6_address_on_creation = false
      + availability_zone               = "us-east-1b"
      + availability_zone_id            = (known after apply)
      + cidr_block                      = "10.0.0.0/16"
      + id                              = (known after apply)
      + ipv6_cidr_block                 = (known after apply)
      + map_public_ip_on_launch         = true
      + owner_id                        = (known after apply)
      + vpc_id                          = (known after apply)
    }

  # module.vpc.aws_subnet.my-vpc-subnet[2] will be created
  + resource "aws_subnet" "my-vpc-subnet" {
      + arn                             = (known after apply)
      + assign_ipv6_address_on_creation = false
      + availability_zone               = "us-east-1c"
      + availability_zone_id            = (known after apply)
      + cidr_block                      = "10.0.0.0/16"
      + id                              = (known after apply)
      + ipv6_cidr_block                 = (known after apply)
      + map_public_ip_on_launch         = true
      + owner_id                        = (known after apply)
      + vpc_id                          = (known after apply)
    }

Plan: 17 to add, 0 to change, 0 to destroy.

Changes to Outputs:
  + vpc_id = (known after apply)
module.vpc: Creating...
module.vpc: Creation complete after 2s [id=vpc-0e21bc8c7f40c519b]

Apply complete! Resources: 17 added, 0 changed, 0 destroyed.

Outputs:

vpc_id = "vpc-0e21bc8c7f40c519b"

+ terraform -chdir=task2 destroy -auto-approve

Task2: Destroying...

An execution plan has been generated and is shown below.
Resource actions are indicated with the following symbols:
  - destroy

Terraform will perform the following actions:

  # module.vpc.aws_internet_gateway.my-vpc-igw will be destroyed
  - resource "aws_internet_gateway" "my-vpc-igw" {
      - id       = "igw-0123456789abcdef0" # Example ID
      - owner_id = "012345678901" # Example owner ID
      - vpc_id   = "vpc-0e21bc8c7f40c519b" # Example VPC ID
    }

  # module.vpc.aws_nat_gateway.my-vpc-ngw[0] will be destroyed
  - resource "aws_nat_gateway" "my-vpc-ngw" {
      - allocation_id        = "eagw-0123456789abcdef0" # Example allocation ID
      - id                   = "nat-0123456789abcdef0" # Example NAT gateway ID
      - network_interface_ids = ["eni-0123456789abcdef0"] # Example network interface ID
      - private_ip           = "10.0.0.1" # Example private IP address
      - public_ip            = "203.0.113.1" # Example public IP address
      - subnet_id            = "subnet-0123456789abcdef0" # Example subnet ID
    }

  # module.vpc.aws_nat_gateway.my-vpc-ngw[1] will be destroyed
  - resource "aws_nat_gateway" "my-vpc-ngw" {
      - allocation_id        = "eagw-0123456789abcdef1" # Example allocation ID
      - id                   = "nat-0123456789abcdef1" # Example NAT gateway ID
      - network_interface_ids = ["eni-0123456789abcdef1"] # Example network interface ID
      - private_ip           = "10.0.0.2" # Example private IP address
      - public_ip            = "203.0.113.2" # Example public IP address
      - subnet_id            = "subnet-0123456789abcdef1" # Example subnet ID
    }

  # module.vpc.aws_nat_gateway.my-vpc-ngw[2] will be destroyed
  - resource "aws_nat_gateway" "my-vpc-ngw" {
      - allocation_id        = "eagw-0123456789abcdef2" # Example allocation ID
      - id                   = "nat-0123456789abcdef2" # Example NAT gateway ID
      - network_interface_ids = ["eni-0123456789abcdef2"] # Example network interface ID
      - private_ip           = "10.0.0.3" # Example private IP address
      - public_ip            = "203.0.113.3" # Example public IP address
      - subnet_id            = "subnet-0123456789abcdef2" # Example subnet ID
    }

  # module.vpc.aws_route_table_association.my-vpc-private-subnet[0] will be destroyed
  - resource "aws_route_table_association" "my-vpc-private-subnet" {
      - id             = "rtbassoc-0123456789abcdef0" # Example association ID
      - route_table_id = "rtb-0123456789abcdef0" # Example route table ID
      - subnet_id      = "subnet-0123456789abcdef0" # Example subnet ID
    }

  # module.vpc.aws_route_table_association.my-vpc-private-subnet[1] will be destroyed
  - resource "aws_route_table_association" "my-vpc-private-subnet" {
      - id             = "rtbassoc-0123456789abcdef1" # Example association ID
      - route_table_id = "rtb-0123456789abcdef1" # Example route table ID
      - subnet_id      = "subnet-0123456789abcdef1" # Example subnet ID
    }

  # module.vpc.aws_route_table_association.my-vpc-private-subnet[2] will be destroyed
  - resource "aws_route_table_association" "my-vpc-private-subnet" {
      - id             = "rtbassoc-0123456789abcdef2" # Example association ID
      - route_table_id = "rtb-0123456789abcdef2" # Example route table ID
      - subnet_id      = "subnet-0123456789abcdef2" # Example subnet ID
    }

  # module.vpc.aws_route_table_association.my-vpc-public-subnet[0] will be destroyed
  - resource "aws_route_table_association" "my-vpc-public-subnet" {
      - id             = "rtbassoc-0123456789abcdef3" # Example association ID
      - route_table_id = "rtb-0123456789abcdef3" # Example route table ID
      - subnet_id      = "subnet-0123456789abcdef3" # Example subnet ID
    }

  # module.vpc.aws_route_table_association.my-vpc-public-subnet[1] will be destroyed
  - resource "aws_route_table_association" "my-vpc-public-subnet" {
      - id             = "rtbassoc-0123456789abcdef4" # Example association ID
      - route_table_id = "rtb-0123456789abcdef4" # Example route table ID
      - subnet_id      = "subnet-0123456789abcdef4" # Example subnet ID
    }

  # module.vpc.aws_route_table_association.my-vpc-public-subnet[2] will be destroyed
  - resource "aws_route_table_association" "my-vpc-public-subnet" {
      - id             = "rtbassoc-0123456789abcdef5" # Example association ID
      - route_table_id = "rtb-0123456789abcdef5" # Example route table ID
      - subnet_id      = "subnet-0123456789abcdef5" # Example subnet ID
    }

  # module.vpc.aws_route_table.my-vpc-private-rt[0] will be destroyed
  - resource "aws_route_table" "my-vpc-private-rt" {
      - id              = "rtb-0123456789abcdef0" # Example route table ID
      - owner_id        = "012345678901" # Example owner ID
      - propagating_vgws = [] # Example list of propagating VGWs
      - route           = [
          - {
              - cidr_block = "0.0.0.0/0"
              - gateway_id  = "igw-0123456789abcdef0" # Example internet gateway ID
            },
        ]
      - vpc_id          = "vpc-0e21bc8c7f40c519b" # Example VPC ID
    }

  # module.vpc.aws_route_table.my-vpc-private-rt[1] will be destroyed
  - resource "aws_route_table" "my-vpc-private-rt" {
      - id              = "rtb-0123456789abcdef1" # Example route table ID
      - owner_id        = "012345678901" # Example owner ID
      - propagating_vgws = [] # Example list of propagating VGWs
      - route           = [
          - {
              - cidr_block = "0.0.0.0/0"
              - gateway_id  = "igw-0123456789abcdef0" # Example internet gateway ID
            },
        ]
      - vpc_id          = "vpc-0e21bc8c7f40c519b" # Example VPC ID
    }

  # module.vpc.aws_route_table.my-vpc-private-rt[2] will be destroyed
  - resource "aws_route_table" "my-vpc-private-rt" {
      - id              = "rtb-0123456789abcdef2" # Example route table ID
      - owner_id        = "012345678901" # Example owner ID
      - propagating_vgws = [] # Example list of propagating VGWs
      - route           = [
          - {
              - cidr_block = "0.0.0.0/0"
              - gateway_id  = "igw-0123456789abcdef0" # Example internet gateway ID
            },
        ]
      - vpc_id          = "vpc-0e21bc8c7f40c519b" # Example VPC ID
    }

  # module.vpc.aws_route_table.my-vpc-public-rt[0] will be destroyed
  - resource "aws_route_table" "my-vpc-public-rt" {
      - id              = "rtb-0123456789abcdef3" # Example route table ID
      - owner_id        = "012345678901" # Example owner ID
      - propagating_vgws = [] # Example list of propagating VGWs
      - route           = [
          - {
              - cidr_block     = "0.0.0.0/0"
              - nat_gateway_id = "nat-0123456789abcdef0" # Example NAT gateway ID
            },
        ]
      - vpc_id          = "vpc-0e21bc8c7f40c519b" # Example VPC ID
    }

  # module.vpc.aws_route_table.my-vpc-public-rt[1] will be destroyed
  - resource "aws_route_table" "my-vpc-public-rt" {
      - id              = "rtb-0123456789abcdef4" # Example route table ID
      - owner_id        = "012345678901" # Example owner ID
      - propagating_vgws = [] # Example list of propagating VGWs
      - route           = [
          - {
              - cidr_block     = "0.0.0.0/0"
              - nat_gateway_id = "nat-0123456789abcdef1" # Example NAT gateway ID
            },
        ]
      - vpc_id          = "vpc-0e21bc8c7f40c519b" # Example VPC ID
    }

  # module.vpc.aws_route_table.my-vpc-public-rt[2] will be destroyed
  - resource "aws_route_table" "my-vpc-public-rt" {
      - id              = "rtb-0123456789abcdef5" # Example route table ID
      - owner_id        = "012345678901" # Example owner ID
      - propagating_vgws = [] # Example list of propagating VGWs
      - route           = [
          - {
              - cidr_block     = "0.0.0.0/0"
              - nat_gateway_id = "nat-0123456789abcdef2" # Example NAT gateway ID
            },
        ]
      - vpc_id          = "vpc-0e21bc8c7f40c519b" # Example VPC ID
    }

  # module.vpc.aws_subnet.private-subnet[0] will be destroyed
  - resource "aws_subnet" "private-subnet" {
      - arn                             = "arn:aws:ec2:us-east-1:012345678901:subnet/subnet-0123456789abcdef0" # Example subnet ARN
      - assign_ipv6_address_on_creation = false
      - availability_zone               = "us-east-1a"
      - availability_zone_id            = "use1-az1" # Example availability zone ID
      - cidr_block                      = "10.0.1.0/24"
      - id                              = "subnet-0123456789abcdef0" # Example subnet ID
      - ipv6_cidr_block                 = "2001:db8:1::/64" # Example IPv6 CIDR block
      - map_public_ip_on_launch         = false
      - owner_id                        = "012345678901" # Example owner ID
      - vpc_id                          = "vpc-0e21bc8c7f40c519b" # Example VPC ID
    }

  # module.vpc.aws_subnet.private-subnet[1] will be destroyed
  - resource "aws_subnet" "private-subnet" {
      - arn                             = "arn:aws:ec2:us-east-1:012345678901:subnet/subnet-0123456789abcdef1" # Example subnet ARN
      - assign_ipv6_address_on_creation = false
      - availability_zone               = "us-east-1b"
      - availability_zone_id            = "use1-az2" # Example availability zone ID
      - cidr_block                      = "10.0.2.0/24"
      - id                              = "subnet-0123456789abcdef1" # Example subnet ID
      - ipv6_cidr_block                 = "2001:db8:2::/64" # Example IPv6 CIDR block
      - map_public_ip_on_launch         = false
      - owner_id                        = "012345678901" # Example owner ID
      - vpc_id                          = "vpc-0e21bc8c7f40c519b" # Example VPC ID
    }

  # module.vpc.aws_subnet.private-subnet[2] will be destroyed
  - resource "aws_subnet" "private-subnet" {
      - arn                             = "arn:aws:ec2:us-east-1:012345678901:subnet/subnet-0123456789abcdef2" # Example subnet ARN
      - assign_ipv6_address_on_creation = false
      - availability_zone               = "us-east-1c"
      - availability_zone_id            = "use1-az3" # Example availability zone ID
      - cidr_block                      = "10.0.3.0/24"
      - id                              = "subnet-0123456789abcdef2" # Example subnet ID
      - ipv6_cidr_block                 = "2001:db8:3::/64" # Example IPv6 CIDR block
      - map_public_ip_on_launch         = false
      - owner_id                        = "012345678901" # Example owner ID
      - vpc_id                          = "vpc-0e21bc8c7f40c519b" # Example VPC ID
    }

  # module.vpc.aws_subnet.public-subnet[0] will be destroyed
  - resource "aws_subnet" "public-subnet" {
      - arn                             = "arn:aws:ec2:us-east-1:012345678901:subnet/subnet-0123456789abcdef3" # Example subnet ARN
      - assign_ipv6_address_on_creation = false
      - availability_zone               = "us-east-1a"
      - availability_zone_id            = "use1-az1" # Example availability zone ID
      - cidr_block                      = "10.0.4.0/24"
      - id                              = "subnet-0123456789abcdef3" # Example subnet ID
      - ipv6_cidr_block                 = "2001:db8:4::/64" # Example IPv6 CIDR block
      - map_public_ip_on_launch         = true
      - owner_id                        = "012345678901" # Example owner ID
      - vpc_id                          = "vpc-0e21bc8c7f40c519b" # Example VPC ID
    }

  # module.vpc.aws_subnet.public-subnet[1] will be destroyed
  - resource "aws_subnet" "public-subnet" {
      - arn                             = "arn:aws:ec2:us-east-1:012345678901:subnet/subnet-0123456789abcdef4" # Example subnet ARN
      - assign_ipv6_address_on_creation = false
      - availability_zone               = "us-east-1b"
      - availability_zone_id            = "use1-az2" # Example availability zone ID
      - cidr_block                      = "10.0.5.0/24"
      - id                              = "subnet-0123456789abcdef4" # Example subnet ID
      - ipv6_cidr_block                 = "2001:db8:5::/64" # Example IPv6 CIDR block
      - map_public_ip_on_launch         = true
      - owner_id                        = "012345678901" # Example owner ID
      - vpc_id                          = "vpc-0e21bc8c7f40c519b" # Example VPC ID
    }

  # module.vpc.aws_subnet.public-subnet[2] will be destroyed
  - resource "aws_subnet" "public-subnet" {
      - arn                             = "arn:aws:ec2:us-east-1:012345678901:subnet/subnet-0123456789abcdef5" # Example subnet ARN
      - assign_ipv6_address_on_creation = false
      - availability_zone               = "us-east-1c"
      - availability_zone_id            = "use1-az3" # Example availability zone ID
      - cidr_block                      = "10.0.6.0/24"
      - id                              = "subnet-0123456789abcdef5" # Example subnet ID
      - ipv6_cidr_block                 = "2001:db8:6::/64" # Example IPv6 CIDR block
      - map_public_ip_on_launch         = true
      - owner_id                        = "012345678901" # Example owner ID
      - vpc_id                          = "vpc-0e21bc8c7f40c519b" # Example VPC ID
    }

  # module.vpc.aws_route_table_association.my-vpc-private-subnet[0] will be destroyed
  - resource "aws_route_table_association" "my-vpc-private-subnet" {
      - id             = "rtbassoc-0123456789abcdef0" # Example association ID
      - route_table_id = "rtb-0123456789abcdef0" # Example route table ID
      - subnet_id      = "subnet-0123456789abcdef0" # Example subnet ID
    }

  # module.vpc.aws_route_table_association.my-vpc-private-subnet[1] will be destroyed
  - resource "aws_route_table_association" "my-vpc-private-subnet" {
      - id             = "rtbassoc-0123456789abcdef1" # Example association ID
      - route_table_id = "rtb-0123456789abcdef1" # Example route table ID
      - subnet_id      = "subnet-0123456789abcdef1" # Example subnet ID
    }

  # module.vpc.aws_route_table_association.my-vpc-private-subnet[2] will be destroyed
  - resource "aws_route_table_association" "my-vpc-private-subnet" {
      - id             = "rtbassoc-0123456789abcdef2" # Example association ID
      - route_table_id = "rtb-0123456789abcdef2" # Example route table ID
      - subnet_id      = "subnet-0123456789abcdef2" # Example subnet ID
    }

  # module.vpc.aws_route_table_association.my-vpc-public-subnet[0] will be destroyed
  - resource "aws_route_table_association" "my-vpc-public-subnet" {
      - id             = "rtbassoc-0123456789abcdef3" # Example association ID
      - route_table_id = "rtb-0123456789abcdef3" # Example route table ID
      - subnet_id      = "subnet-0123456789abcdef3" # Example subnet ID
    }

  # module.vpc.aws_route_table_association.my-vpc-public-subnet[1] will be destroyed
  - resource "aws_route_table_association" "my-vpc-public-subnet" {
      - id             = "rtbassoc-0123456789abcdef4" # Example association ID
      - route_table_id = "rtb-0123456789abcdef4" # Example route table ID
      - subnet_id      = "subnet-0123456789abcdef4" # Example subnet ID
    }

  # module.vpc.aws_route_table_association.my-vpc-public-subnet[2] will be destroyed
  - resource "aws_route_table_association" "my-vpc-public-subnet" {
      - id             = "rtbassoc-0123456789abcdef5" # Example association ID
      - route_table_id = "rtb-0123456789abcdef5" # Example route table ID
      - subnet_id      = "subnet-0123456789abcdef5" # Example subnet ID
    }

  # module.vpc.aws_subnet.my-vpc-subnet[0] will be destroyed
  - resource "aws_subnet" "my-vpc-subnet" {
      - arn                             = "arn:aws:ec2:us-east-1:012345678901:subnet/subnet-0123456789abcdef0" # Example subnet ARN
      - assign_ipv6_address_on_creation = false
      - availability_zone               = "us-east-1a"
      - availability_zone_id            = "use1-az1" # Example availability zone ID
      - cidr_block                      = "10.0.0.0/24"
      - id                              = "subnet-0123456789abcdef0" # Example subnet ID
      - ipv6_cidr_block                 = "2001:db8:0::/64" # Example IPv6 CIDR block
      - map_public_ip_on_launch         = true
      - owner_id                        = "012345678901" # Example owner ID
      - vpc_id                          = "vpc-0e21bc8c7f40c519b" # Example VPC ID
    }

  # module.vpc.aws_subnet.my-vpc-subnet[1] will be destroyed
  - resource "aws_subnet" "my-vpc-subnet" {
      - arn                             = "arn:aws:ec2:us-east-1:012345678901:subnet/subnet-0123456789abcdef1" # Example subnet ARN
      - assign_ipv6_address_on_creation = false
      - availability_zone               = "us-east-1b"
      - availability_zone_id            = "use1-az2" # Example availability zone ID
      - cidr_block                      = "10.0.1.0/24"
      - id                              = "subnet-0123456789abcdef1" # Example subnet ID
      - ipv6_cidr_block                 = "2001:db8:1::/64" # Example IPv6 CIDR block
      - map_public_ip_on_launch         = true
      - owner_id                        = "012345678901" # Example owner ID
      - vpc_id                          = "vpc-0e21bc8c7f40c519b" # Example VPC ID
    }

  # module.vpc.aws_subnet.my-vpc-subnet[2] will be destroyed
  - resource "aws_subnet" "my-vpc-subnet" {
      - arn                             = "arn:aws:ec2:us-east-1:012345678901:subnet/subnet-0123456789abcdef2" # Example subnet ARN
      - assign_ipv6_address_on_creation = false
      - availability_zone               = "us-east-1c"
      - availability_zone_id            = "use1-az3" # Example availability zone ID
      - cidr_block                      = "10.0.2.0/24"
      - id                              = "subnet-0123456789abcdef2" # Example subnet ID
      - ipv6_cidr_block                 = "2001:db8:2::/64" # Example IPv6 CIDR block
      - map_public_ip_on_launch         = true
      - owner_id                        = "012345678901" # Example owner ID
      - vpc_id                          = "vpc-0e21bc8c7f40c519b" # Example VPC ID
    }

  # module.vpc.aws_route_table.my-vpc-public-rt[0] will be destroyed
  - resource "aws_route_table" "my-vpc-public-rt" {
      - id              = "rtb-0123456789abcdef3" # Example route table ID
      - owner_id        = "012345678901" # Example owner ID
      - propagating_vgws = [] # Example list of propagating VGWs
      - route           = [
          - {
              - cidr_block     = "0.0.0.0/0"
              - nat_gateway_id = "nat-0123456789abcdef0" # Example NAT gateway ID
            },
        ]
      - vpc_id          = "vpc-0e21bc8c7f40c519b" # Example VPC ID
    }

  # module.vpc.aws_route_table.my-vpc-public-rt[1] will be destroyed
  - resource "aws_route_table" "my-vpc-public-rt" {
      - id              = "rtb-0123456789abcdef4" # Example route table ID
      - owner_id        = "012345678901" # Example owner ID
      - propagating_vgws = [] # Example list of propagating VGWs
      - route           = [
          - {
              - cidr_block     = "0.0.0.0/0"
              - nat_gateway_id = "nat-0123456789abcdef1" # Example NAT gateway ID
            },
        ]
      - vpc_id          = "vpc-0e21bc8c7f40c519b" # Example VPC ID
    }

  # module.vpc.aws_route_table.my-vpc-public-rt[2] will be destroyed
  - resource "aws_route_table" "my-vpc-public-rt" {
      - id              = "rtb-0123456789abcdef5" # Example route table ID
      - owner_id        = "012345678901" # Example owner ID
      - propagating_vgws = [] # Example list of propagating VGWs
      - route           = [
          - {
              - cidr_block     = "0.0.0.0/0"
              - nat_gateway_id = "nat-0123456789abcdef2" # Example NAT gateway ID
            },
        ]
      - vpc_id          = "vpc-0e21bc8c7f40c519b" # Example VPC ID
    }

  # module.vpc.aws_route_table.my-vpc-private-rt[0] will be destroyed
  - resource "aws_route_table" "my-vpc-private-rt" {
      - id              = "rtb-0123456789abcdef0" # Example route table ID
      - owner_id        = "012345678901" # Example owner ID
      - propagating_vgws = [] # Example list of propagating VGWs
      - route           = [
          - {
              - cidr_block = "0.0.0.0/0"
              - gateway_id  = "igw-0123456789abcdef0" # Example internet gateway ID
            },
        ]
      - vpc_id          = "vpc-0e21bc8c7f40c519b" # Example VPC ID
    }

  # module.vpc.aws_route_table.my-vpc-private-rt[1] will be destroyed
  - resource "aws_route_table" "my-vpc-private-rt" {
      - id              = "rtb-0123456789abcdef1" # Example route table ID
      - owner_id        = "012345678901" # Example owner ID
      - propagating_vgws = [] # Example list of propagating VGWs
      - route           = [
          - {
              - cidr_block = "0.0.0.0/0"
              - gateway_id  = "igw-0123456789abcdef0" # Example internet gateway ID
            },
        ]
      - vpc_id          = "vpc-0e21bc8c7f40c      519b" # Example VPC ID
    }

  # module.vpc.aws_route_table.my-vpc-private-rt[2] will be destroyed
  - resource "aws_route_table" "my-vpc-private-rt" {
      - id              = "rtb-0123456789abcdef2" # Example route table ID
      - owner_id        = "012345678901" # Example owner ID
      - propagating_vgws = [] # Example list of propagating VGWs
      - route           = [
          - {
              - cidr_block = "0.0.0.0/0"
              - gateway_id  = "igw-0123456789abcdef0" # Example internet gateway ID
            },
        ]
      - vpc_id          = "vpc-0e21bc8c7f40c519b" # Example VPC ID
    }

  # module.vpc.aws_route_table_association.my-vpc-private-subnet[0] will be destroyed
  - resource "aws_route_table_association" "my-vpc-private-subnet" {
      - id             = "rtbassoc-0123456789abcdef0" # Example association ID
      - route_table_id = "rtb-0123456789abcdef0" # Example route table ID
      - subnet_id      = "subnet-0123456789abcdef0" # Example subnet ID
    }

  # module.vpc.aws_route_table_association.my-vpc-private-subnet[1] will be destroyed
  - resource "aws_route_table_association" "my-vpc-private-subnet" {
      - id             = "rtbassoc-0123456789abcdef1" # Example association ID
      - route_table_id = "rtb-0123456789abcdef1" # Example route table ID
      - subnet_id      = "subnet-0123456789abcdef1" # Example subnet ID
    }

  # module.vpc.aws_route_table_association.my-vpc-private-subnet[2] will be destroyed
  - resource "aws_route_table_association" "my-vpc-private-subnet" {
      - id             = "rtbassoc-0123456789abcdef2" # Example association ID
      - route_table_id = "rtb-0123456789abcdef2" # Example route table ID
      - subnet_id      = "subnet-0123456789abcdef2" # Example subnet ID
    }

  # module.vpc.aws_subnet.my-vpc-subnet[0] will be destroyed
  - resource "aws_subnet" "my-vpc-subnet" {
      - arn                             = "arn:aws:ec2:us-east-1:012345678901:subnet/subnet-0123456789abcdef0" # Example subnet ARN
      - assign_ipv6_address_on_creation = false
      - availability_zone               = "us-east-1a"
      - availability_zone_id            = "use1-az1" # Example availability zone ID
      - cidr_block                      = "10.0.0.0/24"
      - id                              = "subnet-0123456789abcdef0" # Example subnet ID
      - ipv6_cidr_block                 = "2001:db8:0::/64" # Example IPv6 CIDR block
      - map_public_ip_on_launch         = true
      - owner_id                        = "012345678901" # Example owner ID
      - vpc_id                          = "vpc-0e21bc8c7f40c519b" # Example VPC ID
    }

  # module.vpc.aws_subnet.my-vpc-subnet[1] will be destroyed
  - resource "aws_subnet" "my-vpc-subnet" {
      - arn                             = "arn:aws:ec2:us-east-1:012345678901:subnet/subnet-0123456789abcdef1" # Example subnet ARN
      - assign_ipv6_address_on_creation = false
      - availability_zone               = "us-east-1b"
      - availability_zone_id            = "use1-az2" # Example availability zone ID
      - cidr_block                      = "10.0.1.0/24"
      - id                              = "subnet-0123456789abcdef1" # Example subnet ID
      - ipv6_cidr_block                 = "2001:db8:1::/64" # Example IPv6 CIDR block
      - map_public_ip_on_launch         = true
      - owner_id                        = "012345678901" # Example owner ID
      - vpc_id                          = "vpc-0e21bc8c7f40c519b" # Example VPC ID
    }

  # module.vpc.aws_subnet.my-vpc-subnet[2] will be destroyed
  - resource "aws_subnet" "my-vpc-subnet" {
      - arn                             = "arn:aws:ec2:us-east-1:012345678901:subnet/subnet-0123456789abcdef2" # Example subnet ARN
      - assign_ipv6_address_on_creation = false
      - availability_zone               = "us-east-1c"
      - availability_zone_id            = "use1-az3" # Example availability zone ID
      - cidr_block                      = "10.0.2.0/24"
      - id                              = "subnet-0123456789abcdef2" # Example subnet ID
      - ipv6_cidr_block                 = "2001:db8:2::/64" # Example IPv6 CIDR block
      - map_public_ip_on_launch         = true
      - owner_id                        = "012345678901" # Example owner ID
      - vpc_id                          = "vpc-0e21bc8c7f40c519b" # Example VPC ID
    }

  # module.vpc.aws_route_table.my-vpc-public-rt[0] will be destroyed
  - resource "aws_route_table" "my-vpc-public-rt" {
      - id              = "rtb-0123456789abcdef3" # Example route table ID
      - owner_id        = "012345678901" # Example owner ID
      - propagating_vgws = [] # Example list of propagating VGWs
      - route           = [
          - {
              - cidr_block     = "0.0.0.0/0"
              - nat_gateway_id = "nat-0123456789abcdef0" # Example NAT gateway ID
            },
        ]
      - vpc_id          = "vpc-0e21bc8c7f40c519b" # Example VPC ID
    }

  # module.vpc.aws_route_table.my-vpc-public-rt[1] will be destroyed
  - resource "aws_route_table" "my-vpc-public-rt" {
      - id              = "rtb-0123456789abcdef4" # Example route table ID
      - owner_id        = "012345678901" # Example owner ID
      - propagating_vgws = [] # Example list of propagating VGWs
      - route           = [
          - {
              - cidr_block     = "0.0.0.0/0"
              - nat_gateway_id = "nat-0123456789abcdef1" # Example NAT gateway ID
            },
        ]
      - vpc_id          = "vpc-0e21bc8c7f40c519b" # Example VPC ID
    }

  # module.vpc.aws_route_table_association.my-vpc-public-subnet[0] will be destroyed
  - resource "aws_route_table_association" "my-vpc-public-subnet" {
      - id             = "rtbassoc-0123456789abcdef3" # Example association ID
      - route_table_id = "rtb-0123456789abcdef3" # Example route table ID
      - subnet_id      = "subnet-0123456789abcdef0" # Example subnet ID
    }

  # module.vpc.aws_route_table_association.my-vpc-public-subnet[1] will be destroyed
  - resource "aws_route_table_association" "my-vpc-public-subnet" {
      - id             = "rtbassoc-0123456789abcdef4" # Example association ID
      - route_table_id = "rtb-0123456789abcdef4" # Example route table ID
      - subnet_id      = "subnet-0123456789abcdef1" # Example subnet ID
    }

  # module.vpc.aws_route_table_association.my-vpc-public-subnet[2] will be destroyed
  - resource "aws_route_table_association" "my-vpc-public-subnet" {
      - id             = "rtbassoc-0123456789abcdef5" # Example association ID
      - route_table_id = "rtb-0123456789abcdef5" # Example route table ID
      - subnet_id      = "subnet-0123456789abcdef2" # Example subnet ID
    }

  # module.vpc.aws_security_group.my-vpc-internal will be destroyed
  - resource "aws_security_group" "my-vpc-internal" {
      - arn                    = "arn:aws:ec2:us-east-1:012345678901:security-group/sg-0123456789abcdef" # Example security group ARN
      - description            = "Security group for internal resources"
      - egress                 = [
          - {
              - cidr_blocks      = [
                  - "0.0.0.0/0",
                ]
              - description       = ""
              - from_port          = 0
              - ipv6_cidr_blocks  = []
              - prefix_list_ids   = []
              - protocol          = "-1"
              - security_groups   = []
              - self              = false
              - to_port            = 0
            },
        ]
      - id                     = "sg-0123456789abcdef" # Example security group ID
      - ingress                = []
      - name                   = "my-vpc-internal"
      - owner_id               = "012345678901" # Example owner ID
      - revoke_rules_on_delete = false
      - tags                   = {
          - "Name" = "my-vpc-internal"
        }
      - vpc_id                 = "vpc-0e21bc8c7f40c519b" # Example VPC ID
    }

  # module.vpc.aws_security_group.my-vpc-public will be destroyed
  - resource "aws_security_group" "my-vpc-public" {
      - arn                    = "arn:aws:ec2:us-east-1:012345678901:security-group/sg-0123456789abcdef" # Example security group ARN
      - description            = "Security group for public resources"
      - egress                 = [
          - {
              - cidr_blocks      = [
                  - "0.0.0.0/0",
                ]
              - description       = ""
              - from_port          = 0
              - ipv6_cidr_blocks  = []
              - prefix_list_ids   = []
              - protocol          = "-1"
              - security_groups   = []
              - self              = false
              - to_port            = 0
            },
        ]
      - id                     = "sg-0123456789abcdef" # Example security group ID
      - ingress                = [
          - {
              - cidr_blocks      = [
                  - "0.0.0.0/0",
                ]
              - description       = "Allow all inbound traffic"
              - from_port          = 0
              - ipv6_cidr_blocks  = []
              - prefix_list_ids   = []
              - protocol          = "-1"
              - security_groups   = []
              - self              = false
              - to_port            = 0
            },
        ]
      - name                   = "my-vpc-public"
      - owner_id               = "012345678901" # Example owner ID
      - revoke_rules_on_delete = false
      - tags                   = {
          - "Name" = "my-vpc-public"
        }
      - vpc_id                 = "vpc-0e21bc8c7f40c519b" # Example VPC ID
    }

  # module.vpc.aws_nat_gateway.my-vpc-nat-gw[0] will be destroyed
  - resource "aws_nat_gateway" "my-vpc-nat-gw" {
      - allocation_id        = "eipalloc-0123456789abcdef0" # Example allocation ID
      - id                   = "nat-0123456789abcdef0" # Example NAT gateway ID
      - network_interface_ids = [
          - "eni-0123456789abcdef0",
        ]
      - private_ip           = "10.0.0.10" # Example private IP address
      - public_ip            = "203.0.113.1" # Example public IP address
      - subnet_id            = "subnet-0123456789abcdef0" # Example subnet ID
      - tags                 = {
          - "Name" = "my-vpc-nat-gw"
        }
    }

  # module.vpc.aws_nat_gateway.my-vpc-nat-gw[1] will be destroyed
  - resource "aws_nat_gateway" "my-vpc-nat-gw" {
      - allocation_id        = "eipalloc-0123456789abcdef1" # Example allocation ID
      - id                   = "nat-0123456789abcdef1" # Example NAT gateway ID
      - network_interface_ids = [
          - "eni-0123456789abcdef1",
        ]
      - private_ip           = "10.0.1.10" # Example private IP address
      - public_ip            = "203.0.113.2" # Example public IP address
      - subnet_id            = "subnet-0123456789abcdef1" # Example subnet ID
      - tags                 = {
          - "Name" = "my-vpc-nat-gw"
        }
    }

  # module.vpc.aws_nat_gateway.my-vpc-nat-gw[2] will be destroyed
  - resource "aws_nat_gateway" "my-vpc-nat-gw" {
      - allocation_id        = "eipalloc-0123456789abcdef2" # Example allocation ID
      - id                   = "nat-0123456789abcdef2" # Example NAT gateway ID
      - network_interface_ids = [
          - "eni-0123456789abcdef2",
        ]
      - private_ip           = "10.0.2.10" # Example private IP address
      - public_ip            = "203.0.113.3" # Example public IP address
      - subnet_id            = "subnet-0123456789abcdef2" # Example subnet ID
      - tags                 = {
          - "Name" = "my-vpc-nat-gw"
        }
    }

  # module.vpc.aws_route_table_association.my-vpc-private-subnet[0] will be destroyed
  - resource "aws_route_table_association" "my-vpc-private-subnet" {
      - id             = "rtbassoc-0123456789abcdef0" # Example ID
      - route_table_id = "rtb-0123456789abcdef0" # Example route table ID
      - subnet_id      = "subnet-0123456789abcdef0" # Example subnet ID
    }

  # module.vpc.aws_route_table_association.my-vpc-private-subnet[1] will be destroyed
  - resource "aws_route_table_association" "my-vpc-private-subnet" {
      - id             = "rtbassoc-0123456789abcdef1" # Example ID
      - route_table_id = "rtb-0123456789abcdef1" # Example route table ID
      - subnet_id      = "subnet-0123456789abcdef1" # Example subnet ID
    }

  # module.vpc.aws_route_table_association.my-vpc-private-subnet[2] will be destroyed
  - resource "aws_route_table_association" "my-vpc-private-subnet" {
      - id             = "rtbassoc-0123456789abcdef2" # Example ID
      - route_table_id = "rtb-0123456789abcdef2" # Example route table ID
      - subnet_id      = "subnet-0123456789abcdef2" # Example subnet ID
    }

  # module.vpc.aws_route_table_association.my-vpc-public-subnet[0] will be destroyed
  - resource "aws_route_table_association" "my-vpc-public-subnet" {
      - id             = "rtbassoc-0123456789abcdef3" # Example ID
      - route_table_id = "rtb-0123456789abcdef3" # Example route table ID
      - subnet_id      = "subnet-0123456789abcdef3" # Example subnet ID
    }

  # module.vpc.aws_route_table_association.my-vpc-public-subnet[1] will be destroyed
  - resource "aws_route_table_association" "my-vpc-public-subnet" {
      - id             = "rtbassoc-0123456789abcdef4" # Example ID
      - route_table_id = "rtb-0123456789abcdef4" # Example route table ID
      - subnet_id      = "subnet-0123456789abcdef4" # Example subnet ID
    }

  # module.vpc.aws_route_table_association.my-vpc-public-subnet[2] will be destroyed
  - resource "aws_route_table_association" "my-vpc-public-subnet" {
      - id             = "rtbassoc-0123456789abcdef5" # Example ID
      - route_table_id = "rtb-0123456789abcdef5" # Example route table ID
      - subnet_id      = "subnet-0123456789abcdef5" # Example subnet ID
    }

  # module.vpc.aws_subnet.my-vpc-subnet[0] will be destroyed
  - resource "aws_subnet" "my-vpc-subnet" {
      - arn                             = "arn:aws:ec2:eu-east-1:012345678901:subnet/subnet-0123456789abcdef0" # Example ARN
      - assign_ipv6_address_on_creation = false
      - availability_zone               = "eu-east-1a"
      - availability_zone_id            = "euaz-0123456789abcdef0" # Example Availability Zone ID
      - cidr_block                      = "10.0.0.0/16"
      - id                              = "subnet-0123456789abcdef0" # Example ID
      - ipv6_cidr_block                 = "2001:db8::/64" # Example IPv6 CIDR block
      - map_public_ip_on_launch         = true
      - owner_id                        = "012345678901" # Example owner ID
      - vpc_id                          = "vpc-0e21bc8c7f40c519b" # Example VPC ID
    }

  # module.vpc.aws_subnet.my-vpc-subnet[1] will be destroyed
  ####### more code here


  # module.vpc.aws_subnet.my-vpc-subnet[2] will be destroyed
  - resource "aws_subnet" "my-vpc-subnet" {
      - arn                             = "arn:aws:ec2:eu-east-1:012345678901:subnet/subnet-0123456789abcdef2" # Example ARN
      - assign_ipv6_address_on_creation = false
      - availability_zone               = "eu-east-1c"
      - availability_zone_id            = "euaz-0123456789abcdef2" # Example Availability Zone ID
      - cidr_block                      = "10.0.0.0/16"
      - id                              = "subnet-0123456789abcdef2" # Example ID
      - ipv6_cidr_block                 = "2001:db8::/64" # Example IPv6 CIDR block
      - map_public_ip_on_launch         = true
      - owner_id                        = "012345678901" # Example owner ID
      - vpc_id                          = "vpc-0e21bc8c7f40c519b" # Example VPC ID
    }

Plan: 23 to add, 0 to change, 23 to destroy.

Changes to Outputs:
  - vpc_id = "vpc-0e21bc8c7f40c519b" -> null

module.vpc: Destroying...
module.vpc: Destruction complete after 2s

Destroy complete! Resources: 23 destroyed.

+ delete_created_files
+ rm -rf task2
++ date
+ echo 'Script completed: Thu Jan 25 18:19:22 UTC 2024'
Script completed: Thu Jan 25 18:19:22 UTC 2024
