[0m[1mdata.http.myip: Reading...[0m[0m
[0m[1mdata.http.myip: Read complete after 1s [id=https://ifconfig.me/ip][0m
[0m[1mdata.aws_availability_zones.avail: Reading...[0m[0m
[0m[1mdata.aws_ami.AL2_latest: Reading...[0m[0m
[0m[1mdata.aws_availability_zones.avail: Read complete after 1s [id=us-east-1][0m
[0m[1mdata.aws_ami.AL2_latest: Read complete after 1s [id=ami-08c97791e66537f23][0m

Terraform used the selected providers to generate the following execution
plan. Resource actions are indicated with the following symbols:
  [32m+[0m create[0m
 [36m<=[0m read (data resources)[0m

Terraform will perform the following actions:

[1m  # data.aws_instances.my_inst[0m will be read during apply
  # (depends on a resource or a module with changes pending)
[0m [36m<=[0m[0m data "aws_instances" "my_inst" {
      [32m+[0m[0m id             = (known after apply)
      [32m+[0m[0m ids            = (known after apply)
      [32m+[0m[0m instance_tags  = (known after apply)
      [32m+[0m[0m ipv6_addresses = (known after apply)
      [32m+[0m[0m private_ips    = (known after apply)
      [32m+[0m[0m public_ips     = (known after apply)

      [32m+[0m[0m filter {
          [32m+[0m[0m name   = "image-id"
          [32m+[0m[0m values = [
              [32m+[0m[0m "ami-08c97791e66537f23",
            ]
        }
    }

[1m  # aws_autoscaling_group.my_asg[0m will be created
[0m  [32m+[0m[0m resource "aws_autoscaling_group" "my_asg" {
      [32m+[0m[0m arn                              = (known after apply)
      [32m+[0m[0m availability_zones               = (known after apply)
      [32m+[0m[0m default_cooldown                 = (known after apply)
      [32m+[0m[0m desired_capacity                 = 2
      [32m+[0m[0m force_delete                     = false
      [32m+[0m[0m force_delete_warm_pool           = false
      [32m+[0m[0m health_check_grace_period        = 300
      [32m+[0m[0m health_check_type                = "ELB"
      [32m+[0m[0m id                               = (known after apply)
      [32m+[0m[0m ignore_failed_scaling_activities = false
      [32m+[0m[0m launch_configuration             = (known after apply)
      [32m+[0m[0m load_balancers                   = [
          [32m+[0m[0m "My-ELB",
        ]
      [32m+[0m[0m max_size                         = 4
      [32m+[0m[0m metrics_granularity              = "1Minute"
      [32m+[0m[0m min_size                         = 2
      [32m+[0m[0m name                             = (known after apply)
      [32m+[0m[0m name_prefix                      = "my_asg"
      [32m+[0m[0m predicted_capacity               = (known after apply)
      [32m+[0m[0m protect_from_scale_in            = false
      [32m+[0m[0m service_linked_role_arn          = (known after apply)
      [32m+[0m[0m target_group_arns                = (known after apply)
      [32m+[0m[0m vpc_zone_identifier              = (known after apply)
      [32m+[0m[0m wait_for_capacity_timeout        = "10m"
      [32m+[0m[0m warm_pool_size                   = (known after apply)
    }

[1m  # aws_autoscaling_policy.scale_in_one[0m will be created
[0m  [32m+[0m[0m resource "aws_autoscaling_policy" "scale_in_one" {
      [32m+[0m[0m adjustment_type         = "ChangeInCapacity"
      [32m+[0m[0m arn                     = (known after apply)
      [32m+[0m[0m autoscaling_group_name  = (known after apply)
      [32m+[0m[0m cooldown                = 300
      [32m+[0m[0m enabled                 = true
      [32m+[0m[0m id                      = (known after apply)
      [32m+[0m[0m metric_aggregation_type = (known after apply)
      [32m+[0m[0m name                    = "delete_one_unit_policy"
      [32m+[0m[0m policy_type             = "SimpleScaling"
      [32m+[0m[0m scaling_adjustment      = -1
    }

[1m  # aws_autoscaling_policy.scale_out_one[0m will be created
[0m  [32m+[0m[0m resource "aws_autoscaling_policy" "scale_out_one" {
      [32m+[0m[0m adjustment_type         = "ChangeInCapacity"
      [32m+[0m[0m arn                     = (known after apply)
      [32m+[0m[0m autoscaling_group_name  = (known after apply)
      [32m+[0m[0m cooldown                = 300
      [32m+[0m[0m enabled                 = true
      [32m+[0m[0m id                      = (known after apply)
      [32m+[0m[0m metric_aggregation_type = (known after apply)
      [32m+[0m[0m name                    = "add_one_unit_policy"
      [32m+[0m[0m policy_type             = "SimpleScaling"
      [32m+[0m[0m scaling_adjustment      = 1
    }

[1m  # aws_cloudwatch_metric_alarm.cpuover60[0m will be created
[0m  [32m+[0m[0m resource "aws_cloudwatch_metric_alarm" "cpuover60" {
      [32m+[0m[0m actions_enabled                       = true
      [32m+[0m[0m alarm_actions                         = (known after apply)
      [32m+[0m[0m alarm_description                     = "This metric monitors ec2 cpu utilization"
      [32m+[0m[0m alarm_name                            = "cpuover60"
      [32m+[0m[0m arn                                   = (known after apply)
      [32m+[0m[0m comparison_operator                   = "GreaterThanThreshold"
      [32m+[0m[0m evaluate_low_sample_count_percentiles = (known after apply)
      [32m+[0m[0m evaluation_periods                    = 2
      [32m+[0m[0m id                                    = (known after apply)
      [32m+[0m[0m metric_name                           = "CPUUtilization"
      [32m+[0m[0m namespace                             = "AWS/EC2"
      [32m+[0m[0m period                                = 60
      [32m+[0m[0m statistic                             = "Average"
      [32m+[0m[0m tags_all                              = (known after apply)
      [32m+[0m[0m threshold                             = 60
      [32m+[0m[0m treat_missing_data                    = "missing"
    }

[1m  # aws_cloudwatch_metric_alarm.cpuunder20[0m will be created
[0m  [32m+[0m[0m resource "aws_cloudwatch_metric_alarm" "cpuunder20" {
      [32m+[0m[0m actions_enabled                       = true
      [32m+[0m[0m alarm_actions                         = (known after apply)
      [32m+[0m[0m alarm_description                     = "This metric monitors ec2 cpu utilization"
      [32m+[0m[0m alarm_name                            = "cpuunder20"
      [32m+[0m[0m arn                                   = (known after apply)
      [32m+[0m[0m comparison_operator                   = "LessThanOrEqualToThreshold"
      [32m+[0m[0m evaluate_low_sample_count_percentiles = (known after apply)
      [32m+[0m[0m evaluation_periods                    = 2
      [32m+[0m[0m id                                    = (known after apply)
      [32m+[0m[0m metric_name                           = "CPUUtilization"
      [32m+[0m[0m namespace                             = "AWS/EC2"
      [32m+[0m[0m period                                = 60
      [32m+[0m[0m statistic                             = "Average"
      [32m+[0m[0m tags_all                              = (known after apply)
      [32m+[0m[0m threshold                             = 20
      [32m+[0m[0m treat_missing_data                    = "missing"
    }

[1m  # aws_db_instance.mysql[0m will be created
[0m  [32m+[0m[0m resource "aws_db_instance" "mysql" {
      [32m+[0m[0m address                               = (known after apply)
      [32m+[0m[0m allocated_storage                     = 20
      [32m+[0m[0m apply_immediately                     = false
      [32m+[0m[0m arn                                   = (known after apply)
      [32m+[0m[0m auto_minor_version_upgrade            = true
      [32m+[0m[0m availability_zone                     = (known after apply)
      [32m+[0m[0m backup_retention_period               = 7
      [32m+[0m[0m backup_target                         = (known after apply)
      [32m+[0m[0m backup_window                         = "00:00-00:30"
      [32m+[0m[0m ca_cert_identifier                    = (known after apply)
      [32m+[0m[0m character_set_name                    = (known after apply)
      [32m+[0m[0m copy_tags_to_snapshot                 = false
      [32m+[0m[0m db_name                               = "dbname"
      [32m+[0m[0m db_subnet_group_name                  = "main"
      [32m+[0m[0m delete_automated_backups              = true
      [32m+[0m[0m enabled_cloudwatch_logs_exports       = [
          [32m+[0m[0m "error",
          [32m+[0m[0m "general",
        ]
      [32m+[0m[0m endpoint                              = (known after apply)
      [32m+[0m[0m engine                                = "mysql"
      [32m+[0m[0m engine_version                        = "8.0.28"
      [32m+[0m[0m engine_version_actual                 = (known after apply)
      [32m+[0m[0m hosted_zone_id                        = (known after apply)
      [32m+[0m[0m id                                    = (known after apply)
      [32m+[0m[0m identifier                            = "mysql"
      [32m+[0m[0m identifier_prefix                     = (known after apply)
      [32m+[0m[0m instance_class                        = "db.t3.medium"
      [32m+[0m[0m iops                                  = (known after apply)
      [32m+[0m[0m kms_key_id                            = (known after apply)
      [32m+[0m[0m latest_restorable_time                = (known after apply)
      [32m+[0m[0m license_model                         = (known after apply)
      [32m+[0m[0m listener_endpoint                     = (known after apply)
      [32m+[0m[0m maintenance_window                    = "sun:21:00-sun:21:30"
      [32m+[0m[0m master_user_secret                    = (known after apply)
      [32m+[0m[0m master_user_secret_kms_key_id         = (known after apply)
      [32m+[0m[0m max_allocated_storage                 = 0
      [32m+[0m[0m monitoring_interval                   = 0
      [32m+[0m[0m monitoring_role_arn                   = (known after apply)
      [32m+[0m[0m multi_az                              = (known after apply)
      [32m+[0m[0m nchar_character_set_name              = (known after apply)
      [32m+[0m[0m network_type                          = (known after apply)
      [32m+[0m[0m option_group_name                     = (known after apply)
      [32m+[0m[0m parameter_group_name                  = (known after apply)
      [32m+[0m[0m password                              = (sensitive value)
      [32m+[0m[0m performance_insights_enabled          = false
      [32m+[0m[0m performance_insights_kms_key_id       = (known after apply)
      [32m+[0m[0m performance_insights_retention_period = (known after apply)
      [32m+[0m[0m port                                  = (known after apply)
      [32m+[0m[0m publicly_accessible                   = false
      [32m+[0m[0m replica_mode                          = (known after apply)
      [32m+[0m[0m replicas                              = (known after apply)
      [32m+[0m[0m resource_id                           = (known after apply)
      [32m+[0m[0m skip_final_snapshot                   = true
      [32m+[0m[0m snapshot_identifier                   = (known after apply)
      [32m+[0m[0m status                                = (known after apply)
      [32m+[0m[0m storage_throughput                    = (known after apply)
      [32m+[0m[0m storage_type                          = "gp2"
      [32m+[0m[0m tags_all                              = (known after apply)
      [32m+[0m[0m timezone                              = (known after apply)
      [32m+[0m[0m username                              = "username"
      [32m+[0m[0m vpc_security_group_ids                = (known after apply)
    }

[1m  # aws_db_subnet_group.default[0m will be created
[0m  [32m+[0m[0m resource "aws_db_subnet_group" "default" {
      [32m+[0m[0m arn                     = (known after apply)
      [32m+[0m[0m description             = "Managed by Terraform"
      [32m+[0m[0m id                      = (known after apply)
      [32m+[0m[0m name                    = "main"
      [32m+[0m[0m name_prefix             = (known after apply)
      [32m+[0m[0m subnet_ids              = (known after apply)
      [32m+[0m[0m supported_network_types = (known after apply)
      [32m+[0m[0m tags_all                = (known after apply)
      [32m+[0m[0m vpc_id                  = (known after apply)
    }

[1m  # aws_efs_file_system.myefs[0m will be created
[0m  [32m+[0m[0m resource "aws_efs_file_system" "myefs" {
      [32m+[0m[0m arn                     = (known after apply)
      [32m+[0m[0m availability_zone_id    = (known after apply)
      [32m+[0m[0m availability_zone_name  = (known after apply)
      [32m+[0m[0m creation_token          = (known after apply)
      [32m+[0m[0m dns_name                = (known after apply)
      [32m+[0m[0m encrypted               = true
      [32m+[0m[0m id                      = (known after apply)
      [32m+[0m[0m kms_key_id              = (known after apply)
      [32m+[0m[0m name                    = (known after apply)
      [32m+[0m[0m number_of_mount_targets = (known after apply)
      [32m+[0m[0m owner_id                = (known after apply)
      [32m+[0m[0m performance_mode        = (known after apply)
      [32m+[0m[0m size_in_bytes           = (known after apply)
      [32m+[0m[0m tags                    = {
          [32m+[0m[0m "Name" = "MyEFS"
        }
      [32m+[0m[0m tags_all                = {
          [32m+[0m[0m "Name" = "MyEFS"
        }
      [32m+[0m[0m throughput_mode         = "bursting"
    }

[1m  # aws_efs_mount_target.crud_mt_az_1[0m will be created
[0m  [32m+[0m[0m resource "aws_efs_mount_target" "crud_mt_az_1" {
      [32m+[0m[0m availability_zone_id   = (known after apply)
      [32m+[0m[0m availability_zone_name = (known after apply)
      [32m+[0m[0m dns_name               = (known after apply)
      [32m+[0m[0m file_system_arn        = (known after apply)
      [32m+[0m[0m file_system_id         = (known after apply)
      [32m+[0m[0m id                     = (known after apply)
      [32m+[0m[0m ip_address             = (known after apply)
      [32m+[0m[0m mount_target_dns_name  = (known after apply)
      [32m+[0m[0m network_interface_id   = (known after apply)
      [32m+[0m[0m owner_id               = (known after apply)
      [32m+[0m[0m security_groups        = (known after apply)
      [32m+[0m[0m subnet_id              = (known after apply)
    }

[1m  # aws_efs_mount_target.crud_mt_az_2[0m will be created
[0m  [32m+[0m[0m resource "aws_efs_mount_target" "crud_mt_az_2" {
      [32m+[0m[0m availability_zone_id   = (known after apply)
      [32m+[0m[0m availability_zone_name = (known after apply)
      [32m+[0m[0m dns_name               = (known after apply)
      [32m+[0m[0m file_system_arn        = (known after apply)
      [32m+[0m[0m file_system_id         = (known after apply)
      [32m+[0m[0m id                     = (known after apply)
      [32m+[0m[0m ip_address             = (known after apply)
      [32m+[0m[0m mount_target_dns_name  = (known after apply)
      [32m+[0m[0m network_interface_id   = (known after apply)
      [32m+[0m[0m owner_id               = (known after apply)
      [32m+[0m[0m security_groups        = (known after apply)
      [32m+[0m[0m subnet_id              = (known after apply)
    }

[1m  # aws_elb.my_elb[0m will be created
[0m  [32m+[0m[0m resource "aws_elb" "my_elb" {
      [32m+[0m[0m arn                         = (known after apply)
      [32m+[0m[0m availability_zones          = (known after apply)
      [32m+[0m[0m connection_draining         = false
      [32m+[0m[0m connection_draining_timeout = 300
      [32m+[0m[0m cross_zone_load_balancing   = true
      [32m+[0m[0m desync_mitigation_mode      = "defensive"
      [32m+[0m[0m dns_name                    = (known after apply)
      [32m+[0m[0m id                          = (known after apply)
      [32m+[0m[0m idle_timeout                = 60
      [32m+[0m[0m instances                   = (known after apply)
      [32m+[0m[0m internal                    = (known after apply)
      [32m+[0m[0m name                        = "My-ELB"
      [32m+[0m[0m name_prefix                 = (known after apply)
      [32m+[0m[0m security_groups             = (known after apply)
      [32m+[0m[0m source_security_group       = (known after apply)
      [32m+[0m[0m source_security_group_id    = (known after apply)
      [32m+[0m[0m subnets                     = (known after apply)
      [32m+[0m[0m tags_all                    = (known after apply)
      [32m+[0m[0m zone_id                     = (known after apply)

      [32m+[0m[0m health_check {
          [32m+[0m[0m healthy_threshold   = 2
          [32m+[0m[0m interval            = 20
          [32m+[0m[0m target              = "TCP:80"
          [32m+[0m[0m timeout             = 5
          [32m+[0m[0m unhealthy_threshold = 2
        }

      [32m+[0m[0m listener {
          [32m+[0m[0m instance_port     = 80
          [32m+[0m[0m instance_protocol = "http"
          [32m+[0m[0m lb_port           = 80
          [32m+[0m[0m lb_protocol       = "http"
        }
    }

[1m  # aws_internet_gateway.mygw[0m will be created
[0m  [32m+[0m[0m resource "aws_internet_gateway" "mygw" {
      [32m+[0m[0m arn      = (known after apply)
      [32m+[0m[0m id       = (known after apply)
      [32m+[0m[0m owner_id = (known after apply)
      [32m+[0m[0m tags     = {
          [32m+[0m[0m "Name" = "MyIG"
        }
      [32m+[0m[0m tags_all = {
          [32m+[0m[0m "Name" = "MyIG"
        }
      [32m+[0m[0m vpc_id   = (known after apply)
    }

[1m  # aws_launch_configuration.my_conf[0m will be created
[0m  [32m+[0m[0m resource "aws_launch_configuration" "my_conf" {
      [32m+[0m[0m arn                         = (known after apply)
      [32m+[0m[0m associate_public_ip_address = true
      [32m+[0m[0m ebs_optimized               = (known after apply)
      [32m+[0m[0m enable_monitoring           = true
      [32m+[0m[0m id                          = (known after apply)
      [32m+[0m[0m image_id                    = "ami-08c97791e66537f23"
      [32m+[0m[0m instance_type               = "t3.medium"
      [32m+[0m[0m key_name                    = "j2"
      [32m+[0m[0m name                        = (known after apply)
      [32m+[0m[0m name_prefix                 = "My Launch Config with WP"
      [32m+[0m[0m security_groups             = (known after apply)
      [32m+[0m[0m user_data                   = (known after apply)

      [32m+[0m[0m root_block_device {
          [32m+[0m[0m delete_on_termination = true
          [32m+[0m[0m encrypted             = false
          [32m+[0m[0m iops                  = (known after apply)
          [32m+[0m[0m throughput            = (known after apply)
          [32m+[0m[0m volume_size           = 8
          [32m+[0m[0m volume_type           = "gp2"
        }
    }

[1m  # aws_route.route_to_ig[0m will be created
[0m  [32m+[0m[0m resource "aws_route" "route_to_ig" {
      [32m+[0m[0m destination_cidr_block = "0.0.0.0/0"
      [32m+[0m[0m gateway_id             = (known after apply)
      [32m+[0m[0m id                     = (known after apply)
      [32m+[0m[0m instance_id            = (known after apply)
      [32m+[0m[0m instance_owner_id      = (known after apply)
      [32m+[0m[0m network_interface_id   = (known after apply)
      [32m+[0m[0m origin                 = (known after apply)
      [32m+[0m[0m route_table_id         = (known after apply)
      [32m+[0m[0m state                  = (known after apply)
    }

[1m  # aws_route_table_association.crud_rt_az_1[0m will be created
[0m  [32m+[0m[0m resource "aws_route_table_association" "crud_rt_az_1" {
      [32m+[0m[0m id             = (known after apply)
      [32m+[0m[0m route_table_id = (known after apply)
      [32m+[0m[0m subnet_id      = (known after apply)
    }

[1m  # aws_route_table_association.crud_rt_az_2[0m will be created
[0m  [32m+[0m[0m resource "aws_route_table_association" "crud_rt_az_2" {
      [32m+[0m[0m id             = (known after apply)
      [32m+[0m[0m route_table_id = (known after apply)
      [32m+[0m[0m subnet_id      = (known after apply)
    }

[1m  # aws_security_group.SG_for_EC2[0m will be created
[0m  [32m+[0m[0m resource "aws_security_group" "SG_for_EC2" {
      [32m+[0m[0m arn                    = (known after apply)
      [32m+[0m[0m description            = "Allow traffic for EC2 from ELB"
      [32m+[0m[0m egress                 = [
          [32m+[0m[0m {
              [32m+[0m[0m cidr_blocks      = [
                  [32m+[0m[0m "0.0.0.0/0",
                ]
              [32m+[0m[0m description      = ""
              [32m+[0m[0m from_port        = 0
              [32m+[0m[0m ipv6_cidr_blocks = []
              [32m+[0m[0m prefix_list_ids  = []
              [32m+[0m[0m protocol         = "-1"
              [32m+[0m[0m security_groups  = []
              [32m+[0m[0m self             = false
              [32m+[0m[0m to_port          = 0
            },
        ]
      [32m+[0m[0m id                     = (known after apply)
      [32m+[0m[0m ingress                = [
          [32m+[0m[0m {
              [32m+[0m[0m cidr_blocks      = [
                  [32m+[0m[0m "178.150.20.173/32",
                ]
              [32m+[0m[0m description      = "SSH from my IP"
              [32m+[0m[0m from_port        = 22
              [32m+[0m[0m ipv6_cidr_blocks = []
              [32m+[0m[0m prefix_list_ids  = []
              [32m+[0m[0m protocol         = "tcp"
              [32m+[0m[0m security_groups  = []
              [32m+[0m[0m self             = false
              [32m+[0m[0m to_port          = 22
            },
          [32m+[0m[0m {
              [32m+[0m[0m cidr_blocks      = []
              [32m+[0m[0m description      = "Allow inbound traffic on the 80 port from ELB"
              [32m+[0m[0m from_port        = 80
              [32m+[0m[0m ipv6_cidr_blocks = []
              [32m+[0m[0m prefix_list_ids  = []
              [32m+[0m[0m protocol         = "tcp"
              [32m+[0m[0m security_groups  = (known after apply)
              [32m+[0m[0m self             = false
              [32m+[0m[0m to_port          = 80
            },
        ]
      [32m+[0m[0m name                   = "SG_for_EC2"
      [32m+[0m[0m name_prefix            = (known after apply)
      [32m+[0m[0m owner_id               = (known after apply)
      [32m+[0m[0m revoke_rules_on_delete = false
      [32m+[0m[0m tags_all               = (known after apply)
      [32m+[0m[0m vpc_id                 = (known after apply)
    }

[1m  # aws_security_group.SG_for_EFS[0m will be created
[0m  [32m+[0m[0m resource "aws_security_group" "SG_for_EFS" {
      [32m+[0m[0m arn                    = (known after apply)
      [32m+[0m[0m description            = "Allow NFS inbound traffic"
      [32m+[0m[0m egress                 = [
          [32m+[0m[0m {
              [32m+[0m[0m cidr_blocks      = [
                  [32m+[0m[0m "0.0.0.0/0",
                ]
              [32m+[0m[0m description      = ""
              [32m+[0m[0m from_port        = 0
              [32m+[0m[0m ipv6_cidr_blocks = []
              [32m+[0m[0m prefix_list_ids  = []
              [32m+[0m[0m protocol         = "-1"
              [32m+[0m[0m security_groups  = []
              [32m+[0m[0m self             = false
              [32m+[0m[0m to_port          = 0
            },
        ]
      [32m+[0m[0m id                     = (known after apply)
      [32m+[0m[0m ingress                = [
          [32m+[0m[0m {
              [32m+[0m[0m cidr_blocks      = []
              [32m+[0m[0m description      = "NFS from EC2"
              [32m+[0m[0m from_port        = 2049
              [32m+[0m[0m ipv6_cidr_blocks = []
              [32m+[0m[0m prefix_list_ids  = []
              [32m+[0m[0m protocol         = "tcp"
              [32m+[0m[0m security_groups  = (known after apply)
              [32m+[0m[0m self             = false
              [32m+[0m[0m to_port          = 2049
            },
        ]
      [32m+[0m[0m name                   = "SG_for_EFS"
      [32m+[0m[0m name_prefix            = (known after apply)
      [32m+[0m[0m owner_id               = (known after apply)
      [32m+[0m[0m revoke_rules_on_delete = false
      [32m+[0m[0m tags_all               = (known after apply)
      [32m+[0m[0m vpc_id                 = (known after apply)
    }

[1m  # aws_security_group.SG_for_ELB[0m will be created
[0m  [32m+[0m[0m resource "aws_security_group" "SG_for_ELB" {
      [32m+[0m[0m arn                    = (known after apply)
      [32m+[0m[0m description            = "Allow 80 port inbound traffic"
      [32m+[0m[0m egress                 = [
          [32m+[0m[0m {
              [32m+[0m[0m cidr_blocks      = [
                  [32m+[0m[0m "0.0.0.0/0",
                ]
              [32m+[0m[0m description      = ""
              [32m+[0m[0m from_port        = 0
              [32m+[0m[0m ipv6_cidr_blocks = []
              [32m+[0m[0m prefix_list_ids  = []
              [32m+[0m[0m protocol         = "-1"
              [32m+[0m[0m security_groups  = []
              [32m+[0m[0m self             = false
              [32m+[0m[0m to_port          = 0
            },
        ]
      [32m+[0m[0m id                     = (known after apply)
      [32m+[0m[0m ingress                = [
          [32m+[0m[0m {
              [32m+[0m[0m cidr_blocks      = [
                  [32m+[0m[0m "0.0.0.0/0",
                ]
              [32m+[0m[0m description      = "HTTP from anywhere"
              [32m+[0m[0m from_port        = 80
              [32m+[0m[0m ipv6_cidr_blocks = []
              [32m+[0m[0m prefix_list_ids  = []
              [32m+[0m[0m protocol         = "tcp"
              [32m+[0m[0m security_groups  = []
              [32m+[0m[0m self             = false
              [32m+[0m[0m to_port          = 80
            },
        ]
      [32m+[0m[0m name                   = "SG_for_ELB"
      [32m+[0m[0m name_prefix            = (known after apply)
      [32m+[0m[0m owner_id               = (known after apply)
      [32m+[0m[0m revoke_rules_on_delete = false
      [32m+[0m[0m tags_all               = (known after apply)
      [32m+[0m[0m vpc_id                 = (known after apply)
    }

[1m  # aws_security_group.SG_for_RDS[0m will be created
[0m  [32m+[0m[0m resource "aws_security_group" "SG_for_RDS" {
      [32m+[0m[0m arn                    = (known after apply)
      [32m+[0m[0m description            = "Allow MySQL inbound traffic"
      [32m+[0m[0m egress                 = [
          [32m+[0m[0m {
              [32m+[0m[0m cidr_blocks      = [
                  [32m+[0m[0m "0.0.0.0/0",
                ]
              [32m+[0m[0m description      = ""
              [32m+[0m[0m from_port        = 0
              [32m+[0m[0m ipv6_cidr_blocks = []
              [32m+[0m[0m prefix_list_ids  = []
              [32m+[0m[0m protocol         = "-1"
              [32m+[0m[0m security_groups  = []
              [32m+[0m[0m self             = false
              [32m+[0m[0m to_port          = 0
            },
        ]
      [32m+[0m[0m id                     = (known after apply)
      [32m+[0m[0m ingress                = [
          [32m+[0m[0m {
              [32m+[0m[0m cidr_blocks      = []
              [32m+[0m[0m description      = "RDS from EC2"
              [32m+[0m[0m from_port        = 3306
              [32m+[0m[0m ipv6_cidr_blocks = []
              [32m+[0m[0m prefix_list_ids  = []
              [32m+[0m[0m protocol         = "tcp"
              [32m+[0m[0m security_groups  = (known after apply)
              [32m+[0m[0m self             = false
              [32m+[0m[0m to_port          = 3306
            },
        ]
      [32m+[0m[0m name                   = "SG_for_RDS"
      [32m+[0m[0m name_prefix            = (known after apply)
      [32m+[0m[0m owner_id               = (known after apply)
      [32m+[0m[0m revoke_rules_on_delete = false
      [32m+[0m[0m tags_all               = (known after apply)
      [32m+[0m[0m vpc_id                 = (known after apply)
    }

[1m  # aws_subnet.subnet_az_1[0m will be created
[0m  [32m+[0m[0m resource "aws_subnet" "subnet_az_1" {
      [32m+[0m[0m arn                                            = (known after apply)
      [32m+[0m[0m assign_ipv6_address_on_creation                = false
      [32m+[0m[0m availability_zone                              = "us-east-1a"
      [32m+[0m[0m availability_zone_id                           = (known after apply)
      [32m+[0m[0m cidr_block                                     = "10.0.1.0/24"
      [32m+[0m[0m enable_dns64                                   = false
      [32m+[0m[0m enable_resource_name_dns_a_record_on_launch    = false
      [32m+[0m[0m enable_resource_name_dns_aaaa_record_on_launch = false
      [32m+[0m[0m id                                             = (known after apply)
      [32m+[0m[0m ipv6_cidr_block_association_id                 = (known after apply)
      [32m+[0m[0m ipv6_native                                    = false
      [32m+[0m[0m map_public_ip_on_launch                        = false
      [32m+[0m[0m owner_id                                       = (known after apply)
      [32m+[0m[0m private_dns_hostname_type_on_launch            = (known after apply)
      [32m+[0m[0m tags                                           = {
          [32m+[0m[0m "Name" = "us-east-1a"
        }
      [32m+[0m[0m tags_all                                       = {
          [32m+[0m[0m "Name" = "us-east-1a"
        }
      [32m+[0m[0m vpc_id                                         = (known after apply)
    }

[1m  # aws_subnet.subnet_az_2[0m will be created
[0m  [32m+[0m[0m resource "aws_subnet" "subnet_az_2" {
      [32m+[0m[0m arn                                            = (known after apply)
      [32m+[0m[0m assign_ipv6_address_on_creation                = false
      [32m+[0m[0m availability_zone                              = "us-east-1b"
      [32m+[0m[0m availability_zone_id                           = (known after apply)
      [32m+[0m[0m cidr_block                                     = "10.0.2.0/24"
      [32m+[0m[0m enable_dns64                                   = false
      [32m+[0m[0m enable_resource_name_dns_a_record_on_launch    = false
      [32m+[0m[0m enable_resource_name_dns_aaaa_record_on_launch = false
      [32m+[0m[0m id                                             = (known after apply)
      [32m+[0m[0m ipv6_cidr_block_association_id                 = (known after apply)
      [32m+[0m[0m ipv6_native                                    = false
      [32m+[0m[0m map_public_ip_on_launch                        = false
      [32m+[0m[0m owner_id                                       = (known after apply)
      [32m+[0m[0m private_dns_hostname_type_on_launch            = (known after apply)
      [32m+[0m[0m tags                                           = {
          [32m+[0m[0m "Name" = "us-east-1b"
        }
      [32m+[0m[0m tags_all                                       = {
          [32m+[0m[0m "Name" = "us-east-1b"
        }
      [32m+[0m[0m vpc_id                                         = (known after apply)
    }

[1m  # aws_vpc.crud_vpc[0m will be created
[0m  [32m+[0m[0m resource "aws_vpc" "crud_vpc" {
      [32m+[0m[0m arn                                  = (known after apply)
      [32m+[0m[0m cidr_block                           = "10.0.0.0/16"
      [32m+[0m[0m default_network_acl_id               = (known after apply)
      [32m+[0m[0m default_route_table_id               = (known after apply)
      [32m+[0m[0m default_security_group_id            = (known after apply)
      [32m+[0m[0m dhcp_options_id                      = (known after apply)
      [32m+[0m[0m enable_dns_hostnames                 = true
      [32m+[0m[0m enable_dns_support                   = true
      [32m+[0m[0m enable_network_address_usage_metrics = (known after apply)
      [32m+[0m[0m id                                   = (known after apply)
      [32m+[0m[0m instance_tenancy                     = "default"
      [32m+[0m[0m ipv6_association_id                  = (known after apply)
      [32m+[0m[0m ipv6_cidr_block                      = (known after apply)
      [32m+[0m[0m ipv6_cidr_block_network_border_group = (known after apply)
      [32m+[0m[0m main_route_table_id                  = (known after apply)
      [32m+[0m[0m owner_id                             = (known after apply)
      [32m+[0m[0m tags                                 = {
          [32m+[0m[0m "Name" = "crud_vpc"
        }
      [32m+[0m[0m tags_all                             = {
          [32m+[0m[0m "Name" = "crud_vpc"
        }
    }

[1m  # local_file.playbook[0m will be created
[0m  [32m+[0m[0m resource "local_file" "playbook" {
      [32m+[0m[0m content              = (known after apply)
      [32m+[0m[0m content_base64sha256 = (known after apply)
      [32m+[0m[0m content_base64sha512 = (known after apply)
      [32m+[0m[0m content_md5          = (known after apply)
      [32m+[0m[0m content_sha1         = (known after apply)
      [32m+[0m[0m content_sha256       = (known after apply)
      [32m+[0m[0m content_sha512       = (known after apply)
      [32m+[0m[0m directory_permission = "0777"
      [32m+[0m[0m file_permission      = "0777"
      [32m+[0m[0m filename             = "../ansible/crud.yaml"
      [32m+[0m[0m id                   = (known after apply)
    }

[1m  # local_file.servers[0m will be created
[0m  [32m+[0m[0m resource "local_file" "servers" {
      [32m+[0m[0m content              = (known after apply)
      [32m+[0m[0m content_base64sha256 = (known after apply)
      [32m+[0m[0m content_base64sha512 = (known after apply)
      [32m+[0m[0m content_md5          = (known after apply)
      [32m+[0m[0m content_sha1         = (known after apply)
      [32m+[0m[0m content_sha256       = (known after apply)
      [32m+[0m[0m content_sha512       = (known after apply)
      [32m+[0m[0m directory_permission = "0777"
      [32m+[0m[0m file_permission      = "0777"
      [32m+[0m[0m filename             = "../ansible/hosts"
      [32m+[0m[0m id                   = (known after apply)
    }

[1m  # local_file.userdata_init[0m will be created
[0m  [32m+[0m[0m resource "local_file" "userdata_init" {
      [32m+[0m[0m content              = (known after apply)
      [32m+[0m[0m content_base64sha256 = (known after apply)
      [32m+[0m[0m content_base64sha512 = (known after apply)
      [32m+[0m[0m content_md5          = (known after apply)
      [32m+[0m[0m content_sha1         = (known after apply)
      [32m+[0m[0m content_sha256       = (known after apply)
      [32m+[0m[0m content_sha512       = (known after apply)
      [32m+[0m[0m directory_permission = "0777"
      [32m+[0m[0m file_permission      = "0777"
      [32m+[0m[0m filename             = "./userdata.sh"
      [32m+[0m[0m id                   = (known after apply)
    }

[1m  # null_resource.ansible[0m will be created
[0m  [32m+[0m[0m resource "null_resource" "ansible" {
      [32m+[0m[0m id = (known after apply)
    }

[1mPlan:[0m 27 to add, 0 to change, 0 to destroy.
[0m
Changes to Outputs:
  [32m+[0m[0m efs_dns_name = (known after apply)
  [32m+[0m[0m rds_endpoint = (known after apply)
[0m[1maws_efs_file_system.myefs: Creating...[0m[0m
[0m[1maws_vpc.crud_vpc: Creating...[0m[0m
[0m[1maws_efs_file_system.myefs: Creation complete after 7s [id=fs-0304859e42deedbf1][0m
[0m[1mlocal_file.userdata_init: Creating...[0m[0m
[0m[1mlocal_file.userdata_init: Creation complete after 0s [id=8474f157b85ef4d796dfd6df9d014c0157d29656][0m
[0m[1maws_vpc.crud_vpc: Still creating... [11s elapsed][0m[0m
[0m[1maws_vpc.crud_vpc: Creation complete after 14s [id=vpc-0b04c113a8957ecf8][0m
[0m[1maws_security_group.SG_for_ELB: Creating...[0m[0m
[0m[1maws_internet_gateway.mygw: Creating...[0m[0m
[0m[1maws_subnet.subnet_az_2: Creating...[0m[0m
[0m[1maws_subnet.subnet_az_1: Creating...[0m[0m
[0m[1maws_subnet.subnet_az_2: Creation complete after 1s [id=subnet-0036c079a2c816c6b][0m
[0m[1maws_subnet.subnet_az_1: Creation complete after 1s [id=subnet-0ac199e3744a3984e][0m
[0m[1maws_internet_gateway.mygw: Creation complete after 1s [id=igw-0528d2eafcd8da45b][0m
[0m[1maws_route_table_association.crud_rt_az_2: Creating...[0m[0m
[0m[1maws_db_subnet_group.default: Creating...[0m[0m
[0m[1maws_route.route_to_ig: Creating...[0m[0m
[0m[1maws_route_table_association.crud_rt_az_1: Creating...[0m[0m
[0m[1maws_route_table_association.crud_rt_az_2: Creation complete after 1s [id=rtbassoc-06e93245078090022][0m
[0m[1maws_route_table_association.crud_rt_az_1: Creation complete after 1s [id=rtbassoc-0506e2406620a3b27][0m
[0m[1maws_route.route_to_ig: Creation complete after 1s [id=r-rtb-0be8a3eef5cd0e7361080289494][0m
[0m[1maws_db_subnet_group.default: Creation complete after 2s [id=main][0m
[0m[1maws_security_group.SG_for_ELB: Creation complete after 3s [id=sg-01ccab76f0e69d68d][0m
[0m[1maws_elb.my_elb: Creating...[0m[0m
[0m[1maws_security_group.SG_for_EC2: Creating...[0m[0m
[0m[1maws_security_group.SG_for_EC2: Creation complete after 4s [id=sg-07f3732f2f4ccf94f][0m
[0m[1maws_launch_configuration.my_conf: Creating...[0m[0m
[0m[1maws_security_group.SG_for_EFS: Creating...[0m[0m
[0m[1maws_security_group.SG_for_RDS: Creating...[0m[0m
[0m[1maws_launch_configuration.my_conf: Creation complete after 1s [id=My Launch Config with WP20231212140244742300000002][0m
[0m[1maws_elb.my_elb: Creation complete after 10s [id=My-ELB][0m
[0m[1maws_security_group.SG_for_EFS: Creation complete after 6s [id=sg-0b3f6969867dffcae][0m
[0m[1maws_efs_mount_target.crud_mt_az_1: Creating...[0m[0m
[0m[1maws_efs_mount_target.crud_mt_az_2: Creating...[0m[0m
[0m[1maws_security_group.SG_for_RDS: Creation complete after 7s [id=sg-04b63eec4af50d449][0m
[0m[1maws_db_instance.mysql: Creating...[0m[0m
[0m[1maws_efs_mount_target.crud_mt_az_1: Still creating... [10s elapsed][0m[0m
[0m[1maws_efs_mount_target.crud_mt_az_2: Still creating... [10s elapsed][0m[0m
[0m[1maws_db_instance.mysql: Still creating... [10s elapsed][0m[0m
[0m[1maws_efs_mount_target.crud_mt_az_1: Still creating... [20s elapsed][0m[0m
[0m[1maws_efs_mount_target.crud_mt_az_2: Still creating... [20s elapsed][0m[0m
[0m[1maws_db_instance.mysql: Still creating... [20s elapsed][0m[0m
[0m[1maws_efs_mount_target.crud_mt_az_2: Still creating... [30s elapsed][0m[0m
[0m[1maws_efs_mount_target.crud_mt_az_1: Still creating... [30s elapsed][0m[0m
[0m[1maws_db_instance.mysql: Still creating... [30s elapsed][0m[0m
[0m[1maws_efs_mount_target.crud_mt_az_1: Still creating... [40s elapsed][0m[0m
[0m[1maws_efs_mount_target.crud_mt_az_2: Still creating... [40s elapsed][0m[0m
[0m[1maws_db_instance.mysql: Still creating... [40s elapsed][0m[0m
[0m[1maws_efs_mount_target.crud_mt_az_2: Still creating... [50s elapsed][0m[0m
[0m[1maws_efs_mount_target.crud_mt_az_1: Still creating... [50s elapsed][0m[0m
[0m[1maws_db_instance.mysql: Still creating... [50s elapsed][0m[0m
[0m[1maws_efs_mount_target.crud_mt_az_1: Still creating... [1m0s elapsed][0m[0m
[0m[1maws_efs_mount_target.crud_mt_az_2: Still creating... [1m0s elapsed][0m[0m
[0m[1maws_db_instance.mysql: Still creating... [1m0s elapsed][0m[0m
[0m[1maws_efs_mount_target.crud_mt_az_2: Still creating... [1m10s elapsed][0m[0m
[0m[1maws_efs_mount_target.crud_mt_az_1: Still creating... [1m10s elapsed][0m[0m
[0m[1maws_db_instance.mysql: Still creating... [1m10s elapsed][0m[0m
[0m[1maws_efs_mount_target.crud_mt_az_1: Creation complete after 1m14s [id=fsmt-08eb757c194cff5e0][0m
[0m[1maws_efs_mount_target.crud_mt_az_2: Creation complete after 1m15s [id=fsmt-0aef678d3bc5798ef][0m
[0m[1maws_autoscaling_group.my_asg: Creating...[0m[0m
[0m[1maws_db_instance.mysql: Still creating... [1m20s elapsed][0m[0m
[0m[1maws_autoscaling_group.my_asg: Still creating... [10s elapsed][0m[0m
[0m[1maws_db_instance.mysql: Still creating... [1m30s elapsed][0m[0m
[0m[1maws_autoscaling_group.my_asg: Still creating... [20s elapsed][0m[0m
[0m[1maws_autoscaling_group.my_asg: Creation complete after 21s [id=my_asg20231212140406076800000003][0m
[0m[1mdata.aws_instances.my_inst: Reading...[0m[0m
[0m[1maws_autoscaling_policy.scale_in_one: Creating...[0m[0m
[0m[1maws_autoscaling_policy.scale_out_one: Creating...[0m[0m
[0m[1mdata.aws_instances.my_inst: Read complete after 0s [id=us-east-1][0m
[0m[1maws_autoscaling_policy.scale_out_one: Creation complete after 0s [id=add_one_unit_policy][0m
[0m[1maws_autoscaling_policy.scale_in_one: Creation complete after 0s [id=delete_one_unit_policy][0m
[0m[1mlocal_file.servers: Creating...[0m[0m
[0m[1maws_cloudwatch_metric_alarm.cpuover60: Creating...[0m[0m
[0m[1mlocal_file.servers: Creation complete after 0s [id=81d8466ba49caf6a7ee398253e444b0b2aac0742][0m
[0m[1maws_cloudwatch_metric_alarm.cpuunder20: Creating...[0m[0m
[0m[1maws_cloudwatch_metric_alarm.cpuover60: Creation complete after 1s [id=cpuover60][0m
[0m[1maws_cloudwatch_metric_alarm.cpuunder20: Creation complete after 1s [id=cpuunder20][0m
[0m[1maws_db_instance.mysql: Still creating... [1m40s elapsed][0m[0m
[0m[1maws_db_instance.mysql: Still creating... [1m50s elapsed][0m[0m
[0m[1maws_db_instance.mysql: Still creating... [2m0s elapsed][0m[0m
[0m[1maws_db_instance.mysql: Still creating... [2m10s elapsed][0m[0m
[0m[1maws_db_instance.mysql: Still creating... [2m20s elapsed][0m[0m
[0m[1maws_db_instance.mysql: Still creating... [2m30s elapsed][0m[0m
[0m[1maws_db_instance.mysql: Still creating... [2m40s elapsed][0m[0m
[0m[1maws_db_instance.mysql: Still creating... [2m50s elapsed][0m[0m
[0m[1maws_db_instance.mysql: Still creating... [3m0s elapsed][0m[0m
[0m[1maws_db_instance.mysql: Still creating... [3m10s elapsed][0m[0m
[0m[1maws_db_instance.mysql: Still creating... [3m20s elapsed][0m[0m
[0m[1maws_db_instance.mysql: Still creating... [3m30s elapsed][0m[0m
[0m[1maws_db_instance.mysql: Still creating... [3m40s elapsed][0m[0m
[0m[1maws_db_instance.mysql: Still creating... [3m50s elapsed][0m[0m
[0m[1maws_db_instance.mysql: Still creating... [4m0s elapsed][0m[0m
[0m[1maws_db_instance.mysql: Still creating... [4m10s elapsed][0m[0m
[0m[1maws_db_instance.mysql: Still creating... [4m20s elapsed][0m[0m
[0m[1maws_db_instance.mysql: Still creating... [4m30s elapsed][0m[0m
[0m[1maws_db_instance.mysql: Still creating... [4m40s elapsed][0m[0m
[0m[1maws_db_instance.mysql: Still creating... [4m50s elapsed][0m[0m
[0m[1maws_db_instance.mysql: Still creating... [5m0s elapsed][0m[0m
[0m[1maws_db_instance.mysql: Still creating... [5m10s elapsed][0m[0m
[0m[1maws_db_instance.mysql: Still creating... [5m20s elapsed][0m[0m
[0m[1maws_db_instance.mysql: Still creating... [5m30s elapsed][0m[0m
[0m[1maws_db_instance.mysql: Still creating... [5m40s elapsed][0m[0m
[0m[1maws_db_instance.mysql: Still creating... [5m50s elapsed][0m[0m
[0m[1maws_db_instance.mysql: Still creating... [6m0s elapsed][0m[0m
[0m[1maws_db_instance.mysql: Still creating... [6m10s elapsed][0m[0m
[0m[1maws_db_instance.mysql: Still creating... [6m20s elapsed][0m[0m
[0m[1maws_db_instance.mysql: Still creating... [6m30s elapsed][0m[0m
[0m[1maws_db_instance.mysql: Still creating... [6m40s elapsed][0m[0m
[0m[1maws_db_instance.mysql: Still creating... [6m50s elapsed][0m[0m
[0m[1maws_db_instance.mysql: Still creating... [7m0s elapsed][0m[0m
[0m[1maws_db_instance.mysql: Still creating... [7m10s elapsed][0m[0m
[0m[1maws_db_instance.mysql: Still creating... [7m20s elapsed][0m[0m
[0m[1maws_db_instance.mysql: Creation complete after 7m25s [id=db-XYRR5TNVDAVBT2JUAWS6WOJQSM][0m
[0m[1mlocal_file.playbook: Creating...[0m[0m
[0m[1mlocal_file.playbook: Creation complete after 0s [id=7ea216797def3b2354e38bc7ed40bc121ba143ad][0m
[0m[1mnull_resource.ansible: Creating...[0m[0m
[0m[1mnull_resource.ansible: Provisioning with 'local-exec'...[0m[0m
[0m[1mnull_resource.ansible (local-exec):[0m [0mExecuting: ["/bin/sh" "-c" "ansible-playbook -i hosts crud.yaml --ssh-common-args='-o StrictHostKeyChecking=no' -b -vvv"]
[0m[1mnull_resource.ansible (local-exec):[0m [0mansible-playbook 2.9.27
[0m[1mnull_resource.ansible (local-exec):[0m [0m  config file = /etc/ansible/ansible.cfg
[0m[1mnull_resource.ansible (local-exec):[0m [0m  configured module search path = [u'/home/ec2-user/.ansible/plugins/modules', u'/usr/share/ansible/plugins/modules']
[0m[1mnull_resource.ansible (local-exec):[0m [0m  ansible python module location = /usr/lib/python2.7/site-packages/ansible
[0m[1mnull_resource.ansible (local-exec):[0m [0m  executable location = /usr/bin/ansible-playbook
[0m[1mnull_resource.ansible (local-exec):[0m [0m  python version = 2.7.18 (default, Oct 19 2023, 21:17:03) [GCC 7.3.1 20180712 (Red Hat 7.3.1-17)]
[0m[1mnull_resource.ansible (local-exec):[0m [0mUsing /etc/ansible/ansible.cfg as config file
[0m[1mnull_resource.ansible (local-exec):[0m [0mhost_list declined parsing /home/ec2-user/terraform/ansible/hosts as it did not pass its verify_file() method
[0m[1mnull_resource.ansible (local-exec):[0m [0mauto declined parsing /home/ec2-user/terraform/ansible/hosts as it did not pass its verify_file() method
[0m[1mnull_resource.ansible (local-exec):[0m [0mParsed /home/ec2-user/terraform/ansible/hosts inventory source with yaml plugin
[0m[1mnull_resource.ansible: Still creating... [10s elapsed][0m[0m
[0m[1mnull_resource.ansible (local-exec):[0m [0mSkipping callback 'actionable', as we already have a stdout callback.
[0m[1mnull_resource.ansible (local-exec):[0m [0mSkipping callback 'counter_enabled', as we already have a stdout callback.
[0m[1mnull_resource.ansible (local-exec):[0m [0mSkipping callback 'debug', as we already have a stdout callback.
[0m[1mnull_resource.ansible (local-exec):[0m [0mSkipping callback 'dense', as we already have a stdout callback.
[0m[1mnull_resource.ansible (local-exec):[0m [0mSkipping callback 'dense', as we already have a stdout callback.
[0m[1mnull_resource.ansible (local-exec):[0m [0mSkipping callback 'full_skip', as we already have a stdout callback.
[0m[1mnull_resource.ansible (local-exec):[0m [0mSkipping callback 'json', as we already have a stdout callback.
[0m[1mnull_resource.ansible (local-exec):[0m [0mSkipping callback 'minimal', as we already have a stdout callback.
[0m[1mnull_resource.ansible (local-exec):[0m [0mSkipping callback 'null', as we already have a stdout callback.
[0m[1mnull_resource.ansible (local-exec):[0m [0mSkipping callback 'oneline', as we already have a stdout callback.
[0m[1mnull_resource.ansible (local-exec):[0m [0mSkipping callback 'selective', as we already have a stdout callback.
[0m[1mnull_resource.ansible (local-exec):[0m [0mSkipping callback 'skippy', as we already have a stdout callback.
[0m[1mnull_resource.ansible (local-exec):[0m [0mSkipping callback 'stderr', as we already have a stdout callback.
[0m[1mnull_resource.ansible (local-exec):[0m [0mSkipping callback 'unixy', as we already have a stdout callback.
[0m[1mnull_resource.ansible (local-exec):[0m [0mSkipping callback 'yaml', as we already have a stdout callback.

[0m[1mnull_resource.ansible (local-exec):[0m [0mPLAYBOOK: crud.yaml ************************************************************
[0m[1mnull_resource.ansible (local-exec):[0m [0m1 plays in crud.yaml

[0m[1mnull_resource.ansible (local-exec):[0m [0mPLAY [all] *********************************************************************

[0m[1mnull_resource.ansible (local-exec):[0m [0mTASK [Gathering Facts] *********************************************************
[0m[1mnull_resource.ansible (local-exec):[0m [0mtask path: /home/ec2-user/terraform/ansible/crud.yaml:2
[0m[1mnull_resource.ansible (local-exec):[0m [0m<18.212.215.169> ESTABLISH SSH CONNECTION FOR USER: ec2-user
[0m[1mnull_resource.ansible (local-exec):[0m [0m<18.212.215.169> SSH: EXEC ssh -C -o ControlMaster=auto -o ControlPersist=60s -o 'IdentityFile="/home/ec2-user/.ssh/j2.pem"' -o KbdInteractiveAuthentication=no -o PreferredAuthentications=gssapi-with-mic,gssapi-keyex,hostbased,publickey -o PasswordAuthentication=no -o 'User="ec2-user"' -o ConnectTimeout=10 -o StrictHostKeyChecking=no -o ControlPath=/home/ec2-user/.ansible/cp/1baffb812c 18.212.215.169 '/bin/sh -c '"'"'echo ~ec2-user && sleep 0'"'"''
[0m[1mnull_resource.ansible (local-exec):[0m [0m<18.212.215.169> (0, '/home/ec2-user\n', "Warning: Permanently added '18.212.215.169' (ECDSA) to the list of known hosts.\r\n")
[0m[1mnull_resource.ansible (local-exec):[0m [0m<18.212.215.169> ESTABLISH SSH CONNECTION FOR USER: ec2-user
[0m[1mnull_resource.ansible (local-exec):[0m [0m<18.212.215.169> SSH: EXEC ssh -C -o ControlMaster=auto -o ControlPersist=60s -o 'IdentityFile="/home/ec2-user/.ssh/j2.pem"' -o KbdInteractiveAuthentication=no -o PreferredAuthentications=gssapi-with-mic,gssapi-keyex,hostbased,publickey -o PasswordAuthentication=no -o 'User="ec2-user"' -o ConnectTimeout=10 -o StrictHostKeyChecking=no -o ControlPath=/home/ec2-user/.ansible/cp/1baffb812c 18.212.215.169 '/bin/sh -c '"'"'( umask 77 && mkdir -p "` echo /home/ec2-user/.ansible/tmp `"&& mkdir "` echo /home/ec2-user/.ansible/tmp/ansible-tmp-1702390231.62-1576-55644412836013 `" && echo ansible-tmp-1702390231.62-1576-55644412836013="` echo /home/ec2-user/.ansible/tmp/ansible-tmp-1702390231.62-1576-55644412836013 `" ) && sleep 0'"'"''
[0m[1mnull_resource.ansible (local-exec):[0m [0m<18.212.215.169> (0, 'ansible-tmp-1702390231.62-1576-55644412836013=/home/ec2-user/.ansible/tmp/ansible-tmp-1702390231.62-1576-55644412836013\n', '')
[0m[1mnull_resource.ansible (local-exec):[0m [0m<18.212.215.169> Attempting python interpreter discovery
[0m[1mnull_resource.ansible (local-exec):[0m [0m<18.212.215.169> ESTABLISH SSH CONNECTION FOR USER: ec2-user
[0m[1mnull_resource.ansible (local-exec):[0m [0m<18.212.215.169> SSH: EXEC ssh -C -o ControlMaster=auto -o ControlPersist=60s -o 'IdentityFile="/home/ec2-user/.ssh/j2.pem"' -o KbdInteractiveAuthentication=no -o PreferredAuthentications=gssapi-with-mic,gssapi-keyex,hostbased,publickey -o PasswordAuthentication=no -o 'User="ec2-user"' -o ConnectTimeout=10 -o StrictHostKeyChecking=no -o ControlPath=/home/ec2-user/.ansible/cp/1baffb812c 18.212.215.169 '/bin/sh -c '"'"'echo PLATFORM; uname; echo FOUND; command -v '"'"'"'"'"'"'"'"'/usr/bin/python'"'"'"'"'"'"'"'"'; command -v '"'"'"'"'"'"'"'"'python3.7'"'"'"'"'"'"'"'"'; command -v '"'"'"'"'"'"'"'"'python3.6'"'"'"'"'"'"'"'"'; command -v '"'"'"'"'"'"'"'"'python3.5'"'"'"'"'"'"'"'"'; command -v '"'"'"'"'"'"'"'"'python2.7'"'"'"'"'"'"'"'"'; command -v '"'"'"'"'"'"'"'"'python2.6'"'"'"'"'"'"'"'"'; command -v '"'"'"'"'"'"'"'"'/usr/libexec/platform-python'"'"'"'"'"'"'"'"'; command -v '"'"'"'"'"'"'"'"'/usr/bin/python3'"'"'"'"'"'"'"'"'; command -v '"'"'"'"'"'"'"'"'python'"'"'"'"'"'"'"'"'; echo ENDFOUND && sleep 0'"'"''
[0m[1mnull_resource.ansible (local-exec):[0m [0m<18.212.215.169> (0, 'PLATFORM\nLinux\nFOUND\n/usr/bin/python\n/usr/bin/python2.7\n/usr/bin/python\nENDFOUND\n', '')
[0m[1mnull_resource.ansible (local-exec):[0m [0m<18.212.215.169> ESTABLISH SSH CONNECTION FOR USER: ec2-user
[0m[1mnull_resource.ansible (local-exec):[0m [0m<18.212.215.169> SSH: EXEC ssh -C -o ControlMaster=auto -o ControlPersist=60s -o 'IdentityFile="/home/ec2-user/.ssh/j2.pem"' -o KbdInteractiveAuthentication=no -o PreferredAuthentications=gssapi-with-mic,gssapi-keyex,hostbased,publickey -o PasswordAuthentication=no -o 'User="ec2-user"' -o ConnectTimeout=10 -o StrictHostKeyChecking=no -o ControlPath=/home/ec2-user/.ansible/cp/1baffb812c 18.212.215.169 '/bin/sh -c '"'"'/usr/bin/python && sleep 0'"'"''
[0m[1mnull_resource.ansible (local-exec):[0m [0m<18.212.215.169> (0, '{"osrelease_content": "NAME=\\"Amazon Linux\\"\\nVERSION=\\"2\\"\\nID=\\"amzn\\"\\nID_LIKE=\\"centos rhel fedora\\"\\nVERSION_ID=\\"2\\"\\nPRETTY_NAME=\\"Amazon Linux 2\\"\\nANSI_COLOR=\\"0;33\\"\\nCPE_NAME=\\"cpe:2.3:o:amazon:amazon_linux:2\\"\\nHOME_URL=\\"https://amazonlinux.com/\\"\\nSUPPORT_END=\\"2025-06-30\\"\\n", "platform_dist_result": ["", "", ""]}\n', '')
[0m[1mnull_resource.ansible (local-exec):[0m [0m<18.212.215.169> Python interpreter discovery fallback (unsupported Linux distribution: amzn)
[0m[1mnull_resource.ansible (local-exec):[0m [0mUsing module file /usr/lib/python2.7/site-packages/ansible/modules/system/setup.py
[0m[1mnull_resource.ansible (local-exec):[0m [0m<18.212.215.169> PUT /home/ec2-user/.ansible/tmp/ansible-local-14895x2Od2/tmpaDRrsK TO /home/ec2-user/.ansible/tmp/ansible-tmp-1702390231.62-1576-55644412836013/AnsiballZ_setup.py
[0m[1mnull_resource.ansible (local-exec):[0m [0m<18.212.215.169> SSH: EXEC sftp -b - -C -o ControlMaster=auto -o ControlPersist=60s -o 'IdentityFile="/home/ec2-user/.ssh/j2.pem"' -o KbdInteractiveAuthentication=no -o PreferredAuthentications=gssapi-with-mic,gssapi-keyex,hostbased,publickey -o PasswordAuthentication=no -o 'User="ec2-user"' -o ConnectTimeout=10 -o StrictHostKeyChecking=no -o ControlPath=/home/ec2-user/.ansible/cp/1baffb812c '[18.212.215.169]'
[0m[1mnull_resource.ansible (local-exec):[0m [0m<18.212.215.169> (0, 'sftp> put /home/ec2-user/.ansible/tmp/ansible-local-14895x2Od2/tmpaDRrsK /home/ec2-user/.ansible/tmp/ansible-tmp-1702390231.62-1576-55644412836013/AnsiballZ_setup.py\n', '')
[0m[1mnull_resource.ansible (local-exec):[0m [0m<18.212.215.169> ESTABLISH SSH CONNECTION FOR USER: ec2-user
[0m[1mnull_resource.ansible (local-exec):[0m [0m<18.212.215.169> SSH: EXEC ssh -C -o ControlMaster=auto -o ControlPersist=60s -o 'IdentityFile="/home/ec2-user/.ssh/j2.pem"' -o KbdInteractiveAuthentication=no -o PreferredAuthentications=gssapi-with-mic,gssapi-keyex,hostbased,publickey -o PasswordAuthentication=no -o 'User="ec2-user"' -o ConnectTimeout=10 -o StrictHostKeyChecking=no -o ControlPath=/home/ec2-user/.ansible/cp/1baffb812c 18.212.215.169 '/bin/sh -c '"'"'chmod u+x /home/ec2-user/.ansible/tmp/ansible-tmp-1702390231.62-1576-55644412836013/ /home/ec2-user/.ansible/tmp/ansible-tmp-1702390231.62-1576-55644412836013/AnsiballZ_setup.py && sleep 0'"'"''
[0m[1mnull_resource.ansible (local-exec):[0m [0m<18.212.215.169> (0, '', '')
[0m[1mnull_resource.ansible (local-exec):[0m [0m<18.212.215.169> ESTABLISH SSH CONNECTION FOR USER: ec2-user
[0m[1mnull_resource.ansible (local-exec):[0m [0m<18.212.215.169> SSH: EXEC ssh -C -o ControlMaster=auto -o ControlPersist=60s -o 'IdentityFile="/home/ec2-user/.ssh/j2.pem"' -o KbdInteractiveAuthentication=no -o PreferredAuthentications=gssapi-with-mic,gssapi-keyex,hostbased,publickey -o PasswordAuthentication=no -o 'User="ec2-user"' -o ConnectTimeout=10 -o StrictHostKeyChecking=no -o ControlPath=/home/ec2-user/.ansible/cp/1baffb812c -tt 18.212.215.169 '/bin/sh -c '"'"'sudo -H -S -n  -u root /bin/sh -c '"'"'"'"'"'"'"'"'echo BECOME-SUCCESS-cmnyrepfbxlbekxxcynodultzeyxvnfs ; /usr/bin/python /home/ec2-user/.ansible/tmp/ansible-tmp-1702390231.62-1576-55644412836013/AnsiballZ_setup.py'"'"'"'"'"'"'"'"' && sleep 0'"'"''
[0m[1mnull_resource.ansible (local-exec):[0m [0mEscalation succeeded
[0m[1mnull_resource.ansible: Still creating... [20s elapsed][0m[0m
[0m[1mnull_resource.ansible (local-exec):[0m [0m<18.212.215.169> (0, '\r\n{"invocation": {"module_args": {"filter": "*", "gather_subset": ["all"], "fact_path": "/etc/ansible/facts.d", "gather_timeout": 10}}, "ansible_facts": {"ansible_fibre_channel_wwn": [], "module_setup": true, "ansible_distribution_version": "2", "ansible_distribution_file_variety": "Amazon", "ansible_env": {"USERNAME": "root", "LANG": "C", "TERM": "xterm-256color", "SHELL": "/bin/bash", "SUDO_COMMAND": "/bin/sh -c echo BECOME-SUCCESS-cmnyrepfbxlbekxxcynodultzeyxvnfs ; /usr/bin/python /home/ec2-user/.ansible/tmp/ansible-tmp-1702390231.62-1576-55644412836013/AnsiballZ_setup.py", "SHLVL": "1", "XDG_SESSION_ID": "1", "SUDO_UID": "1000", "SUDO_GID": "1000", "PWD": "/home/ec2-user", "LOGNAME": "root", "USER": "root", "MAIL": "/var/mail/ec2-user", "LC_NUMERIC": "C", "PATH": "/sbin:/bin:/usr/sbin:/usr/bin", "SUDO_USER": "ec2-user", "LS_COLORS": "rs=0:di=38;5;27:ln=38;5;51:mh=44;38;5;15:pi=40;38;5;11:so=38;5;13:do=38;5;5:bd=48;5;232;38;5;11:cd=48;5;232;38;5;3:or=48;5;232;38;5;9:mi=05;48;5;232;38;5;15:su=48;5;196;38;5;15:sg=48;5;11;38;5;16:ca=48;5;196;38;5;226:tw=48;5;10;38;5;16:ow=48;5;10;38;5;21:st=48;5;21;38;5;15:ex=38;5;34:*.tar=38;5;9:*.tgz=38;5;9:*.arc=38;5;9:*.arj=38;5;9:*.taz=38;5;9:*.lha=38;5;9:*.lz4=38;5;9:*.lzh=38;5;9:*.lzma=38;5;9:*.tlz=38;5;9:*.txz=38;5;9:*.tzo=38;5;9:*.t7z=38;5;9:*.zip=38;5;9:*.z=38;5;9:*.Z=38;5;9:*.dz=38;5;9:*.gz=38;5;9:*.lrz=38;5;9:*.lz=38;5;9:*.lzo=38;5;9:*.xz=38;5;9:*.bz2=38;5;9:*.bz=38;5;9:*.tbz=38;5;9:*.tbz2=38;5;9:*.tz=38;5;9:*.deb=38;5;9:*.rpm=38;5;9:*.jar=38;5;9:*.war=38;5;9:*.ear=38;5;9:*.sar=38;5;9:*.rar=38;5;9:*.alz=38;5;9:*.ace=38;5;9:*.zoo=38;5;9:*.cpio=38;5;9:*.7z=38;5;9:*.rz=38;5;9:*.cab=38;5;9:*.jpg=38;5;13:*.jpeg=38;5;13:*.gif=38;5;13:*.bmp=38;5;13:*.pbm=38;5;13:*.pgm=38;5;13:*.ppm=38;5;13:*.tga=38;5;13:*.xbm=38;5;13:*.xpm=38;5;13:*.tif=38;5;13:*.tiff=38;5;13:*.png=38;5;13:*.svg=38;5;13:*.svgz=38;5;13:*.mng=38;5;13:*.pcx=38;5;13:*.mov=38;5;13:*.mpg=38;5;13:*.mpeg=38;5;13:*.m2v=38;5;13:*.mkv=38;5;13:*.webm=38;5;13:*.ogm=38;5;13:*.mp4=38;5;13:*.m4v=38;5;13:*.mp4v=38;5;13:*.vob=38;5;13:*.qt=38;5;13:*.nuv=38;5;13:*.wmv=38;5;13:*.asf=38;5;13:*.rm=38;5;13:*.rmvb=38;5;13:*.flc=38;5;13:*.avi=38;5;13:*.fli=38;5;13:*.flv=38;5;13:*.gl=38;5;13:*.dl=38;5;13:*.xcf=38;5;13:*.xwd=38;5;13:*.yuv=38;5;13:*.cgm=38;5;13:*.emf=38;5;13:*.axv=38;5;13:*.anx=38;5;13:*.ogv=38;5;13:*.ogx=38;5;13:*.aac=38;5;45:*.au=38;5;45:*.flac=38;5;45:*.mid=38;5;45:*.midi=38;5;45:*.mka=38;5;45:*.mp3=38;5;45:*.mpc=38;5;45:*.ogg=38;5;45:*.ra=38;5;45:*.wav=38;5;45:*.axa=38;5;45:*.oga=38;5;45:*.spx=38;5;45:*.xspf=38;5;45:", "HOME": "/root", "LC_ALL": "C", "_": "/usr/bin/python"}, "ansible_userspace_bits": "64", "ansible_architecture": "x86_64", "ansible_default_ipv4": {"macaddress": "0a:ed:b6:5d:e9:01", "network": "10.0.1.0", "mtu": 9001, "broadcast": "10.0.1.255", "alias": "eth0", "netmask": "255.255.255.0", "address": "10.0.1.153", "interface": "eth0", "type": "ether", "gateway": "10.0.1.1"}, "ansible_swapfree_mb": 0, "ansible_default_ipv6": {}, "ansible_cmdline": {"BOOT_IMAGE": "/boot/vmlinuz-4.14.330-250.540.amzn2.x86_64", "selinux": "1", "enforcing": "1", "rd.emergency": "poweroff", "net.ifnames": "0", "biosdevname": "0", "rd.shell": "0", "console": "ttyS0,115200n8", "security": "selinux", "ro": true, "root": "UUID=a0594dc6-1e30-4417-8bc2-636da6e8ce33", "nvme_core.io_timeout": "4294967295"}, "ansible_machine_id": "ec29ef00f54b38ffe6df4d9071f7b6a5", "ansible_userspace_architecture": "x86_64", "ansible_product_uuid": "EC29EF00-F54B-38FF-E6DF-4D9071F7B6A5", "ansible_pkg_mgr": "yum", "ansible_distribution": "Amazon", "ansible_iscsi_iqn": "", "ansible_all_ipv6_addresses": ["fe80::8ed:b6ff:fe5d:e901"], "ansible_uptime_seconds": 377, "ansible_kernel": "4.14.330-250.540.amzn2.x86_64", "ansible_system_capabilities_enforced": "False", "ansible_python": {"executable": "/usr/bin/python", "version": {"micro": 18, "major": 2, "releaselevel": "final", "serial": 0, "minor": 7}, "type": "CPython", "has_sslcontext": true, "version_info": [2, 7, 18, "final", 0]}, "ansible_is_chroot": false, "ansible_hostnqn": "", "ansible_user_shell": "/bin/bash", "ansible_product_serial": "ec29ef00-f54b-38ff-e6df-4d9071f7b6a5", "ansible_form_factor": "Other", "ansible_distribution_file_parsed": true, "ansible_fips": false, "ansible_user_id": "root", "ansible_selinux_python_present": false, "ansible_kernel_version": "#1 SMP Tue Nov 21 09:57:48 UTC 2023", "ansible_local": {}, "ansible_processor_vcpus": 2, "ansible_processor": ["0", "GenuineIntel", "Intel(R) Xeon(R) Platinum 8175M CPU @ 2.50GHz", "1", "GenuineIntel", "Intel(R) Xeon(R) Platinum 8175M CPU @ 2.50GHz"], "ansible_ssh_host_key_ecdsa_public": "AAAAE2VjZHNhLXNoYTItbmlzdHAyNTYAAAAIbmlzdHAyNTYAAABBBChShVmZWvcoOTmcXpfSXbRp+LViuz0xdTedZjV0XD2V5Z1GjRCkEpADav5X3XkIFU68mAXEw5xsYdxyYgaopXQ=", "ansible_user_gid": 0, "ansible_system_vendor": "Amazon EC2", "ansible_swaptotal_mb": 0, "ansible_distribution_major_version": "2", "ansible_real_group_id": 0, "ansible_lsb": {}, "ansible_machine": "x86_64", "ansible_ssh_host_key_rsa_public": "AAAAB3NzaC1yc2EAAAADAQABAAABAQCxf/005moqtbYkUvYiewZYJDVNOP9/XUCgf76w9a/tbK4nip9gFx2iKTnEXV94caumhk0CHWhK5FiDjF0wD2sBWbqIi2xxkGeaPyW/F8bh2NlVCiKVk3eerYqKmGU2lHMeWp7rD3CSx8qus5MfIhzh2XTYnCSlRsOCQ48fGIYxgeE/+rOArrqpzMOAirTov3RDnMZ4B3yyOJ+d6oiX2BnaaMmLy36IfAFnbgu1FDII82xQNMuAHqst8eT6eectS+26HHJTwodgV9CFx/fPcDyTtt/AS0BD0fASknKSzRduBeXy4Bxtqw2sFc0FyI0AMuQ9RAEh1HFJMGmWflrfM1Hr", "ansible_user_gecos": "root", "ansible_processor_threads_per_core": 2, "ansible_eth0": {"macaddress": "0a:ed:b6:5d:e9:01", "pciid": "0000:00:05.0", "module": "ena", "mtu": 9001, "device": "eth0", "promisc": false, "ipv4": {"broadcast": "10.0.1.255", "netmask": "255.255.255.0", "network": "10.0.1.0", "address": "10.0.1.153"}, "ipv6": [{"scope": "link", "prefix": "64", "address": "fe80::8ed:b6ff:fe5d:e901"}], "active": true, "type": "ether"}, "ansible_product_name": "t3.medium", "ansible_all_ipv4_addresses": ["10.0.1.153"], "ansible_python_version": "2.7.18", "ansible_product_version": "NA", "ansible_service_mgr": "systemd", "ansible_memory_mb": {"real": {"total": 3871, "used": 1144, "free": 2727}, "swap": {"cached": 0, "total": 0, "free": 0, "used": 0}, "nocache": {"used": 242, "free": 3629}}, "ansible_user_dir": "/root", "gather_subset": ["all"], "ansible_real_user_id": 0, "ansible_virtualization_role": "guest", "ansible_dns": {"nameservers": ["10.0.0.2"], "search": ["ec2.internal"], "options": {"attempts": "5", "timeout": "2"}}, "ansible_effective_group_id": 0, "ansible_lo": {"mtu": 65536, "device": "lo", "promisc": false, "ipv4": {"broadcast": "", "netmask": "255.0.0.0", "network": "127.0.0.0", "address": "127.0.0.1"}, "ipv6": [{"scope": "host", "prefix": "128", "address": "::1"}], "active": true, "type": "loopback"}, "ansible_memtotal_mb": 3871, "ansible_device_links": {"masters": {}, "labels": {"nvme0n1p1": ["\\\\x2f"]}, "ids": {"nvme0n1p1": ["nvme-Amazon_Elastic_Block_Store_vol0dd37ac8c7b0f83f6-ns-1-part1", "nvme-Amazon_Elastic_Block_Store_vol0dd37ac8c7b0f83f6-part1", "nvme-nvme.1d0f-766f6c3064643337616338633762306638336636-416d617a6f6e20456c617374696320426c6f636b2053746f7265-00000001-part1"], "nvme0n1p128": ["nvme-Amazon_Elastic_Block_Store_vol0dd37ac8c7b0f83f6-ns-1-part128", "nvme-Amazon_Elastic_Block_Store_vol0dd37ac8c7b0f83f6-part128", "nvme-nvme.1d0f-766f6c3064643337616338633762306638336636-416d617a6f6e20456c617374696320426c6f636b2053746f7265-00000001-part128"], "nvme0n1": ["nvme-Amazon_Elastic_Block_Store_vol0dd37ac8c7b0f83f6", "nvme-Amazon_Elastic_Block_Store_vol0dd37ac8c7b0f83f6-ns-1", "nvme-nvme.1d0f-766f6c3064643337616338633762306638336636-416d617a6f6e20456c617374696320426c6f636b2053746f7265-00000001"]}, "uuids": {"nvme0n1p1": ["a0594dc6-1e30-4417-8bc2-636da6e8ce33"]}}, "ansible_apparmor": {"status": "disabled"}, "ansible_proc_cmdline": {"BOOT_IMAGE": "/boot/vmlinuz-4.14.330-250.540.amzn2.x86_64", "selinux": "1", "enforcing": "1", "rd.emergency": "poweroff", "net.ifnames": "0", "biosdevname": "0", "rd.shell": "0", "console": ["tty0", "ttyS0,115200n8"], "security": "selinux", "ro": true, "root": "UUID=a0594dc6-1e30-4417-8bc2-636da6e8ce33", "nvme_core.io_timeout": "4294967295"}, "ansible_memfree_mb": 2727, "ansible_processor_count": 1, "ansible_hostname": "ip-10-0-1-153", "ansible_interfaces": ["lo", "eth0"], "ansible_selinux": {"status": "Missing selinux Python library"}, "ansible_fqdn": "ip-10-0-1-153.ec2.internal", "ansible_mounts": [{"block_used": 0, "uuid": "N/A", "size_total": 9223372036853727232, "block_total": 8796093022207, "mount": "/var/www/html", "block_available": 8796093022207, "size_available": 9223372036853727232, "fstype": "nfs4", "inode_total": 0, "options": "rw,relatime,vers=4.1,rsize=1048576,wsize=1048576,namlen=255,hard,noresvport,proto=tcp,timeo=600,retrans=2,sec=sys,clientaddr=10.0.1.153,local_lock=none,addr=10.0.1.71", "device": "fs-0304859e42deedbf1.efs.us-east-1.amazonaws.com:/", "inode_used": 0, "block_size": 1048576, "inode_available": 0}, {"block_used": 383782, "uuid": "a0594dc6-1e30-4417-8bc2-636da6e8ce33", "size_total": 8577331200, "block_total": 2094075, "mount": "/", "block_available": 1710293, "size_available": 7005360128, "fstype": "xfs", "inode_total": 4193264, "options": "rw,seclabel,noatime,attr2,inode64,noquota", "device": "/dev/nvme0n1p1", "inode_used": 37477, "block_size": 4096, "inode_available": 4155787}], "ansible_nodename": "ip-10-0-1-153.ec2.internal", "ansible_domain": "ec2.internal", "ansible_distribution_file_path": "/etc/system-release", "ansible_virtualization_type": "kvm", "ansible_ssh_host_key_ed25519_public": "AAAAC3NzaC1lZDI1NTE5AAAAIDQ8ZBVaL0XxPHk4gyEMrOyJer64LNyUEo0cwhvcKvKs", "ansible_processor_cores": 1, "ansible_bios_version": "1.0", "ansible_date_time": {"weekday_number": "2", "iso8601_basic_short": "20231212T141037", "tz": "UTC", "weeknumber": "50", "hour": "14", "year": "2023", "minute": "10", "tz_offset": "+0000", "month": "12", "epoch": "1702390237", "iso8601_micro": "2023-12-12T14:10:37.457175Z", "weekday": "Tuesday", "time": "14:10:37", "date": "2023-12-12", "iso8601": "2023-12-12T14:10:37Z", "day": "12", "iso8601_basic": "20231212T141037457175", "second": "37"}, "ansible_distribution_release": "NA", "ansible_os_family": "RedHat", "ansible_effective_user_id": 0, "ansible_system": "Linux", "ansible_devices": {"nvme0n1": {"scheduler_mode": "none", "rotational": "0", "vendor": null, "sectors": "16777216", "links": {"masters": [], "labels": [], "ids": ["nvme-Amazon_Elastic_Block_Store_vol0dd37ac8c7b0f83f6", "nvme-Amazon_Elastic_Block_Store_vol0dd37ac8c7b0f83f6-ns-1", "nvme-nvme.1d0f-766f6c3064643337616338633762306638336636-416d617a6f6e20456c617374696320426c6f636b2053746f7265-00000001"], "uuids": []}, "sas_device_handle": null, "sas_address": null, "virtual": 1, "host": "", "sectorsize": "512", "removable": "0", "support_discard": "0", "model": "Amazon Elastic Block Store", "partitions": {"nvme0n1p1": {"sectorsize": 512, "uuid": "a0594dc6-1e30-4417-8bc2-636da6e8ce33", "links": {"masters": [], "labels": ["\\\\x2f"], "ids": ["nvme-Amazon_Elastic_Block_Store_vol0dd37ac8c7b0f83f6-ns-1-part1", "nvme-Amazon_Elastic_Block_Store_vol0dd37ac8c7b0f83f6-part1", "nvme-nvme.1d0f-766f6c3064643337616338633762306638336636-416d617a6f6e20456c617374696320426c6f636b2053746f7265-00000001-part1"], "uuids": ["a0594dc6-1e30-4417-8bc2-636da6e8ce33"]}, "sectors": "16773087", "start": "4096", "holders": [], "size": "8.00 GB"}, "nvme0n1p128": {"sectorsize": 512, "uuid": null, "links": {"masters": [], "labels": [], "ids": ["nvme-Amazon_Elastic_Block_Store_vol0dd37ac8c7b0f83f6-ns-1-part128", "nvme-Amazon_Elastic_Block_Store_vol0dd37ac8c7b0f83f6-part128", "nvme-nvme.1d0f-766f6c3064643337616338633762306638336636-416d617a6f6e20456c617374696320426c6f636b2053746f7265-00000001-part128"], "uuids": []}, "sectors": "2048", "start": "2048", "holders": [], "size": "1.00 MB"}}, "holders": [], "size": "8.00 GB"}}, "ansible_user_uid": 0, "ansible_bios_date": "10/16/2017", "ansible_system_capabilities": []}}\r\n', 'Shared connection to 18.212.215.169 closed.\r\n')
[0m[1mnull_resource.ansible (local-exec):[0m [0m<18.212.215.169> ESTABLISH SSH CONNECTION FOR USER: ec2-user
[0m[1mnull_resource.ansible (local-exec):[0m [0m<18.212.215.169> SSH: EXEC ssh -C -o ControlMaster=auto -o ControlPersist=60s -o 'IdentityFile="/home/ec2-user/.ssh/j2.pem"' -o KbdInteractiveAuthentication=no -o PreferredAuthentications=gssapi-with-mic,gssapi-keyex,hostbased,publickey -o PasswordAuthentication=no -o 'User="ec2-user"' -o ConnectTimeout=10 -o StrictHostKeyChecking=no -o ControlPath=/home/ec2-user/.ansible/cp/1baffb812c 18.212.215.169 '/bin/sh -c '"'"'rm -f -r /home/ec2-user/.ansible/tmp/ansible-tmp-1702390231.62-1576-55644412836013/ > /dev/null 2>&1 && sleep 0'"'"''
[0m[1mnull_resource.ansible (local-exec):[0m [0m<18.212.215.169> (0, '', '')
[0m[1mnull_resource.ansible (local-exec):[0m [0m[WARNING]: Platform linux on host 18.212.215.169 is using the discovered Python
[0m[1mnull_resource.ansible (local-exec):[0m [0minterpreter at /usr/bin/python, but future installation of another Python
[0m[1mnull_resource.ansible (local-exec):[0m [0minterpreter could change this. See https://docs.ansible.com/ansible/2.9/referen
[0m[1mnull_resource.ansible (local-exec):[0m [0mce_appendices/interpreter_discovery.html for more information.
[0m[1mnull_resource.ansible (local-exec):[0m [0mok: [18.212.215.169]
[0m[1mnull_resource.ansible (local-exec):[0m [0mMETA: ran handlers

[0m[1mnull_resource.ansible (local-exec):[0m [0mTASK [crud : Install required packages] ****************************************
[0m[1mnull_resource.ansible (local-exec):[0m [0mtask path: /home/ec2-user/terraform/ansible/roles/crud/tasks/main.yml:1
[0m[1mnull_resource.ansible (local-exec):[0m [0m<18.212.215.169> ESTABLISH SSH CONNECTION FOR USER: ec2-user
[0m[1mnull_resource.ansible (local-exec):[0m [0m<18.212.215.169> SSH: EXEC ssh -C -o ControlMaster=auto -o ControlPersist=60s -o 'IdentityFile="/home/ec2-user/.ssh/j2.pem"' -o KbdInteractiveAuthentication=no -o PreferredAuthentications=gssapi-with-mic,gssapi-keyex,hostbased,publickey -o PasswordAuthentication=no -o 'User="ec2-user"' -o ConnectTimeout=10 -o StrictHostKeyChecking=no -o ControlPath=/home/ec2-user/.ansible/cp/1baffb812c 18.212.215.169 '/bin/sh -c '"'"'echo ~ec2-user && sleep 0'"'"''
[0m[1mnull_resource.ansible (local-exec):[0m [0m<18.212.215.169> (0, '/home/ec2-user\n', '')
[0m[1mnull_resource.ansible (local-exec):[0m [0m<18.212.215.169> ESTABLISH SSH CONNECTION FOR USER: ec2-user
[0m[1mnull_resource.ansible (local-exec):[0m [0m<18.212.215.169> SSH: EXEC ssh -C -o ControlMaster=auto -o ControlPersist=60s -o 'IdentityFile="/home/ec2-user/.ssh/j2.pem"' -o KbdInteractiveAuthentication=no -o PreferredAuthentications=gssapi-with-mic,gssapi-keyex,hostbased,publickey -o PasswordAuthentication=no -o 'User="ec2-user"' -o ConnectTimeout=10 -o StrictHostKeyChecking=no -o ControlPath=/home/ec2-user/.ansible/cp/1baffb812c 18.212.215.169 '/bin/sh -c '"'"'( umask 77 && mkdir -p "` echo /home/ec2-user/.ansible/tmp `"&& mkdir "` echo /home/ec2-user/.ansible/tmp/ansible-tmp-1702390238.95-1650-189216690616759 `" && echo ansible-tmp-1702390238.95-1650-189216690616759="` echo /home/ec2-user/.ansible/tmp/ansible-tmp-1702390238.95-1650-189216690616759 `" ) && sleep 0'"'"''
[0m[1mnull_resource.ansible (local-exec):[0m [0m<18.212.215.169> (0, 'ansible-tmp-1702390238.95-1650-189216690616759=/home/ec2-user/.ansible/tmp/ansible-tmp-1702390238.95-1650-189216690616759\n', '')
[0m[1mnull_resource.ansible (local-exec):[0m [0mUsing module file /usr/lib/python2.7/site-packages/ansible/modules/packaging/os/yum.py
[0m[1mnull_resource.ansible (local-exec):[0m [0m<18.212.215.169> PUT /home/ec2-user/.ansible/tmp/ansible-local-14895x2Od2/tmp7SdODh TO /home/ec2-user/.ansible/tmp/ansible-tmp-1702390238.95-1650-189216690616759/AnsiballZ_yum.py
[0m[1mnull_resource.ansible (local-exec):[0m [0m<18.212.215.169> SSH: EXEC sftp -b - -C -o ControlMaster=auto -o ControlPersist=60s -o 'IdentityFile="/home/ec2-user/.ssh/j2.pem"' -o KbdInteractiveAuthentication=no -o PreferredAuthentications=gssapi-with-mic,gssapi-keyex,hostbased,publickey -o PasswordAuthentication=no -o 'User="ec2-user"' -o ConnectTimeout=10 -o StrictHostKeyChecking=no -o ControlPath=/home/ec2-user/.ansible/cp/1baffb812c '[18.212.215.169]'
[0m[1mnull_resource.ansible (local-exec):[0m [0m<18.212.215.169> (0, 'sftp> put /home/ec2-user/.ansible/tmp/ansible-local-14895x2Od2/tmp7SdODh /home/ec2-user/.ansible/tmp/ansible-tmp-1702390238.95-1650-189216690616759/AnsiballZ_yum.py\n', '')
[0m[1mnull_resource.ansible (local-exec):[0m [0m<18.212.215.169> ESTABLISH SSH CONNECTION FOR USER: ec2-user
[0m[1mnull_resource.ansible (local-exec):[0m [0m<18.212.215.169> SSH: EXEC ssh -C -o ControlMaster=auto -o ControlPersist=60s -o 'IdentityFile="/home/ec2-user/.ssh/j2.pem"' -o KbdInteractiveAuthentication=no -o PreferredAuthentications=gssapi-with-mic,gssapi-keyex,hostbased,publickey -o PasswordAuthentication=no -o 'User="ec2-user"' -o ConnectTimeout=10 -o StrictHostKeyChecking=no -o ControlPath=/home/ec2-user/.ansible/cp/1baffb812c 18.212.215.169 '/bin/sh -c '"'"'chmod u+x /home/ec2-user/.ansible/tmp/ansible-tmp-1702390238.95-1650-189216690616759/ /home/ec2-user/.ansible/tmp/ansible-tmp-1702390238.95-1650-189216690616759/AnsiballZ_yum.py && sleep 0'"'"''
[0m[1mnull_resource.ansible (local-exec):[0m [0m<18.212.215.169> (0, '', '')
[0m[1mnull_resource.ansible (local-exec):[0m [0m<18.212.215.169> ESTABLISH SSH CONNECTION FOR USER: ec2-user
[0m[1mnull_resource.ansible (local-exec):[0m [0m<18.212.215.169> SSH: EXEC ssh -C -o ControlMaster=auto -o ControlPersist=60s -o 'IdentityFile="/home/ec2-user/.ssh/j2.pem"' -o KbdInteractiveAuthentication=no -o PreferredAuthentications=gssapi-with-mic,gssapi-keyex,hostbased,publickey -o PasswordAuthentication=no -o 'User="ec2-user"' -o ConnectTimeout=10 -o StrictHostKeyChecking=no -o ControlPath=/home/ec2-user/.ansible/cp/1baffb812c -tt 18.212.215.169 '/bin/sh -c '"'"'sudo -H -S -n  -u root /bin/sh -c '"'"'"'"'"'"'"'"'echo BECOME-SUCCESS-dtleliwhjratiokpckibttuhutywapjz ; /usr/bin/python /home/ec2-user/.ansible/tmp/ansible-tmp-1702390238.95-1650-189216690616759/AnsiballZ_yum.py'"'"'"'"'"'"'"'"' && sleep 0'"'"''
[0m[1mnull_resource.ansible (local-exec):[0m [0mEscalation succeeded
[0m[1mnull_resource.ansible: Still creating... [30s elapsed][0m[0m
[0m[1mnull_resource.ansible (local-exec):[0m [0m<18.212.215.169> (0, '\r\n{"changed": true, "results": ["Loaded plugins: priorities, update-motd\\nResolving Dependencies\\n--> Running transaction check\\n---> Package MySQL-python.x86_64 0:1.2.5-1.amzn2.0.2 will be installed\\n---> Package libselinux-python.x86_64 0:2.5-15.amzn2.0.1 will be installed\\n---> Package unzip.x86_64 0:6.0-57.amzn2.0.1 will be installed\\n--> Finished Dependency Resolution\\n\\nDependencies Resolved\\n\\n================================================================================\\n Package             Arch     Version             Repository               Size\\n================================================================================\\nInstalling:\\n MySQL-python        x86_64   1.2.5-1.amzn2.0.2   amzn2-core               89 k\\n libselinux-python   x86_64   2.5-15.amzn2.0.1    amzn2extra-selinux-ng   234 k\\n unzip               x86_64   6.0-57.amzn2.0.1    amzn2-core              182 k\\n\\nTransaction Summary\\n================================================================================\\nInstall  3 Packages\\n\\nTotal download size: 505 k\\nInstalled size: 1.2 M\\nDownloading packages:\\n--------------------------------------------------------------------------------\\nTotal                                              1.6 MB/s | 505 kB  00:00     \\nRunning transaction check\\nRunning transaction test\\nTransaction test succeeded\\nRunning transaction\\n  Installing : unzip-6.0-57.amzn2.0.1.x86_64                                1/3 \\n  Installing : libselinux-python-2.5-15.amzn2.0.1.x86_64                    2/3 \\n  Installing : MySQL-python-1.2.5-1.amzn2.0.2.x86_64                        3/3 \\n  Verifying  : MySQL-python-1.2.5-1.amzn2.0.2.x86_64                        1/3 \\n  Verifying  : libselinux-python-2.5-15.amzn2.0.1.x86_64                    2/3 \\n  Verifying  : unzip-6.0-57.amzn2.0.1.x86_64                                3/3 \\n\\nInstalled:\\n  MySQL-python.x86_64 0:1.2.5-1.amzn2.0.2                                       \\n  libselinux-python.x86_64 0:2.5-15.amzn2.0.1                                   \\n  unzip.x86_64 0:6.0-57.amzn2.0.1                                               \\n\\nComplete!\\n"], "msg": "", "rc": 0, "invocation": {"module_args": {"lock_timeout": 30, "update_cache": true, "disable_excludes": null, "exclude": [], "allow_downgrade": false, "disable_gpg_check": false, "conf_file": null, "use_backend": "auto", "state": "present", "disablerepo": [], "releasever": null, "skip_broken": false, "autoremove": false, "download_dir": null, "enable_plugin": [], "installroot": "/", "install_weak_deps": true, "name": ["libselinux-python", "unzip", "MySQL-python"], "download_only": false, "bugfix": false, "list": null, "install_repoquery": true, "update_only": false, "disable_plugin": [], "enablerepo": [], "security": false, "validate_certs": true}}, "changes": {"installed": ["libselinux-python", "unzip", "MySQL-python"]}}\r\n', 'Shared connection to 18.212.215.169 closed.\r\n')
[0m[1mnull_resource.ansible (local-exec):[0m [0m<18.212.215.169> ESTABLISH SSH CONNECTION FOR USER: ec2-user
[0m[1mnull_resource.ansible (local-exec):[0m [0m<18.212.215.169> SSH: EXEC ssh -C -o ControlMaster=auto -o ControlPersist=60s -o 'IdentityFile="/home/ec2-user/.ssh/j2.pem"' -o KbdInteractiveAuthentication=no -o PreferredAuthentications=gssapi-with-mic,gssapi-keyex,hostbased,publickey -o PasswordAuthentication=no -o 'User="ec2-user"' -o ConnectTimeout=10 -o StrictHostKeyChecking=no -o ControlPath=/home/ec2-user/.ansible/cp/1baffb812c 18.212.215.169 '/bin/sh -c '"'"'rm -f -r /home/ec2-user/.ansible/tmp/ansible-tmp-1702390238.95-1650-189216690616759/ > /dev/null 2>&1 && sleep 0'"'"''
[0m[1mnull_resource.ansible (local-exec):[0m [0m<18.212.215.169> (0, '', '')
[0m[1mnull_resource.ansible (local-exec):[0m [0mchanged: [18.212.215.169] => {
[0m[1mnull_resource.ansible (local-exec):[0m [0m    "changed": true,
[0m[1mnull_resource.ansible (local-exec):[0m [0m    "changes": {
[0m[1mnull_resource.ansible (local-exec):[0m [0m        "installed": [
[0m[1mnull_resource.ansible (local-exec):[0m [0m            "libselinux-python",
[0m[1mnull_resource.ansible (local-exec):[0m [0m            "unzip",
[0m[1mnull_resource.ansible (local-exec):[0m [0m            "MySQL-python"
[0m[1mnull_resource.ansible (local-exec):[0m [0m        ]
[0m[1mnull_resource.ansible (local-exec):[0m [0m    },
[0m[1mnull_resource.ansible (local-exec):[0m [0m    "invocation": {
[0m[1mnull_resource.ansible (local-exec):[0m [0m        "module_args": {
[0m[1mnull_resource.ansible (local-exec):[0m [0m            "allow_downgrade": false,
[0m[1mnull_resource.ansible (local-exec):[0m [0m            "autoremove": false,
[0m[1mnull_resource.ansible (local-exec):[0m [0m            "bugfix": false,
[0m[1mnull_resource.ansible (local-exec):[0m [0m            "conf_file": null,
[0m[1mnull_resource.ansible (local-exec):[0m [0m            "disable_excludes": null,
[0m[1mnull_resource.ansible (local-exec):[0m [0m            "disable_gpg_check": false,
[0m[1mnull_resource.ansible (local-exec):[0m [0m            "disable_plugin": [],
[0m[1mnull_resource.ansible (local-exec):[0m [0m            "disablerepo": [],
[0m[1mnull_resource.ansible (local-exec):[0m [0m            "download_dir": null,
[0m[1mnull_resource.ansible (local-exec):[0m [0m            "download_only": false,
[0m[1mnull_resource.ansible (local-exec):[0m [0m            "enable_plugin": [],
[0m[1mnull_resource.ansible (local-exec):[0m [0m            "enablerepo": [],
[0m[1mnull_resource.ansible (local-exec):[0m [0m            "exclude": [],
[0m[1mnull_resource.ansible (local-exec):[0m [0m            "install_repoquery": true,
[0m[1mnull_resource.ansible (local-exec):[0m [0m            "install_weak_deps": true,
[0m[1mnull_resource.ansible (local-exec):[0m [0m            "installroot": "/",
[0m[1mnull_resource.ansible (local-exec):[0m [0m            "list": null,
[0m[1mnull_resource.ansible (local-exec):[0m [0m            "lock_timeout": 30,
[0m[1mnull_resource.ansible (local-exec):[0m [0m            "name": [
[0m[1mnull_resource.ansible (local-exec):[0m [0m                "libselinux-python",
[0m[1mnull_resource.ansible (local-exec):[0m [0m                "unzip",
[0m[1mnull_resource.ansible (local-exec):[0m [0m                "MySQL-python"
[0m[1mnull_resource.ansible (local-exec):[0m [0m            ],
[0m[1mnull_resource.ansible (local-exec):[0m [0m            "releasever": null,
[0m[1mnull_resource.ansible (local-exec):[0m [0m            "security": false,
[0m[1mnull_resource.ansible (local-exec):[0m [0m            "skip_broken": false,
[0m[1mnull_resource.ansible (local-exec):[0m [0m            "state": "present",
[0m[1mnull_resource.ansible (local-exec):[0m [0m            "update_cache": true,
[0m[1mnull_resource.ansible (local-exec):[0m [0m            "update_only": false,
[0m[1mnull_resource.ansible (local-exec):[0m [0m            "use_backend": "auto",
[0m[1mnull_resource.ansible (local-exec):[0m [0m            "validate_certs": true
[0m[1mnull_resource.ansible (local-exec):[0m [0m        }
[0m[1mnull_resource.ansible (local-exec):[0m [0m    },
[0m[1mnull_resource.ansible (local-exec):[0m [0m    "msg": "",
[0m[1mnull_resource.ansible (local-exec):[0m [0m    "rc": 0,
[0m[1mnull_resource.ansible (local-exec):[0m [0m    "results": [
[0m[1mnull_resource.ansible (local-exec):[0m [0m        "Loaded plugins: priorities, update-motd\nResolving Dependencies\n--> Running transaction check\n---> Package MySQL-python.x86_64 0:1.2.5-1.amzn2.0.2 will be installed\n---> Package libselinux-python.x86_64 0:2.5-15.amzn2.0.1 will be installed\n---> Package unzip.x86_64 0:6.0-57.amzn2.0.1 will be installed\n--> Finished Dependency Resolution\n\nDependencies Resolved\n\n================================================================================\n Package             Arch     Version             Repository               Size\n================================================================================\nInstalling:\n MySQL-python        x86_64   1.2.5-1.amzn2.0.2   amzn2-core               89 k\n libselinux-python   x86_64   2.5-15.amzn2.0.1    amzn2extra-selinux-ng   234 k\n unzip               x86_64   6.0-57.amzn2.0.1    amzn2-core              182 k\n\nTransaction Summary\n================================================================================\nInstall  3 Packages\n\nTotal download size: 505 k\nInstalled size: 1.2 M\nDownloading packages:\n--------------------------------------------------------------------------------\nTotal                                              1.6 MB/s | 505 kB  00:00     \nRunning transaction check\nRunning transaction test\nTransaction test succeeded\nRunning transaction\n  Installing : unzip-6.0-57.amzn2.0.1.x86_64                                1/3 \n  Installing : libselinux-python-2.5-15.amzn2.0.1.x86_64                    2/3 \n  Installing : MySQL-python-1.2.5-1.amzn2.0.2.x86_64                        3/3 \n  Verifying  : MySQL-python-1.2.5-1.amzn2.0.2.x86_64                        1/3 \n  Verifying  : libselinux-python-2.5-15.amzn2.0.1.x86_64                    2/3 \n  Verifying  : unzip-6.0-57.amzn2.0.1.x86_64                                3/3 \n\nInstalled:\n  MySQL-python.x86_64 0:1.2.5-1.amzn2.0.2                                       \n  libselinux-python.x86_64 0:2.5-15.amzn2.0.1                                   \n  unzip.x86_64 0:6.0-57.amzn2.0.1                                               \n\nComplete!\n"
[0m[1mnull_resource.ansible (local-exec):[0m [0m    ]
[0m[1mnull_resource.ansible (local-exec):[0m [0m}

[0m[1mnull_resource.ansible (local-exec):[0m [0mTASK [crud : Show installer output Pack 1] *************************************
[0m[1mnull_resource.ansible (local-exec):[0m [0mtask path: /home/ec2-user/terraform/ansible/roles/crud/tasks/main.yml:11
[0m[1mnull_resource.ansible (local-exec):[0m [0mok: [18.212.215.169] => {
[0m[1mnull_resource.ansible (local-exec):[0m [0m    "libselinux_unzip": {
[0m[1mnull_resource.ansible (local-exec):[0m [0m        "changed": true,
[0m[1mnull_resource.ansible (local-exec):[0m [0m        "changes": {
[0m[1mnull_resource.ansible (local-exec):[0m [0m            "installed": [
[0m[1mnull_resource.ansible (local-exec):[0m [0m                "libselinux-python",
[0m[1mnull_resource.ansible (local-exec):[0m [0m                "unzip",
[0m[1mnull_resource.ansible (local-exec):[0m [0m                "MySQL-python"
[0m[1mnull_resource.ansible (local-exec):[0m [0m            ]
[0m[1mnull_resource.ansible (local-exec):[0m [0m        },
[0m[1mnull_resource.ansible (local-exec):[0m [0m        "failed": false,
[0m[1mnull_resource.ansible (local-exec):[0m [0m        "msg": "",
[0m[1mnull_resource.ansible (local-exec):[0m [0m        "rc": 0,
[0m[1mnull_resource.ansible (local-exec):[0m [0m        "results": [
[0m[1mnull_resource.ansible (local-exec):[0m [0m            "Loaded plugins: priorities, update-motd\nResolving Dependencies\n--> Running transaction check\n---> Package MySQL-python.x86_64 0:1.2.5-1.amzn2.0.2 will be installed\n---> Package libselinux-python.x86_64 0:2.5-15.amzn2.0.1 will be installed\n---> Package unzip.x86_64 0:6.0-57.amzn2.0.1 will be installed\n--> Finished Dependency Resolution\n\nDependencies Resolved\n\n================================================================================\n Package             Arch     Version             Repository               Size\n================================================================================\nInstalling:\n MySQL-python        x86_64   1.2.5-1.amzn2.0.2   amzn2-core               89 k\n libselinux-python   x86_64   2.5-15.amzn2.0.1    amzn2extra-selinux-ng   234 k\n unzip               x86_64   6.0-57.amzn2.0.1    amzn2-core              182 k\n\nTransaction Summary\n================================================================================\nInstall  3 Packages\n\nTotal download size: 505 k\nInstalled size: 1.2 M\nDownloading packages:\n--------------------------------------------------------------------------------\nTotal                                              1.6 MB/s | 505 kB  00:00     \nRunning transaction check\nRunning transaction test\nTransaction test succeeded\nRunning transaction\n  Installing : unzip-6.0-57.amzn2.0.1.x86_64                                1/3 \n  Installing : libselinux-python-2.5-15.amzn2.0.1.x86_64                    2/3 \n  Installing : MySQL-python-1.2.5-1.amzn2.0.2.x86_64                        3/3 \n  Verifying  : MySQL-python-1.2.5-1.amzn2.0.2.x86_64                        1/3 \n  Verifying  : libselinux-python-2.5-15.amzn2.0.1.x86_64                    2/3 \n  Verifying  : unzip-6.0-57.amzn2.0.1.x86_64                                3/3 \n\nInstalled:\n  MySQL-python.x86_64 0:1.2.5-1.amzn2.0.2                                       \n  libselinux-python.x86_64 0:2.5-15.amzn2.0.1                                   \n  unzip.x86_64 0:6.0-57.amzn2.0.1                                               \n\nComplete!\n"
[0m[1mnull_resource.ansible (local-exec):[0m [0m        ]
[0m[1mnull_resource.ansible (local-exec):[0m [0m    }
[0m[1mnull_resource.ansible (local-exec):[0m [0m}

[0m[1mnull_resource.ansible (local-exec):[0m [0mTASK [crud : Download CRUD] ****************************************************
[0m[1mnull_resource.ansible (local-exec):[0m [0mtask path: /home/ec2-user/terraform/ansible/roles/crud/tasks/main.yml:15
[0m[1mnull_resource.ansible (local-exec):[0m [0m<18.212.215.169> ESTABLISH SSH CONNECTION FOR USER: ec2-user
[0m[1mnull_resource.ansible (local-exec):[0m [0m<18.212.215.169> SSH: EXEC ssh -C -o ControlMaster=auto -o ControlPersist=60s -o 'IdentityFile="/home/ec2-user/.ssh/j2.pem"' -o KbdInteractiveAuthentication=no -o PreferredAuthentications=gssapi-with-mic,gssapi-keyex,hostbased,publickey -o PasswordAuthentication=no -o 'User="ec2-user"' -o ConnectTimeout=10 -o StrictHostKeyChecking=no -o ControlPath=/home/ec2-user/.ansible/cp/1baffb812c 18.212.215.169 '/bin/sh -c '"'"'echo ~ec2-user && sleep 0'"'"''
[0m[1mnull_resource.ansible (local-exec):[0m [0m<18.212.215.169> (0, '/home/ec2-user\n', '')
[0m[1mnull_resource.ansible (local-exec):[0m [0m<18.212.215.169> ESTABLISH SSH CONNECTION FOR USER: ec2-user
[0m[1mnull_resource.ansible (local-exec):[0m [0m<18.212.215.169> SSH: EXEC ssh -C -o ControlMaster=auto -o ControlPersist=60s -o 'IdentityFile="/home/ec2-user/.ssh/j2.pem"' -o KbdInteractiveAuthentication=no -o PreferredAuthentications=gssapi-with-mic,gssapi-keyex,hostbased,publickey -o PasswordAuthentication=no -o 'User="ec2-user"' -o ConnectTimeout=10 -o StrictHostKeyChecking=no -o ControlPath=/home/ec2-user/.ansible/cp/1baffb812c 18.212.215.169 '/bin/sh -c '"'"'( umask 77 && mkdir -p "` echo /home/ec2-user/.ansible/tmp `"&& mkdir "` echo /home/ec2-user/.ansible/tmp/ansible-tmp-1702390248.03-1725-61886416739406 `" && echo ansible-tmp-1702390248.03-1725-61886416739406="` echo /home/ec2-user/.ansible/tmp/ansible-tmp-1702390248.03-1725-61886416739406 `" ) && sleep 0'"'"''
[0m[1mnull_resource.ansible (local-exec):[0m [0m<18.212.215.169> (0, 'ansible-tmp-1702390248.03-1725-61886416739406=/home/ec2-user/.ansible/tmp/ansible-tmp-1702390248.03-1725-61886416739406\n', '')
[0m[1mnull_resource.ansible (local-exec):[0m [0mUsing module file /usr/lib/python2.7/site-packages/ansible/modules/net_tools/basics/get_url.py
[0m[1mnull_resource.ansible (local-exec):[0m [0m<18.212.215.169> PUT /home/ec2-user/.ansible/tmp/ansible-local-14895x2Od2/tmpe5hGRe TO /home/ec2-user/.ansible/tmp/ansible-tmp-1702390248.03-1725-61886416739406/AnsiballZ_get_url.py
[0m[1mnull_resource.ansible (local-exec):[0m [0m<18.212.215.169> SSH: EXEC sftp -b - -C -o ControlMaster=auto -o ControlPersist=60s -o 'IdentityFile="/home/ec2-user/.ssh/j2.pem"' -o KbdInteractiveAuthentication=no -o PreferredAuthentications=gssapi-with-mic,gssapi-keyex,hostbased,publickey -o PasswordAuthentication=no -o 'User="ec2-user"' -o ConnectTimeout=10 -o StrictHostKeyChecking=no -o ControlPath=/home/ec2-user/.ansible/cp/1baffb812c '[18.212.215.169]'
[0m[1mnull_resource.ansible (local-exec):[0m [0m<18.212.215.169> (0, 'sftp> put /home/ec2-user/.ansible/tmp/ansible-local-14895x2Od2/tmpe5hGRe /home/ec2-user/.ansible/tmp/ansible-tmp-1702390248.03-1725-61886416739406/AnsiballZ_get_url.py\n', '')
[0m[1mnull_resource.ansible (local-exec):[0m [0m<18.212.215.169> ESTABLISH SSH CONNECTION FOR USER: ec2-user
[0m[1mnull_resource.ansible (local-exec):[0m [0m<18.212.215.169> SSH: EXEC ssh -C -o ControlMaster=auto -o ControlPersist=60s -o 'IdentityFile="/home/ec2-user/.ssh/j2.pem"' -o KbdInteractiveAuthentication=no -o PreferredAuthentications=gssapi-with-mic,gssapi-keyex,hostbased,publickey -o PasswordAuthentication=no -o 'User="ec2-user"' -o ConnectTimeout=10 -o StrictHostKeyChecking=no -o ControlPath=/home/ec2-user/.ansible/cp/1baffb812c 18.212.215.169 '/bin/sh -c '"'"'chmod u+x /home/ec2-user/.ansible/tmp/ansible-tmp-1702390248.03-1725-61886416739406/ /home/ec2-user/.ansible/tmp/ansible-tmp-1702390248.03-1725-61886416739406/AnsiballZ_get_url.py && sleep 0'"'"''
[0m[1mnull_resource.ansible (local-exec):[0m [0m<18.212.215.169> (0, '', '')
[0m[1mnull_resource.ansible (local-exec):[0m [0m<18.212.215.169> ESTABLISH SSH CONNECTION FOR USER: ec2-user
[0m[1mnull_resource.ansible (local-exec):[0m [0m<18.212.215.169> SSH: EXEC ssh -C -o ControlMaster=auto -o ControlPersist=60s -o 'IdentityFile="/home/ec2-user/.ssh/j2.pem"' -o KbdInteractiveAuthentication=no -o PreferredAuthentications=gssapi-with-mic,gssapi-keyex,hostbased,publickey -o PasswordAuthentication=no -o 'User="ec2-user"' -o ConnectTimeout=10 -o StrictHostKeyChecking=no -o ControlPath=/home/ec2-user/.ansible/cp/1baffb812c -tt 18.212.215.169 '/bin/sh -c '"'"'sudo -H -S -n  -u root /bin/sh -c '"'"'"'"'"'"'"'"'echo BECOME-SUCCESS-dcwpftylaolwwvhkzxsrmypbxxlvcpex ; /usr/bin/python /home/ec2-user/.ansible/tmp/ansible-tmp-1702390248.03-1725-61886416739406/AnsiballZ_get_url.py'"'"'"'"'"'"'"'"' && sleep 0'"'"''
[0m[1mnull_resource.ansible (local-exec):[0m [0mEscalation succeeded
[0m[1mnull_resource.ansible (local-exec):[0m [0m<18.212.215.169> (0, '\r\n{"src": "/home/ec2-user/.ansible/tmp/ansible-tmp-1702390248.03-1725-61886416739406/tmpkJf4Ub", "changed": true, "group": "root", "uid": 0, "dest": "/tmp/crud.zip", "status_code": 200, "md5sum": "c4f9ae10aee0e2999a65d333dbf901d2", "elapsed": 1, "url": "https://github.com/FaztWeb/php-mysql-crud/archive/master.zip", "state": "file", "gid": 0, "secontext": "unconfined_u:object_r:user_home_t:s0", "mode": "0644", "invocation": {"module_args": {"directory_mode": null, "force": false, "remote_src": null, "path": "/tmp/crud.zip", "owner": null, "follow": false, "client_key": null, "group": null, "use_proxy": true, "unsafe_writes": false, "serole": null, "content": null, "validate_certs": true, "setype": null, "client_cert": null, "timeout": 10, "url_password": null, "dest": "/tmp/crud.zip", "selevel": null, "force_basic_auth": false, "sha256sum": "", "http_agent": "ansible-httpget", "regexp": null, "src": null, "url": "https://github.com/FaztWeb/php-mysql-crud/archive/master.zip", "checksum": "", "seuser": null, "headers": null, "delimiter": null, "mode": "0644", "url_username": null, "attributes": null, "backup": null, "tmp_dest": null}}, "owner": "root", "checksum_src": "f36f327b840fb14c9241891f4e91c93709518dfc", "size": 27286, "checksum_dest": null, "msg": "OK (unknown bytes)"}\r\n', 'Shared connection to 18.212.215.169 closed.\r\n')
[0m[1mnull_resource.ansible (local-exec):[0m [0m<18.212.215.169> ESTABLISH SSH CONNECTION FOR USER: ec2-user
[0m[1mnull_resource.ansible (local-exec):[0m [0m<18.212.215.169> SSH: EXEC ssh -C -o ControlMaster=auto -o ControlPersist=60s -o 'IdentityFile="/home/ec2-user/.ssh/j2.pem"' -o KbdInteractiveAuthentication=no -o PreferredAuthentications=gssapi-with-mic,gssapi-keyex,hostbased,publickey -o PasswordAuthentication=no -o 'User="ec2-user"' -o ConnectTimeout=10 -o StrictHostKeyChecking=no -o ControlPath=/home/ec2-user/.ansible/cp/1baffb812c 18.212.215.169 '/bin/sh -c '"'"'rm -f -r /home/ec2-user/.ansible/tmp/ansible-tmp-1702390248.03-1725-61886416739406/ > /dev/null 2>&1 && sleep 0'"'"''
[0m[1mnull_resource.ansible (local-exec):[0m [0m<18.212.215.169> (0, '', '')
[0m[1mnull_resource.ansible (local-exec):[0m [0mchanged: [18.212.215.169] => {
[0m[1mnull_resource.ansible (local-exec):[0m [0m    "attempts": 1,
[0m[1mnull_resource.ansible (local-exec):[0m [0m    "changed": true,
[0m[1mnull_resource.ansible (local-exec):[0m [0m    "checksum_dest": null,
[0m[1mnull_resource.ansible (local-exec):[0m [0m    "checksum_src": "f36f327b840fb14c9241891f4e91c93709518dfc",
[0m[1mnull_resource.ansible (local-exec):[0m [0m    "dest": "/tmp/crud.zip",
[0m[1mnull_resource.ansible (local-exec):[0m [0m    "elapsed": 1,
[0m[1mnull_resource.ansible (local-exec):[0m [0m    "gid": 0,
[0m[1mnull_resource.ansible (local-exec):[0m [0m    "group": "root",
[0m[1mnull_resource.ansible (local-exec):[0m [0m    "invocation": {
[0m[1mnull_resource.ansible (local-exec):[0m [0m        "module_args": {
[0m[1mnull_resource.ansible (local-exec):[0m [0m            "attributes": null,
[0m[1mnull_resource.ansible (local-exec):[0m [0m            "backup": null,
[0m[1mnull_resource.ansible (local-exec):[0m [0m            "checksum": "",
[0m[1mnull_resource.ansible (local-exec):[0m [0m            "client_cert": null,
[0m[1mnull_resource.ansible (local-exec):[0m [0m            "client_key": null,
[0m[1mnull_resource.ansible (local-exec):[0m [0m            "content": null,
[0m[1mnull_resource.ansible (local-exec):[0m [0m            "delimiter": null,
[0m[1mnull_resource.ansible (local-exec):[0m [0m            "dest": "/tmp/crud.zip",
[0m[1mnull_resource.ansible (local-exec):[0m [0m            "directory_mode": null,
[0m[1mnull_resource.ansible (local-exec):[0m [0m            "follow": false,
[0m[1mnull_resource.ansible (local-exec):[0m [0m            "force": false,
[0m[1mnull_resource.ansible (local-exec):[0m [0m            "force_basic_auth": false,
[0m[1mnull_resource.ansible (local-exec):[0m [0m            "group": null,
[0m[1mnull_resource.ansible (local-exec):[0m [0m            "headers": null,
[0m[1mnull_resource.ansible (local-exec):[0m [0m            "http_agent": "ansible-httpget",
[0m[1mnull_resource.ansible (local-exec):[0m [0m            "mode": "0644",
[0m[1mnull_resource.ansible (local-exec):[0m [0m            "owner": null,
[0m[1mnull_resource.ansible (local-exec):[0m [0m            "path": "/tmp/crud.zip",
[0m[1mnull_resource.ansible (local-exec):[0m [0m            "regexp": null,
[0m[1mnull_resource.ansible (local-exec):[0m [0m            "remote_src": null,
[0m[1mnull_resource.ansible (local-exec):[0m [0m            "selevel": null,
[0m[1mnull_resource.ansible (local-exec):[0m [0m            "serole": null,
[0m[1mnull_resource.ansible (local-exec):[0m [0m            "setype": null,
[0m[1mnull_resource.ansible (local-exec):[0m [0m            "seuser": null,
[0m[1mnull_resource.ansible (local-exec):[0m [0m            "sha256sum": "",
[0m[1mnull_resource.ansible (local-exec):[0m [0m            "src": null,
[0m[1mnull_resource.ansible (local-exec):[0m [0m            "timeout": 10,
[0m[1mnull_resource.ansible (local-exec):[0m [0m            "tmp_dest": null,
[0m[1mnull_resource.ansible (local-exec):[0m [0m            "unsafe_writes": false,
[0m[1mnull_resource.ansible (local-exec):[0m [0m            "url": "https://github.com/FaztWeb/php-mysql-crud/archive/master.zip",
[0m[1mnull_resource.ansible (local-exec):[0m [0m            "url_password": null,
[0m[1mnull_resource.ansible (local-exec):[0m [0m            "url_username": null,
[0m[1mnull_resource.ansible (local-exec):[0m [0m            "use_proxy": true,
[0m[1mnull_resource.ansible (local-exec):[0m [0m            "validate_certs": true
[0m[1mnull_resource.ansible (local-exec):[0m [0m        }
[0m[1mnull_resource.ansible (local-exec):[0m [0m    },
[0m[1mnull_resource.ansible (local-exec):[0m [0m    "md5sum": "c4f9ae10aee0e2999a65d333dbf901d2",
[0m[1mnull_resource.ansible (local-exec):[0m [0m    "mode": "0644",
[0m[1mnull_resource.ansible (local-exec):[0m [0m    "msg": "OK (unknown bytes)",
[0m[1mnull_resource.ansible (local-exec):[0m [0m    "owner": "root",
[0m[1mnull_resource.ansible (local-exec):[0m [0m    "secontext": "unconfined_u:object_r:user_home_t:s0",
[0m[1mnull_resource.ansible (local-exec):[0m [0m    "size": 27286,
[0m[1mnull_resource.ansible (local-exec):[0m [0m    "src": "/home/ec2-user/.ansible/tmp/ansible-tmp-1702390248.03-1725-61886416739406/tmpkJf4Ub",
[0m[1mnull_resource.ansible (local-exec):[0m [0m    "state": "file",
[0m[1mnull_resource.ansible (local-exec):[0m [0m    "status_code": 200,
[0m[1mnull_resource.ansible (local-exec):[0m [0m    "uid": 0,
[0m[1mnull_resource.ansible (local-exec):[0m [0m    "url": "https://github.com/FaztWeb/php-mysql-crud/archive/master.zip"
[0m[1mnull_resource.ansible (local-exec):[0m [0m}

[0m[1mnull_resource.ansible (local-exec):[0m [0mTASK [crud : Download CRUD output] *********************************************
[0m[1mnull_resource.ansible (local-exec):[0m [0mtask path: /home/ec2-user/terraform/ansible/roles/crud/tasks/main.yml:25
[0m[1mnull_resource.ansible (local-exec):[0m [0mok: [18.212.215.169] => {
[0m[1mnull_resource.ansible (local-exec):[0m [0m    "download_result": {
[0m[1mnull_resource.ansible (local-exec):[0m [0m        "attempts": 1,
[0m[1mnull_resource.ansible (local-exec):[0m [0m        "changed": true,
[0m[1mnull_resource.ansible (local-exec):[0m [0m        "checksum_dest": null,
[0m[1mnull_resource.ansible (local-exec):[0m [0m        "checksum_src": "f36f327b840fb14c9241891f4e91c93709518dfc",
[0m[1mnull_resource.ansible (local-exec):[0m [0m        "dest": "/tmp/crud.zip",
[0m[1mnull_resource.ansible (local-exec):[0m [0m        "elapsed": 1,
[0m[1mnull_resource.ansible (local-exec):[0m [0m        "failed": false,
[0m[1mnull_resource.ansible (local-exec):[0m [0m        "gid": 0,
[0m[1mnull_resource.ansible (local-exec):[0m [0m        "group": "root",
[0m[1mnull_resource.ansible (local-exec):[0m [0m        "md5sum": "c4f9ae10aee0e2999a65d333dbf901d2",
[0m[1mnull_resource.ansible (local-exec):[0m [0m        "mode": "0644",
[0m[1mnull_resource.ansible (local-exec):[0m [0m        "msg": "OK (unknown bytes)",
[0m[1mnull_resource.ansible (local-exec):[0m [0m        "owner": "root",
[0m[1mnull_resource.ansible (local-exec):[0m [0m        "secontext": "unconfined_u:object_r:user_home_t:s0",
[0m[1mnull_resource.ansible (local-exec):[0m [0m        "size": 27286,
[0m[1mnull_resource.ansible (local-exec):[0m [0m        "src": "/home/ec2-user/.ansible/tmp/ansible-tmp-1702390248.03-1725-61886416739406/tmpkJf4Ub",
[0m[1mnull_resource.ansible (local-exec):[0m [0m        "state": "file",
[0m[1mnull_resource.ansible (local-exec):[0m [0m        "status_code": 200,
[0m[1mnull_resource.ansible (local-exec):[0m [0m        "uid": 0,
[0m[1mnull_resource.ansible (local-exec):[0m [0m        "url": "https://github.com/FaztWeb/php-mysql-crud/archive/master.zip"
[0m[1mnull_resource.ansible (local-exec):[0m [0m    }
[0m[1mnull_resource.ansible (local-exec):[0m [0m}

[0m[1mnull_resource.ansible (local-exec):[0m [0mTASK [crud : Extract CRUD] *****************************************************
[0m[1mnull_resource.ansible (local-exec):[0m [0mtask path: /home/ec2-user/terraform/ansible/roles/crud/tasks/main.yml:29
[0m[1mnull_resource.ansible (local-exec):[0m [0m<18.212.215.169> ESTABLISH SSH CONNECTION FOR USER: ec2-user
[0m[1mnull_resource.ansible (local-exec):[0m [0m<18.212.215.169> SSH: EXEC ssh -C -o ControlMaster=auto -o ControlPersist=60s -o 'IdentityFile="/home/ec2-user/.ssh/j2.pem"' -o KbdInteractiveAuthentication=no -o PreferredAuthentications=gssapi-with-mic,gssapi-keyex,hostbased,publickey -o PasswordAuthentication=no -o 'User="ec2-user"' -o ConnectTimeout=10 -o StrictHostKeyChecking=no -o ControlPath=/home/ec2-user/.ansible/cp/1baffb812c 18.212.215.169 '/bin/sh -c '"'"'echo ~ec2-user && sleep 0'"'"''
[0m[1mnull_resource.ansible (local-exec):[0m [0m<18.212.215.169> (0, '/home/ec2-user\n', '')
[0m[1mnull_resource.ansible (local-exec):[0m [0m<18.212.215.169> ESTABLISH SSH CONNECTION FOR USER: ec2-user
[0m[1mnull_resource.ansible (local-exec):[0m [0m<18.212.215.169> SSH: EXEC ssh -C -o ControlMaster=auto -o ControlPersist=60s -o 'IdentityFile="/home/ec2-user/.ssh/j2.pem"' -o KbdInteractiveAuthentication=no -o PreferredAuthentications=gssapi-with-mic,gssapi-keyex,hostbased,publickey -o PasswordAuthentication=no -o 'User="ec2-user"' -o ConnectTimeout=10 -o StrictHostKeyChecking=no -o ControlPath=/home/ec2-user/.ansible/cp/1baffb812c 18.212.215.169 '/bin/sh -c '"'"'( umask 77 && mkdir -p "` echo /home/ec2-user/.ansible/tmp `"&& mkdir "` echo /home/ec2-user/.ansible/tmp/ansible-tmp-1702390253.54-1774-243139131688751 `" && echo ansible-tmp-1702390253.54-1774-243139131688751="` echo /home/ec2-user/.ansible/tmp/ansible-tmp-1702390253.54-1774-243139131688751 `" ) && sleep 0'"'"''
[0m[1mnull_resource.ansible (local-exec):[0m [0m<18.212.215.169> (0, 'ansible-tmp-1702390253.54-1774-243139131688751=/home/ec2-user/.ansible/tmp/ansible-tmp-1702390253.54-1774-243139131688751\n', '')
[0m[1mnull_resource.ansible (local-exec):[0m [0mUsing module file /usr/lib/python2.7/site-packages/ansible/modules/files/stat.py
[0m[1mnull_resource.ansible (local-exec):[0m [0m<18.212.215.169> PUT /home/ec2-user/.ansible/tmp/ansible-local-14895x2Od2/tmpoY8D6i TO /home/ec2-user/.ansible/tmp/ansible-tmp-1702390253.54-1774-243139131688751/AnsiballZ_stat.py
[0m[1mnull_resource.ansible (local-exec):[0m [0m<18.212.215.169> SSH: EXEC sftp -b - -C -o ControlMaster=auto -o ControlPersist=60s -o 'IdentityFile="/home/ec2-user/.ssh/j2.pem"' -o KbdInteractiveAuthentication=no -o PreferredAuthentications=gssapi-with-mic,gssapi-keyex,hostbased,publickey -o PasswordAuthentication=no -o 'User="ec2-user"' -o ConnectTimeout=10 -o StrictHostKeyChecking=no -o ControlPath=/home/ec2-user/.ansible/cp/1baffb812c '[18.212.215.169]'
[0m[1mnull_resource.ansible (local-exec):[0m [0m<18.212.215.169> (0, 'sftp> put /home/ec2-user/.ansible/tmp/ansible-local-14895x2Od2/tmpoY8D6i /home/ec2-user/.ansible/tmp/ansible-tmp-1702390253.54-1774-243139131688751/AnsiballZ_stat.py\n', '')
[0m[1mnull_resource.ansible (local-exec):[0m [0m<18.212.215.169> ESTABLISH SSH CONNECTION FOR USER: ec2-user
[0m[1mnull_resource.ansible (local-exec):[0m [0m<18.212.215.169> SSH: EXEC ssh -C -o ControlMaster=auto -o ControlPersist=60s -o 'IdentityFile="/home/ec2-user/.ssh/j2.pem"' -o KbdInteractiveAuthentication=no -o PreferredAuthentications=gssapi-with-mic,gssapi-keyex,hostbased,publickey -o PasswordAuthentication=no -o 'User="ec2-user"' -o ConnectTimeout=10 -o StrictHostKeyChecking=no -o ControlPath=/home/ec2-user/.ansible/cp/1baffb812c 18.212.215.169 '/bin/sh -c '"'"'chmod u+x /home/ec2-user/.ansible/tmp/ansible-tmp-1702390253.54-1774-243139131688751/ /home/ec2-user/.ansible/tmp/ansible-tmp-1702390253.54-1774-243139131688751/AnsiballZ_stat.py && sleep 0'"'"''
[0m[1mnull_resource.ansible (local-exec):[0m [0m<18.212.215.169> (0, '', '')
[0m[1mnull_resource.ansible (local-exec):[0m [0m<18.212.215.169> ESTABLISH SSH CONNECTION FOR USER: ec2-user
[0m[1mnull_resource.ansible (local-exec):[0m [0m<18.212.215.169> SSH: EXEC ssh -C -o ControlMaster=auto -o ControlPersist=60s -o 'IdentityFile="/home/ec2-user/.ssh/j2.pem"' -o KbdInteractiveAuthentication=no -o PreferredAuthentications=gssapi-with-mic,gssapi-keyex,hostbased,publickey -o PasswordAuthentication=no -o 'User="ec2-user"' -o ConnectTimeout=10 -o StrictHostKeyChecking=no -o ControlPath=/home/ec2-user/.ansible/cp/1baffb812c -tt 18.212.215.169 '/bin/sh -c '"'"'sudo -H -S -n  -u root /bin/sh -c '"'"'"'"'"'"'"'"'echo BECOME-SUCCESS-ftsjmjclwncpcvaxrouuwsswinibvmhl ; /usr/bin/python /home/ec2-user/.ansible/tmp/ansible-tmp-1702390253.54-1774-243139131688751/AnsiballZ_stat.py'"'"'"'"'"'"'"'"' && sleep 0'"'"''
[0m[1mnull_resource.ansible (local-exec):[0m [0mEscalation succeeded
[0m[1mnull_resource.ansible (local-exec):[0m [0m<18.212.215.169> (0, '\r\n{"invocation": {"module_args": {"checksum_algorithm": "sha1", "get_checksum": true, "follow": true, "path": "/tmp/", "get_md5": false, "get_mime": true, "get_attributes": true}}, "stat": {"charset": "binary", "uid": 0, "exists": true, "attr_flags": "", "woth": true, "isreg": false, "device_type": 0, "mtime": 1702390256.3847208, "block_size": 4096, "inode": 101, "isgid": false, "size": 4096, "executable": true, "isuid": false, "readable": true, "version": "303586291", "pw_name": "root", "gid": 0, "ischr": false, "wusr": true, "writeable": true, "mimetype": "inode/directory", "blocks": 8, "xoth": true, "islnk": false, "nlink": 11, "issock": false, "rgrp": true, "gr_name": "root", "path": "/tmp/", "xusr": true, "atime": 1701891780.3636394, "isdir": true, "ctime": 1702390256.3847208, "isblk": false, "wgrp": true, "xgrp": true, "dev": 66305, "roth": true, "isfifo": false, "mode": "1777", "rusr": true, "attributes": []}, "changed": false}\r\n', 'Shared connection to 18.212.215.169 closed.\r\n')
[0m[1mnull_resource.ansible: Still creating... [40s elapsed][0m[0m
[0m[1mnull_resource.ansible (local-exec):[0m [0mUsing module file /usr/lib/python2.7/site-packages/ansible/modules/files/unarchive.py
[0m[1mnull_resource.ansible (local-exec):[0m [0m<18.212.215.169> PUT /home/ec2-user/.ansible/tmp/ansible-local-14895x2Od2/tmpsUor_X TO /home/ec2-user/.ansible/tmp/ansible-tmp-1702390253.54-1774-243139131688751/AnsiballZ_unarchive.py
[0m[1mnull_resource.ansible (local-exec):[0m [0m<18.212.215.169> SSH: EXEC sftp -b - -C -o ControlMaster=auto -o ControlPersist=60s -o 'IdentityFile="/home/ec2-user/.ssh/j2.pem"' -o KbdInteractiveAuthentication=no -o PreferredAuthentications=gssapi-with-mic,gssapi-keyex,hostbased,publickey -o PasswordAuthentication=no -o 'User="ec2-user"' -o ConnectTimeout=10 -o StrictHostKeyChecking=no -o ControlPath=/home/ec2-user/.ansible/cp/1baffb812c '[18.212.215.169]'
[0m[1mnull_resource.ansible (local-exec):[0m [0m<18.212.215.169> (0, 'sftp> put /home/ec2-user/.ansible/tmp/ansible-local-14895x2Od2/tmpsUor_X /home/ec2-user/.ansible/tmp/ansible-tmp-1702390253.54-1774-243139131688751/AnsiballZ_unarchive.py\n', '')
[0m[1mnull_resource.ansible (local-exec):[0m [0m<18.212.215.169> ESTABLISH SSH CONNECTION FOR USER: ec2-user
[0m[1mnull_resource.ansible (local-exec):[0m [0m<18.212.215.169> SSH: EXEC ssh -C -o ControlMaster=auto -o ControlPersist=60s -o 'IdentityFile="/home/ec2-user/.ssh/j2.pem"' -o KbdInteractiveAuthentication=no -o PreferredAuthentications=gssapi-with-mic,gssapi-keyex,hostbased,publickey -o PasswordAuthentication=no -o 'User="ec2-user"' -o ConnectTimeout=10 -o StrictHostKeyChecking=no -o ControlPath=/home/ec2-user/.ansible/cp/1baffb812c 18.212.215.169 '/bin/sh -c '"'"'chmod u+x /home/ec2-user/.ansible/tmp/ansible-tmp-1702390253.54-1774-243139131688751/ /home/ec2-user/.ansible/tmp/ansible-tmp-1702390253.54-1774-243139131688751/AnsiballZ_unarchive.py && sleep 0'"'"''
[0m[1mnull_resource.ansible (local-exec):[0m [0m<18.212.215.169> (0, '', '')
[0m[1mnull_resource.ansible (local-exec):[0m [0m<18.212.215.169> ESTABLISH SSH CONNECTION FOR USER: ec2-user
[0m[1mnull_resource.ansible (local-exec):[0m [0m<18.212.215.169> SSH: EXEC ssh -C -o ControlMaster=auto -o ControlPersist=60s -o 'IdentityFile="/home/ec2-user/.ssh/j2.pem"' -o KbdInteractiveAuthentication=no -o PreferredAuthentications=gssapi-with-mic,gssapi-keyex,hostbased,publickey -o PasswordAuthentication=no -o 'User="ec2-user"' -o ConnectTimeout=10 -o StrictHostKeyChecking=no -o ControlPath=/home/ec2-user/.ansible/cp/1baffb812c -tt 18.212.215.169 '/bin/sh -c '"'"'sudo -H -S -n  -u root /bin/sh -c '"'"'"'"'"'"'"'"'echo BECOME-SUCCESS-kxsfctfgeulgdqsbbfaboyryqosdfsjr ; /usr/bin/python /home/ec2-user/.ansible/tmp/ansible-tmp-1702390253.54-1774-243139131688751/AnsiballZ_unarchive.py'"'"'"'"'"'"'"'"' && sleep 0'"'"''
[0m[1mnull_resource.ansible (local-exec):[0m [0mEscalation succeeded
[0m[1mnull_resource.ansible (local-exec):[0m [0m<18.212.215.169> (0, '\r\n{"src": "/tmp/crud.zip", "group": "root", "uid": 0, "dest": "/tmp/", "changed": true, "extract_results": {"cmd": ["/bin/unzip", "-o", "/tmp/crud.zip", "-d", "/tmp/"], "rc": 0, "err": "", "out": "Archive:  /tmp/crud.zip\\nce54198d45024ad083498a2d1b5d132b50736612\\n   creating: /tmp/php-mysql-crud-master/\\n  inflating: /tmp/php-mysql-crud-master/Instrucciones  \\n  inflating: /tmp/php-mysql-crud-master/README.md  \\n   creating: /tmp/php-mysql-crud-master/database/\\n  inflating: /tmp/php-mysql-crud-master/database/script.sql  \\n  inflating: /tmp/php-mysql-crud-master/db.php  \\n  inflating: /tmp/php-mysql-crud-master/delete_task.php  \\n   creating: /tmp/php-mysql-crud-master/docs/\\n  inflating: /tmp/php-mysql-crud-master/docs/screenshot.png  \\n  inflating: /tmp/php-mysql-crud-master/edit.php  \\n   creating: /tmp/php-mysql-crud-master/includes/\\n  inflating: /tmp/php-mysql-crud-master/includes/footer.php  \\n  inflating: /tmp/php-mysql-crud-master/includes/header.php  \\n  inflating: /tmp/php-mysql-crud-master/index.php  \\n  inflating: /tmp/php-mysql-crud-master/save_task.php  \\n"}, "owner": "root", "state": "directory", "handler": "ZipArchive", "secontext": "system_u:object_r:tmp_t:s0", "mode": "01777", "diff": {"prepared": ">d++++++.?? php-mysql-crud-master/\\n>f++++++.?? php-mysql-crud-master/Instrucciones\\n>f++++++.?? php-mysql-crud-master/README.md\\n>d++++++.?? php-mysql-crud-master/database/\\n>f++++++.?? php-mysql-crud-master/database/script.sql\\n>f++++++.?? php-mysql-crud-master/db.php\\n>f++++++.?? php-mysql-crud-master/delete_task.php\\n>d++++++.?? php-mysql-crud-master/docs/\\n>f++++++.?? php-mysql-crud-master/docs/screenshot.png\\n>f++++++.?? php-mysql-crud-master/edit.php\\n>d++++++.?? php-mysql-crud-master/includes/\\n>f++++++.?? php-mysql-crud-master/includes/footer.php\\n>f++++++.?? php-mysql-crud-master/includes/header.php\\n>f++++++.?? php-mysql-crud-master/index.php\\n>f++++++.?? php-mysql-crud-master/save_task.php\\n"}, "invocation": {"module_args": {"directory_mode": null, "force": null, "remote_src": true, "exclude": [], "owner": null, "follow": false, "group": null, "unsafe_writes": false, "keep_newer": false, "setype": null, "content": null, "serole": null, "extra_opts": [], "dest": "/tmp/", "selevel": null, "regexp": null, "src": "/tmp/crud.zip", "validate_certs": true, "list_files": false, "seuser": null, "creates": null, "delimiter": null, "mode": null, "attributes": null, "backup": null}}, "gid": 0, "size": 4096}\r\n', 'Shared connection to 18.212.215.169 closed.\r\n')
[0m[1mnull_resource.ansible (local-exec):[0m [0m<18.212.215.169> ESTABLISH SSH CONNECTION FOR USER: ec2-user
[0m[1mnull_resource.ansible (local-exec):[0m [0m<18.212.215.169> SSH: EXEC ssh -C -o ControlMaster=auto -o ControlPersist=60s -o 'IdentityFile="/home/ec2-user/.ssh/j2.pem"' -o KbdInteractiveAuthentication=no -o PreferredAuthentications=gssapi-with-mic,gssapi-keyex,hostbased,publickey -o PasswordAuthentication=no -o 'User="ec2-user"' -o ConnectTimeout=10 -o StrictHostKeyChecking=no -o ControlPath=/home/ec2-user/.ansible/cp/1baffb812c 18.212.215.169 '/bin/sh -c '"'"'rm -f -r /home/ec2-user/.ansible/tmp/ansible-tmp-1702390253.54-1774-243139131688751/ > /dev/null 2>&1 && sleep 0'"'"''
[0m[1mnull_resource.ansible (local-exec):[0m [0m<18.212.215.169> (0, '', '')
[0m[1mnull_resource.ansible (local-exec):[0m [0mchanged: [18.212.215.169] => {
[0m[1mnull_resource.ansible (local-exec):[0m [0m    "changed": true,
[0m[1mnull_resource.ansible (local-exec):[0m [0m    "dest": "/tmp/",
[0m[1mnull_resource.ansible (local-exec):[0m [0m    "diff": {
[0m[1mnull_resource.ansible (local-exec):[0m [0m        "prepared": ">d++++++.?? php-mysql-crud-master/\n>f++++++.?? php-mysql-crud-master/Instrucciones\n>f++++++.?? php-mysql-crud-master/README.md\n>d++++++.?? php-mysql-crud-master/database/\n>f++++++.?? php-mysql-crud-master/database/script.sql\n>f++++++.?? php-mysql-crud-master/db.php\n>f++++++.?? php-mysql-crud-master/delete_task.php\n>d++++++.?? php-mysql-crud-master/docs/\n>f++++++.?? php-mysql-crud-master/docs/screenshot.png\n>f++++++.?? php-mysql-crud-master/edit.php\n>d++++++.?? php-mysql-crud-master/includes/\n>f++++++.?? php-mysql-crud-master/includes/footer.php\n>f++++++.?? php-mysql-crud-master/includes/header.php\n>f++++++.?? php-mysql-crud-master/index.php\n>f++++++.?? php-mysql-crud-master/save_task.php\n"
[0m[1mnull_resource.ansible (local-exec):[0m [0m    },
[0m[1mnull_resource.ansible (local-exec):[0m [0m    "extract_results": {
[0m[1mnull_resource.ansible (local-exec):[0m [0m        "cmd": [
[0m[1mnull_resource.ansible (local-exec):[0m [0m            "/bin/unzip",
[0m[1mnull_resource.ansible (local-exec):[0m [0m            "-o",
[0m[1mnull_resource.ansible (local-exec):[0m [0m            "/tmp/crud.zip",
[0m[1mnull_resource.ansible (local-exec):[0m [0m            "-d",
[0m[1mnull_resource.ansible (local-exec):[0m [0m            "/tmp/"
[0m[1mnull_resource.ansible (local-exec):[0m [0m        ],
[0m[1mnull_resource.ansible (local-exec):[0m [0m        "err": "",
[0m[1mnull_resource.ansible (local-exec):[0m [0m        "out": "Archive:  /tmp/crud.zip\nce54198d45024ad083498a2d1b5d132b50736612\n   creating: /tmp/php-mysql-crud-master/\n  inflating: /tmp/php-mysql-crud-master/Instrucciones  \n  inflating: /tmp/php-mysql-crud-master/README.md  \n   creating: /tmp/php-mysql-crud-master/database/\n  inflating: /tmp/php-mysql-crud-master/database/script.sql  \n  inflating: /tmp/php-mysql-crud-master/db.php  \n  inflating: /tmp/php-mysql-crud-master/delete_task.php  \n   creating: /tmp/php-mysql-crud-master/docs/\n  inflating: /tmp/php-mysql-crud-master/docs/screenshot.png  \n  inflating: /tmp/php-mysql-crud-master/edit.php  \n   creating: /tmp/php-mysql-crud-master/includes/\n  inflating: /tmp/php-mysql-crud-master/includes/footer.php  \n  inflating: /tmp/php-mysql-crud-master/includes/header.php  \n  inflating: /tmp/php-mysql-crud-master/index.php  \n  inflating: /tmp/php-mysql-crud-master/save_task.php  \n",
[0m[1mnull_resource.ansible (local-exec):[0m [0m        "rc": 0
[0m[1mnull_resource.ansible (local-exec):[0m [0m    },
[0m[1mnull_resource.ansible (local-exec):[0m [0m    "gid": 0,
[0m[1mnull_resource.ansible (local-exec):[0m [0m    "group": "root",
[0m[1mnull_resource.ansible (local-exec):[0m [0m    "handler": "ZipArchive",
[0m[1mnull_resource.ansible (local-exec):[0m [0m    "invocation": {
[0m[1mnull_resource.ansible (local-exec):[0m [0m        "module_args": {
[0m[1mnull_resource.ansible (local-exec):[0m [0m            "attributes": null,
[0m[1mnull_resource.ansible (local-exec):[0m [0m            "backup": null,
[0m[1mnull_resource.ansible (local-exec):[0m [0m            "content": null,
[0m[1mnull_resource.ansible (local-exec):[0m [0m            "creates": null,
[0m[1mnull_resource.ansible (local-exec):[0m [0m            "delimiter": null,
[0m[1mnull_resource.ansible (local-exec):[0m [0m            "dest": "/tmp/",
[0m[1mnull_resource.ansible (local-exec):[0m [0m            "directory_mode": null,
[0m[1mnull_resource.ansible (local-exec):[0m [0m            "exclude": [],
[0m[1mnull_resource.ansible (local-exec):[0m [0m            "extra_opts": [],
[0m[1mnull_resource.ansible (local-exec):[0m [0m            "follow": false,
[0m[1mnull_resource.ansible (local-exec):[0m [0m            "force": null,
[0m[1mnull_resource.ansible (local-exec):[0m [0m            "group": null,
[0m[1mnull_resource.ansible (local-exec):[0m [0m            "keep_newer": false,
[0m[1mnull_resource.ansible (local-exec):[0m [0m            "list_files": false,
[0m[1mnull_resource.ansible (local-exec):[0m [0m            "mode": null,
[0m[1mnull_resource.ansible (local-exec):[0m [0m            "owner": null,
[0m[1mnull_resource.ansible (local-exec):[0m [0m            "regexp": null,
[0m[1mnull_resource.ansible (local-exec):[0m [0m            "remote_src": true,
[0m[1mnull_resource.ansible (local-exec):[0m [0m            "selevel": null,
[0m[1mnull_resource.ansible (local-exec):[0m [0m            "serole": null,
[0m[1mnull_resource.ansible (local-exec):[0m [0m            "setype": null,
[0m[1mnull_resource.ansible (local-exec):[0m [0m            "seuser": null,
[0m[1mnull_resource.ansible (local-exec):[0m [0m            "src": "/tmp/crud.zip",
[0m[1mnull_resource.ansible (local-exec):[0m [0m            "unsafe_writes": false,
[0m[1mnull_resource.ansible (local-exec):[0m [0m            "validate_certs": true
[0m[1mnull_resource.ansible (local-exec):[0m [0m        }
[0m[1mnull_resource.ansible (local-exec):[0m [0m    },
[0m[1mnull_resource.ansible (local-exec):[0m [0m    "mode": "01777",
[0m[1mnull_resource.ansible (local-exec):[0m [0m    "owner": "root",
[0m[1mnull_resource.ansible (local-exec):[0m [0m    "secontext": "system_u:object_r:tmp_t:s0",
[0m[1mnull_resource.ansible (local-exec):[0m [0m    "size": 4096,
[0m[1mnull_resource.ansible (local-exec):[0m [0m    "src": "/tmp/crud.zip",
[0m[1mnull_resource.ansible (local-exec):[0m [0m    "state": "directory",
[0m[1mnull_resource.ansible (local-exec):[0m [0m    "uid": 0
[0m[1mnull_resource.ansible (local-exec):[0m [0m}

[0m[1mnull_resource.ansible (local-exec):[0m [0mTASK [crud : Extract CRUD output] **********************************************
[0m[1mnull_resource.ansible (local-exec):[0m [0mtask path: /home/ec2-user/terraform/ansible/roles/crud/tasks/main.yml:36
[0m[1mnull_resource.ansible (local-exec):[0m [0mok: [18.212.215.169] => {
[0m[1mnull_resource.ansible (local-exec):[0m [0m    "extract_crud": {
[0m[1mnull_resource.ansible (local-exec):[0m [0m        "changed": true,
[0m[1mnull_resource.ansible (local-exec):[0m [0m        "dest": "/tmp/",
[0m[1mnull_resource.ansible (local-exec):[0m [0m        "diff": {
[0m[1mnull_resource.ansible (local-exec):[0m [0m            "prepared": ">d++++++.?? php-mysql-crud-master/\n>f++++++.?? php-mysql-crud-master/Instrucciones\n>f++++++.?? php-mysql-crud-master/README.md\n>d++++++.?? php-mysql-crud-master/database/\n>f++++++.?? php-mysql-crud-master/database/script.sql\n>f++++++.?? php-mysql-crud-master/db.php\n>f++++++.?? php-mysql-crud-master/delete_task.php\n>d++++++.?? php-mysql-crud-master/docs/\n>f++++++.?? php-mysql-crud-master/docs/screenshot.png\n>f++++++.?? php-mysql-crud-master/edit.php\n>d++++++.?? php-mysql-crud-master/includes/\n>f++++++.?? php-mysql-crud-master/includes/footer.php\n>f++++++.?? php-mysql-crud-master/includes/header.php\n>f++++++.?? php-mysql-crud-master/index.php\n>f++++++.?? php-mysql-crud-master/save_task.php\n"
[0m[1mnull_resource.ansible (local-exec):[0m [0m        },
[0m[1mnull_resource.ansible (local-exec):[0m [0m        "extract_results": {
[0m[1mnull_resource.ansible (local-exec):[0m [0m            "cmd": [
[0m[1mnull_resource.ansible (local-exec):[0m [0m                "/bin/unzip",
[0m[1mnull_resource.ansible (local-exec):[0m [0m                "-o",
[0m[1mnull_resource.ansible (local-exec):[0m [0m                "/tmp/crud.zip",
[0m[1mnull_resource.ansible (local-exec):[0m [0m                "-d",
[0m[1mnull_resource.ansible (local-exec):[0m [0m                "/tmp/"
[0m[1mnull_resource.ansible (local-exec):[0m [0m            ],
[0m[1mnull_resource.ansible (local-exec):[0m [0m            "err": "",
[0m[1mnull_resource.ansible (local-exec):[0m [0m            "out": "Archive:  /tmp/crud.zip\nce54198d45024ad083498a2d1b5d132b50736612\n   creating: /tmp/php-mysql-crud-master/\n  inflating: /tmp/php-mysql-crud-master/Instrucciones  \n  inflating: /tmp/php-mysql-crud-master/README.md  \n   creating: /tmp/php-mysql-crud-master/database/\n  inflating: /tmp/php-mysql-crud-master/database/script.sql  \n  inflating: /tmp/php-mysql-crud-master/db.php  \n  inflating: /tmp/php-mysql-crud-master/delete_task.php  \n   creating: /tmp/php-mysql-crud-master/docs/\n  inflating: /tmp/php-mysql-crud-master/docs/screenshot.png  \n  inflating: /tmp/php-mysql-crud-master/edit.php  \n   creating: /tmp/php-mysql-crud-master/includes/\n  inflating: /tmp/php-mysql-crud-master/includes/footer.php  \n  inflating: /tmp/php-mysql-crud-master/includes/header.php  \n  inflating: /tmp/php-mysql-crud-master/index.php  \n  inflating: /tmp/php-mysql-crud-master/save_task.php  \n",
[0m[1mnull_resource.ansible (local-exec):[0m [0m            "rc": 0
[0m[1mnull_resource.ansible (local-exec):[0m [0m        },
[0m[1mnull_resource.ansible (local-exec):[0m [0m        "failed": false,
[0m[1mnull_resource.ansible (local-exec):[0m [0m        "gid": 0,
[0m[1mnull_resource.ansible (local-exec):[0m [0m        "group": "root",
[0m[1mnull_resource.ansible (local-exec):[0m [0m        "handler": "ZipArchive",
[0m[1mnull_resource.ansible (local-exec):[0m [0m        "mode": "01777",
[0m[1mnull_resource.ansible (local-exec):[0m [0m        "owner": "root",
[0m[1mnull_resource.ansible (local-exec):[0m [0m        "secontext": "system_u:object_r:tmp_t:s0",
[0m[1mnull_resource.ansible (local-exec):[0m [0m        "size": 4096,
[0m[1mnull_resource.ansible (local-exec):[0m [0m        "src": "/tmp/crud.zip",
[0m[1mnull_resource.ansible (local-exec):[0m [0m        "state": "directory",
[0m[1mnull_resource.ansible (local-exec):[0m [0m        "uid": 0
[0m[1mnull_resource.ansible (local-exec):[0m [0m    }
[0m[1mnull_resource.ansible (local-exec):[0m [0m}

[0m[1mnull_resource.ansible (local-exec):[0m [0mTASK [crud : Copy CRUD files to web root] **************************************
[0m[1mnull_resource.ansible (local-exec):[0m [0mtask path: /home/ec2-user/terraform/ansible/roles/crud/tasks/main.yml:40
[0m[1mnull_resource.ansible (local-exec):[0m [0m<18.212.215.169> ESTABLISH SSH CONNECTION FOR USER: ec2-user
[0m[1mnull_resource.ansible (local-exec):[0m [0m<18.212.215.169> SSH: EXEC ssh -C -o ControlMaster=auto -o ControlPersist=60s -o 'IdentityFile="/home/ec2-user/.ssh/j2.pem"' -o KbdInteractiveAuthentication=no -o PreferredAuthentications=gssapi-with-mic,gssapi-keyex,hostbased,publickey -o PasswordAuthentication=no -o 'User="ec2-user"' -o ConnectTimeout=10 -o StrictHostKeyChecking=no -o ControlPath=/home/ec2-user/.ansible/cp/1baffb812c 18.212.215.169 '/bin/sh -c '"'"'echo ~ec2-user && sleep 0'"'"''
[0m[1mnull_resource.ansible (local-exec):[0m [0m<18.212.215.169> (0, '/home/ec2-user\n', '')
[0m[1mnull_resource.ansible (local-exec):[0m [0m<18.212.215.169> ESTABLISH SSH CONNECTION FOR USER: ec2-user
[0m[1mnull_resource.ansible (local-exec):[0m [0m<18.212.215.169> SSH: EXEC ssh -C -o ControlMaster=auto -o ControlPersist=60s -o 'IdentityFile="/home/ec2-user/.ssh/j2.pem"' -o KbdInteractiveAuthentication=no -o PreferredAuthentications=gssapi-with-mic,gssapi-keyex,hostbased,publickey -o PasswordAuthentication=no -o 'User="ec2-user"' -o ConnectTimeout=10 -o StrictHostKeyChecking=no -o ControlPath=/home/ec2-user/.ansible/cp/1baffb812c 18.212.215.169 '/bin/sh -c '"'"'( umask 77 && mkdir -p "` echo /home/ec2-user/.ansible/tmp `"&& mkdir "` echo /home/ec2-user/.ansible/tmp/ansible-tmp-1702390260.76-1839-30257932715316 `" && echo ansible-tmp-1702390260.76-1839-30257932715316="` echo /home/ec2-user/.ansible/tmp/ansible-tmp-1702390260.76-1839-30257932715316 `" ) && sleep 0'"'"''
[0m[1mnull_resource.ansible (local-exec):[0m [0m<18.212.215.169> (0, 'ansible-tmp-1702390260.76-1839-30257932715316=/home/ec2-user/.ansible/tmp/ansible-tmp-1702390260.76-1839-30257932715316\n', '')
[0m[1mnull_resource.ansible (local-exec):[0m [0mUsing module file /usr/lib/python2.7/site-packages/ansible/modules/files/copy.py
[0m[1mnull_resource.ansible (local-exec):[0m [0m<18.212.215.169> PUT /home/ec2-user/.ansible/tmp/ansible-local-14895x2Od2/tmpmYTBUx TO /home/ec2-user/.ansible/tmp/ansible-tmp-1702390260.76-1839-30257932715316/AnsiballZ_copy.py
[0m[1mnull_resource.ansible (local-exec):[0m [0m<18.212.215.169> SSH: EXEC sftp -b - -C -o ControlMaster=auto -o ControlPersist=60s -o 'IdentityFile="/home/ec2-user/.ssh/j2.pem"' -o KbdInteractiveAuthentication=no -o PreferredAuthentications=gssapi-with-mic,gssapi-keyex,hostbased,publickey -o PasswordAuthentication=no -o 'User="ec2-user"' -o ConnectTimeout=10 -o StrictHostKeyChecking=no -o ControlPath=/home/ec2-user/.ansible/cp/1baffb812c '[18.212.215.169]'
[0m[1mnull_resource.ansible (local-exec):[0m [0m<18.212.215.169> (0, 'sftp> put /home/ec2-user/.ansible/tmp/ansible-local-14895x2Od2/tmpmYTBUx /home/ec2-user/.ansible/tmp/ansible-tmp-1702390260.76-1839-30257932715316/AnsiballZ_copy.py\n', '')
[0m[1mnull_resource.ansible (local-exec):[0m [0m<18.212.215.169> ESTABLISH SSH CONNECTION FOR USER: ec2-user
[0m[1mnull_resource.ansible (local-exec):[0m [0m<18.212.215.169> SSH: EXEC ssh -C -o ControlMaster=auto -o ControlPersist=60s -o 'IdentityFile="/home/ec2-user/.ssh/j2.pem"' -o KbdInteractiveAuthentication=no -o PreferredAuthentications=gssapi-with-mic,gssapi-keyex,hostbased,publickey -o PasswordAuthentication=no -o 'User="ec2-user"' -o ConnectTimeout=10 -o StrictHostKeyChecking=no -o ControlPath=/home/ec2-user/.ansible/cp/1baffb812c 18.212.215.169 '/bin/sh -c '"'"'chmod u+x /home/ec2-user/.ansible/tmp/ansible-tmp-1702390260.76-1839-30257932715316/ /home/ec2-user/.ansible/tmp/ansible-tmp-1702390260.76-1839-30257932715316/AnsiballZ_copy.py && sleep 0'"'"''
[0m[1mnull_resource.ansible (local-exec):[0m [0m<18.212.215.169> (0, '', '')
[0m[1mnull_resource.ansible (local-exec):[0m [0m<18.212.215.169> ESTABLISH SSH CONNECTION FOR USER: ec2-user
[0m[1mnull_resource.ansible (local-exec):[0m [0m<18.212.215.169> SSH: EXEC ssh -C -o ControlMaster=auto -o ControlPersist=60s -o 'IdentityFile="/home/ec2-user/.ssh/j2.pem"' -o KbdInteractiveAuthentication=no -o PreferredAuthentications=gssapi-with-mic,gssapi-keyex,hostbased,publickey -o PasswordAuthentication=no -o 'User="ec2-user"' -o ConnectTimeout=10 -o StrictHostKeyChecking=no -o ControlPath=/home/ec2-user/.ansible/cp/1baffb812c -tt 18.212.215.169 '/bin/sh -c '"'"'sudo -H -S -n  -u root /bin/sh -c '"'"'"'"'"'"'"'"'echo BECOME-SUCCESS-rqudjexmfujdjrtzzhgibejhlvbfzkvp ; /usr/bin/python /home/ec2-user/.ansible/tmp/ansible-tmp-1702390260.76-1839-30257932715316/AnsiballZ_copy.py'"'"'"'"'"'"'"'"' && sleep 0'"'"''
[0m[1mnull_resource.ansible (local-exec):[0m [0mEscalation succeeded
[0m[1mnull_resource.ansible (local-exec):[0m [0m<18.212.215.169> (0, '\r\n{"src": "/tmp/php-mysql-crud-master/", "changed": true, "group": "root", "uid": 0, "dest": "/var/www/html/", "checksum": null, "md5sum": null, "owner": "root", "state": "directory", "gid": 0, "secontext": "system_u:object_r:nfs_t:s0", "mode": "0755", "invocation": {"module_args": {"directory_mode": null, "force": true, "remote_src": true, "_original_basename": null, "owner": null, "follow": false, "local_follow": null, "group": null, "unsafe_writes": false, "setype": null, "content": null, "serole": null, "dest": "/var/www/html/", "selevel": null, "regexp": null, "validate": null, "src": "/tmp/php-mysql-crud-master/", "checksum": null, "seuser": null, "delimiter": null, "mode": null, "attributes": null, "backup": false}}, "size": 6144}\r\n', 'Shared connection to 18.212.215.169 closed.\r\n')
[0m[1mnull_resource.ansible (local-exec):[0m [0m<18.212.215.169> ESTABLISH SSH CONNECTION FOR USER: ec2-user
[0m[1mnull_resource.ansible (local-exec):[0m [0m<18.212.215.169> SSH: EXEC ssh -C -o ControlMaster=auto -o ControlPersist=60s -o 'IdentityFile="/home/ec2-user/.ssh/j2.pem"' -o KbdInteractiveAuthentication=no -o PreferredAuthentications=gssapi-with-mic,gssapi-keyex,hostbased,publickey -o PasswordAuthentication=no -o 'User="ec2-user"' -o ConnectTimeout=10 -o StrictHostKeyChecking=no -o ControlPath=/home/ec2-user/.ansible/cp/1baffb812c 18.212.215.169 '/bin/sh -c '"'"'rm -f -r /home/ec2-user/.ansible/tmp/ansible-tmp-1702390260.76-1839-30257932715316/ > /dev/null 2>&1 && sleep 0'"'"''
[0m[1mnull_resource.ansible (local-exec):[0m [0m<18.212.215.169> (0, '', '')
[0m[1mnull_resource.ansible (local-exec):[0m [0mchanged: [18.212.215.169] => {
[0m[1mnull_resource.ansible (local-exec):[0m [0m    "changed": true,
[0m[1mnull_resource.ansible (local-exec):[0m [0m    "checksum": null,
[0m[1mnull_resource.ansible (local-exec):[0m [0m    "dest": "/var/www/html/",
[0m[1mnull_resource.ansible (local-exec):[0m [0m    "gid": 0,
[0m[1mnull_resource.ansible (local-exec):[0m [0m    "group": "root",
[0m[1mnull_resource.ansible (local-exec):[0m [0m    "invocation": {
[0m[1mnull_resource.ansible (local-exec):[0m [0m        "module_args": {
[0m[1mnull_resource.ansible (local-exec):[0m [0m            "_original_basename": null,
[0m[1mnull_resource.ansible (local-exec):[0m [0m            "attributes": null,
[0m[1mnull_resource.ansible (local-exec):[0m [0m            "backup": false,
[0m[1mnull_resource.ansible (local-exec):[0m [0m            "checksum": null,
[0m[1mnull_resource.ansible (local-exec):[0m [0m            "content": null,
[0m[1mnull_resource.ansible (local-exec):[0m [0m            "delimiter": null,
[0m[1mnull_resource.ansible (local-exec):[0m [0m            "dest": "/var/www/html/",
[0m[1mnull_resource.ansible (local-exec):[0m [0m            "directory_mode": null,
[0m[1mnull_resource.ansible (local-exec):[0m [0m            "follow": false,
[0m[1mnull_resource.ansible (local-exec):[0m [0m            "force": true,
[0m[1mnull_resource.ansible (local-exec):[0m [0m            "group": null,
[0m[1mnull_resource.ansible (local-exec):[0m [0m            "local_follow": null,
[0m[1mnull_resource.ansible (local-exec):[0m [0m            "mode": null,
[0m[1mnull_resource.ansible (local-exec):[0m [0m            "owner": null,
[0m[1mnull_resource.ansible (local-exec):[0m [0m            "regexp": null,
[0m[1mnull_resource.ansible (local-exec):[0m [0m            "remote_src": true,
[0m[1mnull_resource.ansible (local-exec):[0m [0m            "selevel": null,
[0m[1mnull_resource.ansible (local-exec):[0m [0m            "serole": null,
[0m[1mnull_resource.ansible (local-exec):[0m [0m            "setype": null,
[0m[1mnull_resource.ansible (local-exec):[0m [0m            "seuser": null,
[0m[1mnull_resource.ansible (local-exec):[0m [0m            "src": "/tmp/php-mysql-crud-master/",
[0m[1mnull_resource.ansible (local-exec):[0m [0m            "unsafe_writes": false,
[0m[1mnull_resource.ansible (local-exec):[0m [0m            "validate": null
[0m[1mnull_resource.ansible (local-exec):[0m [0m        }
[0m[1mnull_resource.ansible (local-exec):[0m [0m    },
[0m[1mnull_resource.ansible (local-exec):[0m [0m    "md5sum": null,
[0m[1mnull_resource.ansible (local-exec):[0m [0m    "mode": "0755",
[0m[1mnull_resource.ansible (local-exec):[0m [0m    "owner": "root",
[0m[1mnull_resource.ansible (local-exec):[0m [0m    "secontext": "system_u:object_r:nfs_t:s0",
[0m[1mnull_resource.ansible (local-exec):[0m [0m    "size": 6144,
[0m[1mnull_resource.ansible (local-exec):[0m [0m    "src": "/tmp/php-mysql-crud-master/",
[0m[1mnull_resource.ansible (local-exec):[0m [0m    "state": "directory",
[0m[1mnull_resource.ansible (local-exec):[0m [0m    "uid": 0
[0m[1mnull_resource.ansible (local-exec):[0m [0m}

[0m[1mnull_resource.ansible (local-exec):[0m [0mTASK [crud : Copy CRUD files to web root output] *******************************
[0m[1mnull_resource.ansible (local-exec):[0m [0mtask path: /home/ec2-user/terraform/ansible/roles/crud/tasks/main.yml:47
[0m[1mnull_resource.ansible (local-exec):[0m [0mok: [18.212.215.169] => {
[0m[1mnull_resource.ansible (local-exec):[0m [0m    "copy_crud": {
[0m[1mnull_resource.ansible (local-exec):[0m [0m        "changed": true,
[0m[1mnull_resource.ansible (local-exec):[0m [0m        "checksum": null,
[0m[1mnull_resource.ansible (local-exec):[0m [0m        "dest": "/var/www/html/",
[0m[1mnull_resource.ansible (local-exec):[0m [0m        "failed": false,
[0m[1mnull_resource.ansible (local-exec):[0m [0m        "gid": 0,
[0m[1mnull_resource.ansible (local-exec):[0m [0m        "group": "root",
[0m[1mnull_resource.ansible (local-exec):[0m [0m        "md5sum": null,
[0m[1mnull_resource.ansible (local-exec):[0m [0m        "mode": "0755",
[0m[1mnull_resource.ansible (local-exec):[0m [0m        "owner": "root",
[0m[1mnull_resource.ansible (local-exec):[0m [0m        "secontext": "system_u:object_r:nfs_t:s0",
[0m[1mnull_resource.ansible (local-exec):[0m [0m        "size": 6144,
[0m[1mnull_resource.ansible (local-exec):[0m [0m        "src": "/tmp/php-mysql-crud-master/",
[0m[1mnull_resource.ansible (local-exec):[0m [0m        "state": "directory",
[0m[1mnull_resource.ansible (local-exec):[0m [0m        "uid": 0
[0m[1mnull_resource.ansible (local-exec):[0m [0m    }
[0m[1mnull_resource.ansible (local-exec):[0m [0m}

[0m[1mnull_resource.ansible (local-exec):[0m [0mTASK [crud : Modify SQL script] ************************************************
[0m[1mnull_resource.ansible (local-exec):[0m [0mtask path: /home/ec2-user/terraform/ansible/roles/crud/tasks/main.yml:51
[0m[1mnull_resource.ansible (local-exec):[0m [0m<18.212.215.169> ESTABLISH SSH CONNECTION FOR USER: ec2-user
[0m[1mnull_resource.ansible (local-exec):[0m [0m<18.212.215.169> SSH: EXEC ssh -C -o ControlMaster=auto -o ControlPersist=60s -o 'IdentityFile="/home/ec2-user/.ssh/j2.pem"' -o KbdInteractiveAuthentication=no -o PreferredAuthentications=gssapi-with-mic,gssapi-keyex,hostbased,publickey -o PasswordAuthentication=no -o 'User="ec2-user"' -o ConnectTimeout=10 -o StrictHostKeyChecking=no -o ControlPath=/home/ec2-user/.ansible/cp/1baffb812c 18.212.215.169 '/bin/sh -c '"'"'echo ~ec2-user && sleep 0'"'"''
[0m[1mnull_resource.ansible (local-exec):[0m [0m<18.212.215.169> (0, '/home/ec2-user\n', '')
[0m[1mnull_resource.ansible (local-exec):[0m [0m<18.212.215.169> ESTABLISH SSH CONNECTION FOR USER: ec2-user
[0m[1mnull_resource.ansible (local-exec):[0m [0m<18.212.215.169> SSH: EXEC ssh -C -o ControlMaster=auto -o ControlPersist=60s -o 'IdentityFile="/home/ec2-user/.ssh/j2.pem"' -o KbdInteractiveAuthentication=no -o PreferredAuthentications=gssapi-with-mic,gssapi-keyex,hostbased,publickey -o PasswordAuthentication=no -o 'User="ec2-user"' -o ConnectTimeout=10 -o StrictHostKeyChecking=no -o ControlPath=/home/ec2-user/.ansible/cp/1baffb812c 18.212.215.169 '/bin/sh -c '"'"'( umask 77 && mkdir -p "` echo /home/ec2-user/.ansible/tmp `"&& mkdir "` echo /home/ec2-user/.ansible/tmp/ansible-tmp-1702390265.04-1880-232401711108991 `" && echo ansible-tmp-1702390265.04-1880-232401711108991="` echo /home/ec2-user/.ansible/tmp/ansible-tmp-1702390265.04-1880-232401711108991 `" ) && sleep 0'"'"''
[0m[1mnull_resource.ansible (local-exec):[0m [0m<18.212.215.169> (0, 'ansible-tmp-1702390265.04-1880-232401711108991=/home/ec2-user/.ansible/tmp/ansible-tmp-1702390265.04-1880-232401711108991\n', '')
[0m[1mnull_resource.ansible (local-exec):[0m [0mUsing module file /usr/lib/python2.7/site-packages/ansible/modules/files/replace.py
[0m[1mnull_resource.ansible (local-exec):[0m [0m<18.212.215.169> PUT /home/ec2-user/.ansible/tmp/ansible-local-14895x2Od2/tmpVngSqE TO /home/ec2-user/.ansible/tmp/ansible-tmp-1702390265.04-1880-232401711108991/AnsiballZ_replace.py
[0m[1mnull_resource.ansible (local-exec):[0m [0m<18.212.215.169> SSH: EXEC sftp -b - -C -o ControlMaster=auto -o ControlPersist=60s -o 'IdentityFile="/home/ec2-user/.ssh/j2.pem"' -o KbdInteractiveAuthentication=no -o PreferredAuthentications=gssapi-with-mic,gssapi-keyex,hostbased,publickey -o PasswordAuthentication=no -o 'User="ec2-user"' -o ConnectTimeout=10 -o StrictHostKeyChecking=no -o ControlPath=/home/ec2-user/.ansible/cp/1baffb812c '[18.212.215.169]'
[0m[1mnull_resource.ansible: Still creating... [50s elapsed][0m[0m
[0m[1mnull_resource.ansible (local-exec):[0m [0m<18.212.215.169> (0, 'sftp> put /home/ec2-user/.ansible/tmp/ansible-local-14895x2Od2/tmpVngSqE /home/ec2-user/.ansible/tmp/ansible-tmp-1702390265.04-1880-232401711108991/AnsiballZ_replace.py\n', '')
[0m[1mnull_resource.ansible (local-exec):[0m [0m<18.212.215.169> ESTABLISH SSH CONNECTION FOR USER: ec2-user
[0m[1mnull_resource.ansible (local-exec):[0m [0m<18.212.215.169> SSH: EXEC ssh -C -o ControlMaster=auto -o ControlPersist=60s -o 'IdentityFile="/home/ec2-user/.ssh/j2.pem"' -o KbdInteractiveAuthentication=no -o PreferredAuthentications=gssapi-with-mic,gssapi-keyex,hostbased,publickey -o PasswordAuthentication=no -o 'User="ec2-user"' -o ConnectTimeout=10 -o StrictHostKeyChecking=no -o ControlPath=/home/ec2-user/.ansible/cp/1baffb812c 18.212.215.169 '/bin/sh -c '"'"'chmod u+x /home/ec2-user/.ansible/tmp/ansible-tmp-1702390265.04-1880-232401711108991/ /home/ec2-user/.ansible/tmp/ansible-tmp-1702390265.04-1880-232401711108991/AnsiballZ_replace.py && sleep 0'"'"''
[0m[1mnull_resource.ansible (local-exec):[0m [0m<18.212.215.169> (0, '', '')
[0m[1mnull_resource.ansible (local-exec):[0m [0m<18.212.215.169> ESTABLISH SSH CONNECTION FOR USER: ec2-user
[0m[1mnull_resource.ansible (local-exec):[0m [0m<18.212.215.169> SSH: EXEC ssh -C -o ControlMaster=auto -o ControlPersist=60s -o 'IdentityFile="/home/ec2-user/.ssh/j2.pem"' -o KbdInteractiveAuthentication=no -o PreferredAuthentications=gssapi-with-mic,gssapi-keyex,hostbased,publickey -o PasswordAuthentication=no -o 'User="ec2-user"' -o ConnectTimeout=10 -o StrictHostKeyChecking=no -o ControlPath=/home/ec2-user/.ansible/cp/1baffb812c -tt 18.212.215.169 '/bin/sh -c '"'"'sudo -H -S -n  -u root /bin/sh -c '"'"'"'"'"'"'"'"'echo BECOME-SUCCESS-fbafqxndimjxzydklenijtfkdwrmamyp ; /usr/bin/python /home/ec2-user/.ansible/tmp/ansible-tmp-1702390265.04-1880-232401711108991/AnsiballZ_replace.py'"'"'"'"'"'"'"'"' && sleep 0'"'"''
[0m[1mnull_resource.ansible (local-exec):[0m [0mEscalation succeeded
[0m[1mnull_resource.ansible (local-exec):[0m [0m<18.212.215.169> (0, '\r\n{"msg": "2 replacements made", "invocation": {"module_args": {"directory_mode": null, "force": null, "encoding": "utf-8", "replace": "dbname", "path": "/var/www/html/database/script.sql", "owner": null, "follow": false, "before": null, "group": null, "unsafe_writes": false, "remote_src": null, "setype": null, "content": null, "serole": null, "selevel": null, "after": null, "regexp": "php_mysql_crud", "validate": null, "src": null, "seuser": null, "delimiter": null, "mode": null, "attributes": null, "backup": false}}, "changed": true}\r\n', 'Shared connection to 18.212.215.169 closed.\r\n')
[0m[1mnull_resource.ansible (local-exec):[0m [0m<18.212.215.169> ESTABLISH SSH CONNECTION FOR USER: ec2-user
[0m[1mnull_resource.ansible (local-exec):[0m [0m<18.212.215.169> SSH: EXEC ssh -C -o ControlMaster=auto -o ControlPersist=60s -o 'IdentityFile="/home/ec2-user/.ssh/j2.pem"' -o KbdInteractiveAuthentication=no -o PreferredAuthentications=gssapi-with-mic,gssapi-keyex,hostbased,publickey -o PasswordAuthentication=no -o 'User="ec2-user"' -o ConnectTimeout=10 -o StrictHostKeyChecking=no -o ControlPath=/home/ec2-user/.ansible/cp/1baffb812c 18.212.215.169 '/bin/sh -c '"'"'rm -f -r /home/ec2-user/.ansible/tmp/ansible-tmp-1702390265.04-1880-232401711108991/ > /dev/null 2>&1 && sleep 0'"'"''
[0m[1mnull_resource.ansible (local-exec):[0m [0m<18.212.215.169> (0, '', '')
[0m[1mnull_resource.ansible (local-exec):[0m [0mchanged: [18.212.215.169] => {
[0m[1mnull_resource.ansible (local-exec):[0m [0m    "changed": true,
[0m[1mnull_resource.ansible (local-exec):[0m [0m    "invocation": {
[0m[1mnull_resource.ansible (local-exec):[0m [0m        "module_args": {
[0m[1mnull_resource.ansible (local-exec):[0m [0m            "after": null,
[0m[1mnull_resource.ansible (local-exec):[0m [0m            "attributes": null,
[0m[1mnull_resource.ansible (local-exec):[0m [0m            "backup": false,
[0m[1mnull_resource.ansible (local-exec):[0m [0m            "before": null,
[0m[1mnull_resource.ansible (local-exec):[0m [0m            "content": null,
[0m[1mnull_resource.ansible (local-exec):[0m [0m            "delimiter": null,
[0m[1mnull_resource.ansible (local-exec):[0m [0m            "directory_mode": null,
[0m[1mnull_resource.ansible (local-exec):[0m [0m            "encoding": "utf-8",
[0m[1mnull_resource.ansible (local-exec):[0m [0m            "follow": false,
[0m[1mnull_resource.ansible (local-exec):[0m [0m            "force": null,
[0m[1mnull_resource.ansible (local-exec):[0m [0m            "group": null,
[0m[1mnull_resource.ansible (local-exec):[0m [0m            "mode": null,
[0m[1mnull_resource.ansible (local-exec):[0m [0m            "owner": null,
[0m[1mnull_resource.ansible (local-exec):[0m [0m            "path": "/var/www/html/database/script.sql",
[0m[1mnull_resource.ansible (local-exec):[0m [0m            "regexp": "php_mysql_crud",
[0m[1mnull_resource.ansible (local-exec):[0m [0m            "remote_src": null,
[0m[1mnull_resource.ansible (local-exec):[0m [0m            "replace": "dbname",
[0m[1mnull_resource.ansible (local-exec):[0m [0m            "selevel": null,
[0m[1mnull_resource.ansible (local-exec):[0m [0m            "serole": null,
[0m[1mnull_resource.ansible (local-exec):[0m [0m            "setype": null,
[0m[1mnull_resource.ansible (local-exec):[0m [0m            "seuser": null,
[0m[1mnull_resource.ansible (local-exec):[0m [0m            "src": null,
[0m[1mnull_resource.ansible (local-exec):[0m [0m            "unsafe_writes": false,
[0m[1mnull_resource.ansible (local-exec):[0m [0m            "validate": null
[0m[1mnull_resource.ansible (local-exec):[0m [0m        }
[0m[1mnull_resource.ansible (local-exec):[0m [0m    },
[0m[1mnull_resource.ansible (local-exec):[0m [0m    "msg": "2 replacements made"
[0m[1mnull_resource.ansible (local-exec):[0m [0m}

[0m[1mnull_resource.ansible (local-exec):[0m [0mTASK [crud : Modify SQL script output] *****************************************
[0m[1mnull_resource.ansible (local-exec):[0m [0mtask path: /home/ec2-user/terraform/ansible/roles/crud/tasks/main.yml:59
[0m[1mnull_resource.ansible (local-exec):[0m [0mok: [18.212.215.169] => {
[0m[1mnull_resource.ansible (local-exec):[0m [0m    "mod_sql": {
[0m[1mnull_resource.ansible (local-exec):[0m [0m        "changed": true,
[0m[1mnull_resource.ansible (local-exec):[0m [0m        "failed": false,
[0m[1mnull_resource.ansible (local-exec):[0m [0m        "msg": "2 replacements made"
[0m[1mnull_resource.ansible (local-exec):[0m [0m    }
[0m[1mnull_resource.ansible (local-exec):[0m [0m}

[0m[1mnull_resource.ansible (local-exec):[0m [0mTASK [crud : Modify SQL script create db] **************************************
[0m[1mnull_resource.ansible (local-exec):[0m [0mtask path: /home/ec2-user/terraform/ansible/roles/crud/tasks/main.yml:63
[0m[1mnull_resource.ansible (local-exec):[0m [0m<18.212.215.169> ESTABLISH SSH CONNECTION FOR USER: ec2-user
[0m[1mnull_resource.ansible (local-exec):[0m [0m<18.212.215.169> SSH: EXEC ssh -C -o ControlMaster=auto -o ControlPersist=60s -o 'IdentityFile="/home/ec2-user/.ssh/j2.pem"' -o KbdInteractiveAuthentication=no -o PreferredAuthentications=gssapi-with-mic,gssapi-keyex,hostbased,publickey -o PasswordAuthentication=no -o 'User="ec2-user"' -o ConnectTimeout=10 -o StrictHostKeyChecking=no -o ControlPath=/home/ec2-user/.ansible/cp/1baffb812c 18.212.215.169 '/bin/sh -c '"'"'echo ~ec2-user && sleep 0'"'"''
[0m[1mnull_resource.ansible (local-exec):[0m [0m<18.212.215.169> (0, '/home/ec2-user\n', '')
[0m[1mnull_resource.ansible (local-exec):[0m [0m<18.212.215.169> ESTABLISH SSH CONNECTION FOR USER: ec2-user
[0m[1mnull_resource.ansible (local-exec):[0m [0m<18.212.215.169> SSH: EXEC ssh -C -o ControlMaster=auto -o ControlPersist=60s -o 'IdentityFile="/home/ec2-user/.ssh/j2.pem"' -o KbdInteractiveAuthentication=no -o PreferredAuthentications=gssapi-with-mic,gssapi-keyex,hostbased,publickey -o PasswordAuthentication=no -o 'User="ec2-user"' -o ConnectTimeout=10 -o StrictHostKeyChecking=no -o ControlPath=/home/ec2-user/.ansible/cp/1baffb812c 18.212.215.169 '/bin/sh -c '"'"'( umask 77 && mkdir -p "` echo /home/ec2-user/.ansible/tmp `"&& mkdir "` echo /home/ec2-user/.ansible/tmp/ansible-tmp-1702390269.01-1921-125656365454478 `" && echo ansible-tmp-1702390269.01-1921-125656365454478="` echo /home/ec2-user/.ansible/tmp/ansible-tmp-1702390269.01-1921-125656365454478 `" ) && sleep 0'"'"''
[0m[1mnull_resource.ansible (local-exec):[0m [0m<18.212.215.169> (0, 'ansible-tmp-1702390269.01-1921-125656365454478=/home/ec2-user/.ansible/tmp/ansible-tmp-1702390269.01-1921-125656365454478\n', '')
[0m[1mnull_resource.ansible (local-exec):[0m [0mUsing module file /usr/lib/python2.7/site-packages/ansible/modules/files/replace.py
[0m[1mnull_resource.ansible (local-exec):[0m [0m<18.212.215.169> PUT /home/ec2-user/.ansible/tmp/ansible-local-14895x2Od2/tmpymSHfU TO /home/ec2-user/.ansible/tmp/ansible-tmp-1702390269.01-1921-125656365454478/AnsiballZ_replace.py
[0m[1mnull_resource.ansible (local-exec):[0m [0m<18.212.215.169> SSH: EXEC sftp -b - -C -o ControlMaster=auto -o ControlPersist=60s -o 'IdentityFile="/home/ec2-user/.ssh/j2.pem"' -o KbdInteractiveAuthentication=no -o PreferredAuthentications=gssapi-with-mic,gssapi-keyex,hostbased,publickey -o PasswordAuthentication=no -o 'User="ec2-user"' -o ConnectTimeout=10 -o StrictHostKeyChecking=no -o ControlPath=/home/ec2-user/.ansible/cp/1baffb812c '[18.212.215.169]'
[0m[1mnull_resource.ansible (local-exec):[0m [0m<18.212.215.169> (0, 'sftp> put /home/ec2-user/.ansible/tmp/ansible-local-14895x2Od2/tmpymSHfU /home/ec2-user/.ansible/tmp/ansible-tmp-1702390269.01-1921-125656365454478/AnsiballZ_replace.py\n', '')
[0m[1mnull_resource.ansible (local-exec):[0m [0m<18.212.215.169> ESTABLISH SSH CONNECTION FOR USER: ec2-user
[0m[1mnull_resource.ansible (local-exec):[0m [0m<18.212.215.169> SSH: EXEC ssh -C -o ControlMaster=auto -o ControlPersist=60s -o 'IdentityFile="/home/ec2-user/.ssh/j2.pem"' -o KbdInteractiveAuthentication=no -o PreferredAuthentications=gssapi-with-mic,gssapi-keyex,hostbased,publickey -o PasswordAuthentication=no -o 'User="ec2-user"' -o ConnectTimeout=10 -o StrictHostKeyChecking=no -o ControlPath=/home/ec2-user/.ansible/cp/1baffb812c 18.212.215.169 '/bin/sh -c '"'"'chmod u+x /home/ec2-user/.ansible/tmp/ansible-tmp-1702390269.01-1921-125656365454478/ /home/ec2-user/.ansible/tmp/ansible-tmp-1702390269.01-1921-125656365454478/AnsiballZ_replace.py && sleep 0'"'"''
[0m[1mnull_resource.ansible (local-exec):[0m [0m<18.212.215.169> (0, '', '')
[0m[1mnull_resource.ansible (local-exec):[0m [0m<18.212.215.169> ESTABLISH SSH CONNECTION FOR USER: ec2-user
[0m[1mnull_resource.ansible (local-exec):[0m [0m<18.212.215.169> SSH: EXEC ssh -C -o ControlMaster=auto -o ControlPersist=60s -o 'IdentityFile="/home/ec2-user/.ssh/j2.pem"' -o KbdInteractiveAuthentication=no -o PreferredAuthentications=gssapi-with-mic,gssapi-keyex,hostbased,publickey -o PasswordAuthentication=no -o 'User="ec2-user"' -o ConnectTimeout=10 -o StrictHostKeyChecking=no -o ControlPath=/home/ec2-user/.ansible/cp/1baffb812c -tt 18.212.215.169 '/bin/sh -c '"'"'sudo -H -S -n  -u root /bin/sh -c '"'"'"'"'"'"'"'"'echo BECOME-SUCCESS-pwhyfncitxlmgukpzecszmvycwigzkni ; /usr/bin/python /home/ec2-user/.ansible/tmp/ansible-tmp-1702390269.01-1921-125656365454478/AnsiballZ_replace.py'"'"'"'"'"'"'"'"' && sleep 0'"'"''
[0m[1mnull_resource.ansible (local-exec):[0m [0mEscalation succeeded
[0m[1mnull_resource.ansible (local-exec):[0m [0m<18.212.215.169> (0, '\r\n{"msg": "1 replacements made", "invocation": {"module_args": {"directory_mode": null, "force": null, "encoding": "utf-8", "replace": "CREATE DATABASE IF NOT EXISTS", "path": "/var/www/html/database/script.sql", "owner": null, "follow": false, "before": null, "group": null, "unsafe_writes": false, "remote_src": null, "setype": null, "content": null, "serole": null, "selevel": null, "after": null, "regexp": "CREATE DATABASE", "validate": null, "src": null, "seuser": null, "delimiter": null, "mode": null, "attributes": null, "backup": false}}, "changed": true}\r\n', 'Shared connection to 18.212.215.169 closed.\r\n')
[0m[1mnull_resource.ansible (local-exec):[0m [0m<18.212.215.169> ESTABLISH SSH CONNECTION FOR USER: ec2-user
[0m[1mnull_resource.ansible (local-exec):[0m [0m<18.212.215.169> SSH: EXEC ssh -C -o ControlMaster=auto -o ControlPersist=60s -o 'IdentityFile="/home/ec2-user/.ssh/j2.pem"' -o KbdInteractiveAuthentication=no -o PreferredAuthentications=gssapi-with-mic,gssapi-keyex,hostbased,publickey -o PasswordAuthentication=no -o 'User="ec2-user"' -o ConnectTimeout=10 -o StrictHostKeyChecking=no -o ControlPath=/home/ec2-user/.ansible/cp/1baffb812c 18.212.215.169 '/bin/sh -c '"'"'rm -f -r /home/ec2-user/.ansible/tmp/ansible-tmp-1702390269.01-1921-125656365454478/ > /dev/null 2>&1 && sleep 0'"'"''
[0m[1mnull_resource.ansible (local-exec):[0m [0m<18.212.215.169> (0, '', '')
[0m[1mnull_resource.ansible (local-exec):[0m [0mchanged: [18.212.215.169] => {
[0m[1mnull_resource.ansible (local-exec):[0m [0m    "changed": true,
[0m[1mnull_resource.ansible (local-exec):[0m [0m    "invocation": {
[0m[1mnull_resource.ansible (local-exec):[0m [0m        "module_args": {
[0m[1mnull_resource.ansible (local-exec):[0m [0m            "after": null,
[0m[1mnull_resource.ansible (local-exec):[0m [0m            "attributes": null,
[0m[1mnull_resource.ansible (local-exec):[0m [0m            "backup": false,
[0m[1mnull_resource.ansible (local-exec):[0m [0m            "before": null,
[0m[1mnull_resource.ansible (local-exec):[0m [0m            "content": null,
[0m[1mnull_resource.ansible (local-exec):[0m [0m            "delimiter": null,
[0m[1mnull_resource.ansible (local-exec):[0m [0m            "directory_mode": null,
[0m[1mnull_resource.ansible (local-exec):[0m [0m            "encoding": "utf-8",
[0m[1mnull_resource.ansible (local-exec):[0m [0m            "follow": false,
[0m[1mnull_resource.ansible (local-exec):[0m [0m            "force": null,
[0m[1mnull_resource.ansible (local-exec):[0m [0m            "group": null,
[0m[1mnull_resource.ansible (local-exec):[0m [0m            "mode": null,
[0m[1mnull_resource.ansible (local-exec):[0m [0m            "owner": null,
[0m[1mnull_resource.ansible (local-exec):[0m [0m            "path": "/var/www/html/database/script.sql",
[0m[1mnull_resource.ansible (local-exec):[0m [0m            "regexp": "CREATE DATABASE",
[0m[1mnull_resource.ansible (local-exec):[0m [0m            "remote_src": null,
[0m[1mnull_resource.ansible (local-exec):[0m [0m            "replace": "CREATE DATABASE IF NOT EXISTS",
[0m[1mnull_resource.ansible (local-exec):[0m [0m            "selevel": null,
[0m[1mnull_resource.ansible (local-exec):[0m [0m            "serole": null,
[0m[1mnull_resource.ansible (local-exec):[0m [0m            "setype": null,
[0m[1mnull_resource.ansible (local-exec):[0m [0m            "seuser": null,
[0m[1mnull_resource.ansible (local-exec):[0m [0m            "src": null,
[0m[1mnull_resource.ansible (local-exec):[0m [0m            "unsafe_writes": false,
[0m[1mnull_resource.ansible (local-exec):[0m [0m            "validate": null
[0m[1mnull_resource.ansible (local-exec):[0m [0m        }
[0m[1mnull_resource.ansible (local-exec):[0m [0m    },
[0m[1mnull_resource.ansible (local-exec):[0m [0m    "msg": "1 replacements made"
[0m[1mnull_resource.ansible (local-exec):[0m [0m}

[0m[1mnull_resource.ansible (local-exec):[0m [0mTASK [crud : Modify SQL script create db output] *******************************
[0m[1mnull_resource.ansible (local-exec):[0m [0mtask path: /home/ec2-user/terraform/ansible/roles/crud/tasks/main.yml:71
[0m[1mnull_resource.ansible (local-exec):[0m [0mok: [18.212.215.169] => {
[0m[1mnull_resource.ansible (local-exec):[0m [0m    "mod_sql_db": {
[0m[1mnull_resource.ansible (local-exec):[0m [0m        "changed": true,
[0m[1mnull_resource.ansible (local-exec):[0m [0m        "failed": false,
[0m[1mnull_resource.ansible (local-exec):[0m [0m        "msg": "1 replacements made"
[0m[1mnull_resource.ansible (local-exec):[0m [0m    }
[0m[1mnull_resource.ansible (local-exec):[0m [0m}

[0m[1mnull_resource.ansible (local-exec):[0m [0mTASK [crud : Modify SQL script create table] ***********************************
[0m[1mnull_resource.ansible (local-exec):[0m [0mtask path: /home/ec2-user/terraform/ansible/roles/crud/tasks/main.yml:75
[0m[1mnull_resource.ansible (local-exec):[0m [0m<18.212.215.169> ESTABLISH SSH CONNECTION FOR USER: ec2-user
[0m[1mnull_resource.ansible (local-exec):[0m [0m<18.212.215.169> SSH: EXEC ssh -C -o ControlMaster=auto -o ControlPersist=60s -o 'IdentityFile="/home/ec2-user/.ssh/j2.pem"' -o KbdInteractiveAuthentication=no -o PreferredAuthentications=gssapi-with-mic,gssapi-keyex,hostbased,publickey -o PasswordAuthentication=no -o 'User="ec2-user"' -o ConnectTimeout=10 -o StrictHostKeyChecking=no -o ControlPath=/home/ec2-user/.ansible/cp/1baffb812c 18.212.215.169 '/bin/sh -c '"'"'echo ~ec2-user && sleep 0'"'"''
[0m[1mnull_resource.ansible (local-exec):[0m [0m<18.212.215.169> (0, '/home/ec2-user\n', '')
[0m[1mnull_resource.ansible (local-exec):[0m [0m<18.212.215.169> ESTABLISH SSH CONNECTION FOR USER: ec2-user
[0m[1mnull_resource.ansible (local-exec):[0m [0m<18.212.215.169> SSH: EXEC ssh -C -o ControlMaster=auto -o ControlPersist=60s -o 'IdentityFile="/home/ec2-user/.ssh/j2.pem"' -o KbdInteractiveAuthentication=no -o PreferredAuthentications=gssapi-with-mic,gssapi-keyex,hostbased,publickey -o PasswordAuthentication=no -o 'User="ec2-user"' -o ConnectTimeout=10 -o StrictHostKeyChecking=no -o ControlPath=/home/ec2-user/.ansible/cp/1baffb812c 18.212.215.169 '/bin/sh -c '"'"'( umask 77 && mkdir -p "` echo /home/ec2-user/.ansible/tmp `"&& mkdir "` echo /home/ec2-user/.ansible/tmp/ansible-tmp-1702390272.41-1952-255577964805798 `" && echo ansible-tmp-1702390272.41-1952-255577964805798="` echo /home/ec2-user/.ansible/tmp/ansible-tmp-1702390272.41-1952-255577964805798 `" ) && sleep 0'"'"''
[0m[1mnull_resource.ansible (local-exec):[0m [0m<18.212.215.169> (0, 'ansible-tmp-1702390272.41-1952-255577964805798=/home/ec2-user/.ansible/tmp/ansible-tmp-1702390272.41-1952-255577964805798\n', '')
[0m[1mnull_resource.ansible (local-exec):[0m [0mUsing module file /usr/lib/python2.7/site-packages/ansible/modules/files/replace.py
[0m[1mnull_resource.ansible (local-exec):[0m [0m<18.212.215.169> PUT /home/ec2-user/.ansible/tmp/ansible-local-14895x2Od2/tmpPZaKC4 TO /home/ec2-user/.ansible/tmp/ansible-tmp-1702390272.41-1952-255577964805798/AnsiballZ_replace.py
[0m[1mnull_resource.ansible (local-exec):[0m [0m<18.212.215.169> SSH: EXEC sftp -b - -C -o ControlMaster=auto -o ControlPersist=60s -o 'IdentityFile="/home/ec2-user/.ssh/j2.pem"' -o KbdInteractiveAuthentication=no -o PreferredAuthentications=gssapi-with-mic,gssapi-keyex,hostbased,publickey -o PasswordAuthentication=no -o 'User="ec2-user"' -o ConnectTimeout=10 -o StrictHostKeyChecking=no -o ControlPath=/home/ec2-user/.ansible/cp/1baffb812c '[18.212.215.169]'
[0m[1mnull_resource.ansible (local-exec):[0m [0m<18.212.215.169> (0, 'sftp> put /home/ec2-user/.ansible/tmp/ansible-local-14895x2Od2/tmpPZaKC4 /home/ec2-user/.ansible/tmp/ansible-tmp-1702390272.41-1952-255577964805798/AnsiballZ_replace.py\n', '')
[0m[1mnull_resource.ansible (local-exec):[0m [0m<18.212.215.169> ESTABLISH SSH CONNECTION FOR USER: ec2-user
[0m[1mnull_resource.ansible (local-exec):[0m [0m<18.212.215.169> SSH: EXEC ssh -C -o ControlMaster=auto -o ControlPersist=60s -o 'IdentityFile="/home/ec2-user/.ssh/j2.pem"' -o KbdInteractiveAuthentication=no -o PreferredAuthentications=gssapi-with-mic,gssapi-keyex,hostbased,publickey -o PasswordAuthentication=no -o 'User="ec2-user"' -o ConnectTimeout=10 -o StrictHostKeyChecking=no -o ControlPath=/home/ec2-user/.ansible/cp/1baffb812c 18.212.215.169 '/bin/sh -c '"'"'chmod u+x /home/ec2-user/.ansible/tmp/ansible-tmp-1702390272.41-1952-255577964805798/ /home/ec2-user/.ansible/tmp/ansible-tmp-1702390272.41-1952-255577964805798/AnsiballZ_replace.py && sleep 0'"'"''
[0m[1mnull_resource.ansible (local-exec):[0m [0m<18.212.215.169> (0, '', '')
[0m[1mnull_resource.ansible (local-exec):[0m [0m<18.212.215.169> ESTABLISH SSH CONNECTION FOR USER: ec2-user
[0m[1mnull_resource.ansible (local-exec):[0m [0m<18.212.215.169> SSH: EXEC ssh -C -o ControlMaster=auto -o ControlPersist=60s -o 'IdentityFile="/home/ec2-user/.ssh/j2.pem"' -o KbdInteractiveAuthentication=no -o PreferredAuthentications=gssapi-with-mic,gssapi-keyex,hostbased,publickey -o PasswordAuthentication=no -o 'User="ec2-user"' -o ConnectTimeout=10 -o StrictHostKeyChecking=no -o ControlPath=/home/ec2-user/.ansible/cp/1baffb812c -tt 18.212.215.169 '/bin/sh -c '"'"'sudo -H -S -n  -u root /bin/sh -c '"'"'"'"'"'"'"'"'echo BECOME-SUCCESS-xoohmgduquzcuyyxtiiitjtmurmhvilz ; /usr/bin/python /home/ec2-user/.ansible/tmp/ansible-tmp-1702390272.41-1952-255577964805798/AnsiballZ_replace.py'"'"'"'"'"'"'"'"' && sleep 0'"'"''
[0m[1mnull_resource.ansible (local-exec):[0m [0mEscalation succeeded
[0m[1mnull_resource.ansible (local-exec):[0m [0m<18.212.215.169> (0, '\r\n{"msg": "1 replacements made", "invocation": {"module_args": {"directory_mode": null, "force": null, "encoding": "utf-8", "replace": "CREATE TABLE IF NOT EXISTS", "path": "/var/www/html/database/script.sql", "owner": null, "follow": false, "before": null, "group": null, "unsafe_writes": false, "remote_src": null, "setype": null, "content": null, "serole": null, "selevel": null, "after": null, "regexp": "CREATE TABLE", "validate": null, "src": null, "seuser": null, "delimiter": null, "mode": null, "attributes": null, "backup": false}}, "changed": true}\r\n', 'Shared connection to 18.212.215.169 closed.\r\n')
[0m[1mnull_resource.ansible (local-exec):[0m [0m<18.212.215.169> ESTABLISH SSH CONNECTION FOR USER: ec2-user
[0m[1mnull_resource.ansible (local-exec):[0m [0m<18.212.215.169> SSH: EXEC ssh -C -o ControlMaster=auto -o ControlPersist=60s -o 'IdentityFile="/home/ec2-user/.ssh/j2.pem"' -o KbdInteractiveAuthentication=no -o PreferredAuthentications=gssapi-with-mic,gssapi-keyex,hostbased,publickey -o PasswordAuthentication=no -o 'User="ec2-user"' -o ConnectTimeout=10 -o StrictHostKeyChecking=no -o ControlPath=/home/ec2-user/.ansible/cp/1baffb812c 18.212.215.169 '/bin/sh -c '"'"'rm -f -r /home/ec2-user/.ansible/tmp/ansible-tmp-1702390272.41-1952-255577964805798/ > /dev/null 2>&1 && sleep 0'"'"''
[0m[1mnull_resource.ansible (local-exec):[0m [0m<18.212.215.169> (0, '', '')
[0m[1mnull_resource.ansible (local-exec):[0m [0mchanged: [18.212.215.169] => {
[0m[1mnull_resource.ansible (local-exec):[0m [0m    "changed": true,
[0m[1mnull_resource.ansible (local-exec):[0m [0m    "invocation": {
[0m[1mnull_resource.ansible (local-exec):[0m [0m        "module_args": {
[0m[1mnull_resource.ansible (local-exec):[0m [0m            "after": null,
[0m[1mnull_resource.ansible (local-exec):[0m [0m            "attributes": null,
[0m[1mnull_resource.ansible (local-exec):[0m [0m            "backup": false,
[0m[1mnull_resource.ansible (local-exec):[0m [0m            "before": null,
[0m[1mnull_resource.ansible (local-exec):[0m [0m            "content": null,
[0m[1mnull_resource.ansible (local-exec):[0m [0m            "delimiter": null,
[0m[1mnull_resource.ansible (local-exec):[0m [0m            "directory_mode": null,
[0m[1mnull_resource.ansible (local-exec):[0m [0m            "encoding": "utf-8",
[0m[1mnull_resource.ansible (local-exec):[0m [0m            "follow": false,
[0m[1mnull_resource.ansible (local-exec):[0m [0m            "force": null,
[0m[1mnull_resource.ansible (local-exec):[0m [0m            "group": null,
[0m[1mnull_resource.ansible (local-exec):[0m [0m            "mode": null,
[0m[1mnull_resource.ansible (local-exec):[0m [0m            "owner": null,
[0m[1mnull_resource.ansible (local-exec):[0m [0m            "path": "/var/www/html/database/script.sql",
[0m[1mnull_resource.ansible (local-exec):[0m [0m            "regexp": "CREATE TABLE",
[0m[1mnull_resource.ansible (local-exec):[0m [0m            "remote_src": null,
[0m[1mnull_resource.ansible (local-exec):[0m [0m            "replace": "CREATE TABLE IF NOT EXISTS",
[0m[1mnull_resource.ansible (local-exec):[0m [0m            "selevel": null,
[0m[1mnull_resource.ansible (local-exec):[0m [0m            "serole": null,
[0m[1mnull_resource.ansible (local-exec):[0m [0m            "setype": null,
[0m[1mnull_resource.ansible (local-exec):[0m [0m            "seuser": null,
[0m[1mnull_resource.ansible (local-exec):[0m [0m            "src": null,
[0m[1mnull_resource.ansible (local-exec):[0m [0m            "unsafe_writes": false,
[0m[1mnull_resource.ansible (local-exec):[0m [0m            "validate": null
[0m[1mnull_resource.ansible (local-exec):[0m [0m        }
[0m[1mnull_resource.ansible (local-exec):[0m [0m    },
[0m[1mnull_resource.ansible (local-exec):[0m [0m    "msg": "1 replacements made"
[0m[1mnull_resource.ansible (local-exec):[0m [0m}

[0m[1mnull_resource.ansible (local-exec):[0m [0mTASK [crud : Modify SQL script create table output] ****************************
[0m[1mnull_resource.ansible (local-exec):[0m [0mtask path: /home/ec2-user/terraform/ansible/roles/crud/tasks/main.yml:83
[0m[1mnull_resource.ansible (local-exec):[0m [0mok: [18.212.215.169] => {
[0m[1mnull_resource.ansible (local-exec):[0m [0m    "mod_sql_table": {
[0m[1mnull_resource.ansible (local-exec):[0m [0m        "changed": true,
[0m[1mnull_resource.ansible (local-exec):[0m [0m        "failed": false,
[0m[1mnull_resource.ansible (local-exec):[0m [0m        "msg": "1 replacements made"
[0m[1mnull_resource.ansible (local-exec):[0m [0m    }
[0m[1mnull_resource.ansible (local-exec):[0m [0m}

[0m[1mnull_resource.ansible (local-exec):[0m [0mTASK [crud : Execute SQL script] ***********************************************
[0m[1mnull_resource.ansible (local-exec):[0m [0mtask path: /home/ec2-user/terraform/ansible/roles/crud/tasks/main.yml:87
[0m[1mnull_resource.ansible (local-exec):[0m [0m<18.212.215.169> ESTABLISH SSH CONNECTION FOR USER: ec2-user
[0m[1mnull_resource.ansible (local-exec):[0m [0m<18.212.215.169> SSH: EXEC ssh -C -o ControlMaster=auto -o ControlPersist=60s -o 'IdentityFile="/home/ec2-user/.ssh/j2.pem"' -o KbdInteractiveAuthentication=no -o PreferredAuthentications=gssapi-with-mic,gssapi-keyex,hostbased,publickey -o PasswordAuthentication=no -o 'User="ec2-user"' -o ConnectTimeout=10 -o StrictHostKeyChecking=no -o ControlPath=/home/ec2-user/.ansible/cp/1baffb812c 18.212.215.169 '/bin/sh -c '"'"'echo ~ec2-user && sleep 0'"'"''
[0m[1mnull_resource.ansible (local-exec):[0m [0m<18.212.215.169> (0, '/home/ec2-user\n', '')
[0m[1mnull_resource.ansible (local-exec):[0m [0m<18.212.215.169> ESTABLISH SSH CONNECTION FOR USER: ec2-user
[0m[1mnull_resource.ansible (local-exec):[0m [0m<18.212.215.169> SSH: EXEC ssh -C -o ControlMaster=auto -o ControlPersist=60s -o 'IdentityFile="/home/ec2-user/.ssh/j2.pem"' -o KbdInteractiveAuthentication=no -o PreferredAuthentications=gssapi-with-mic,gssapi-keyex,hostbased,publickey -o PasswordAuthentication=no -o 'User="ec2-user"' -o ConnectTimeout=10 -o StrictHostKeyChecking=no -o ControlPath=/home/ec2-user/.ansible/cp/1baffb812c 18.212.215.169 '/bin/sh -c '"'"'( umask 77 && mkdir -p "` echo /home/ec2-user/.ansible/tmp `"&& mkdir "` echo /home/ec2-user/.ansible/tmp/ansible-tmp-1702390275.82-1989-41119442726895 `" && echo ansible-tmp-1702390275.82-1989-41119442726895="` echo /home/ec2-user/.ansible/tmp/ansible-tmp-1702390275.82-1989-41119442726895 `" ) && sleep 0'"'"''
[0m[1mnull_resource.ansible (local-exec):[0m [0m<18.212.215.169> (0, 'ansible-tmp-1702390275.82-1989-41119442726895=/home/ec2-user/.ansible/tmp/ansible-tmp-1702390275.82-1989-41119442726895\n', '')
[0m[1mnull_resource.ansible (local-exec):[0m [0mUsing module file /usr/lib/python2.7/site-packages/ansible/modules/database/mysql/mysql_db.py
[0m[1mnull_resource.ansible (local-exec):[0m [0m<18.212.215.169> PUT /home/ec2-user/.ansible/tmp/ansible-local-14895x2Od2/tmpV2IK0W TO /home/ec2-user/.ansible/tmp/ansible-tmp-1702390275.82-1989-41119442726895/AnsiballZ_mysql_db.py
[0m[1mnull_resource.ansible (local-exec):[0m [0m<18.212.215.169> SSH: EXEC sftp -b - -C -o ControlMaster=auto -o ControlPersist=60s -o 'IdentityFile="/home/ec2-user/.ssh/j2.pem"' -o KbdInteractiveAuthentication=no -o PreferredAuthentications=gssapi-with-mic,gssapi-keyex,hostbased,publickey -o PasswordAuthentication=no -o 'User="ec2-user"' -o ConnectTimeout=10 -o StrictHostKeyChecking=no -o ControlPath=/home/ec2-user/.ansible/cp/1baffb812c '[18.212.215.169]'
[0m[1mnull_resource.ansible: Still creating... [1m0s elapsed][0m[0m
[0m[1mnull_resource.ansible (local-exec):[0m [0m<18.212.215.169> (0, 'sftp> put /home/ec2-user/.ansible/tmp/ansible-local-14895x2Od2/tmpV2IK0W /home/ec2-user/.ansible/tmp/ansible-tmp-1702390275.82-1989-41119442726895/AnsiballZ_mysql_db.py\n', '')
[0m[1mnull_resource.ansible (local-exec):[0m [0m<18.212.215.169> ESTABLISH SSH CONNECTION FOR USER: ec2-user
[0m[1mnull_resource.ansible (local-exec):[0m [0m<18.212.215.169> SSH: EXEC ssh -C -o ControlMaster=auto -o ControlPersist=60s -o 'IdentityFile="/home/ec2-user/.ssh/j2.pem"' -o KbdInteractiveAuthentication=no -o PreferredAuthentications=gssapi-with-mic,gssapi-keyex,hostbased,publickey -o PasswordAuthentication=no -o 'User="ec2-user"' -o ConnectTimeout=10 -o StrictHostKeyChecking=no -o ControlPath=/home/ec2-user/.ansible/cp/1baffb812c 18.212.215.169 '/bin/sh -c '"'"'chmod u+x /home/ec2-user/.ansible/tmp/ansible-tmp-1702390275.82-1989-41119442726895/ /home/ec2-user/.ansible/tmp/ansible-tmp-1702390275.82-1989-41119442726895/AnsiballZ_mysql_db.py && sleep 0'"'"''
[0m[1mnull_resource.ansible (local-exec):[0m [0m<18.212.215.169> (0, '', '')
[0m[1mnull_resource.ansible (local-exec):[0m [0m<18.212.215.169> ESTABLISH SSH CONNECTION FOR USER: ec2-user
[0m[1mnull_resource.ansible (local-exec):[0m [0m<18.212.215.169> SSH: EXEC ssh -C -o ControlMaster=auto -o ControlPersist=60s -o 'IdentityFile="/home/ec2-user/.ssh/j2.pem"' -o KbdInteractiveAuthentication=no -o PreferredAuthentications=gssapi-with-mic,gssapi-keyex,hostbased,publickey -o PasswordAuthentication=no -o 'User="ec2-user"' -o ConnectTimeout=10 -o StrictHostKeyChecking=no -o ControlPath=/home/ec2-user/.ansible/cp/1baffb812c -tt 18.212.215.169 '/bin/sh -c '"'"'sudo -H -S -n  -u root /bin/sh -c '"'"'"'"'"'"'"'"'echo BECOME-SUCCESS-xlkocatrkiauzwdxfddfemsbgvcoebqu ; /usr/bin/python /home/ec2-user/.ansible/tmp/ansible-tmp-1702390275.82-1989-41119442726895/AnsiballZ_mysql_db.py'"'"'"'"'"'"'"'"' && sleep 0'"'"''
[0m[1mnull_resource.ansible (local-exec):[0m [0mEscalation succeeded
[0m[1mnull_resource.ansible (local-exec):[0m [0m<18.212.215.169> (0, '\r\n{"msg": "Field\\tType\\tNull\\tKey\\tDefault\\tExtra\\nid\\tint\\tNO\\tPRI\\tNULL\\tauto_increment\\ntitle\\tvarchar(255)\\tNO\\t\\tNULL\\t\\ndescription\\ttext\\tYES\\t\\tNULL\\t\\ncreated_at\\ttimestamp\\tYES\\t\\tCURRENT_TIMESTAMP\\tDEFAULT_GENERATED\\n", "invocation": {"module_args": {"login_port": 3306, "config_file": "/root/.my.cnf", "target": "/var/www/html/database/script.sql", "ca_cert": null, "encoding": "", "login_user": "username", "login_host": "mysql.cneixfwaapbr.us-east-1.rds.amazonaws.com", "login_password": "VALUE_SPECIFIED_IN_NO_LOG_PARAMETER", "collation": "", "connect_timeout": 30, "login_unix_socket": null, "state": "import", "ignore_tables": [], "quick": true, "single_transaction": false, "name": ["dbname"], "client_cert": null, "client_key": null}}, "db_list": ["dbname"], "changed": true, "db": "dbname"}\r\n', 'Shared connection to 18.212.215.169 closed.\r\n')
[0m[1mnull_resource.ansible (local-exec):[0m [0m<18.212.215.169> ESTABLISH SSH CONNECTION FOR USER: ec2-user
[0m[1mnull_resource.ansible (local-exec):[0m [0m<18.212.215.169> SSH: EXEC ssh -C -o ControlMaster=auto -o ControlPersist=60s -o 'IdentityFile="/home/ec2-user/.ssh/j2.pem"' -o KbdInteractiveAuthentication=no -o PreferredAuthentications=gssapi-with-mic,gssapi-keyex,hostbased,publickey -o PasswordAuthentication=no -o 'User="ec2-user"' -o ConnectTimeout=10 -o StrictHostKeyChecking=no -o ControlPath=/home/ec2-user/.ansible/cp/1baffb812c 18.212.215.169 '/bin/sh -c '"'"'rm -f -r /home/ec2-user/.ansible/tmp/ansible-tmp-1702390275.82-1989-41119442726895/ > /dev/null 2>&1 && sleep 0'"'"''
[0m[1mnull_resource.ansible (local-exec):[0m [0m<18.212.215.169> (0, '', '')
[0m[1mnull_resource.ansible (local-exec):[0m [0mchanged: [18.212.215.169] => {
[0m[1mnull_resource.ansible (local-exec):[0m [0m    "changed": true,
[0m[1mnull_resource.ansible (local-exec):[0m [0m    "db": "dbname",
[0m[1mnull_resource.ansible (local-exec):[0m [0m    "db_list": [
[0m[1mnull_resource.ansible (local-exec):[0m [0m        "dbname"
[0m[1mnull_resource.ansible (local-exec):[0m [0m    ],
[0m[1mnull_resource.ansible (local-exec):[0m [0m    "invocation": {
[0m[1mnull_resource.ansible (local-exec):[0m [0m        "module_args": {
[0m[1mnull_resource.ansible (local-exec):[0m [0m            "ca_cert": null,
[0m[1mnull_resource.ansible (local-exec):[0m [0m            "client_cert": null,
[0m[1mnull_resource.ansible (local-exec):[0m [0m            "client_key": null,
[0m[1mnull_resource.ansible (local-exec):[0m [0m            "collation": "",
[0m[1mnull_resource.ansible (local-exec):[0m [0m            "config_file": "/root/.my.cnf",
[0m[1mnull_resource.ansible (local-exec):[0m [0m            "connect_timeout": 30,
[0m[1mnull_resource.ansible (local-exec):[0m [0m            "encoding": "",
[0m[1mnull_resource.ansible (local-exec):[0m [0m            "ignore_tables": [],
[0m[1mnull_resource.ansible (local-exec):[0m [0m            "login_host": "mysql.cneixfwaapbr.us-east-1.rds.amazonaws.com",
[0m[1mnull_resource.ansible (local-exec):[0m [0m            "login_password": "VALUE_SPECIFIED_IN_NO_LOG_PARAMETER",
[0m[1mnull_resource.ansible (local-exec):[0m [0m            "login_port": 3306,
[0m[1mnull_resource.ansible (local-exec):[0m [0m            "login_unix_socket": null,
[0m[1mnull_resource.ansible (local-exec):[0m [0m            "login_user": "username",
[0m[1mnull_resource.ansible (local-exec):[0m [0m            "name": [
[0m[1mnull_resource.ansible (local-exec):[0m [0m                "dbname"
[0m[1mnull_resource.ansible (local-exec):[0m [0m            ],
[0m[1mnull_resource.ansible (local-exec):[0m [0m            "quick": true,
[0m[1mnull_resource.ansible (local-exec):[0m [0m            "single_transaction": false,
[0m[1mnull_resource.ansible (local-exec):[0m [0m            "state": "import",
[0m[1mnull_resource.ansible (local-exec):[0m [0m            "target": "/var/www/html/database/script.sql"
[0m[1mnull_resource.ansible (local-exec):[0m [0m        }
[0m[1mnull_resource.ansible (local-exec):[0m [0m    },
[0m[1mnull_resource.ansible (local-exec):[0m [0m    "msg": "Field\tType\tNull\tKey\tDefault\tExtra\nid\tint\tNO\tPRI\tNULL\tauto_increment\ntitle\tvarchar(255)\tNO\t\tNULL\t\ndescription\ttext\tYES\t\tNULL\t\ncreated_at\ttimestamp\tYES\t\tCURRENT_TIMESTAMP\tDEFAULT_GENERATED\n"
[0m[1mnull_resource.ansible (local-exec):[0m [0m}

[0m[1mnull_resource.ansible (local-exec):[0m [0mTASK [crud : Execute SQL script output] ****************************************
[0m[1mnull_resource.ansible (local-exec):[0m [0mtask path: /home/ec2-user/terraform/ansible/roles/crud/tasks/main.yml:97
[0m[1mnull_resource.ansible (local-exec):[0m [0mok: [18.212.215.169] => {
[0m[1mnull_resource.ansible (local-exec):[0m [0m    "exe_sql": {
[0m[1mnull_resource.ansible (local-exec):[0m [0m        "changed": true,
[0m[1mnull_resource.ansible (local-exec):[0m [0m        "db": "dbname",
[0m[1mnull_resource.ansible (local-exec):[0m [0m        "db_list": [
[0m[1mnull_resource.ansible (local-exec):[0m [0m            "dbname"
[0m[1mnull_resource.ansible (local-exec):[0m [0m        ],
[0m[1mnull_resource.ansible (local-exec):[0m [0m        "failed": false,
[0m[1mnull_resource.ansible (local-exec):[0m [0m        "msg": "Field\tType\tNull\tKey\tDefault\tExtra\nid\tint\tNO\tPRI\tNULL\tauto_increment\ntitle\tvarchar(255)\tNO\t\tNULL\t\ndescription\ttext\tYES\t\tNULL\t\ncreated_at\ttimestamp\tYES\t\tCURRENT_TIMESTAMP\tDEFAULT_GENERATED\n"
[0m[1mnull_resource.ansible (local-exec):[0m [0m    }
[0m[1mnull_resource.ansible (local-exec):[0m [0m}

[0m[1mnull_resource.ansible (local-exec):[0m [0mTASK [crud : Modify PHP files dbname] ******************************************
[0m[1mnull_resource.ansible (local-exec):[0m [0mtask path: /home/ec2-user/terraform/ansible/roles/crud/tasks/main.yml:101
[0m[1mnull_resource.ansible (local-exec):[0m [0m<18.212.215.169> ESTABLISH SSH CONNECTION FOR USER: ec2-user
[0m[1mnull_resource.ansible (local-exec):[0m [0m<18.212.215.169> SSH: EXEC ssh -C -o ControlMaster=auto -o ControlPersist=60s -o 'IdentityFile="/home/ec2-user/.ssh/j2.pem"' -o KbdInteractiveAuthentication=no -o PreferredAuthentications=gssapi-with-mic,gssapi-keyex,hostbased,publickey -o PasswordAuthentication=no -o 'User="ec2-user"' -o ConnectTimeout=10 -o StrictHostKeyChecking=no -o ControlPath=/home/ec2-user/.ansible/cp/1baffb812c 18.212.215.169 '/bin/sh -c '"'"'echo ~ec2-user && sleep 0'"'"''
[0m[1mnull_resource.ansible (local-exec):[0m [0m<18.212.215.169> (0, '/home/ec2-user\n', '')
[0m[1mnull_resource.ansible (local-exec):[0m [0m<18.212.215.169> ESTABLISH SSH CONNECTION FOR USER: ec2-user
[0m[1mnull_resource.ansible (local-exec):[0m [0m<18.212.215.169> SSH: EXEC ssh -C -o ControlMaster=auto -o ControlPersist=60s -o 'IdentityFile="/home/ec2-user/.ssh/j2.pem"' -o KbdInteractiveAuthentication=no -o PreferredAuthentications=gssapi-with-mic,gssapi-keyex,hostbased,publickey -o PasswordAuthentication=no -o 'User="ec2-user"' -o ConnectTimeout=10 -o StrictHostKeyChecking=no -o ControlPath=/home/ec2-user/.ansible/cp/1baffb812c 18.212.215.169 '/bin/sh -c '"'"'( umask 77 && mkdir -p "` echo /home/ec2-user/.ansible/tmp `"&& mkdir "` echo /home/ec2-user/.ansible/tmp/ansible-tmp-1702390280.6-2028-142384027920706 `" && echo ansible-tmp-1702390280.6-2028-142384027920706="` echo /home/ec2-user/.ansible/tmp/ansible-tmp-1702390280.6-2028-142384027920706 `" ) && sleep 0'"'"''
[0m[1mnull_resource.ansible (local-exec):[0m [0m<18.212.215.169> (0, 'ansible-tmp-1702390280.6-2028-142384027920706=/home/ec2-user/.ansible/tmp/ansible-tmp-1702390280.6-2028-142384027920706\n', '')
[0m[1mnull_resource.ansible (local-exec):[0m [0mUsing module file /usr/lib/python2.7/site-packages/ansible/modules/files/replace.py
[0m[1mnull_resource.ansible (local-exec):[0m [0m<18.212.215.169> PUT /home/ec2-user/.ansible/tmp/ansible-local-14895x2Od2/tmpyplxof TO /home/ec2-user/.ansible/tmp/ansible-tmp-1702390280.6-2028-142384027920706/AnsiballZ_replace.py
[0m[1mnull_resource.ansible (local-exec):[0m [0m<18.212.215.169> SSH: EXEC sftp -b - -C -o ControlMaster=auto -o ControlPersist=60s -o 'IdentityFile="/home/ec2-user/.ssh/j2.pem"' -o KbdInteractiveAuthentication=no -o PreferredAuthentications=gssapi-with-mic,gssapi-keyex,hostbased,publickey -o PasswordAuthentication=no -o 'User="ec2-user"' -o ConnectTimeout=10 -o StrictHostKeyChecking=no -o ControlPath=/home/ec2-user/.ansible/cp/1baffb812c '[18.212.215.169]'
[0m[1mnull_resource.ansible (local-exec):[0m [0m<18.212.215.169> (0, 'sftp> put /home/ec2-user/.ansible/tmp/ansible-local-14895x2Od2/tmpyplxof /home/ec2-user/.ansible/tmp/ansible-tmp-1702390280.6-2028-142384027920706/AnsiballZ_replace.py\n', '')
[0m[1mnull_resource.ansible (local-exec):[0m [0m<18.212.215.169> ESTABLISH SSH CONNECTION FOR USER: ec2-user
[0m[1mnull_resource.ansible (local-exec):[0m [0m<18.212.215.169> SSH: EXEC ssh -C -o ControlMaster=auto -o ControlPersist=60s -o 'IdentityFile="/home/ec2-user/.ssh/j2.pem"' -o KbdInteractiveAuthentication=no -o PreferredAuthentications=gssapi-with-mic,gssapi-keyex,hostbased,publickey -o PasswordAuthentication=no -o 'User="ec2-user"' -o ConnectTimeout=10 -o StrictHostKeyChecking=no -o ControlPath=/home/ec2-user/.ansible/cp/1baffb812c 18.212.215.169 '/bin/sh -c '"'"'chmod u+x /home/ec2-user/.ansible/tmp/ansible-tmp-1702390280.6-2028-142384027920706/ /home/ec2-user/.ansible/tmp/ansible-tmp-1702390280.6-2028-142384027920706/AnsiballZ_replace.py && sleep 0'"'"''
[0m[1mnull_resource.ansible (local-exec):[0m [0m<18.212.215.169> (0, '', '')
[0m[1mnull_resource.ansible (local-exec):[0m [0m<18.212.215.169> ESTABLISH SSH CONNECTION FOR USER: ec2-user
[0m[1mnull_resource.ansible (local-exec):[0m [0m<18.212.215.169> SSH: EXEC ssh -C -o ControlMaster=auto -o ControlPersist=60s -o 'IdentityFile="/home/ec2-user/.ssh/j2.pem"' -o KbdInteractiveAuthentication=no -o PreferredAuthentications=gssapi-with-mic,gssapi-keyex,hostbased,publickey -o PasswordAuthentication=no -o 'User="ec2-user"' -o ConnectTimeout=10 -o StrictHostKeyChecking=no -o ControlPath=/home/ec2-user/.ansible/cp/1baffb812c -tt 18.212.215.169 '/bin/sh -c '"'"'sudo -H -S -n  -u root /bin/sh -c '"'"'"'"'"'"'"'"'echo BECOME-SUCCESS-vuezdzsxfvgeeofirrivckdrlkmsqhxk ; /usr/bin/python /home/ec2-user/.ansible/tmp/ansible-tmp-1702390280.6-2028-142384027920706/AnsiballZ_replace.py'"'"'"'"'"'"'"'"' && sleep 0'"'"''
[0m[1mnull_resource.ansible (local-exec):[0m [0mEscalation succeeded
[0m[1mnull_resource.ansible (local-exec):[0m [0m<18.212.215.169> (0, '\r\n{"msg": "1 replacements made", "invocation": {"module_args": {"directory_mode": null, "force": null, "encoding": "utf-8", "replace": "dbname", "path": "/var/www/html/db.php", "owner": null, "follow": false, "before": null, "group": null, "unsafe_writes": false, "remote_src": null, "setype": null, "content": null, "serole": null, "selevel": null, "after": null, "regexp": "php_mysql_crud", "validate": null, "src": null, "seuser": null, "delimiter": null, "mode": null, "attributes": null, "backup": false}}, "changed": true}\r\n', 'Shared connection to 18.212.215.169 closed.\r\n')
[0m[1mnull_resource.ansible (local-exec):[0m [0m<18.212.215.169> ESTABLISH SSH CONNECTION FOR USER: ec2-user
[0m[1mnull_resource.ansible (local-exec):[0m [0m<18.212.215.169> SSH: EXEC ssh -C -o ControlMaster=auto -o ControlPersist=60s -o 'IdentityFile="/home/ec2-user/.ssh/j2.pem"' -o KbdInteractiveAuthentication=no -o PreferredAuthentications=gssapi-with-mic,gssapi-keyex,hostbased,publickey -o PasswordAuthentication=no -o 'User="ec2-user"' -o ConnectTimeout=10 -o StrictHostKeyChecking=no -o ControlPath=/home/ec2-user/.ansible/cp/1baffb812c 18.212.215.169 '/bin/sh -c '"'"'rm -f -r /home/ec2-user/.ansible/tmp/ansible-tmp-1702390280.6-2028-142384027920706/ > /dev/null 2>&1 && sleep 0'"'"''
[0m[1mnull_resource.ansible (local-exec):[0m [0m<18.212.215.169> (0, '', '')
[0m[1mnull_resource.ansible (local-exec):[0m [0mchanged: [18.212.215.169] => {
[0m[1mnull_resource.ansible (local-exec):[0m [0m    "changed": true,
[0m[1mnull_resource.ansible (local-exec):[0m [0m    "invocation": {
[0m[1mnull_resource.ansible (local-exec):[0m [0m        "module_args": {
[0m[1mnull_resource.ansible (local-exec):[0m [0m            "after": null,
[0m[1mnull_resource.ansible (local-exec):[0m [0m            "attributes": null,
[0m[1mnull_resource.ansible (local-exec):[0m [0m            "backup": false,
[0m[1mnull_resource.ansible (local-exec):[0m [0m            "before": null,
[0m[1mnull_resource.ansible (local-exec):[0m [0m            "content": null,
[0m[1mnull_resource.ansible (local-exec):[0m [0m            "delimiter": null,
[0m[1mnull_resource.ansible (local-exec):[0m [0m            "directory_mode": null,
[0m[1mnull_resource.ansible (local-exec):[0m [0m            "encoding": "utf-8",
[0m[1mnull_resource.ansible (local-exec):[0m [0m            "follow": false,
[0m[1mnull_resource.ansible (local-exec):[0m [0m            "force": null,
[0m[1mnull_resource.ansible (local-exec):[0m [0m            "group": null,
[0m[1mnull_resource.ansible (local-exec):[0m [0m            "mode": null,
[0m[1mnull_resource.ansible (local-exec):[0m [0m            "owner": null,
[0m[1mnull_resource.ansible (local-exec):[0m [0m            "path": "/var/www/html/db.php",
[0m[1mnull_resource.ansible (local-exec):[0m [0m            "regexp": "php_mysql_crud",
[0m[1mnull_resource.ansible (local-exec):[0m [0m            "remote_src": null,
[0m[1mnull_resource.ansible (local-exec):[0m [0m            "replace": "dbname",
[0m[1mnull_resource.ansible (local-exec):[0m [0m            "selevel": null,
[0m[1mnull_resource.ansible (local-exec):[0m [0m            "serole": null,
[0m[1mnull_resource.ansible (local-exec):[0m [0m            "setype": null,
[0m[1mnull_resource.ansible (local-exec):[0m [0m            "seuser": null,
[0m[1mnull_resource.ansible (local-exec):[0m [0m            "src": null,
[0m[1mnull_resource.ansible (local-exec):[0m [0m            "unsafe_writes": false,
[0m[1mnull_resource.ansible (local-exec):[0m [0m            "validate": null
[0m[1mnull_resource.ansible (local-exec):[0m [0m        }
[0m[1mnull_resource.ansible (local-exec):[0m [0m    },
[0m[1mnull_resource.ansible (local-exec):[0m [0m    "msg": "1 replacements made"
[0m[1mnull_resource.ansible (local-exec):[0m [0m}

[0m[1mnull_resource.ansible (local-exec):[0m [0mTASK [crud : Modify PHP files dbname output] ***********************************
[0m[1mnull_resource.ansible (local-exec):[0m [0mtask path: /home/ec2-user/terraform/ansible/roles/crud/tasks/main.yml:109
[0m[1mnull_resource.ansible (local-exec):[0m [0mok: [18.212.215.169] => {
[0m[1mnull_resource.ansible (local-exec):[0m [0m    "mod_dbname_php": {
[0m[1mnull_resource.ansible (local-exec):[0m [0m        "changed": true,
[0m[1mnull_resource.ansible (local-exec):[0m [0m        "failed": false,
[0m[1mnull_resource.ansible (local-exec):[0m [0m        "msg": "1 replacements made"
[0m[1mnull_resource.ansible (local-exec):[0m [0m    }
[0m[1mnull_resource.ansible (local-exec):[0m [0m}

[0m[1mnull_resource.ansible (local-exec):[0m [0mTASK [crud : Replace DB credentials in PHP files user] *************************
[0m[1mnull_resource.ansible (local-exec):[0m [0mtask path: /home/ec2-user/terraform/ansible/roles/crud/tasks/main.yml:113
[0m[1mnull_resource.ansible (local-exec):[0m [0m<18.212.215.169> ESTABLISH SSH CONNECTION FOR USER: ec2-user
[0m[1mnull_resource.ansible (local-exec):[0m [0m<18.212.215.169> SSH: EXEC ssh -C -o ControlMaster=auto -o ControlPersist=60s -o 'IdentityFile="/home/ec2-user/.ssh/j2.pem"' -o KbdInteractiveAuthentication=no -o PreferredAuthentications=gssapi-with-mic,gssapi-keyex,hostbased,publickey -o PasswordAuthentication=no -o 'User="ec2-user"' -o ConnectTimeout=10 -o StrictHostKeyChecking=no -o ControlPath=/home/ec2-user/.ansible/cp/1baffb812c 18.212.215.169 '/bin/sh -c '"'"'echo ~ec2-user && sleep 0'"'"''
[0m[1mnull_resource.ansible (local-exec):[0m [0m<18.212.215.169> (0, '/home/ec2-user\n', '')
[0m[1mnull_resource.ansible (local-exec):[0m [0m<18.212.215.169> ESTABLISH SSH CONNECTION FOR USER: ec2-user
[0m[1mnull_resource.ansible (local-exec):[0m [0m<18.212.215.169> SSH: EXEC ssh -C -o ControlMaster=auto -o ControlPersist=60s -o 'IdentityFile="/home/ec2-user/.ssh/j2.pem"' -o KbdInteractiveAuthentication=no -o PreferredAuthentications=gssapi-with-mic,gssapi-keyex,hostbased,publickey -o PasswordAuthentication=no -o 'User="ec2-user"' -o ConnectTimeout=10 -o StrictHostKeyChecking=no -o ControlPath=/home/ec2-user/.ansible/cp/1baffb812c 18.212.215.169 '/bin/sh -c '"'"'( umask 77 && mkdir -p "` echo /home/ec2-user/.ansible/tmp `"&& mkdir "` echo /home/ec2-user/.ansible/tmp/ansible-tmp-1702390284.46-2065-41960897387452 `" && echo ansible-tmp-1702390284.46-2065-41960897387452="` echo /home/ec2-user/.ansible/tmp/ansible-tmp-1702390284.46-2065-41960897387452 `" ) && sleep 0'"'"''
[0m[1mnull_resource.ansible (local-exec):[0m [0m<18.212.215.169> (0, 'ansible-tmp-1702390284.46-2065-41960897387452=/home/ec2-user/.ansible/tmp/ansible-tmp-1702390284.46-2065-41960897387452\n', '')
[0m[1mnull_resource.ansible (local-exec):[0m [0mUsing module file /usr/lib/python2.7/site-packages/ansible/modules/files/replace.py
[0m[1mnull_resource.ansible (local-exec):[0m [0m<18.212.215.169> PUT /home/ec2-user/.ansible/tmp/ansible-local-14895x2Od2/tmphbRL2M TO /home/ec2-user/.ansible/tmp/ansible-tmp-1702390284.46-2065-41960897387452/AnsiballZ_replace.py
[0m[1mnull_resource.ansible (local-exec):[0m [0m<18.212.215.169> SSH: EXEC sftp -b - -C -o ControlMaster=auto -o ControlPersist=60s -o 'IdentityFile="/home/ec2-user/.ssh/j2.pem"' -o KbdInteractiveAuthentication=no -o PreferredAuthentications=gssapi-with-mic,gssapi-keyex,hostbased,publickey -o PasswordAuthentication=no -o 'User="ec2-user"' -o ConnectTimeout=10 -o StrictHostKeyChecking=no -o ControlPath=/home/ec2-user/.ansible/cp/1baffb812c '[18.212.215.169]'
[0m[1mnull_resource.ansible (local-exec):[0m [0m<18.212.215.169> (0, 'sftp> put /home/ec2-user/.ansible/tmp/ansible-local-14895x2Od2/tmphbRL2M /home/ec2-user/.ansible/tmp/ansible-tmp-1702390284.46-2065-41960897387452/AnsiballZ_replace.py\n', '')
[0m[1mnull_resource.ansible (local-exec):[0m [0m<18.212.215.169> ESTABLISH SSH CONNECTION FOR USER: ec2-user
[0m[1mnull_resource.ansible (local-exec):[0m [0m<18.212.215.169> SSH: EXEC ssh -C -o ControlMaster=auto -o ControlPersist=60s -o 'IdentityFile="/home/ec2-user/.ssh/j2.pem"' -o KbdInteractiveAuthentication=no -o PreferredAuthentications=gssapi-with-mic,gssapi-keyex,hostbased,publickey -o PasswordAuthentication=no -o 'User="ec2-user"' -o ConnectTimeout=10 -o StrictHostKeyChecking=no -o ControlPath=/home/ec2-user/.ansible/cp/1baffb812c 18.212.215.169 '/bin/sh -c '"'"'chmod u+x /home/ec2-user/.ansible/tmp/ansible-tmp-1702390284.46-2065-41960897387452/ /home/ec2-user/.ansible/tmp/ansible-tmp-1702390284.46-2065-41960897387452/AnsiballZ_replace.py && sleep 0'"'"''
[0m[1mnull_resource.ansible (local-exec):[0m [0m<18.212.215.169> (0, '', '')
[0m[1mnull_resource.ansible (local-exec):[0m [0m<18.212.215.169> ESTABLISH SSH CONNECTION FOR USER: ec2-user
[0m[1mnull_resource.ansible (local-exec):[0m [0m<18.212.215.169> SSH: EXEC ssh -C -o ControlMaster=auto -o ControlPersist=60s -o 'IdentityFile="/home/ec2-user/.ssh/j2.pem"' -o KbdInteractiveAuthentication=no -o PreferredAuthentications=gssapi-with-mic,gssapi-keyex,hostbased,publickey -o PasswordAuthentication=no -o 'User="ec2-user"' -o ConnectTimeout=10 -o StrictHostKeyChecking=no -o ControlPath=/home/ec2-user/.ansible/cp/1baffb812c -tt 18.212.215.169 '/bin/sh -c '"'"'sudo -H -S -n  -u root /bin/sh -c '"'"'"'"'"'"'"'"'echo BECOME-SUCCESS-vfpcjwdrhjxuagsccftbolswjesicube ; /usr/bin/python /home/ec2-user/.ansible/tmp/ansible-tmp-1702390284.46-2065-41960897387452/AnsiballZ_replace.py'"'"'"'"'"'"'"'"' && sleep 0'"'"''
[0m[1mnull_resource.ansible (local-exec):[0m [0mEscalation succeeded
[0m[1mnull_resource.ansible: Still creating... [1m10s elapsed][0m[0m
[0m[1mnull_resource.ansible (local-exec):[0m [0m<18.212.215.169> (0, '\r\n{"msg": "1 replacements made", "invocation": {"module_args": {"directory_mode": null, "force": null, "encoding": "utf-8", "replace": "username", "path": "/var/www/html/db.php", "owner": null, "follow": false, "before": null, "group": null, "unsafe_writes": false, "remote_src": null, "setype": null, "content": null, "serole": null, "selevel": null, "after": null, "regexp": "root", "validate": null, "src": null, "seuser": null, "delimiter": null, "mode": null, "attributes": null, "backup": false}}, "changed": true}\r\n', 'Shared connection to 18.212.215.169 closed.\r\n')
[0m[1mnull_resource.ansible (local-exec):[0m [0m<18.212.215.169> ESTABLISH SSH CONNECTION FOR USER: ec2-user
[0m[1mnull_resource.ansible (local-exec):[0m [0m<18.212.215.169> SSH: EXEC ssh -C -o ControlMaster=auto -o ControlPersist=60s -o 'IdentityFile="/home/ec2-user/.ssh/j2.pem"' -o KbdInteractiveAuthentication=no -o PreferredAuthentications=gssapi-with-mic,gssapi-keyex,hostbased,publickey -o PasswordAuthentication=no -o 'User="ec2-user"' -o ConnectTimeout=10 -o StrictHostKeyChecking=no -o ControlPath=/home/ec2-user/.ansible/cp/1baffb812c 18.212.215.169 '/bin/sh -c '"'"'rm -f -r /home/ec2-user/.ansible/tmp/ansible-tmp-1702390284.46-2065-41960897387452/ > /dev/null 2>&1 && sleep 0'"'"''
[0m[1mnull_resource.ansible (local-exec):[0m [0m<18.212.215.169> (0, '', '')
[0m[1mnull_resource.ansible (local-exec):[0m [0mchanged: [18.212.215.169] => {
[0m[1mnull_resource.ansible (local-exec):[0m [0m    "changed": true,
[0m[1mnull_resource.ansible (local-exec):[0m [0m    "invocation": {
[0m[1mnull_resource.ansible (local-exec):[0m [0m        "module_args": {
[0m[1mnull_resource.ansible (local-exec):[0m [0m            "after": null,
[0m[1mnull_resource.ansible (local-exec):[0m [0m            "attributes": null,
[0m[1mnull_resource.ansible (local-exec):[0m [0m            "backup": false,
[0m[1mnull_resource.ansible (local-exec):[0m [0m            "before": null,
[0m[1mnull_resource.ansible (local-exec):[0m [0m            "content": null,
[0m[1mnull_resource.ansible (local-exec):[0m [0m            "delimiter": null,
[0m[1mnull_resource.ansible (local-exec):[0m [0m            "directory_mode": null,
[0m[1mnull_resource.ansible (local-exec):[0m [0m            "encoding": "utf-8",
[0m[1mnull_resource.ansible (local-exec):[0m [0m            "follow": false,
[0m[1mnull_resource.ansible (local-exec):[0m [0m            "force": null,
[0m[1mnull_resource.ansible (local-exec):[0m [0m            "group": null,
[0m[1mnull_resource.ansible (local-exec):[0m [0m            "mode": null,
[0m[1mnull_resource.ansible (local-exec):[0m [0m            "owner": null,
[0m[1mnull_resource.ansible (local-exec):[0m [0m            "path": "/var/www/html/db.php",
[0m[1mnull_resource.ansible (local-exec):[0m [0m            "regexp": "root",
[0m[1mnull_resource.ansible (local-exec):[0m [0m            "remote_src": null,
[0m[1mnull_resource.ansible (local-exec):[0m [0m            "replace": "username",
[0m[1mnull_resource.ansible (local-exec):[0m [0m            "selevel": null,
[0m[1mnull_resource.ansible (local-exec):[0m [0m            "serole": null,
[0m[1mnull_resource.ansible (local-exec):[0m [0m            "setype": null,
[0m[1mnull_resource.ansible (local-exec):[0m [0m            "seuser": null,
[0m[1mnull_resource.ansible (local-exec):[0m [0m            "src": null,
[0m[1mnull_resource.ansible (local-exec):[0m [0m            "unsafe_writes": false,
[0m[1mnull_resource.ansible (local-exec):[0m [0m            "validate": null
[0m[1mnull_resource.ansible (local-exec):[0m [0m        }
[0m[1mnull_resource.ansible (local-exec):[0m [0m    },
[0m[1mnull_resource.ansible (local-exec):[0m [0m    "msg": "1 replacements made"
[0m[1mnull_resource.ansible (local-exec):[0m [0m}

[0m[1mnull_resource.ansible (local-exec):[0m [0mTASK [crud : Replace DB credentials in PHP files user output] ******************
[0m[1mnull_resource.ansible (local-exec):[0m [0mtask path: /home/ec2-user/terraform/ansible/roles/crud/tasks/main.yml:121
[0m[1mnull_resource.ansible (local-exec):[0m [0mok: [18.212.215.169] => {
[0m[1mnull_resource.ansible (local-exec):[0m [0m    "mod_user_php": {
[0m[1mnull_resource.ansible (local-exec):[0m [0m        "changed": true,
[0m[1mnull_resource.ansible (local-exec):[0m [0m        "failed": false,
[0m[1mnull_resource.ansible (local-exec):[0m [0m        "msg": "1 replacements made"
[0m[1mnull_resource.ansible (local-exec):[0m [0m    }
[0m[1mnull_resource.ansible (local-exec):[0m [0m}

[0m[1mnull_resource.ansible (local-exec):[0m [0mTASK [crud : Replace DB credentials in PHP files password] *********************
[0m[1mnull_resource.ansible (local-exec):[0m [0mtask path: /home/ec2-user/terraform/ansible/roles/crud/tasks/main.yml:125
[0m[1mnull_resource.ansible (local-exec):[0m [0m<18.212.215.169> ESTABLISH SSH CONNECTION FOR USER: ec2-user
[0m[1mnull_resource.ansible (local-exec):[0m [0m<18.212.215.169> SSH: EXEC ssh -C -o ControlMaster=auto -o ControlPersist=60s -o 'IdentityFile="/home/ec2-user/.ssh/j2.pem"' -o KbdInteractiveAuthentication=no -o PreferredAuthentications=gssapi-with-mic,gssapi-keyex,hostbased,publickey -o PasswordAuthentication=no -o 'User="ec2-user"' -o ConnectTimeout=10 -o StrictHostKeyChecking=no -o ControlPath=/home/ec2-user/.ansible/cp/1baffb812c 18.212.215.169 '/bin/sh -c '"'"'echo ~ec2-user && sleep 0'"'"''
[0m[1mnull_resource.ansible (local-exec):[0m [0m<18.212.215.169> (0, '/home/ec2-user\n', '')
[0m[1mnull_resource.ansible (local-exec):[0m [0m<18.212.215.169> ESTABLISH SSH CONNECTION FOR USER: ec2-user
[0m[1mnull_resource.ansible (local-exec):[0m [0m<18.212.215.169> SSH: EXEC ssh -C -o ControlMaster=auto -o ControlPersist=60s -o 'IdentityFile="/home/ec2-user/.ssh/j2.pem"' -o KbdInteractiveAuthentication=no -o PreferredAuthentications=gssapi-with-mic,gssapi-keyex,hostbased,publickey -o PasswordAuthentication=no -o 'User="ec2-user"' -o ConnectTimeout=10 -o StrictHostKeyChecking=no -o ControlPath=/home/ec2-user/.ansible/cp/1baffb812c 18.212.215.169 '/bin/sh -c '"'"'( umask 77 && mkdir -p "` echo /home/ec2-user/.ansible/tmp `"&& mkdir "` echo /home/ec2-user/.ansible/tmp/ansible-tmp-1702390287.87-2096-67780433696123 `" && echo ansible-tmp-1702390287.87-2096-67780433696123="` echo /home/ec2-user/.ansible/tmp/ansible-tmp-1702390287.87-2096-67780433696123 `" ) && sleep 0'"'"''
[0m[1mnull_resource.ansible (local-exec):[0m [0m<18.212.215.169> (0, 'ansible-tmp-1702390287.87-2096-67780433696123=/home/ec2-user/.ansible/tmp/ansible-tmp-1702390287.87-2096-67780433696123\n', '')
[0m[1mnull_resource.ansible (local-exec):[0m [0mUsing module file /usr/lib/python2.7/site-packages/ansible/modules/files/replace.py
[0m[1mnull_resource.ansible (local-exec):[0m [0m<18.212.215.169> PUT /home/ec2-user/.ansible/tmp/ansible-local-14895x2Od2/tmpBPeAY8 TO /home/ec2-user/.ansible/tmp/ansible-tmp-1702390287.87-2096-67780433696123/AnsiballZ_replace.py
[0m[1mnull_resource.ansible (local-exec):[0m [0m<18.212.215.169> SSH: EXEC sftp -b - -C -o ControlMaster=auto -o ControlPersist=60s -o 'IdentityFile="/home/ec2-user/.ssh/j2.pem"' -o KbdInteractiveAuthentication=no -o PreferredAuthentications=gssapi-with-mic,gssapi-keyex,hostbased,publickey -o PasswordAuthentication=no -o 'User="ec2-user"' -o ConnectTimeout=10 -o StrictHostKeyChecking=no -o ControlPath=/home/ec2-user/.ansible/cp/1baffb812c '[18.212.215.169]'
[0m[1mnull_resource.ansible (local-exec):[0m [0m<18.212.215.169> (0, 'sftp> put /home/ec2-user/.ansible/tmp/ansible-local-14895x2Od2/tmpBPeAY8 /home/ec2-user/.ansible/tmp/ansible-tmp-1702390287.87-2096-67780433696123/AnsiballZ_replace.py\n', '')
[0m[1mnull_resource.ansible (local-exec):[0m [0m<18.212.215.169> ESTABLISH SSH CONNECTION FOR USER: ec2-user
[0m[1mnull_resource.ansible (local-exec):[0m [0m<18.212.215.169> SSH: EXEC ssh -C -o ControlMaster=auto -o ControlPersist=60s -o 'IdentityFile="/home/ec2-user/.ssh/j2.pem"' -o KbdInteractiveAuthentication=no -o PreferredAuthentications=gssapi-with-mic,gssapi-keyex,hostbased,publickey -o PasswordAuthentication=no -o 'User="ec2-user"' -o ConnectTimeout=10 -o StrictHostKeyChecking=no -o ControlPath=/home/ec2-user/.ansible/cp/1baffb812c 18.212.215.169 '/bin/sh -c '"'"'chmod u+x /home/ec2-user/.ansible/tmp/ansible-tmp-1702390287.87-2096-67780433696123/ /home/ec2-user/.ansible/tmp/ansible-tmp-1702390287.87-2096-67780433696123/AnsiballZ_replace.py && sleep 0'"'"''
[0m[1mnull_resource.ansible (local-exec):[0m [0m<18.212.215.169> (0, '', '')
[0m[1mnull_resource.ansible (local-exec):[0m [0m<18.212.215.169> ESTABLISH SSH CONNECTION FOR USER: ec2-user
[0m[1mnull_resource.ansible (local-exec):[0m [0m<18.212.215.169> SSH: EXEC ssh -C -o ControlMaster=auto -o ControlPersist=60s -o 'IdentityFile="/home/ec2-user/.ssh/j2.pem"' -o KbdInteractiveAuthentication=no -o PreferredAuthentications=gssapi-with-mic,gssapi-keyex,hostbased,publickey -o PasswordAuthentication=no -o 'User="ec2-user"' -o ConnectTimeout=10 -o StrictHostKeyChecking=no -o ControlPath=/home/ec2-user/.ansible/cp/1baffb812c -tt 18.212.215.169 '/bin/sh -c '"'"'sudo -H -S -n  -u root /bin/sh -c '"'"'"'"'"'"'"'"'echo BECOME-SUCCESS-pqvhghekcgqdgbdvqlhyhmoqroyfkzcp ; /usr/bin/python /home/ec2-user/.ansible/tmp/ansible-tmp-1702390287.87-2096-67780433696123/AnsiballZ_replace.py'"'"'"'"'"'"'"'"' && sleep 0'"'"''
[0m[1mnull_resource.ansible (local-exec):[0m [0mEscalation succeeded
[0m[1mnull_resource.ansible (local-exec):[0m [0m<18.212.215.169> (0, '\r\n{"msg": "1 replacements made", "invocation": {"module_args": {"directory_mode": null, "force": null, "encoding": "utf-8", "replace": "password", "path": "/var/www/html/db.php", "owner": null, "follow": false, "before": null, "group": null, "unsafe_writes": false, "remote_src": null, "setype": null, "content": null, "serole": null, "selevel": null, "after": null, "regexp": "password123", "validate": null, "src": null, "seuser": null, "delimiter": null, "mode": null, "attributes": null, "backup": false}}, "changed": true}\r\n', 'Shared connection to 18.212.215.169 closed.\r\n')
[0m[1mnull_resource.ansible (local-exec):[0m [0m<18.212.215.169> ESTABLISH SSH CONNECTION FOR USER: ec2-user
[0m[1mnull_resource.ansible (local-exec):[0m [0m<18.212.215.169> SSH: EXEC ssh -C -o ControlMaster=auto -o ControlPersist=60s -o 'IdentityFile="/home/ec2-user/.ssh/j2.pem"' -o KbdInteractiveAuthentication=no -o PreferredAuthentications=gssapi-with-mic,gssapi-keyex,hostbased,publickey -o PasswordAuthentication=no -o 'User="ec2-user"' -o ConnectTimeout=10 -o StrictHostKeyChecking=no -o ControlPath=/home/ec2-user/.ansible/cp/1baffb812c 18.212.215.169 '/bin/sh -c '"'"'rm -f -r /home/ec2-user/.ansible/tmp/ansible-tmp-1702390287.87-2096-67780433696123/ > /dev/null 2>&1 && sleep 0'"'"''
[0m[1mnull_resource.ansible (local-exec):[0m [0m<18.212.215.169> (0, '', '')
[0m[1mnull_resource.ansible (local-exec):[0m [0mchanged: [18.212.215.169] => {
[0m[1mnull_resource.ansible (local-exec):[0m [0m    "changed": true,
[0m[1mnull_resource.ansible (local-exec):[0m [0m    "invocation": {
[0m[1mnull_resource.ansible (local-exec):[0m [0m        "module_args": {
[0m[1mnull_resource.ansible (local-exec):[0m [0m            "after": null,
[0m[1mnull_resource.ansible (local-exec):[0m [0m            "attributes": null,
[0m[1mnull_resource.ansible (local-exec):[0m [0m            "backup": false,
[0m[1mnull_resource.ansible (local-exec):[0m [0m            "before": null,
[0m[1mnull_resource.ansible (local-exec):[0m [0m            "content": null,
[0m[1mnull_resource.ansible (local-exec):[0m [0m            "delimiter": null,
[0m[1mnull_resource.ansible (local-exec):[0m [0m            "directory_mode": null,
[0m[1mnull_resource.ansible (local-exec):[0m [0m            "encoding": "utf-8",
[0m[1mnull_resource.ansible (local-exec):[0m [0m            "follow": false,
[0m[1mnull_resource.ansible (local-exec):[0m [0m            "force": null,
[0m[1mnull_resource.ansible (local-exec):[0m [0m            "group": null,
[0m[1mnull_resource.ansible (local-exec):[0m [0m            "mode": null,
[0m[1mnull_resource.ansible (local-exec):[0m [0m            "owner": null,
[0m[1mnull_resource.ansible (local-exec):[0m [0m            "path": "/var/www/html/db.php",
[0m[1mnull_resource.ansible (local-exec):[0m [0m            "regexp": "password123",
[0m[1mnull_resource.ansible (local-exec):[0m [0m            "remote_src": null,
[0m[1mnull_resource.ansible (local-exec):[0m [0m            "replace": "password",
[0m[1mnull_resource.ansible (local-exec):[0m [0m            "selevel": null,
[0m[1mnull_resource.ansible (local-exec):[0m [0m            "serole": null,
[0m[1mnull_resource.ansible (local-exec):[0m [0m            "setype": null,
[0m[1mnull_resource.ansible (local-exec):[0m [0m            "seuser": null,
[0m[1mnull_resource.ansible (local-exec):[0m [0m            "src": null,
[0m[1mnull_resource.ansible (local-exec):[0m [0m            "unsafe_writes": false,
[0m[1mnull_resource.ansible (local-exec):[0m [0m            "validate": null
[0m[1mnull_resource.ansible (local-exec):[0m [0m        }
[0m[1mnull_resource.ansible (local-exec):[0m [0m    },
[0m[1mnull_resource.ansible (local-exec):[0m [0m    "msg": "1 replacements made"
[0m[1mnull_resource.ansible (local-exec):[0m [0m}

[0m[1mnull_resource.ansible (local-exec):[0m [0mTASK [crud : Replace DB credentials in PHP files password output] **************
[0m[1mnull_resource.ansible (local-exec):[0m [0mtask path: /home/ec2-user/terraform/ansible/roles/crud/tasks/main.yml:133
[0m[1mnull_resource.ansible (local-exec):[0m [0mok: [18.212.215.169] => {
[0m[1mnull_resource.ansible (local-exec):[0m [0m    "mod_pass_php": {
[0m[1mnull_resource.ansible (local-exec):[0m [0m        "changed": true,
[0m[1mnull_resource.ansible (local-exec):[0m [0m        "failed": false,
[0m[1mnull_resource.ansible (local-exec):[0m [0m        "msg": "1 replacements made"
[0m[1mnull_resource.ansible (local-exec):[0m [0m    }
[0m[1mnull_resource.ansible (local-exec):[0m [0m}

[0m[1mnull_resource.ansible (local-exec):[0m [0mTASK [crud : Replace DB hostname in PHP files hostname] ************************
[0m[1mnull_resource.ansible (local-exec):[0m [0mtask path: /home/ec2-user/terraform/ansible/roles/crud/tasks/main.yml:137
[0m[1mnull_resource.ansible (local-exec):[0m [0m<18.212.215.169> ESTABLISH SSH CONNECTION FOR USER: ec2-user
[0m[1mnull_resource.ansible (local-exec):[0m [0m<18.212.215.169> SSH: EXEC ssh -C -o ControlMaster=auto -o ControlPersist=60s -o 'IdentityFile="/home/ec2-user/.ssh/j2.pem"' -o KbdInteractiveAuthentication=no -o PreferredAuthentications=gssapi-with-mic,gssapi-keyex,hostbased,publickey -o PasswordAuthentication=no -o 'User="ec2-user"' -o ConnectTimeout=10 -o StrictHostKeyChecking=no -o ControlPath=/home/ec2-user/.ansible/cp/1baffb812c 18.212.215.169 '/bin/sh -c '"'"'echo ~ec2-user && sleep 0'"'"''
[0m[1mnull_resource.ansible (local-exec):[0m [0m<18.212.215.169> (0, '/home/ec2-user\n', '')
[0m[1mnull_resource.ansible (local-exec):[0m [0m<18.212.215.169> ESTABLISH SSH CONNECTION FOR USER: ec2-user
[0m[1mnull_resource.ansible (local-exec):[0m [0m<18.212.215.169> SSH: EXEC ssh -C -o ControlMaster=auto -o ControlPersist=60s -o 'IdentityFile="/home/ec2-user/.ssh/j2.pem"' -o KbdInteractiveAuthentication=no -o PreferredAuthentications=gssapi-with-mic,gssapi-keyex,hostbased,publickey -o PasswordAuthentication=no -o 'User="ec2-user"' -o ConnectTimeout=10 -o StrictHostKeyChecking=no -o ControlPath=/home/ec2-user/.ansible/cp/1baffb812c 18.212.215.169 '/bin/sh -c '"'"'( umask 77 && mkdir -p "` echo /home/ec2-user/.ansible/tmp `"&& mkdir "` echo /home/ec2-user/.ansible/tmp/ansible-tmp-1702390291.56-2135-179140396927421 `" && echo ansible-tmp-1702390291.56-2135-179140396927421="` echo /home/ec2-user/.ansible/tmp/ansible-tmp-1702390291.56-2135-179140396927421 `" ) && sleep 0'"'"''
[0m[1mnull_resource.ansible (local-exec):[0m [0m<18.212.215.169> (0, 'ansible-tmp-1702390291.56-2135-179140396927421=/home/ec2-user/.ansible/tmp/ansible-tmp-1702390291.56-2135-179140396927421\n', '')
[0m[1mnull_resource.ansible (local-exec):[0m [0mUsing module file /usr/lib/python2.7/site-packages/ansible/modules/files/replace.py
[0m[1mnull_resource.ansible (local-exec):[0m [0m<18.212.215.169> PUT /home/ec2-user/.ansible/tmp/ansible-local-14895x2Od2/tmp1sjKm8 TO /home/ec2-user/.ansible/tmp/ansible-tmp-1702390291.56-2135-179140396927421/AnsiballZ_replace.py
[0m[1mnull_resource.ansible (local-exec):[0m [0m<18.212.215.169> SSH: EXEC sftp -b - -C -o ControlMaster=auto -o ControlPersist=60s -o 'IdentityFile="/home/ec2-user/.ssh/j2.pem"' -o KbdInteractiveAuthentication=no -o PreferredAuthentications=gssapi-with-mic,gssapi-keyex,hostbased,publickey -o PasswordAuthentication=no -o 'User="ec2-user"' -o ConnectTimeout=10 -o StrictHostKeyChecking=no -o ControlPath=/home/ec2-user/.ansible/cp/1baffb812c '[18.212.215.169]'
[0m[1mnull_resource.ansible (local-exec):[0m [0m<18.212.215.169> (0, 'sftp> put /home/ec2-user/.ansible/tmp/ansible-local-14895x2Od2/tmp1sjKm8 /home/ec2-user/.ansible/tmp/ansible-tmp-1702390291.56-2135-179140396927421/AnsiballZ_replace.py\n', '')
[0m[1mnull_resource.ansible (local-exec):[0m [0m<18.212.215.169> ESTABLISH SSH CONNECTION FOR USER: ec2-user
[0m[1mnull_resource.ansible (local-exec):[0m [0m<18.212.215.169> SSH: EXEC ssh -C -o ControlMaster=auto -o ControlPersist=60s -o 'IdentityFile="/home/ec2-user/.ssh/j2.pem"' -o KbdInteractiveAuthentication=no -o PreferredAuthentications=gssapi-with-mic,gssapi-keyex,hostbased,publickey -o PasswordAuthentication=no -o 'User="ec2-user"' -o ConnectTimeout=10 -o StrictHostKeyChecking=no -o ControlPath=/home/ec2-user/.ansible/cp/1baffb812c 18.212.215.169 '/bin/sh -c '"'"'chmod u+x /home/ec2-user/.ansible/tmp/ansible-tmp-1702390291.56-2135-179140396927421/ /home/ec2-user/.ansible/tmp/ansible-tmp-1702390291.56-2135-179140396927421/AnsiballZ_replace.py && sleep 0'"'"''
[0m[1mnull_resource.ansible (local-exec):[0m [0m<18.212.215.169> (0, '', '')
[0m[1mnull_resource.ansible (local-exec):[0m [0m<18.212.215.169> ESTABLISH SSH CONNECTION FOR USER: ec2-user
[0m[1mnull_resource.ansible (local-exec):[0m [0m<18.212.215.169> SSH: EXEC ssh -C -o ControlMaster=auto -o ControlPersist=60s -o 'IdentityFile="/home/ec2-user/.ssh/j2.pem"' -o KbdInteractiveAuthentication=no -o PreferredAuthentications=gssapi-with-mic,gssapi-keyex,hostbased,publickey -o PasswordAuthentication=no -o 'User="ec2-user"' -o ConnectTimeout=10 -o StrictHostKeyChecking=no -o ControlPath=/home/ec2-user/.ansible/cp/1baffb812c -tt 18.212.215.169 '/bin/sh -c '"'"'sudo -H -S -n  -u root /bin/sh -c '"'"'"'"'"'"'"'"'echo BECOME-SUCCESS-wwipwmjvuzzkiyaskpnowahduxqrubzd ; /usr/bin/python /home/ec2-user/.ansible/tmp/ansible-tmp-1702390291.56-2135-179140396927421/AnsiballZ_replace.py'"'"'"'"'"'"'"'"' && sleep 0'"'"''
[0m[1mnull_resource.ansible (local-exec):[0m [0mEscalation succeeded
[0m[1mnull_resource.ansible (local-exec):[0m [0m<18.212.215.169> (0, '\r\n{"msg": "1 replacements made", "invocation": {"module_args": {"directory_mode": null, "force": null, "encoding": "utf-8", "replace": "mysql.cneixfwaapbr.us-east-1.rds.amazonaws.com", "path": "/var/www/html/db.php", "owner": null, "follow": false, "before": null, "group": null, "unsafe_writes": false, "remote_src": null, "setype": null, "content": null, "serole": null, "selevel": null, "after": null, "regexp": "localhost", "validate": null, "src": null, "seuser": null, "delimiter": null, "mode": null, "attributes": null, "backup": false}}, "changed": true}\r\n', 'Shared connection to 18.212.215.169 closed.\r\n')
[0m[1mnull_resource.ansible (local-exec):[0m [0m<18.212.215.169> ESTABLISH SSH CONNECTION FOR USER: ec2-user
[0m[1mnull_resource.ansible (local-exec):[0m [0m<18.212.215.169> SSH: EXEC ssh -C -o ControlMaster=auto -o ControlPersist=60s -o 'IdentityFile="/home/ec2-user/.ssh/j2.pem"' -o KbdInteractiveAuthentication=no -o PreferredAuthentications=gssapi-with-mic,gssapi-keyex,hostbased,publickey -o PasswordAuthentication=no -o 'User="ec2-user"' -o ConnectTimeout=10 -o StrictHostKeyChecking=no -o ControlPath=/home/ec2-user/.ansible/cp/1baffb812c 18.212.215.169 '/bin/sh -c '"'"'rm -f -r /home/ec2-user/.ansible/tmp/ansible-tmp-1702390291.56-2135-179140396927421/ > /dev/null 2>&1 && sleep 0'"'"''
[0m[1mnull_resource.ansible (local-exec):[0m [0m<18.212.215.169> (0, '', '')
[0m[1mnull_resource.ansible (local-exec):[0m [0mchanged: [18.212.215.169] => {
[0m[1mnull_resource.ansible (local-exec):[0m [0m    "changed": true,
[0m[1mnull_resource.ansible (local-exec):[0m [0m    "invocation": {
[0m[1mnull_resource.ansible (local-exec):[0m [0m        "module_args": {
[0m[1mnull_resource.ansible (local-exec):[0m [0m            "after": null,
[0m[1mnull_resource.ansible (local-exec):[0m [0m            "attributes": null,
[0m[1mnull_resource.ansible (local-exec):[0m [0m            "backup": false,
[0m[1mnull_resource.ansible (local-exec):[0m [0m            "before": null,
[0m[1mnull_resource.ansible (local-exec):[0m [0m            "content": null,
[0m[1mnull_resource.ansible (local-exec):[0m [0m            "delimiter": null,
[0m[1mnull_resource.ansible (local-exec):[0m [0m            "directory_mode": null,
[0m[1mnull_resource.ansible (local-exec):[0m [0m            "encoding": "utf-8",
[0m[1mnull_resource.ansible (local-exec):[0m [0m            "follow": false,
[0m[1mnull_resource.ansible (local-exec):[0m [0m            "force": null,
[0m[1mnull_resource.ansible (local-exec):[0m [0m            "group": null,
[0m[1mnull_resource.ansible (local-exec):[0m [0m            "mode": null,
[0m[1mnull_resource.ansible (local-exec):[0m [0m            "owner": null,
[0m[1mnull_resource.ansible (local-exec):[0m [0m            "path": "/var/www/html/db.php",
[0m[1mnull_resource.ansible (local-exec):[0m [0m            "regexp": "localhost",
[0m[1mnull_resource.ansible (local-exec):[0m [0m            "remote_src": null,
[0m[1mnull_resource.ansible (local-exec):[0m [0m            "replace": "mysql.cneixfwaapbr.us-east-1.rds.amazonaws.com",
[0m[1mnull_resource.ansible (local-exec):[0m [0m            "selevel": null,
[0m[1mnull_resource.ansible (local-exec):[0m [0m            "serole": null,
[0m[1mnull_resource.ansible (local-exec):[0m [0m            "setype": null,
[0m[1mnull_resource.ansible (local-exec):[0m [0m            "seuser": null,
[0m[1mnull_resource.ansible (local-exec):[0m [0m            "src": null,
[0m[1mnull_resource.ansible (local-exec):[0m [0m            "unsafe_writes": false,
[0m[1mnull_resource.ansible (local-exec):[0m [0m            "validate": null
[0m[1mnull_resource.ansible (local-exec):[0m [0m        }
[0m[1mnull_resource.ansible (local-exec):[0m [0m    },
[0m[1mnull_resource.ansible (local-exec):[0m [0m    "msg": "1 replacements made"
[0m[1mnull_resource.ansible (local-exec):[0m [0m}

[0m[1mnull_resource.ansible (local-exec):[0m [0mTASK [crud : Replace DB credentials in PHP files hostname output] **************
[0m[1mnull_resource.ansible (local-exec):[0m [0mtask path: /home/ec2-user/terraform/ansible/roles/crud/tasks/main.yml:145
[0m[1mnull_resource.ansible (local-exec):[0m [0mok: [18.212.215.169] => {
[0m[1mnull_resource.ansible (local-exec):[0m [0m    "mod_hostname_php": {
[0m[1mnull_resource.ansible (local-exec):[0m [0m        "changed": true,
[0m[1mnull_resource.ansible (local-exec):[0m [0m        "failed": false,
[0m[1mnull_resource.ansible (local-exec):[0m [0m        "msg": "1 replacements made"
[0m[1mnull_resource.ansible (local-exec):[0m [0m    }
[0m[1mnull_resource.ansible (local-exec):[0m [0m}

[0m[1mnull_resource.ansible (local-exec):[0m [0mTASK [crud : Replace error message in PHP files] *******************************
[0m[1mnull_resource.ansible (local-exec):[0m [0mtask path: /home/ec2-user/terraform/ansible/roles/crud/tasks/main.yml:149
[0m[1mnull_resource.ansible (local-exec):[0m [0m<18.212.215.169> ESTABLISH SSH CONNECTION FOR USER: ec2-user
[0m[1mnull_resource.ansible (local-exec):[0m [0m<18.212.215.169> SSH: EXEC ssh -C -o ControlMaster=auto -o ControlPersist=60s -o 'IdentityFile="/home/ec2-user/.ssh/j2.pem"' -o KbdInteractiveAuthentication=no -o PreferredAuthentications=gssapi-with-mic,gssapi-keyex,hostbased,publickey -o PasswordAuthentication=no -o 'User="ec2-user"' -o ConnectTimeout=10 -o StrictHostKeyChecking=no -o ControlPath=/home/ec2-user/.ansible/cp/1baffb812c 18.212.215.169 '/bin/sh -c '"'"'echo ~ec2-user && sleep 0'"'"''
[0m[1mnull_resource.ansible (local-exec):[0m [0m<18.212.215.169> (0, '/home/ec2-user\n', '')
[0m[1mnull_resource.ansible (local-exec):[0m [0m<18.212.215.169> ESTABLISH SSH CONNECTION FOR USER: ec2-user
[0m[1mnull_resource.ansible (local-exec):[0m [0m<18.212.215.169> SSH: EXEC ssh -C -o ControlMaster=auto -o ControlPersist=60s -o 'IdentityFile="/home/ec2-user/.ssh/j2.pem"' -o KbdInteractiveAuthentication=no -o PreferredAuthentications=gssapi-with-mic,gssapi-keyex,hostbased,publickey -o PasswordAuthentication=no -o 'User="ec2-user"' -o ConnectTimeout=10 -o StrictHostKeyChecking=no -o ControlPath=/home/ec2-user/.ansible/cp/1baffb812c 18.212.215.169 '/bin/sh -c '"'"'( umask 77 && mkdir -p "` echo /home/ec2-user/.ansible/tmp `"&& mkdir "` echo /home/ec2-user/.ansible/tmp/ansible-tmp-1702390295.31-2172-226438129907609 `" && echo ansible-tmp-1702390295.31-2172-226438129907609="` echo /home/ec2-user/.ansible/tmp/ansible-tmp-1702390295.31-2172-226438129907609 `" ) && sleep 0'"'"''
[0m[1mnull_resource.ansible (local-exec):[0m [0m<18.212.215.169> (0, 'ansible-tmp-1702390295.31-2172-226438129907609=/home/ec2-user/.ansible/tmp/ansible-tmp-1702390295.31-2172-226438129907609\n', '')
[0m[1mnull_resource.ansible (local-exec):[0m [0mUsing module file /usr/lib/python2.7/site-packages/ansible/modules/files/replace.py
[0m[1mnull_resource.ansible (local-exec):[0m [0m<18.212.215.169> PUT /home/ec2-user/.ansible/tmp/ansible-local-14895x2Od2/tmpARaA9L TO /home/ec2-user/.ansible/tmp/ansible-tmp-1702390295.31-2172-226438129907609/AnsiballZ_replace.py
[0m[1mnull_resource.ansible (local-exec):[0m [0m<18.212.215.169> SSH: EXEC sftp -b - -C -o ControlMaster=auto -o ControlPersist=60s -o 'IdentityFile="/home/ec2-user/.ssh/j2.pem"' -o KbdInteractiveAuthentication=no -o PreferredAuthentications=gssapi-with-mic,gssapi-keyex,hostbased,publickey -o PasswordAuthentication=no -o 'User="ec2-user"' -o ConnectTimeout=10 -o StrictHostKeyChecking=no -o ControlPath=/home/ec2-user/.ansible/cp/1baffb812c '[18.212.215.169]'
[0m[1mnull_resource.ansible: Still creating... [1m20s elapsed][0m[0m
[0m[1mnull_resource.ansible (local-exec):[0m [0m<18.212.215.169> (0, 'sftp> put /home/ec2-user/.ansible/tmp/ansible-local-14895x2Od2/tmpARaA9L /home/ec2-user/.ansible/tmp/ansible-tmp-1702390295.31-2172-226438129907609/AnsiballZ_replace.py\n', '')
[0m[1mnull_resource.ansible (local-exec):[0m [0m<18.212.215.169> ESTABLISH SSH CONNECTION FOR USER: ec2-user
[0m[1mnull_resource.ansible (local-exec):[0m [0m<18.212.215.169> SSH: EXEC ssh -C -o ControlMaster=auto -o ControlPersist=60s -o 'IdentityFile="/home/ec2-user/.ssh/j2.pem"' -o KbdInteractiveAuthentication=no -o PreferredAuthentications=gssapi-with-mic,gssapi-keyex,hostbased,publickey -o PasswordAuthentication=no -o 'User="ec2-user"' -o ConnectTimeout=10 -o StrictHostKeyChecking=no -o ControlPath=/home/ec2-user/.ansible/cp/1baffb812c 18.212.215.169 '/bin/sh -c '"'"'chmod u+x /home/ec2-user/.ansible/tmp/ansible-tmp-1702390295.31-2172-226438129907609/ /home/ec2-user/.ansible/tmp/ansible-tmp-1702390295.31-2172-226438129907609/AnsiballZ_replace.py && sleep 0'"'"''
[0m[1mnull_resource.ansible (local-exec):[0m [0m<18.212.215.169> (0, '', '')
[0m[1mnull_resource.ansible (local-exec):[0m [0m<18.212.215.169> ESTABLISH SSH CONNECTION FOR USER: ec2-user
[0m[1mnull_resource.ansible (local-exec):[0m [0m<18.212.215.169> SSH: EXEC ssh -C -o ControlMaster=auto -o ControlPersist=60s -o 'IdentityFile="/home/ec2-user/.ssh/j2.pem"' -o KbdInteractiveAuthentication=no -o PreferredAuthentications=gssapi-with-mic,gssapi-keyex,hostbased,publickey -o PasswordAuthentication=no -o 'User="ec2-user"' -o ConnectTimeout=10 -o StrictHostKeyChecking=no -o ControlPath=/home/ec2-user/.ansible/cp/1baffb812c -tt 18.212.215.169 '/bin/sh -c '"'"'sudo -H -S -n  -u root /bin/sh -c '"'"'"'"'"'"'"'"'echo BECOME-SUCCESS-orczciqosppnfyybozvbemwkqgaiaepu ; /usr/bin/python /home/ec2-user/.ansible/tmp/ansible-tmp-1702390295.31-2172-226438129907609/AnsiballZ_replace.py'"'"'"'"'"'"'"'"' && sleep 0'"'"''
[0m[1mnull_resource.ansible (local-exec):[0m [0mEscalation succeeded
[0m[1mnull_resource.ansible (local-exec):[0m [0m<18.212.215.169> (0, '\r\n{"msg": "1 replacements made", "invocation": {"module_args": {"directory_mode": null, "force": null, "encoding": "utf-8", "replace": "error", "path": "/var/www/html/db.php", "owner": null, "follow": false, "before": null, "group": null, "unsafe_writes": false, "remote_src": null, "setype": null, "content": null, "serole": null, "selevel": null, "after": null, "regexp": "erro", "validate": null, "src": null, "seuser": null, "delimiter": null, "mode": null, "attributes": null, "backup": false}}, "changed": true}\r\n', 'Shared connection to 18.212.215.169 closed.\r\n')
[0m[1mnull_resource.ansible (local-exec):[0m [0m<18.212.215.169> ESTABLISH SSH CONNECTION FOR USER: ec2-user
[0m[1mnull_resource.ansible (local-exec):[0m [0m<18.212.215.169> SSH: EXEC ssh -C -o ControlMaster=auto -o ControlPersist=60s -o 'IdentityFile="/home/ec2-user/.ssh/j2.pem"' -o KbdInteractiveAuthentication=no -o PreferredAuthentications=gssapi-with-mic,gssapi-keyex,hostbased,publickey -o PasswordAuthentication=no -o 'User="ec2-user"' -o ConnectTimeout=10 -o StrictHostKeyChecking=no -o ControlPath=/home/ec2-user/.ansible/cp/1baffb812c 18.212.215.169 '/bin/sh -c '"'"'rm -f -r /home/ec2-user/.ansible/tmp/ansible-tmp-1702390295.31-2172-226438129907609/ > /dev/null 2>&1 && sleep 0'"'"''
[0m[1mnull_resource.ansible (local-exec):[0m [0m<18.212.215.169> (0, '', '')
[0m[1mnull_resource.ansible (local-exec):[0m [0mchanged: [18.212.215.169] => {
[0m[1mnull_resource.ansible (local-exec):[0m [0m    "changed": true,
[0m[1mnull_resource.ansible (local-exec):[0m [0m    "invocation": {
[0m[1mnull_resource.ansible (local-exec):[0m [0m        "module_args": {
[0m[1mnull_resource.ansible (local-exec):[0m [0m            "after": null,
[0m[1mnull_resource.ansible (local-exec):[0m [0m            "attributes": null,
[0m[1mnull_resource.ansible (local-exec):[0m [0m            "backup": false,
[0m[1mnull_resource.ansible (local-exec):[0m [0m            "before": null,
[0m[1mnull_resource.ansible (local-exec):[0m [0m            "content": null,
[0m[1mnull_resource.ansible (local-exec):[0m [0m            "delimiter": null,
[0m[1mnull_resource.ansible (local-exec):[0m [0m            "directory_mode": null,
[0m[1mnull_resource.ansible (local-exec):[0m [0m            "encoding": "utf-8",
[0m[1mnull_resource.ansible (local-exec):[0m [0m            "follow": false,
[0m[1mnull_resource.ansible (local-exec):[0m [0m            "force": null,
[0m[1mnull_resource.ansible (local-exec):[0m [0m            "group": null,
[0m[1mnull_resource.ansible (local-exec):[0m [0m            "mode": null,
[0m[1mnull_resource.ansible (local-exec):[0m [0m            "owner": null,
[0m[1mnull_resource.ansible (local-exec):[0m [0m            "path": "/var/www/html/db.php",
[0m[1mnull_resource.ansible (local-exec):[0m [0m            "regexp": "erro",
[0m[1mnull_resource.ansible (local-exec):[0m [0m            "remote_src": null,
[0m[1mnull_resource.ansible (local-exec):[0m [0m            "replace": "error",
[0m[1mnull_resource.ansible (local-exec):[0m [0m            "selevel": null,
[0m[1mnull_resource.ansible (local-exec):[0m [0m            "serole": null,
[0m[1mnull_resource.ansible (local-exec):[0m [0m            "setype": null,
[0m[1mnull_resource.ansible (local-exec):[0m [0m            "seuser": null,
[0m[1mnull_resource.ansible (local-exec):[0m [0m            "src": null,
[0m[1mnull_resource.ansible (local-exec):[0m [0m            "unsafe_writes": false,
[0m[1mnull_resource.ansible (local-exec):[0m [0m            "validate": null
[0m[1mnull_resource.ansible (local-exec):[0m [0m        }
[0m[1mnull_resource.ansible (local-exec):[0m [0m    },
[0m[1mnull_resource.ansible (local-exec):[0m [0m    "msg": "1 replacements made"
[0m[1mnull_resource.ansible (local-exec):[0m [0m}

[0m[1mnull_resource.ansible (local-exec):[0m [0mTASK [crud : Replace error message in PHP files output] ************************
[0m[1mnull_resource.ansible (local-exec):[0m [0mtask path: /home/ec2-user/terraform/ansible/roles/crud/tasks/main.yml:157
[0m[1mnull_resource.ansible (local-exec):[0m [0mok: [18.212.215.169] => {
[0m[1mnull_resource.ansible (local-exec):[0m [0m    "mod_err_php": {
[0m[1mnull_resource.ansible (local-exec):[0m [0m        "changed": true,
[0m[1mnull_resource.ansible (local-exec):[0m [0m        "failed": false,
[0m[1mnull_resource.ansible (local-exec):[0m [0m        "msg": "1 replacements made"
[0m[1mnull_resource.ansible (local-exec):[0m [0m    }
[0m[1mnull_resource.ansible (local-exec):[0m [0m}

[0m[1mnull_resource.ansible (local-exec):[0m [0mTASK [crud : Update title in header.php] ***************************************
[0m[1mnull_resource.ansible (local-exec):[0m [0mtask path: /home/ec2-user/terraform/ansible/roles/crud/tasks/main.yml:161
[0m[1mnull_resource.ansible (local-exec):[0m [0m<18.212.215.169> ESTABLISH SSH CONNECTION FOR USER: ec2-user
[0m[1mnull_resource.ansible (local-exec):[0m [0m<18.212.215.169> SSH: EXEC ssh -C -o ControlMaster=auto -o ControlPersist=60s -o 'IdentityFile="/home/ec2-user/.ssh/j2.pem"' -o KbdInteractiveAuthentication=no -o PreferredAuthentications=gssapi-with-mic,gssapi-keyex,hostbased,publickey -o PasswordAuthentication=no -o 'User="ec2-user"' -o ConnectTimeout=10 -o StrictHostKeyChecking=no -o ControlPath=/home/ec2-user/.ansible/cp/1baffb812c 18.212.215.169 '/bin/sh -c '"'"'echo ~ec2-user && sleep 0'"'"''
[0m[1mnull_resource.ansible (local-exec):[0m [0m<18.212.215.169> (0, '/home/ec2-user\n', '')
[0m[1mnull_resource.ansible (local-exec):[0m [0m<18.212.215.169> ESTABLISH SSH CONNECTION FOR USER: ec2-user
[0m[1mnull_resource.ansible (local-exec):[0m [0m<18.212.215.169> SSH: EXEC ssh -C -o ControlMaster=auto -o ControlPersist=60s -o 'IdentityFile="/home/ec2-user/.ssh/j2.pem"' -o KbdInteractiveAuthentication=no -o PreferredAuthentications=gssapi-with-mic,gssapi-keyex,hostbased,publickey -o PasswordAuthentication=no -o 'User="ec2-user"' -o ConnectTimeout=10 -o StrictHostKeyChecking=no -o ControlPath=/home/ec2-user/.ansible/cp/1baffb812c 18.212.215.169 '/bin/sh -c '"'"'( umask 77 && mkdir -p "` echo /home/ec2-user/.ansible/tmp `"&& mkdir "` echo /home/ec2-user/.ansible/tmp/ansible-tmp-1702390300.41-2210-77028601714621 `" && echo ansible-tmp-1702390300.41-2210-77028601714621="` echo /home/ec2-user/.ansible/tmp/ansible-tmp-1702390300.41-2210-77028601714621 `" ) && sleep 0'"'"''
[0m[1mnull_resource.ansible (local-exec):[0m [0m<18.212.215.169> (0, 'ansible-tmp-1702390300.41-2210-77028601714621=/home/ec2-user/.ansible/tmp/ansible-tmp-1702390300.41-2210-77028601714621\n', '')
[0m[1mnull_resource.ansible (local-exec):[0m [0mUsing module file /usr/lib/python2.7/site-packages/ansible/modules/files/replace.py
[0m[1mnull_resource.ansible (local-exec):[0m [0m<18.212.215.169> PUT /home/ec2-user/.ansible/tmp/ansible-local-14895x2Od2/tmpIjlwx5 TO /home/ec2-user/.ansible/tmp/ansible-tmp-1702390300.41-2210-77028601714621/AnsiballZ_replace.py
[0m[1mnull_resource.ansible (local-exec):[0m [0m<18.212.215.169> SSH: EXEC sftp -b - -C -o ControlMaster=auto -o ControlPersist=60s -o 'IdentityFile="/home/ec2-user/.ssh/j2.pem"' -o KbdInteractiveAuthentication=no -o PreferredAuthentications=gssapi-with-mic,gssapi-keyex,hostbased,publickey -o PasswordAuthentication=no -o 'User="ec2-user"' -o ConnectTimeout=10 -o StrictHostKeyChecking=no -o ControlPath=/home/ec2-user/.ansible/cp/1baffb812c '[18.212.215.169]'
[0m[1mnull_resource.ansible (local-exec):[0m [0m<18.212.215.169> (0, 'sftp> put /home/ec2-user/.ansible/tmp/ansible-local-14895x2Od2/tmpIjlwx5 /home/ec2-user/.ansible/tmp/ansible-tmp-1702390300.41-2210-77028601714621/AnsiballZ_replace.py\n', '')
[0m[1mnull_resource.ansible (local-exec):[0m [0m<18.212.215.169> ESTABLISH SSH CONNECTION FOR USER: ec2-user
[0m[1mnull_resource.ansible (local-exec):[0m [0m<18.212.215.169> SSH: EXEC ssh -C -o ControlMaster=auto -o ControlPersist=60s -o 'IdentityFile="/home/ec2-user/.ssh/j2.pem"' -o KbdInteractiveAuthentication=no -o PreferredAuthentications=gssapi-with-mic,gssapi-keyex,hostbased,publickey -o PasswordAuthentication=no -o 'User="ec2-user"' -o ConnectTimeout=10 -o StrictHostKeyChecking=no -o ControlPath=/home/ec2-user/.ansible/cp/1baffb812c 18.212.215.169 '/bin/sh -c '"'"'chmod u+x /home/ec2-user/.ansible/tmp/ansible-tmp-1702390300.41-2210-77028601714621/ /home/ec2-user/.ansible/tmp/ansible-tmp-1702390300.41-2210-77028601714621/AnsiballZ_replace.py && sleep 0'"'"''
[0m[1mnull_resource.ansible (local-exec):[0m [0m<18.212.215.169> (0, '', '')
[0m[1mnull_resource.ansible (local-exec):[0m [0m<18.212.215.169> ESTABLISH SSH CONNECTION FOR USER: ec2-user
[0m[1mnull_resource.ansible (local-exec):[0m [0m<18.212.215.169> SSH: EXEC ssh -C -o ControlMaster=auto -o ControlPersist=60s -o 'IdentityFile="/home/ec2-user/.ssh/j2.pem"' -o KbdInteractiveAuthentication=no -o PreferredAuthentications=gssapi-with-mic,gssapi-keyex,hostbased,publickey -o PasswordAuthentication=no -o 'User="ec2-user"' -o ConnectTimeout=10 -o StrictHostKeyChecking=no -o ControlPath=/home/ec2-user/.ansible/cp/1baffb812c -tt 18.212.215.169 '/bin/sh -c '"'"'sudo -H -S -n  -u root /bin/sh -c '"'"'"'"'"'"'"'"'echo BECOME-SUCCESS-zxqkeaqurdiqzagduqydjjgvjukjgueg ; /usr/bin/python /home/ec2-user/.ansible/tmp/ansible-tmp-1702390300.41-2210-77028601714621/AnsiballZ_replace.py'"'"'"'"'"'"'"'"' && sleep 0'"'"''
[0m[1mnull_resource.ansible (local-exec):[0m [0mEscalation succeeded
[0m[1mnull_resource.ansible (local-exec):[0m [0m<18.212.215.169> (0, '\r\n{"msg": "1 replacements made", "invocation": {"module_args": {"directory_mode": null, "force": null, "encoding": "utf-8", "replace": "PHP MySQL CRUD IP: 18.212.215.169 | 10.0.1.153", "path": "/var/www/html/includes/header.php", "owner": null, "follow": false, "before": null, "group": null, "unsafe_writes": false, "remote_src": null, "setype": null, "content": null, "serole": null, "selevel": null, "after": null, "regexp": "PHP MySQL CRUD", "validate": null, "src": null, "seuser": null, "delimiter": null, "mode": null, "attributes": null, "backup": false}}, "changed": true}\r\n', 'Shared connection to 18.212.215.169 closed.\r\n')
[0m[1mnull_resource.ansible (local-exec):[0m [0m<18.212.215.169> ESTABLISH SSH CONNECTION FOR USER: ec2-user
[0m[1mnull_resource.ansible (local-exec):[0m [0m<18.212.215.169> SSH: EXEC ssh -C -o ControlMaster=auto -o ControlPersist=60s -o 'IdentityFile="/home/ec2-user/.ssh/j2.pem"' -o KbdInteractiveAuthentication=no -o PreferredAuthentications=gssapi-with-mic,gssapi-keyex,hostbased,publickey -o PasswordAuthentication=no -o 'User="ec2-user"' -o ConnectTimeout=10 -o StrictHostKeyChecking=no -o ControlPath=/home/ec2-user/.ansible/cp/1baffb812c 18.212.215.169 '/bin/sh -c '"'"'rm -f -r /home/ec2-user/.ansible/tmp/ansible-tmp-1702390300.41-2210-77028601714621/ > /dev/null 2>&1 && sleep 0'"'"''
[0m[1mnull_resource.ansible (local-exec):[0m [0m<18.212.215.169> (0, '', '')
[0m[1mnull_resource.ansible (local-exec):[0m [0mchanged: [18.212.215.169] => {
[0m[1mnull_resource.ansible (local-exec):[0m [0m    "changed": true,
[0m[1mnull_resource.ansible (local-exec):[0m [0m    "invocation": {
[0m[1mnull_resource.ansible (local-exec):[0m [0m        "module_args": {
[0m[1mnull_resource.ansible (local-exec):[0m [0m            "after": null,
[0m[1mnull_resource.ansible (local-exec):[0m [0m            "attributes": null,
[0m[1mnull_resource.ansible (local-exec):[0m [0m            "backup": false,
[0m[1mnull_resource.ansible (local-exec):[0m [0m            "before": null,
[0m[1mnull_resource.ansible (local-exec):[0m [0m            "content": null,
[0m[1mnull_resource.ansible (local-exec):[0m [0m            "delimiter": null,
[0m[1mnull_resource.ansible (local-exec):[0m [0m            "directory_mode": null,
[0m[1mnull_resource.ansible (local-exec):[0m [0m            "encoding": "utf-8",
[0m[1mnull_resource.ansible (local-exec):[0m [0m            "follow": false,
[0m[1mnull_resource.ansible (local-exec):[0m [0m            "force": null,
[0m[1mnull_resource.ansible (local-exec):[0m [0m            "group": null,
[0m[1mnull_resource.ansible (local-exec):[0m [0m            "mode": null,
[0m[1mnull_resource.ansible (local-exec):[0m [0m            "owner": null,
[0m[1mnull_resource.ansible (local-exec):[0m [0m            "path": "/var/www/html/includes/header.php",
[0m[1mnull_resource.ansible (local-exec):[0m [0m            "regexp": "PHP MySQL CRUD",
[0m[1mnull_resource.ansible (local-exec):[0m [0m            "remote_src": null,
[0m[1mnull_resource.ansible (local-exec):[0m [0m            "replace": "PHP MySQL CRUD IP: 18.212.215.169 | 10.0.1.153",
[0m[1mnull_resource.ansible (local-exec):[0m [0m            "selevel": null,
[0m[1mnull_resource.ansible (local-exec):[0m [0m            "serole": null,
[0m[1mnull_resource.ansible (local-exec):[0m [0m            "setype": null,
[0m[1mnull_resource.ansible (local-exec):[0m [0m            "seuser": null,
[0m[1mnull_resource.ansible (local-exec):[0m [0m            "src": null,
[0m[1mnull_resource.ansible (local-exec):[0m [0m            "unsafe_writes": false,
[0m[1mnull_resource.ansible (local-exec):[0m [0m            "validate": null
[0m[1mnull_resource.ansible (local-exec):[0m [0m        }
[0m[1mnull_resource.ansible (local-exec):[0m [0m    },
[0m[1mnull_resource.ansible (local-exec):[0m [0m    "msg": "1 replacements made"
[0m[1mnull_resource.ansible (local-exec):[0m [0m}

[0m[1mnull_resource.ansible (local-exec):[0m [0mTASK [crud : Update title in header.php output] ********************************
[0m[1mnull_resource.ansible (local-exec):[0m [0mtask path: /home/ec2-user/terraform/ansible/roles/crud/tasks/main.yml:169
[0m[1mnull_resource.ansible (local-exec):[0m [0mok: [18.212.215.169] => {
[0m[1mnull_resource.ansible (local-exec):[0m [0m    "mod_title_php": {
[0m[1mnull_resource.ansible (local-exec):[0m [0m        "changed": true,
[0m[1mnull_resource.ansible (local-exec):[0m [0m        "failed": false,
[0m[1mnull_resource.ansible (local-exec):[0m [0m        "msg": "1 replacements made"
[0m[1mnull_resource.ansible (local-exec):[0m [0m    }
[0m[1mnull_resource.ansible (local-exec):[0m [0m}

[0m[1mnull_resource.ansible (local-exec):[0m [0mTASK [crud : Enable and start Apache] ******************************************
[0m[1mnull_resource.ansible (local-exec):[0m [0mtask path: /home/ec2-user/terraform/ansible/roles/crud/tasks/main.yml:173
[0m[1mnull_resource.ansible (local-exec):[0m [0m<18.212.215.169> ESTABLISH SSH CONNECTION FOR USER: ec2-user
[0m[1mnull_resource.ansible (local-exec):[0m [0m<18.212.215.169> SSH: EXEC ssh -C -o ControlMaster=auto -o ControlPersist=60s -o 'IdentityFile="/home/ec2-user/.ssh/j2.pem"' -o KbdInteractiveAuthentication=no -o PreferredAuthentications=gssapi-with-mic,gssapi-keyex,hostbased,publickey -o PasswordAuthentication=no -o 'User="ec2-user"' -o ConnectTimeout=10 -o StrictHostKeyChecking=no -o ControlPath=/home/ec2-user/.ansible/cp/1baffb812c 18.212.215.169 '/bin/sh -c '"'"'echo ~ec2-user && sleep 0'"'"''
[0m[1mnull_resource.ansible (local-exec):[0m [0m<18.212.215.169> (0, '/home/ec2-user\n', '')
[0m[1mnull_resource.ansible (local-exec):[0m [0m<18.212.215.169> ESTABLISH SSH CONNECTION FOR USER: ec2-user
[0m[1mnull_resource.ansible (local-exec):[0m [0m<18.212.215.169> SSH: EXEC ssh -C -o ControlMaster=auto -o ControlPersist=60s -o 'IdentityFile="/home/ec2-user/.ssh/j2.pem"' -o KbdInteractiveAuthentication=no -o PreferredAuthentications=gssapi-with-mic,gssapi-keyex,hostbased,publickey -o PasswordAuthentication=no -o 'User="ec2-user"' -o ConnectTimeout=10 -o StrictHostKeyChecking=no -o ControlPath=/home/ec2-user/.ansible/cp/1baffb812c 18.212.215.169 '/bin/sh -c '"'"'( umask 77 && mkdir -p "` echo /home/ec2-user/.ansible/tmp `"&& mkdir "` echo /home/ec2-user/.ansible/tmp/ansible-tmp-1702390304.16-2249-54153361661098 `" && echo ansible-tmp-1702390304.16-2249-54153361661098="` echo /home/ec2-user/.ansible/tmp/ansible-tmp-1702390304.16-2249-54153361661098 `" ) && sleep 0'"'"''
[0m[1mnull_resource.ansible (local-exec):[0m [0m<18.212.215.169> (0, 'ansible-tmp-1702390304.16-2249-54153361661098=/home/ec2-user/.ansible/tmp/ansible-tmp-1702390304.16-2249-54153361661098\n', '')
[0m[1mnull_resource.ansible (local-exec):[0m [0mUsing module file /usr/lib/python2.7/site-packages/ansible/modules/system/systemd.py
[0m[1mnull_resource.ansible (local-exec):[0m [0m<18.212.215.169> PUT /home/ec2-user/.ansible/tmp/ansible-local-14895x2Od2/tmpALXZfv TO /home/ec2-user/.ansible/tmp/ansible-tmp-1702390304.16-2249-54153361661098/AnsiballZ_systemd.py
[0m[1mnull_resource.ansible (local-exec):[0m [0m<18.212.215.169> SSH: EXEC sftp -b - -C -o ControlMaster=auto -o ControlPersist=60s -o 'IdentityFile="/home/ec2-user/.ssh/j2.pem"' -o KbdInteractiveAuthentication=no -o PreferredAuthentications=gssapi-with-mic,gssapi-keyex,hostbased,publickey -o PasswordAuthentication=no -o 'User="ec2-user"' -o ConnectTimeout=10 -o StrictHostKeyChecking=no -o ControlPath=/home/ec2-user/.ansible/cp/1baffb812c '[18.212.215.169]'
[0m[1mnull_resource.ansible: Still creating... [1m30s elapsed][0m[0m
[0m[1mnull_resource.ansible (local-exec):[0m [0m<18.212.215.169> (0, 'sftp> put /home/ec2-user/.ansible/tmp/ansible-local-14895x2Od2/tmpALXZfv /home/ec2-user/.ansible/tmp/ansible-tmp-1702390304.16-2249-54153361661098/AnsiballZ_systemd.py\n', '')
[0m[1mnull_resource.ansible (local-exec):[0m [0m<18.212.215.169> ESTABLISH SSH CONNECTION FOR USER: ec2-user
[0m[1mnull_resource.ansible (local-exec):[0m [0m<18.212.215.169> SSH: EXEC ssh -C -o ControlMaster=auto -o ControlPersist=60s -o 'IdentityFile="/home/ec2-user/.ssh/j2.pem"' -o KbdInteractiveAuthentication=no -o PreferredAuthentications=gssapi-with-mic,gssapi-keyex,hostbased,publickey -o PasswordAuthentication=no -o 'User="ec2-user"' -o ConnectTimeout=10 -o StrictHostKeyChecking=no -o ControlPath=/home/ec2-user/.ansible/cp/1baffb812c 18.212.215.169 '/bin/sh -c '"'"'chmod u+x /home/ec2-user/.ansible/tmp/ansible-tmp-1702390304.16-2249-54153361661098/ /home/ec2-user/.ansible/tmp/ansible-tmp-1702390304.16-2249-54153361661098/AnsiballZ_systemd.py && sleep 0'"'"''
[0m[1mnull_resource.ansible (local-exec):[0m [0m<18.212.215.169> (0, '', '')
[0m[1mnull_resource.ansible (local-exec):[0m [0m<18.212.215.169> ESTABLISH SSH CONNECTION FOR USER: ec2-user
[0m[1mnull_resource.ansible (local-exec):[0m [0m<18.212.215.169> SSH: EXEC ssh -C -o ControlMaster=auto -o ControlPersist=60s -o 'IdentityFile="/home/ec2-user/.ssh/j2.pem"' -o KbdInteractiveAuthentication=no -o PreferredAuthentications=gssapi-with-mic,gssapi-keyex,hostbased,publickey -o PasswordAuthentication=no -o 'User="ec2-user"' -o ConnectTimeout=10 -o StrictHostKeyChecking=no -o ControlPath=/home/ec2-user/.ansible/cp/1baffb812c -tt 18.212.215.169 '/bin/sh -c '"'"'sudo -H -S -n  -u root /bin/sh -c '"'"'"'"'"'"'"'"'echo BECOME-SUCCESS-qtulpskuisoseehzqnombqdlqfdtkgyw ; /usr/bin/python /home/ec2-user/.ansible/tmp/ansible-tmp-1702390304.16-2249-54153361661098/AnsiballZ_systemd.py'"'"'"'"'"'"'"'"' && sleep 0'"'"''
[0m[1mnull_resource.ansible (local-exec):[0m [0mEscalation succeeded
[0m[1mnull_resource.ansible (local-exec):[0m [0m<18.212.215.169> (0, '\r\n{"status": {"ExecStart": "{ path=/usr/sbin/httpd ; argv[]=/usr/sbin/httpd $OPTIONS -DFOREGROUND ; ignore_errors=no ; start_time=[Tue 2023-12-12 14:06:03 UTC] ; stop_time=[n/a] ; pid=2935 ; code=(null) ; status=0/0 }", "TimeoutStopUSec": "1min 30s", "ControlGroup": "/system.slice/httpd.service", "RuntimeDirectoryMode": "0755", "GuessMainPID": "yes", "ExecMainCode": "0", "UnitFileState": "enabled", "ExecMainPID": "2935", "LimitSIGPENDING": "30446", "FileDescriptorStoreMax": "0", "LoadState": "loaded", "ProtectHome": "no", "TTYVTDisallocate": "no", "StartLimitInterval": "10000000", "WatchdogTimestampMonotonic": "103559910", "LimitSTACK": "10485760", "ActiveEnterTimestampMonotonic": "103559985", "StandardError": "inherit", "AssertTimestamp": "Tue 2023-12-12 14:06:03 UTC", "IgnoreOnSnapshot": "no", "StartLimitAction": "none", "CPUSchedulingPriority": "0", "KillSignal": "28", "LimitFSIZE": "18446744073709551615", "IgnoreOnIsolate": "no", "LimitCPU": "18446744073709551615", "Environment": "LANG=C", "WatchdogTimestamp": "Tue 2023-12-12 14:06:03 UTC", "ActiveEnterTimestamp": "Tue 2023-12-12 14:06:03 UTC", "MemoryLimit": "18446744073709551615", "CanStart": "yes", "JobTimeoutAction": "none", "NoNewPrivileges": "no", "Before": "multi-user.target shutdown.target", "LimitAS": "18446744073709551615", "RootDirectoryStartOnly": "no", "InactiveExitTimestampMonotonic": "103447806", "SendSIGHUP": "no", "TimeoutStartUSec": "1min 30s", "Type": "notify", "SyslogPriority": "30", "SameProcessGroup": "no", "LimitNPROC": "18446744073709551615", "UMask": "0022", "NonBlocking": "no", "DevicePolicy": "auto", "ExecMainStartTimestamp": "Tue 2023-12-12 14:06:03 UTC", "CapabilityBoundingSet": "18446744073709551615", "TTYReset": "no", "OOMScoreAdjust": "0", "Documentation": "man:httpd.service(8)", "StartLimitBurst": "5", "RefuseManualStart": "no", "KillMode": "mixed", "SyslogLevelPrefix": "yes", "LimitRSS": "18446744073709551615", "LimitRTPRIO": "0", "Delegate": "no", "ExecReload": "{ path=/usr/sbin/httpd ; argv[]=/usr/sbin/httpd $OPTIONS -k graceful ; ignore_errors=no ; start_time=[n/a] ; stop_time=[n/a] ; pid=0 ; code=(null) ; status=0/0 }", "TasksCurrent": "18446744073709551615", "LimitCORE": "18446744073709551615", "JobTimeoutUSec": "0", "TimerSlackNSec": "50000", "SubState": "running", "CPUSchedulingResetOnFork": "no", "Result": "success", "CPUShares": "18446744073709551615", "ConditionResult": "yes", "ConditionTimestampMonotonic": "103446097", "MainPID": "2935", "StartupBlockIOWeight": "18446744073709551615", "InactiveExitTimestamp": "Tue 2023-12-12 14:06:03 UTC", "FragmentPath": "/usr/lib/systemd/system/httpd.service", "StartupCPUShares": "18446744073709551615", "WatchdogUSec": "0", "ActiveState": "active", "Nice": "0", "LimitDATA": "18446744073709551615", "UnitFilePreset": "disabled", "MemoryCurrent": "18446744073709551615", "LimitRTTIME": "18446744073709551615", "WantedBy": "multi-user.target", "SecureBits": "0", "RestartUSec": "100ms", "ConditionTimestamp": "Tue 2023-12-12 14:06:03 UTC", "CPUAccounting": "no", "RemainAfterExit": "no", "RequiresMountsFor": "/var/tmp", "PrivateNetwork": "no", "Restart": "no", "CPUSchedulingPolicy": "0", "LimitNOFILE": "65535", "SendSIGKILL": "yes", "StatusErrno": "0", "RefuseManualStop": "no", "SystemCallErrorNumber": "0", "TasksAccounting": "no", "NeedDaemonReload": "no", "TTYVHangup": "no", "StandardInput": "null", "AssertTimestampMonotonic": "103446097", "DefaultDependencies": "yes", "Requires": "system.slice basic.target -.mount", "TasksMax": "18446744073709551615", "CPUQuotaPerSecUSec": "infinity", "ExecMainStatus": "0", "LimitMEMLOCK": "18446744073709551615", "StopWhenUnneeded": "no", "LimitMSGQUEUE": "819200", "AmbientCapabilities": "0", "Slice": "system.slice", "DropInPaths": "/usr/lib/systemd/system/httpd.service.d/php-fpm.conf", "ExecMainExitTimestampMonotonic": "0", "CollectMode": "inactive", "NotifyAccess": "main", "PermissionsStartOnly": "no", "BlockIOAccounting": "no", "CanStop": "yes", "PrivateTmp": "yes", "OnFailureJobMode": "replace", "AssertResult": "yes", "LimitLOCKS": "18446744073709551615", "ExecMainStartTimestampMonotonic": "103447765", "AllowIsolate": "no", "Wants": "httpd-init.service php-fpm.service", "After": "network.target systemd-journald.socket nss-lookup.target remote-fs.target tmp.mount system.slice -.mount basic.target httpd-init.service", "FailureAction": "none", "CanIsolate": "no", "Conflicts": "shutdown.target", "StandardOutput": "journal", "MountFlags": "0", "InactiveEnterTimestampMonotonic": "0", "StatusText": "Total requests: 6; Idle/Busy workers 90/10;Requests/sec: 0.0175; Bytes served/sec:  68 B/sec", "MemoryAccounting": "no", "IgnoreSIGPIPE": "yes", "Transient": "no", "IOScheduling": "0", "Description": "The Apache HTTP Server", "ActiveExitTimestampMonotonic": "0", "CanReload": "yes", "ControlPID": "0", "LimitNICE": "0", "BlockIOWeight": "18446744073709551615", "Names": "httpd.service", "ProtectSystem": "no", "PrivateDevices": "no", "Id": "httpd.service"}, "name": "httpd", "changed": false, "enabled": true, "state": "started", "invocation": {"module_args": {"no_block": false, "force": null, "name": "httpd", "daemon_reexec": false, "enabled": true, "daemon_reload": false, "state": "started", "masked": null, "scope": null, "user": null}}}\r\n', 'Shared connection to 18.212.215.169 closed.\r\n')
[0m[1mnull_resource.ansible (local-exec):[0m [0m<18.212.215.169> ESTABLISH SSH CONNECTION FOR USER: ec2-user
[0m[1mnull_resource.ansible (local-exec):[0m [0m<18.212.215.169> SSH: EXEC ssh -C -o ControlMaster=auto -o ControlPersist=60s -o 'IdentityFile="/home/ec2-user/.ssh/j2.pem"' -o KbdInteractiveAuthentication=no -o PreferredAuthentications=gssapi-with-mic,gssapi-keyex,hostbased,publickey -o PasswordAuthentication=no -o 'User="ec2-user"' -o ConnectTimeout=10 -o StrictHostKeyChecking=no -o ControlPath=/home/ec2-user/.ansible/cp/1baffb812c 18.212.215.169 '/bin/sh -c '"'"'rm -f -r /home/ec2-user/.ansible/tmp/ansible-tmp-1702390304.16-2249-54153361661098/ > /dev/null 2>&1 && sleep 0'"'"''
[0m[1mnull_resource.ansible (local-exec):[0m [0m<18.212.215.169> (0, '', '')
[0m[1mnull_resource.ansible (local-exec):[0m [0mok: [18.212.215.169] => {
[0m[1mnull_resource.ansible (local-exec):[0m [0m    "changed": false,
[0m[1mnull_resource.ansible (local-exec):[0m [0m    "enabled": true,
[0m[1mnull_resource.ansible (local-exec):[0m [0m    "invocation": {
[0m[1mnull_resource.ansible (local-exec):[0m [0m        "module_args": {
[0m[1mnull_resource.ansible (local-exec):[0m [0m            "daemon_reexec": false,
[0m[1mnull_resource.ansible (local-exec):[0m [0m            "daemon_reload": false,
[0m[1mnull_resource.ansible (local-exec):[0m [0m            "enabled": true,
[0m[1mnull_resource.ansible (local-exec):[0m [0m            "force": null,
[0m[1mnull_resource.ansible (local-exec):[0m [0m            "masked": null,
[0m[1mnull_resource.ansible (local-exec):[0m [0m            "name": "httpd",
[0m[1mnull_resource.ansible (local-exec):[0m [0m            "no_block": false,
[0m[1mnull_resource.ansible (local-exec):[0m [0m            "scope": null,
[0m[1mnull_resource.ansible (local-exec):[0m [0m            "state": "started",
[0m[1mnull_resource.ansible (local-exec):[0m [0m            "user": null
[0m[1mnull_resource.ansible (local-exec):[0m [0m        }
[0m[1mnull_resource.ansible (local-exec):[0m [0m    },
[0m[1mnull_resource.ansible (local-exec):[0m [0m    "name": "httpd",
[0m[1mnull_resource.ansible (local-exec):[0m [0m    "state": "started",
[0m[1mnull_resource.ansible (local-exec):[0m [0m    "status": {
[0m[1mnull_resource.ansible (local-exec):[0m [0m        "ActiveEnterTimestamp": "Tue 2023-12-12 14:06:03 UTC",
[0m[1mnull_resource.ansible (local-exec):[0m [0m        "ActiveEnterTimestampMonotonic": "103559985",
[0m[1mnull_resource.ansible (local-exec):[0m [0m        "ActiveExitTimestampMonotonic": "0",
[0m[1mnull_resource.ansible (local-exec):[0m [0m        "ActiveState": "active",
[0m[1mnull_resource.ansible (local-exec):[0m [0m        "After": "network.target systemd-journald.socket nss-lookup.target remote-fs.target tmp.mount system.slice -.mount basic.target httpd-init.service",
[0m[1mnull_resource.ansible (local-exec):[0m [0m        "AllowIsolate": "no",
[0m[1mnull_resource.ansible (local-exec):[0m [0m        "AmbientCapabilities": "0",
[0m[1mnull_resource.ansible (local-exec):[0m [0m        "AssertResult": "yes",
[0m[1mnull_resource.ansible (local-exec):[0m [0m        "AssertTimestamp": "Tue 2023-12-12 14:06:03 UTC",
[0m[1mnull_resource.ansible (local-exec):[0m [0m        "AssertTimestampMonotonic": "103446097",
[0m[1mnull_resource.ansible (local-exec):[0m [0m        "Before": "multi-user.target shutdown.target",
[0m[1mnull_resource.ansible (local-exec):[0m [0m        "BlockIOAccounting": "no",
[0m[1mnull_resource.ansible (local-exec):[0m [0m        "BlockIOWeight": "18446744073709551615",
[0m[1mnull_resource.ansible (local-exec):[0m [0m        "CPUAccounting": "no",
[0m[1mnull_resource.ansible (local-exec):[0m [0m        "CPUQuotaPerSecUSec": "infinity",
[0m[1mnull_resource.ansible (local-exec):[0m [0m        "CPUSchedulingPolicy": "0",
[0m[1mnull_resource.ansible (local-exec):[0m [0m        "CPUSchedulingPriority": "0",
[0m[1mnull_resource.ansible (local-exec):[0m [0m        "CPUSchedulingResetOnFork": "no",
[0m[1mnull_resource.ansible (local-exec):[0m [0m        "CPUShares": "18446744073709551615",
[0m[1mnull_resource.ansible (local-exec):[0m [0m        "CanIsolate": "no",
[0m[1mnull_resource.ansible (local-exec):[0m [0m        "CanReload": "yes",
[0m[1mnull_resource.ansible (local-exec):[0m [0m        "CanStart": "yes",
[0m[1mnull_resource.ansible (local-exec):[0m [0m        "CanStop": "yes",
[0m[1mnull_resource.ansible (local-exec):[0m [0m        "CapabilityBoundingSet": "18446744073709551615",
[0m[1mnull_resource.ansible (local-exec):[0m [0m        "CollectMode": "inactive",
[0m[1mnull_resource.ansible (local-exec):[0m [0m        "ConditionResult": "yes",
[0m[1mnull_resource.ansible (local-exec):[0m [0m        "ConditionTimestamp": "Tue 2023-12-12 14:06:03 UTC",
[0m[1mnull_resource.ansible (local-exec):[0m [0m        "ConditionTimestampMonotonic": "103446097",
[0m[1mnull_resource.ansible (local-exec):[0m [0m        "Conflicts": "shutdown.target",
[0m[1mnull_resource.ansible (local-exec):[0m [0m        "ControlGroup": "/system.slice/httpd.service",
[0m[1mnull_resource.ansible (local-exec):[0m [0m        "ControlPID": "0",
[0m[1mnull_resource.ansible (local-exec):[0m [0m        "DefaultDependencies": "yes",
[0m[1mnull_resource.ansible (local-exec):[0m [0m        "Delegate": "no",
[0m[1mnull_resource.ansible (local-exec):[0m [0m        "Description": "The Apache HTTP Server",
[0m[1mnull_resource.ansible (local-exec):[0m [0m        "DevicePolicy": "auto",
[0m[1mnull_resource.ansible (local-exec):[0m [0m        "Documentation": "man:httpd.service(8)",
[0m[1mnull_resource.ansible (local-exec):[0m [0m        "DropInPaths": "/usr/lib/systemd/system/httpd.service.d/php-fpm.conf",
[0m[1mnull_resource.ansible (local-exec):[0m [0m        "Environment": "LANG=C",
[0m[1mnull_resource.ansible (local-exec):[0m [0m        "ExecMainCode": "0",
[0m[1mnull_resource.ansible (local-exec):[0m [0m        "ExecMainExitTimestampMonotonic": "0",
[0m[1mnull_resource.ansible (local-exec):[0m [0m        "ExecMainPID": "2935",
[0m[1mnull_resource.ansible (local-exec):[0m [0m        "ExecMainStartTimestamp": "Tue 2023-12-12 14:06:03 UTC",
[0m[1mnull_resource.ansible (local-exec):[0m [0m        "ExecMainStartTimestampMonotonic": "103447765",
[0m[1mnull_resource.ansible (local-exec):[0m [0m        "ExecMainStatus": "0",
[0m[1mnull_resource.ansible (local-exec):[0m [0m        "ExecReload": "{ path=/usr/sbin/httpd ; argv[]=/usr/sbin/httpd $OPTIONS -k graceful ; ignore_errors=no ; start_time=[n/a] ; stop_time=[n/a] ; pid=0 ; code=(null) ; status=0/0 }",
[0m[1mnull_resource.ansible (local-exec):[0m [0m        "ExecStart": "{ path=/usr/sbin/httpd ; argv[]=/usr/sbin/httpd $OPTIONS -DFOREGROUND ; ignore_errors=no ; start_time=[Tue 2023-12-12 14:06:03 UTC] ; stop_time=[n/a] ; pid=2935 ; code=(null) ; status=0/0 }",
[0m[1mnull_resource.ansible (local-exec):[0m [0m        "FailureAction": "none",
[0m[1mnull_resource.ansible (local-exec):[0m [0m        "FileDescriptorStoreMax": "0",
[0m[1mnull_resource.ansible (local-exec):[0m [0m        "FragmentPath": "/usr/lib/systemd/system/httpd.service",
[0m[1mnull_resource.ansible (local-exec):[0m [0m        "GuessMainPID": "yes",
[0m[1mnull_resource.ansible (local-exec):[0m [0m        "IOScheduling": "0",
[0m[1mnull_resource.ansible (local-exec):[0m [0m        "Id": "httpd.service",
[0m[1mnull_resource.ansible (local-exec):[0m [0m        "IgnoreOnIsolate": "no",
[0m[1mnull_resource.ansible (local-exec):[0m [0m        "IgnoreOnSnapshot": "no",
[0m[1mnull_resource.ansible (local-exec):[0m [0m        "IgnoreSIGPIPE": "yes",
[0m[1mnull_resource.ansible (local-exec):[0m [0m        "InactiveEnterTimestampMonotonic": "0",
[0m[1mnull_resource.ansible (local-exec):[0m [0m        "InactiveExitTimestamp": "Tue 2023-12-12 14:06:03 UTC",
[0m[1mnull_resource.ansible (local-exec):[0m [0m        "InactiveExitTimestampMonotonic": "103447806",
[0m[1mnull_resource.ansible (local-exec):[0m [0m        "JobTimeoutAction": "none",
[0m[1mnull_resource.ansible (local-exec):[0m [0m        "JobTimeoutUSec": "0",
[0m[1mnull_resource.ansible (local-exec):[0m [0m        "KillMode": "mixed",
[0m[1mnull_resource.ansible (local-exec):[0m [0m        "KillSignal": "28",
[0m[1mnull_resource.ansible (local-exec):[0m [0m        "LimitAS": "18446744073709551615",
[0m[1mnull_resource.ansible (local-exec):[0m [0m        "LimitCORE": "18446744073709551615",
[0m[1mnull_resource.ansible (local-exec):[0m [0m        "LimitCPU": "18446744073709551615",
[0m[1mnull_resource.ansible (local-exec):[0m [0m        "LimitDATA": "18446744073709551615",
[0m[1mnull_resource.ansible (local-exec):[0m [0m        "LimitFSIZE": "18446744073709551615",
[0m[1mnull_resource.ansible (local-exec):[0m [0m        "LimitLOCKS": "18446744073709551615",
[0m[1mnull_resource.ansible (local-exec):[0m [0m        "LimitMEMLOCK": "18446744073709551615",
[0m[1mnull_resource.ansible (local-exec):[0m [0m        "LimitMSGQUEUE": "819200",
[0m[1mnull_resource.ansible (local-exec):[0m [0m        "LimitNICE": "0",
[0m[1mnull_resource.ansible (local-exec):[0m [0m        "LimitNOFILE": "65535",
[0m[1mnull_resource.ansible (local-exec):[0m [0m        "LimitNPROC": "18446744073709551615",
[0m[1mnull_resource.ansible (local-exec):[0m [0m        "LimitRSS": "18446744073709551615",
[0m[1mnull_resource.ansible (local-exec):[0m [0m        "LimitRTPRIO": "0",
[0m[1mnull_resource.ansible (local-exec):[0m [0m        "LimitRTTIME": "18446744073709551615",
[0m[1mnull_resource.ansible (local-exec):[0m [0m        "LimitSIGPENDING": "30446",
[0m[1mnull_resource.ansible (local-exec):[0m [0m        "LimitSTACK": "10485760",
[0m[1mnull_resource.ansible (local-exec):[0m [0m        "LoadState": "loaded",
[0m[1mnull_resource.ansible (local-exec):[0m [0m        "MainPID": "2935",
[0m[1mnull_resource.ansible (local-exec):[0m [0m        "MemoryAccounting": "no",
[0m[1mnull_resource.ansible (local-exec):[0m [0m        "MemoryCurrent": "18446744073709551615",
[0m[1mnull_resource.ansible (local-exec):[0m [0m        "MemoryLimit": "18446744073709551615",
[0m[1mnull_resource.ansible (local-exec):[0m [0m        "MountFlags": "0",
[0m[1mnull_resource.ansible (local-exec):[0m [0m        "Names": "httpd.service",
[0m[1mnull_resource.ansible (local-exec):[0m [0m        "NeedDaemonReload": "no",
[0m[1mnull_resource.ansible (local-exec):[0m [0m        "Nice": "0",
[0m[1mnull_resource.ansible (local-exec):[0m [0m        "NoNewPrivileges": "no",
[0m[1mnull_resource.ansible (local-exec):[0m [0m        "NonBlocking": "no",
[0m[1mnull_resource.ansible (local-exec):[0m [0m        "NotifyAccess": "main",
[0m[1mnull_resource.ansible (local-exec):[0m [0m        "OOMScoreAdjust": "0",
[0m[1mnull_resource.ansible (local-exec):[0m [0m        "OnFailureJobMode": "replace",
[0m[1mnull_resource.ansible (local-exec):[0m [0m        "PermissionsStartOnly": "no",
[0m[1mnull_resource.ansible (local-exec):[0m [0m        "PrivateDevices": "no",
[0m[1mnull_resource.ansible (local-exec):[0m [0m        "PrivateNetwork": "no",
[0m[1mnull_resource.ansible (local-exec):[0m [0m        "PrivateTmp": "yes",
[0m[1mnull_resource.ansible (local-exec):[0m [0m        "ProtectHome": "no",
[0m[1mnull_resource.ansible (local-exec):[0m [0m        "ProtectSystem": "no",
[0m[1mnull_resource.ansible (local-exec):[0m [0m        "RefuseManualStart": "no",
[0m[1mnull_resource.ansible (local-exec):[0m [0m        "RefuseManualStop": "no",
[0m[1mnull_resource.ansible (local-exec):[0m [0m        "RemainAfterExit": "no",
[0m[1mnull_resource.ansible (local-exec):[0m [0m        "Requires": "system.slice basic.target -.mount",
[0m[1mnull_resource.ansible (local-exec):[0m [0m        "RequiresMountsFor": "/var/tmp",
[0m[1mnull_resource.ansible (local-exec):[0m [0m        "Restart": "no",
[0m[1mnull_resource.ansible (local-exec):[0m [0m        "RestartUSec": "100ms",
[0m[1mnull_resource.ansible (local-exec):[0m [0m        "Result": "success",
[0m[1mnull_resource.ansible (local-exec):[0m [0m        "RootDirectoryStartOnly": "no",
[0m[1mnull_resource.ansible (local-exec):[0m [0m        "RuntimeDirectoryMode": "0755",
[0m[1mnull_resource.ansible (local-exec):[0m [0m        "SameProcessGroup": "no",
[0m[1mnull_resource.ansible (local-exec):[0m [0m        "SecureBits": "0",
[0m[1mnull_resource.ansible (local-exec):[0m [0m        "SendSIGHUP": "no",
[0m[1mnull_resource.ansible (local-exec):[0m [0m        "SendSIGKILL": "yes",
[0m[1mnull_resource.ansible (local-exec):[0m [0m        "Slice": "system.slice",
[0m[1mnull_resource.ansible (local-exec):[0m [0m        "StandardError": "inherit",
[0m[1mnull_resource.ansible (local-exec):[0m [0m        "StandardInput": "null",
[0m[1mnull_resource.ansible (local-exec):[0m [0m        "StandardOutput": "journal",
[0m[1mnull_resource.ansible (local-exec):[0m [0m        "StartLimitAction": "none",
[0m[1mnull_resource.ansible (local-exec):[0m [0m        "StartLimitBurst": "5",
[0m[1mnull_resource.ansible (local-exec):[0m [0m        "StartLimitInterval": "10000000",
[0m[1mnull_resource.ansible (local-exec):[0m [0m        "StartupBlockIOWeight": "18446744073709551615",
[0m[1mnull_resource.ansible (local-exec):[0m [0m        "StartupCPUShares": "18446744073709551615",
[0m[1mnull_resource.ansible (local-exec):[0m [0m        "StatusErrno": "0",
[0m[1mnull_resource.ansible (local-exec):[0m [0m        "StatusText": "Total requests: 6; Idle/Busy workers 90/10;Requests/sec: 0.0175; Bytes served/sec:  68 B/sec",
[0m[1mnull_resource.ansible (local-exec):[0m [0m        "StopWhenUnneeded": "no",
[0m[1mnull_resource.ansible (local-exec):[0m [0m        "SubState": "running",
[0m[1mnull_resource.ansible (local-exec):[0m [0m        "SyslogLevelPrefix": "yes",
[0m[1mnull_resource.ansible (local-exec):[0m [0m        "SyslogPriority": "30",
[0m[1mnull_resource.ansible (local-exec):[0m [0m        "SystemCallErrorNumber": "0",
[0m[1mnull_resource.ansible (local-exec):[0m [0m        "TTYReset": "no",
[0m[1mnull_resource.ansible (local-exec):[0m [0m        "TTYVHangup": "no",
[0m[1mnull_resource.ansible (local-exec):[0m [0m        "TTYVTDisallocate": "no",
[0m[1mnull_resource.ansible (local-exec):[0m [0m        "TasksAccounting": "no",
[0m[1mnull_resource.ansible (local-exec):[0m [0m        "TasksCurrent": "18446744073709551615",
[0m[1mnull_resource.ansible (local-exec):[0m [0m        "TasksMax": "18446744073709551615",
[0m[1mnull_resource.ansible (local-exec):[0m [0m        "TimeoutStartUSec": "1min 30s",
[0m[1mnull_resource.ansible (local-exec):[0m [0m        "TimeoutStopUSec": "1min 30s",
[0m[1mnull_resource.ansible (local-exec):[0m [0m        "TimerSlackNSec": "50000",
[0m[1mnull_resource.ansible (local-exec):[0m [0m        "Transient": "no",
[0m[1mnull_resource.ansible (local-exec):[0m [0m        "Type": "notify",
[0m[1mnull_resource.ansible (local-exec):[0m [0m        "UMask": "0022",
[0m[1mnull_resource.ansible (local-exec):[0m [0m        "UnitFilePreset": "disabled",
[0m[1mnull_resource.ansible (local-exec):[0m [0m        "UnitFileState": "enabled",
[0m[1mnull_resource.ansible (local-exec):[0m [0m        "WantedBy": "multi-user.target",
[0m[1mnull_resource.ansible (local-exec):[0m [0m        "Wants": "httpd-init.service php-fpm.service",
[0m[1mnull_resource.ansible (local-exec):[0m [0m        "WatchdogTimestamp": "Tue 2023-12-12 14:06:03 UTC",
[0m[1mnull_resource.ansible (local-exec):[0m [0m        "WatchdogTimestampMonotonic": "103559910",
[0m[1mnull_resource.ansible (local-exec):[0m [0m        "WatchdogUSec": "0"
[0m[1mnull_resource.ansible (local-exec):[0m [0m    }
[0m[1mnull_resource.ansible (local-exec):[0m [0m}

[0m[1mnull_resource.ansible (local-exec):[0m [0mTASK [crud : Enable and start Apache output] ***********************************
[0m[1mnull_resource.ansible (local-exec):[0m [0mtask path: /home/ec2-user/terraform/ansible/roles/crud/tasks/main.yml:180
[0m[1mnull_resource.ansible (local-exec):[0m [0mok: [18.212.215.169] => {
[0m[1mnull_resource.ansible (local-exec):[0m [0m    "apaxhe_start": {
[0m[1mnull_resource.ansible (local-exec):[0m [0m        "changed": false,
[0m[1mnull_resource.ansible (local-exec):[0m [0m        "enabled": true,
[0m[1mnull_resource.ansible (local-exec):[0m [0m        "failed": false,
[0m[1mnull_resource.ansible (local-exec):[0m [0m        "name": "httpd",
[0m[1mnull_resource.ansible (local-exec):[0m [0m        "state": "started",
[0m[1mnull_resource.ansible (local-exec):[0m [0m        "status": {
[0m[1mnull_resource.ansible (local-exec):[0m [0m            "ActiveEnterTimestamp": "Tue 2023-12-12 14:06:03 UTC",
[0m[1mnull_resource.ansible (local-exec):[0m [0m            "ActiveEnterTimestampMonotonic": "103559985",
[0m[1mnull_resource.ansible (local-exec):[0m [0m            "ActiveExitTimestampMonotonic": "0",
[0m[1mnull_resource.ansible (local-exec):[0m [0m            "ActiveState": "active",
[0m[1mnull_resource.ansible (local-exec):[0m [0m            "After": "network.target systemd-journald.socket nss-lookup.target remote-fs.target tmp.mount system.slice -.mount basic.target httpd-init.service",
[0m[1mnull_resource.ansible (local-exec):[0m [0m            "AllowIsolate": "no",
[0m[1mnull_resource.ansible (local-exec):[0m [0m            "AmbientCapabilities": "0",
[0m[1mnull_resource.ansible (local-exec):[0m [0m            "AssertResult": "yes",
[0m[1mnull_resource.ansible (local-exec):[0m [0m            "AssertTimestamp": "Tue 2023-12-12 14:06:03 UTC",
[0m[1mnull_resource.ansible (local-exec):[0m [0m            "AssertTimestampMonotonic": "103446097",
[0m[1mnull_resource.ansible (local-exec):[0m [0m            "Before": "multi-user.target shutdown.target",
[0m[1mnull_resource.ansible (local-exec):[0m [0m            "BlockIOAccounting": "no",
[0m[1mnull_resource.ansible (local-exec):[0m [0m            "BlockIOWeight": "18446744073709551615",
[0m[1mnull_resource.ansible (local-exec):[0m [0m            "CPUAccounting": "no",
[0m[1mnull_resource.ansible (local-exec):[0m [0m            "CPUQuotaPerSecUSec": "infinity",
[0m[1mnull_resource.ansible (local-exec):[0m [0m            "CPUSchedulingPolicy": "0",
[0m[1mnull_resource.ansible (local-exec):[0m [0m            "CPUSchedulingPriority": "0",
[0m[1mnull_resource.ansible (local-exec):[0m [0m            "CPUSchedulingResetOnFork": "no",
[0m[1mnull_resource.ansible (local-exec):[0m [0m            "CPUShares": "18446744073709551615",
[0m[1mnull_resource.ansible (local-exec):[0m [0m            "CanIsolate": "no",
[0m[1mnull_resource.ansible (local-exec):[0m [0m            "CanReload": "yes",
[0m[1mnull_resource.ansible (local-exec):[0m [0m            "CanStart": "yes",
[0m[1mnull_resource.ansible (local-exec):[0m [0m            "CanStop": "yes",
[0m[1mnull_resource.ansible (local-exec):[0m [0m            "CapabilityBoundingSet": "18446744073709551615",
[0m[1mnull_resource.ansible (local-exec):[0m [0m            "CollectMode": "inactive",
[0m[1mnull_resource.ansible (local-exec):[0m [0m            "ConditionResult": "yes",
[0m[1mnull_resource.ansible (local-exec):[0m [0m            "ConditionTimestamp": "Tue 2023-12-12 14:06:03 UTC",
[0m[1mnull_resource.ansible (local-exec):[0m [0m            "ConditionTimestampMonotonic": "103446097",
[0m[1mnull_resource.ansible (local-exec):[0m [0m            "Conflicts": "shutdown.target",
[0m[1mnull_resource.ansible (local-exec):[0m [0m            "ControlGroup": "/system.slice/httpd.service",
[0m[1mnull_resource.ansible (local-exec):[0m [0m            "ControlPID": "0",
[0m[1mnull_resource.ansible (local-exec):[0m [0m            "DefaultDependencies": "yes",
[0m[1mnull_resource.ansible (local-exec):[0m [0m            "Delegate": "no",
[0m[1mnull_resource.ansible (local-exec):[0m [0m            "Description": "The Apache HTTP Server",
[0m[1mnull_resource.ansible (local-exec):[0m [0m            "DevicePolicy": "auto",
[0m[1mnull_resource.ansible (local-exec):[0m [0m            "Documentation": "man:httpd.service(8)",
[0m[1mnull_resource.ansible (local-exec):[0m [0m            "DropInPaths": "/usr/lib/systemd/system/httpd.service.d/php-fpm.conf",
[0m[1mnull_resource.ansible (local-exec):[0m [0m            "Environment": "LANG=C",
[0m[1mnull_resource.ansible (local-exec):[0m [0m            "ExecMainCode": "0",
[0m[1mnull_resource.ansible (local-exec):[0m [0m            "ExecMainExitTimestampMonotonic": "0",
[0m[1mnull_resource.ansible (local-exec):[0m [0m            "ExecMainPID": "2935",
[0m[1mnull_resource.ansible (local-exec):[0m [0m            "ExecMainStartTimestamp": "Tue 2023-12-12 14:06:03 UTC",
[0m[1mnull_resource.ansible (local-exec):[0m [0m            "ExecMainStartTimestampMonotonic": "103447765",
[0m[1mnull_resource.ansible (local-exec):[0m [0m            "ExecMainStatus": "0",
[0m[1mnull_resource.ansible (local-exec):[0m [0m            "ExecReload": "{ path=/usr/sbin/httpd ; argv[]=/usr/sbin/httpd $OPTIONS -k graceful ; ignore_errors=no ; start_time=[n/a] ; stop_time=[n/a] ; pid=0 ; code=(null) ; status=0/0 }",
[0m[1mnull_resource.ansible (local-exec):[0m [0m            "ExecStart": "{ path=/usr/sbin/httpd ; argv[]=/usr/sbin/httpd $OPTIONS -DFOREGROUND ; ignore_errors=no ; start_time=[Tue 2023-12-12 14:06:03 UTC] ; stop_time=[n/a] ; pid=2935 ; code=(null) ; status=0/0 }",
[0m[1mnull_resource.ansible (local-exec):[0m [0m            "FailureAction": "none",
[0m[1mnull_resource.ansible (local-exec):[0m [0m            "FileDescriptorStoreMax": "0",
[0m[1mnull_resource.ansible (local-exec):[0m [0m            "FragmentPath": "/usr/lib/systemd/system/httpd.service",
[0m[1mnull_resource.ansible (local-exec):[0m [0m            "GuessMainPID": "yes",
[0m[1mnull_resource.ansible (local-exec):[0m [0m            "IOScheduling": "0",
[0m[1mnull_resource.ansible (local-exec):[0m [0m            "Id": "httpd.service",
[0m[1mnull_resource.ansible (local-exec):[0m [0m            "IgnoreOnIsolate": "no",
[0m[1mnull_resource.ansible (local-exec):[0m [0m            "IgnoreOnSnapshot": "no",
[0m[1mnull_resource.ansible (local-exec):[0m [0m            "IgnoreSIGPIPE": "yes",
[0m[1mnull_resource.ansible (local-exec):[0m [0m            "InactiveEnterTimestampMonotonic": "0",
[0m[1mnull_resource.ansible (local-exec):[0m [0m            "InactiveExitTimestamp": "Tue 2023-12-12 14:06:03 UTC",
[0m[1mnull_resource.ansible (local-exec):[0m [0m            "InactiveExitTimestampMonotonic": "103447806",
[0m[1mnull_resource.ansible (local-exec):[0m [0m            "JobTimeoutAction": "none",
[0m[1mnull_resource.ansible (local-exec):[0m [0m            "JobTimeoutUSec": "0",
[0m[1mnull_resource.ansible (local-exec):[0m [0m            "KillMode": "mixed",
[0m[1mnull_resource.ansible (local-exec):[0m [0m            "KillSignal": "28",
[0m[1mnull_resource.ansible (local-exec):[0m [0m            "LimitAS": "18446744073709551615",
[0m[1mnull_resource.ansible (local-exec):[0m [0m            "LimitCORE": "18446744073709551615",
[0m[1mnull_resource.ansible (local-exec):[0m [0m            "LimitCPU": "18446744073709551615",
[0m[1mnull_resource.ansible (local-exec):[0m [0m            "LimitDATA": "18446744073709551615",
[0m[1mnull_resource.ansible (local-exec):[0m [0m            "LimitFSIZE": "18446744073709551615",
[0m[1mnull_resource.ansible (local-exec):[0m [0m            "LimitLOCKS": "18446744073709551615",
[0m[1mnull_resource.ansible (local-exec):[0m [0m            "LimitMEMLOCK": "18446744073709551615",
[0m[1mnull_resource.ansible (local-exec):[0m [0m            "LimitMSGQUEUE": "819200",
[0m[1mnull_resource.ansible (local-exec):[0m [0m            "LimitNICE": "0",
[0m[1mnull_resource.ansible (local-exec):[0m [0m            "LimitNOFILE": "65535",
[0m[1mnull_resource.ansible (local-exec):[0m [0m            "LimitNPROC": "18446744073709551615",
[0m[1mnull_resource.ansible (local-exec):[0m [0m            "LimitRSS": "18446744073709551615",
[0m[1mnull_resource.ansible (local-exec):[0m [0m            "LimitRTPRIO": "0",
[0m[1mnull_resource.ansible (local-exec):[0m [0m            "LimitRTTIME": "18446744073709551615",
[0m[1mnull_resource.ansible (local-exec):[0m [0m            "LimitSIGPENDING": "30446",
[0m[1mnull_resource.ansible (local-exec):[0m [0m            "LimitSTACK": "10485760",
[0m[1mnull_resource.ansible (local-exec):[0m [0m            "LoadState": "loaded",
[0m[1mnull_resource.ansible (local-exec):[0m [0m            "MainPID": "2935",
[0m[1mnull_resource.ansible (local-exec):[0m [0m            "MemoryAccounting": "no",
[0m[1mnull_resource.ansible (local-exec):[0m [0m            "MemoryCurrent": "18446744073709551615",
[0m[1mnull_resource.ansible (local-exec):[0m [0m            "MemoryLimit": "18446744073709551615",
[0m[1mnull_resource.ansible (local-exec):[0m [0m            "MountFlags": "0",
[0m[1mnull_resource.ansible (local-exec):[0m [0m            "Names": "httpd.service",
[0m[1mnull_resource.ansible (local-exec):[0m [0m            "NeedDaemonReload": "no",
[0m[1mnull_resource.ansible (local-exec):[0m [0m            "Nice": "0",
[0m[1mnull_resource.ansible (local-exec):[0m [0m            "NoNewPrivileges": "no",
[0m[1mnull_resource.ansible (local-exec):[0m [0m            "NonBlocking": "no",
[0m[1mnull_resource.ansible (local-exec):[0m [0m            "NotifyAccess": "main",
[0m[1mnull_resource.ansible (local-exec):[0m [0m            "OOMScoreAdjust": "0",
[0m[1mnull_resource.ansible (local-exec):[0m [0m            "OnFailureJobMode": "replace",
[0m[1mnull_resource.ansible (local-exec):[0m [0m            "PermissionsStartOnly": "no",
[0m[1mnull_resource.ansible (local-exec):[0m [0m            "PrivateDevices": "no",
[0m[1mnull_resource.ansible (local-exec):[0m [0m            "PrivateNetwork": "no",
[0m[1mnull_resource.ansible (local-exec):[0m [0m            "PrivateTmp": "yes",
[0m[1mnull_resource.ansible (local-exec):[0m [0m            "ProtectHome": "no",
[0m[1mnull_resource.ansible (local-exec):[0m [0m            "ProtectSystem": "no",
[0m[1mnull_resource.ansible (local-exec):[0m [0m            "RefuseManualStart": "no",
[0m[1mnull_resource.ansible (local-exec):[0m [0m            "RefuseManualStop": "no",
[0m[1mnull_resource.ansible (local-exec):[0m [0m            "RemainAfterExit": "no",
[0m[1mnull_resource.ansible (local-exec):[0m [0m            "Requires": "system.slice basic.target -.mount",
[0m[1mnull_resource.ansible (local-exec):[0m [0m            "RequiresMountsFor": "/var/tmp",
[0m[1mnull_resource.ansible (local-exec):[0m [0m            "Restart": "no",
[0m[1mnull_resource.ansible (local-exec):[0m [0m            "RestartUSec": "100ms",
[0m[1mnull_resource.ansible (local-exec):[0m [0m            "Result": "success",
[0m[1mnull_resource.ansible (local-exec):[0m [0m            "RootDirectoryStartOnly": "no",
[0m[1mnull_resource.ansible (local-exec):[0m [0m            "RuntimeDirectoryMode": "0755",
[0m[1mnull_resource.ansible (local-exec):[0m [0m            "SameProcessGroup": "no",
[0m[1mnull_resource.ansible (local-exec):[0m [0m            "SecureBits": "0",
[0m[1mnull_resource.ansible (local-exec):[0m [0m            "SendSIGHUP": "no",
[0m[1mnull_resource.ansible (local-exec):[0m [0m            "SendSIGKILL": "yes",
[0m[1mnull_resource.ansible (local-exec):[0m [0m            "Slice": "system.slice",
[0m[1mnull_resource.ansible (local-exec):[0m [0m            "StandardError": "inherit",
[0m[1mnull_resource.ansible (local-exec):[0m [0m            "StandardInput": "null",
[0m[1mnull_resource.ansible (local-exec):[0m [0m            "StandardOutput": "journal",
[0m[1mnull_resource.ansible (local-exec):[0m [0m            "StartLimitAction": "none",
[0m[1mnull_resource.ansible (local-exec):[0m [0m            "StartLimitBurst": "5",
[0m[1mnull_resource.ansible (local-exec):[0m [0m            "StartLimitInterval": "10000000",
[0m[1mnull_resource.ansible (local-exec):[0m [0m            "StartupBlockIOWeight": "18446744073709551615",
[0m[1mnull_resource.ansible (local-exec):[0m [0m            "StartupCPUShares": "18446744073709551615",
[0m[1mnull_resource.ansible (local-exec):[0m [0m            "StatusErrno": "0",
[0m[1mnull_resource.ansible (local-exec):[0m [0m            "StatusText": "Total requests: 6; Idle/Busy workers 90/10;Requests/sec: 0.0175; Bytes served/sec:  68 B/sec",
[0m[1mnull_resource.ansible (local-exec):[0m [0m            "StopWhenUnneeded": "no",
[0m[1mnull_resource.ansible (local-exec):[0m [0m            "SubState": "running",
[0m[1mnull_resource.ansible (local-exec):[0m [0m            "SyslogLevelPrefix": "yes",
[0m[1mnull_resource.ansible (local-exec):[0m [0m            "SyslogPriority": "30",
[0m[1mnull_resource.ansible (local-exec):[0m [0m            "SystemCallErrorNumber": "0",
[0m[1mnull_resource.ansible (local-exec):[0m [0m            "TTYReset": "no",
[0m[1mnull_resource.ansible (local-exec):[0m [0m            "TTYVHangup": "no",
[0m[1mnull_resource.ansible (local-exec):[0m [0m            "TTYVTDisallocate": "no",
[0m[1mnull_resource.ansible (local-exec):[0m [0m            "TasksAccounting": "no",
[0m[1mnull_resource.ansible (local-exec):[0m [0m            "TasksCurrent": "18446744073709551615",
[0m[1mnull_resource.ansible (local-exec):[0m [0m            "TasksMax": "18446744073709551615",
[0m[1mnull_resource.ansible (local-exec):[0m [0m            "TimeoutStartUSec": "1min 30s",
[0m[1mnull_resource.ansible (local-exec):[0m [0m            "TimeoutStopUSec": "1min 30s",
[0m[1mnull_resource.ansible (local-exec):[0m [0m            "TimerSlackNSec": "50000",
[0m[1mnull_resource.ansible (local-exec):[0m [0m            "Transient": "no",
[0m[1mnull_resource.ansible (local-exec):[0m [0m            "Type": "notify",
[0m[1mnull_resource.ansible (local-exec):[0m [0m            "UMask": "0022",
[0m[1mnull_resource.ansible (local-exec):[0m [0m            "UnitFilePreset": "disabled",
[0m[1mnull_resource.ansible (local-exec):[0m [0m            "UnitFileState": "enabled",
[0m[1mnull_resource.ansible (local-exec):[0m [0m            "WantedBy": "multi-user.target",
[0m[1mnull_resource.ansible (local-exec):[0m [0m            "Wants": "httpd-init.service php-fpm.service",
[0m[1mnull_resource.ansible (local-exec):[0m [0m            "WatchdogTimestamp": "Tue 2023-12-12 14:06:03 UTC",
[0m[1mnull_resource.ansible (local-exec):[0m [0m            "WatchdogTimestampMonotonic": "103559910",
[0m[1mnull_resource.ansible (local-exec):[0m [0m            "WatchdogUSec": "0"
[0m[1mnull_resource.ansible (local-exec):[0m [0m        }
[0m[1mnull_resource.ansible (local-exec):[0m [0m    }
[0m[1mnull_resource.ansible (local-exec):[0m [0m}
[0m[1mnull_resource.ansible (local-exec):[0m [0mMETA: ran handlers
[0m[1mnull_resource.ansible (local-exec):[0m [0mMETA: ran handlers

[0m[1mnull_resource.ansible (local-exec):[0m [0mPLAY RECAP *********************************************************************
[0m[1mnull_resource.ansible (local-exec):[0m [0m18.212.215.169             : ok=31   changed=14   unreachable=0    failed=0    skipped=0    rescued=0    ignored=0

[0m[1mnull_resource.ansible: Creation complete after 1m33s [id=423128577142552718][0m
[0m[1m[32m
Apply complete! Resources: 27 added, 0 changed, 0 destroyed.
[0m[0m[1m[32m
Outputs:

[0mefs_dns_name = "fs-0304859e42deedbf1.efs.us-east-1.amazonaws.com"
rds_endpoint = "mysql.cneixfwaapbr.us-east-1.rds.amazonaws.com:3306"
